{
  "version": 4,
  "terraform_version": "1.5.0",
  "serial": 825,
  "lineage": "85a91289-1864-e641-65fb-2f0dcd2c6b75",
  "outputs": {
    "api": {
      "value": "local.truly.test",
      "type": "string"
    },
    "video_in_topic": {
      "value": "arn:aws:sns:eu-central-1:000000000000:video_in_topic",
      "type": "string"
    },
    "video_out_topic": {
      "value": "arn:aws:sns:eu-central-1:000000000000:video_out_topic",
      "type": "string"
    }
  },
  "resources": [
    {
      "mode": "data",
      "type": "aws_route53_zone",
      "name": "selected",
      "provider": "provider[\"registry.terraform.io/hashicorp/aws\"]",
      "instances": [
        {
          "schema_version": 0,
          "attributes": {
            "arn": "arn:aws:route53:::hostedzone/0RV8369K2OXPKCK",
            "caller_reference": "",
            "comment": "",
            "id": "0RV8369K2OXPKCK",
            "linked_service_description": null,
            "linked_service_principal": null,
            "name": "truly.test",
            "name_servers": [
              "ns-2048.awsdns-64.com",
              "ns-2049.awsdns-65.net",
              "ns-2050.awsdns-66.org",
              "ns-2051.awsdns-67.co.uk"
            ],
            "primary_name_server": "ns-2048.awsdns-64.com",
            "private_zone": false,
            "resource_record_set_count": 3,
            "tags": {},
            "vpc_id": null,
            "zone_id": "0RV8369K2OXPKCK"
          },
          "sensitive_attributes": []
        }
      ]
    },
    {
      "mode": "data",
      "type": "aws_route53_zone",
      "name": "truly_zone",
      "provider": "provider[\"registry.terraform.io/hashicorp/aws\"]",
      "instances": [
        {
          "schema_version": 0,
          "attributes": {
            "arn": "arn:aws:route53:::hostedzone/0RV8369K2OXPKCK",
            "caller_reference": "",
            "comment": "",
            "id": "0RV8369K2OXPKCK",
            "linked_service_description": null,
            "linked_service_principal": null,
            "name": "truly.test",
            "name_servers": [
              "ns-2048.awsdns-64.com",
              "ns-2049.awsdns-65.net",
              "ns-2050.awsdns-66.org",
              "ns-2051.awsdns-67.co.uk"
            ],
            "primary_name_server": "ns-2048.awsdns-64.com",
            "private_zone": false,
            "resource_record_set_count": 3,
            "tags": {},
            "vpc_id": null,
            "zone_id": "0RV8369K2OXPKCK"
          },
          "sensitive_attributes": []
        }
      ]
    },
    {
      "mode": "managed",
      "type": "aws_acm_certificate",
      "name": "cert",
      "provider": "provider[\"registry.terraform.io/hashicorp/aws\"]",
      "instances": [
        {
          "schema_version": 0,
          "attributes": {
            "arn": "arn:aws:acm:eu-central-1:000000000000:certificate/36a565dd-f040-4545-9234-07a3271928e6",
            "certificate_authority_arn": "",
            "certificate_body": null,
            "certificate_chain": null,
            "domain_name": "*.truly.test",
            "domain_validation_options": [
              {
                "domain_name": "*.truly.test",
                "resource_record_name": "_d930b28be6c5927595552b219965053e.truly.test.",
                "resource_record_type": "CNAME",
                "resource_record_value": "_c9edd76ee4a0e2a74388032f3861cc50.ykybfrwcxw.acm-validations.aws."
              }
            ],
            "early_renewal_duration": "",
            "id": "arn:aws:acm:eu-central-1:000000000000:certificate/36a565dd-f040-4545-9234-07a3271928e6",
            "key_algorithm": "RSA_2048",
            "not_after": "",
            "not_before": "",
            "options": [
              {
                "certificate_transparency_logging_preference": "ENABLED"
              }
            ],
            "pending_renewal": false,
            "private_key": null,
            "renewal_eligibility": "INELIGIBLE",
            "renewal_summary": [],
            "status": "PENDING_VALIDATION",
            "subject_alternative_names": [
              "*.truly.test"
            ],
            "tags": null,
            "tags_all": {},
            "type": "AMAZON_ISSUED",
            "validation_emails": [],
            "validation_method": "DNS",
            "validation_option": []
          },
          "sensitive_attributes": [],
          "private": "bnVsbA=="
        }
      ]
    },
    {
      "mode": "managed",
      "type": "aws_acm_certificate_validation",
      "name": "cert",
      "provider": "provider[\"registry.terraform.io/hashicorp/aws\"]",
      "instances": [
        {
          "schema_version": 0,
          "attributes": {
            "certificate_arn": "arn:aws:acm:eu-central-1:000000000000:certificate/36a565dd-f040-4545-9234-07a3271928e6",
            "id": "0001-01-01 00:00:00 +0000 UTC",
            "timeouts": null,
            "validation_record_fqdns": [
              "_d930b28be6c5927595552b219965053e.truly.test."
            ]
          },
          "sensitive_attributes": [],
          "private": "eyJlMmJmYjczMC1lY2FhLTExZTYtOGY4OC0zNDM2M2JjN2M0YzAiOnsiY3JlYXRlIjo0NTAwMDAwMDAwMDAwfX0=",
          "dependencies": [
            "aws_acm_certificate.cert"
          ]
        }
      ]
    },
    {
      "mode": "managed",
      "type": "aws_apigatewayv2_api_mapping",
      "name": "map_dns_agigateway",
      "provider": "provider[\"registry.terraform.io/hashicorp/aws\"]",
      "instances": []
    },
    {
      "mode": "managed",
      "type": "aws_apigatewayv2_deployment",
      "name": "truly_api_deployment",
      "provider": "provider[\"registry.terraform.io/hashicorp/aws\"]",
      "instances": []
    },
    {
      "mode": "managed",
      "type": "aws_apigatewayv2_integration",
      "name": "truly_admin_integration",
      "provider": "provider[\"registry.terraform.io/hashicorp/aws\"]",
      "instances": []
    },
    {
      "mode": "managed",
      "type": "aws_apigatewayv2_integration",
      "name": "truly_licenses_integration",
      "provider": "provider[\"registry.terraform.io/hashicorp/aws\"]",
      "instances": []
    },
    {
      "mode": "managed",
      "type": "aws_apigatewayv2_integration",
      "name": "truly_login_integration",
      "provider": "provider[\"registry.terraform.io/hashicorp/aws\"]",
      "instances": []
    },
    {
      "mode": "managed",
      "type": "aws_apigatewayv2_integration",
      "name": "truly_user_integration",
      "provider": "provider[\"registry.terraform.io/hashicorp/aws\"]",
      "instances": []
    },
    {
      "mode": "managed",
      "type": "aws_apigatewayv2_route",
      "name": "truly_admin_route",
      "provider": "provider[\"registry.terraform.io/hashicorp/aws\"]",
      "instances": []
    },
    {
      "mode": "managed",
      "type": "aws_apigatewayv2_route",
      "name": "truly_licenses_route_asset",
      "provider": "provider[\"registry.terraform.io/hashicorp/aws\"]",
      "instances": []
    },
    {
      "mode": "managed",
      "type": "aws_apigatewayv2_route",
      "name": "truly_licenses_route_asset_by_id",
      "provider": "provider[\"registry.terraform.io/hashicorp/aws\"]",
      "instances": []
    },
    {
      "mode": "managed",
      "type": "aws_apigatewayv2_route",
      "name": "truly_licenses_route_asset_by_shorter",
      "provider": "provider[\"registry.terraform.io/hashicorp/aws\"]",
      "instances": []
    },
    {
      "mode": "managed",
      "type": "aws_apigatewayv2_route",
      "name": "truly_licenses_route_asset_by_shorter_id",
      "provider": "provider[\"registry.terraform.io/hashicorp/aws\"]",
      "instances": []
    },
    {
      "mode": "managed",
      "type": "aws_apigatewayv2_route",
      "name": "truly_licenses_route_license",
      "provider": "provider[\"registry.terraform.io/hashicorp/aws\"]",
      "instances": []
    },
    {
      "mode": "managed",
      "type": "aws_apigatewayv2_route",
      "name": "truly_licenses_route_license_id",
      "provider": "provider[\"registry.terraform.io/hashicorp/aws\"]",
      "instances": []
    },
    {
      "mode": "managed",
      "type": "aws_apigatewayv2_route",
      "name": "truly_licenses_route_nft",
      "provider": "provider[\"registry.terraform.io/hashicorp/aws\"]",
      "instances": []
    },
    {
      "mode": "managed",
      "type": "aws_apigatewayv2_route",
      "name": "truly_licenses_route_tx",
      "provider": "provider[\"registry.terraform.io/hashicorp/aws\"]",
      "instances": []
    },
    {
      "mode": "managed",
      "type": "aws_apigatewayv2_route",
      "name": "truly_licenses_route_txs",
      "provider": "provider[\"registry.terraform.io/hashicorp/aws\"]",
      "instances": []
    },
    {
      "mode": "managed",
      "type": "aws_apigatewayv2_route",
      "name": "truly_login_route",
      "provider": "provider[\"registry.terraform.io/hashicorp/aws\"]",
      "instances": []
    },
    {
      "mode": "managed",
      "type": "aws_apigatewayv2_route",
      "name": "truly_user_route",
      "provider": "provider[\"registry.terraform.io/hashicorp/aws\"]",
      "instances": []
    },
    {
      "mode": "managed",
      "type": "aws_apigatewayv2_route",
      "name": "truly_user_route_by_id",
      "provider": "provider[\"registry.terraform.io/hashicorp/aws\"]",
      "instances": []
    },
    {
      "mode": "managed",
      "type": "aws_apigatewayv2_stage",
      "name": "truly_stage",
      "provider": "provider[\"registry.terraform.io/hashicorp/aws\"]",
      "instances": []
    },
    {
      "mode": "managed",
      "type": "aws_cloudwatch_metric_alarm",
      "name": "after_video_queue_deadletter_alarm",
      "provider": "provider[\"registry.terraform.io/hashicorp/aws\"]",
      "instances": [
        {
          "schema_version": 1,
          "attributes": {
            "actions_enabled": true,
            "alarm_actions": [
              "arn:aws:sns:eu-central-1:000000000000:after_video_dead_letter_topic"
            ],
            "alarm_description": "This metric monitors after_video dead letter queue",
            "alarm_name": "after_video_queue_deadletter",
            "arn": "arn:aws:cloudwatch:eu-central-1:000000000000:alarm:after_video_queue_deadletter",
            "comparison_operator": "GreaterThanThreshold",
            "datapoints_to_alarm": 0,
            "dimensions": null,
            "evaluate_low_sample_count_percentiles": "",
            "evaluation_periods": 1,
            "extended_statistic": "",
            "id": "after_video_queue_deadletter",
            "insufficient_data_actions": null,
            "metric_name": "ApproximateNumberOfMessagesVisible",
            "metric_query": [],
            "namespace": "AWS/SQS",
            "ok_actions": null,
            "period": 60,
            "statistic": "Sum",
            "tags": null,
            "tags_all": {},
            "threshold": 0,
            "threshold_metric_id": "",
            "treat_missing_data": "missing",
            "unit": ""
          },
          "sensitive_attributes": [],
          "private": "eyJzY2hlbWFfdmVyc2lvbiI6IjEifQ==",
          "dependencies": [
            "aws_sns_topic.after_video_dead_letter_topic"
          ]
        }
      ]
    },
    {
      "mode": "managed",
      "type": "aws_cloudwatch_metric_alarm",
      "name": "minting_fails_after_max_retries_alarm",
      "provider": "provider[\"registry.terraform.io/hashicorp/aws\"]",
      "instances": [
        {
          "schema_version": 1,
          "attributes": {
            "actions_enabled": true,
            "alarm_actions": null,
            "alarm_description": "This metric monitors minting retries failed",
            "alarm_name": "minting_fails_after_max_retries",
            "arn": "arn:aws:cloudwatch:eu-central-1:000000000000:alarm:minting_fails_after_max_retries",
            "comparison_operator": "GreaterThanThreshold",
            "datapoints_to_alarm": 0,
            "dimensions": null,
            "evaluate_low_sample_count_percentiles": "",
            "evaluation_periods": 1,
            "extended_statistic": "",
            "id": "minting_fails_after_max_retries",
            "insufficient_data_actions": null,
            "metric_name": "ApproximateNumberOfMessagesVisible",
            "metric_query": [],
            "namespace": "AWS/SNS",
            "ok_actions": null,
            "period": 60,
            "statistic": "Sum",
            "tags": null,
            "tags_all": {},
            "threshold": 0,
            "threshold_metric_id": "",
            "treat_missing_data": "missing",
            "unit": ""
          },
          "sensitive_attributes": [],
          "private": "eyJzY2hlbWFfdmVyc2lvbiI6IjEifQ=="
        }
      ]
    },
    {
      "mode": "managed",
      "type": "aws_cloudwatch_metric_alarm",
      "name": "minting_queue_deadletter_alarm",
      "provider": "provider[\"registry.terraform.io/hashicorp/aws\"]",
      "instances": [
        {
          "schema_version": 1,
          "attributes": {
            "actions_enabled": true,
            "alarm_actions": [
              "arn:aws:sns:eu-central-1:000000000000:minting_dead_letter_topic"
            ],
            "alarm_description": "This metric monitors minting dead letter queue",
            "alarm_name": "minting_queue_deadletter",
            "arn": "arn:aws:cloudwatch:eu-central-1:000000000000:alarm:minting_queue_deadletter",
            "comparison_operator": "GreaterThanThreshold",
            "datapoints_to_alarm": 0,
            "dimensions": null,
            "evaluate_low_sample_count_percentiles": "",
            "evaluation_periods": 1,
            "extended_statistic": "",
            "id": "minting_queue_deadletter",
            "insufficient_data_actions": null,
            "metric_name": "ApproximateNumberOfMessagesVisible",
            "metric_query": [],
            "namespace": "AWS/SQS",
            "ok_actions": null,
            "period": 60,
            "statistic": "Sum",
            "tags": null,
            "tags_all": {},
            "threshold": 0,
            "threshold_metric_id": "",
            "treat_missing_data": "missing",
            "unit": ""
          },
          "sensitive_attributes": [],
          "private": "eyJzY2hlbWFfdmVyc2lvbiI6IjEifQ==",
          "dependencies": [
            "aws_sns_topic.minting_dead_letter_topic"
          ]
        }
      ]
    },
    {
      "mode": "managed",
      "type": "aws_iam_policy",
      "name": "truly_lambda_KMS_policy",
      "provider": "provider[\"registry.terraform.io/hashicorp/aws\"]",
      "instances": [
        {
          "schema_version": 0,
          "attributes": {
            "arn": "arn:aws:iam::000000000000:policy/truly_lambda_KMS_policy",
            "description": "IAM policy for KMS from a lambda within truly api",
            "id": "arn:aws:iam::000000000000:policy/truly_lambda_KMS_policy",
            "name": "truly_lambda_KMS_policy",
            "name_prefix": null,
            "path": "/",
            "policy": "{\"Statement\":[{\"Action\":[\"kms:Encrypt\",\"kms:Decrypt\"],\"Effect\":\"Allow\",\"Resource\":\"arn:aws:kms:*:*:key/*\"}],\"Version\":\"2012-10-17\"}",
            "policy_id": "AYG722EC6A6W9MM42TTY8",
            "tags": null,
            "tags_all": {}
          },
          "sensitive_attributes": [],
          "private": "bnVsbA=="
        }
      ]
    },
    {
      "mode": "managed",
      "type": "aws_iam_policy",
      "name": "truly_lambda_S3_policy",
      "provider": "provider[\"registry.terraform.io/hashicorp/aws\"]",
      "instances": [
        {
          "schema_version": 0,
          "attributes": {
            "arn": "arn:aws:iam::000000000000:policy/truly_lambda_S3_policy",
            "description": "IAM policy for S3 from a lambda within truly api",
            "id": "arn:aws:iam::000000000000:policy/truly_lambda_S3_policy",
            "name": "truly_lambda_S3_policy",
            "name_prefix": null,
            "path": "/",
            "policy": "{\"Statement\":[{\"Action\":[\"s3:*\"],\"Effect\":\"Allow\",\"Resource\":\"arn:aws:s3:::*\"}],\"Version\":\"2012-10-17\"}",
            "policy_id": "ANX2VZ6KAM41RHPYTE35R",
            "tags": null,
            "tags_all": {}
          },
          "sensitive_attributes": [],
          "private": "bnVsbA=="
        }
      ]
    },
    {
      "mode": "managed",
      "type": "aws_iam_policy",
      "name": "truly_lambda_SECRETSMAN_policy",
      "provider": "provider[\"registry.terraform.io/hashicorp/aws\"]",
      "instances": [
        {
          "schema_version": 0,
          "attributes": {
            "arn": "arn:aws:iam::000000000000:policy/truly_lambda_SECRETSMAN_policy",
            "description": "IAM policy for Secrets Manager from a lambda within truly api",
            "id": "arn:aws:iam::000000000000:policy/truly_lambda_SECRETSMAN_policy",
            "name": "truly_lambda_SECRETSMAN_policy",
            "name_prefix": null,
            "path": "/",
            "policy": "{\"Statement\":[{\"Action\":[\"secretsmanager:GetResourcePolicy\",\"secretsmanager:GetSecretValue\",\"secretsmanager:DescribeSecret\",\"secretsmanager:ListSecretVersionIds\"],\"Effect\":\"Allow\",\"Resource\":[\"arn:aws:secretsmanager:*:*:secret:*\"]},{\"Action\":\"secretsmanager:ListSecrets\",\"Effect\":\"Allow\",\"Resource\":\"*\"}],\"Version\":\"2012-10-17\"}",
            "policy_id": "AZYFMP4PZ7YLML4OFWLMO",
            "tags": null,
            "tags_all": {}
          },
          "sensitive_attributes": [],
          "private": "bnVsbA=="
        }
      ]
    },
    {
      "mode": "managed",
      "type": "aws_iam_policy",
      "name": "truly_lambda_SNS_policy",
      "provider": "provider[\"registry.terraform.io/hashicorp/aws\"]",
      "instances": [
        {
          "schema_version": 0,
          "attributes": {
            "arn": "arn:aws:iam::000000000000:policy/truly_lambda_SNS_policy",
            "description": "IAM policy for SNS from a lambda within truly api",
            "id": "arn:aws:iam::000000000000:policy/truly_lambda_SNS_policy",
            "name": "truly_lambda_SNS_policy",
            "name_prefix": null,
            "path": "/",
            "policy": "{\"Statement\":[{\"Action\":[\"SNS:Publish\"],\"Effect\":\"Allow\",\"Resource\":\"arn:aws:sns:*:*:*\"}],\"Version\":\"2012-10-17\"}",
            "policy_id": "A2M7AU07FO29J7144KSHQ",
            "tags": null,
            "tags_all": {}
          },
          "sensitive_attributes": [],
          "private": "bnVsbA=="
        }
      ]
    },
    {
      "mode": "managed",
      "type": "aws_iam_policy",
      "name": "truly_lambda_SQS_policy",
      "provider": "provider[\"registry.terraform.io/hashicorp/aws\"]",
      "instances": [
        {
          "schema_version": 0,
          "attributes": {
            "arn": "arn:aws:iam::000000000000:policy/truly_lambda_SQS_policy",
            "description": "IAM policy for SQS from a lambda within truly api",
            "id": "arn:aws:iam::000000000000:policy/truly_lambda_SQS_policy",
            "name": "truly_lambda_SQS_policy",
            "name_prefix": null,
            "path": "/",
            "policy": "{\"Statement\":[{\"Action\":[\"sqs:*\"],\"Effect\":\"Allow\",\"Resource\":\"arn:aws:sqs:*:*:*\"}],\"Version\":\"2012-10-17\"}",
            "policy_id": "ANACYAB26055W04O29ZQT",
            "tags": null,
            "tags_all": {}
          },
          "sensitive_attributes": [],
          "private": "bnVsbA=="
        }
      ]
    },
    {
      "mode": "managed",
      "type": "aws_iam_policy",
      "name": "truly_lambda_XRAY_policy",
      "provider": "provider[\"registry.terraform.io/hashicorp/aws\"]",
      "instances": [
        {
          "schema_version": 0,
          "attributes": {
            "arn": "arn:aws:iam::000000000000:policy/truly_lambda_XRAY_policy",
            "description": "IAM policy for XRAY from a lambda within truly api",
            "id": "arn:aws:iam::000000000000:policy/truly_lambda_XRAY_policy",
            "name": "truly_lambda_XRAY_policy",
            "name_prefix": null,
            "path": "/",
            "policy": "{\"Statement\":[{\"Action\":[\"xray:PutTraceSegments\",\"xray:PutTelemetryRecords\",\"xray:GetSamplingRules\",\"xray:GetSamplingTargets\",\"xray:GetSamplingStatisticSummaries\"],\"Effect\":\"Allow\",\"Resource\":[\"*\"]}],\"Version\":\"2012-10-17\"}",
            "policy_id": "A8XPHLH9R1LU2H7GYZCG8",
            "tags": null,
            "tags_all": {}
          },
          "sensitive_attributes": [],
          "private": "bnVsbA=="
        }
      ]
    },
    {
      "mode": "managed",
      "type": "aws_iam_policy",
      "name": "truly_lambda_dynamodb_policy",
      "provider": "provider[\"registry.terraform.io/hashicorp/aws\"]",
      "instances": [
        {
          "schema_version": 0,
          "attributes": {
            "arn": "arn:aws:iam::000000000000:policy/truly_lambda_dynamodb_policy",
            "description": "IAM policy for Dynamodb from a lambda within truly api",
            "id": "arn:aws:iam::000000000000:policy/truly_lambda_dynamodb_policy",
            "name": "truly_lambda_dynamodb_policy",
            "name_prefix": null,
            "path": "/",
            "policy": "{\"Statement\":[{\"Action\":[\"dynamodb:BatchGetItem\",\"dynamodb:GetItem\",\"dynamodb:Query\",\"dynamodb:Scan\",\"dynamodb:BatchWriteItem\",\"dynamodb:PutItem\",\"dynamodb:UpdateItem\"],\"Effect\":\"Allow\",\"Resource\":\"arn:aws:dynamodb:*:*:*\"}],\"Version\":\"2012-10-17\"}",
            "policy_id": "ACMRE8P1XOG7PJG4CDL9K",
            "tags": null,
            "tags_all": {}
          },
          "sensitive_attributes": [],
          "private": "bnVsbA=="
        }
      ]
    },
    {
      "mode": "managed",
      "type": "aws_iam_policy",
      "name": "truly_lambda_logging_policy",
      "provider": "provider[\"registry.terraform.io/hashicorp/aws\"]",
      "instances": [
        {
          "schema_version": 0,
          "attributes": {
            "arn": "arn:aws:iam::000000000000:policy/truly_lambda_logging_policy",
            "description": "IAM policy for logging from a lambda running within truly api",
            "id": "arn:aws:iam::000000000000:policy/truly_lambda_logging_policy",
            "name": "truly_lambda_logging_policy",
            "name_prefix": null,
            "path": "/",
            "policy": "{\"Statement\":[{\"Action\":[\"logs:CreateLogGroup\",\"logs:CreateLogStream\",\"logs:PutLogEvents\"],\"Effect\":\"Allow\",\"Resource\":\"arn:aws:logs:*:*:*\"}],\"Version\":\"2012-10-17\"}",
            "policy_id": "A40VFWTK1GLRH1ZDP79GY",
            "tags": {
              "environment": "stage",
              "project": "truly",
              "service": "api"
            },
            "tags_all": {
              "environment": "stage",
              "project": "truly",
              "service": "api"
            }
          },
          "sensitive_attributes": [],
          "private": "bnVsbA=="
        }
      ]
    },
    {
      "mode": "managed",
      "type": "aws_iam_role",
      "name": "truly_lambda_execution_role",
      "provider": "provider[\"registry.terraform.io/hashicorp/aws\"]",
      "instances": [
        {
          "schema_version": 0,
          "attributes": {
            "arn": "arn:aws:iam::000000000000:role/terraform-20230616104542461600000002",
            "assume_role_policy": "{\"Statement\":[{\"Action\":\"sts:AssumeRole\",\"Effect\":\"Allow\",\"Principal\":{\"Service\":\"lambda.amazonaws.com\"},\"Sid\":\"\"}],\"Version\":\"2012-10-17\"}",
            "create_date": "2023-06-16T10:45:42Z",
            "description": "",
            "force_detach_policies": false,
            "id": "terraform-20230616104542461600000002",
            "inline_policy": [],
            "managed_policy_arns": [],
            "max_session_duration": 3600,
            "name": "terraform-20230616104542461600000002",
            "name_prefix": "terraform-",
            "path": "/",
            "permissions_boundary": null,
            "tags": {
              "environment": "stage",
              "project": "truly",
              "service": "api"
            },
            "tags_all": {
              "environment": "stage",
              "project": "truly",
              "service": "api"
            },
            "unique_id": "AROAQAAAAAAAI5L7LVSHE"
          },
          "sensitive_attributes": [],
          "private": "bnVsbA=="
        }
      ]
    },
    {
      "mode": "managed",
      "type": "aws_iam_role_policy_attachment",
      "name": "truly_lambda_KMS",
      "provider": "provider[\"registry.terraform.io/hashicorp/aws\"]",
      "instances": [
        {
          "schema_version": 0,
          "attributes": {
            "id": "terraform-20230616104542461600000002-20230616104543615000000009",
            "policy_arn": "arn:aws:iam::000000000000:policy/truly_lambda_KMS_policy",
            "role": "terraform-20230616104542461600000002"
          },
          "sensitive_attributes": [],
          "private": "bnVsbA==",
          "dependencies": [
            "aws_iam_policy.truly_lambda_KMS_policy",
            "aws_iam_role.truly_lambda_execution_role"
          ]
        }
      ]
    },
    {
      "mode": "managed",
      "type": "aws_iam_role_policy_attachment",
      "name": "truly_lambda_S3",
      "provider": "provider[\"registry.terraform.io/hashicorp/aws\"]",
      "instances": [
        {
          "schema_version": 0,
          "attributes": {
            "id": "terraform-20230616104542461600000002-20230616104543614800000008",
            "policy_arn": "arn:aws:iam::000000000000:policy/truly_lambda_S3_policy",
            "role": "terraform-20230616104542461600000002"
          },
          "sensitive_attributes": [],
          "private": "bnVsbA==",
          "dependencies": [
            "aws_iam_policy.truly_lambda_S3_policy",
            "aws_iam_role.truly_lambda_execution_role"
          ]
        }
      ]
    },
    {
      "mode": "managed",
      "type": "aws_iam_role_policy_attachment",
      "name": "truly_lambda_SECRETSMAN",
      "provider": "provider[\"registry.terraform.io/hashicorp/aws\"]",
      "instances": [
        {
          "schema_version": 0,
          "attributes": {
            "id": "terraform-20230616104542461600000002-20230616104543530000000007",
            "policy_arn": "arn:aws:iam::000000000000:policy/truly_lambda_SECRETSMAN_policy",
            "role": "terraform-20230616104542461600000002"
          },
          "sensitive_attributes": [],
          "private": "bnVsbA==",
          "dependencies": [
            "aws_iam_policy.truly_lambda_SECRETSMAN_policy",
            "aws_iam_role.truly_lambda_execution_role"
          ]
        }
      ]
    },
    {
      "mode": "managed",
      "type": "aws_iam_role_policy_attachment",
      "name": "truly_lambda_SNS",
      "provider": "provider[\"registry.terraform.io/hashicorp/aws\"]",
      "instances": [
        {
          "schema_version": 0,
          "attributes": {
            "id": "terraform-20230616104542461600000002-2023061610454361520000000a",
            "policy_arn": "arn:aws:iam::000000000000:policy/truly_lambda_SNS_policy",
            "role": "terraform-20230616104542461600000002"
          },
          "sensitive_attributes": [],
          "private": "bnVsbA==",
          "dependencies": [
            "aws_iam_policy.truly_lambda_SNS_policy",
            "aws_iam_role.truly_lambda_execution_role"
          ]
        }
      ]
    },
    {
      "mode": "managed",
      "type": "aws_iam_role_policy_attachment",
      "name": "truly_lambda_SQS",
      "provider": "provider[\"registry.terraform.io/hashicorp/aws\"]",
      "instances": [
        {
          "schema_version": 0,
          "attributes": {
            "id": "terraform-20230616104542461600000002-2023061610454361540000000b",
            "policy_arn": "arn:aws:iam::000000000000:policy/truly_lambda_SQS_policy",
            "role": "terraform-20230616104542461600000002"
          },
          "sensitive_attributes": [],
          "private": "bnVsbA==",
          "dependencies": [
            "aws_iam_policy.truly_lambda_SQS_policy",
            "aws_iam_role.truly_lambda_execution_role"
          ]
        }
      ]
    },
    {
      "mode": "managed",
      "type": "aws_iam_role_policy_attachment",
      "name": "truly_lambda_XRAY",
      "provider": "provider[\"registry.terraform.io/hashicorp/aws\"]",
      "instances": [
        {
          "schema_version": 0,
          "attributes": {
            "id": "terraform-20230616104542461600000002-20230616104543524300000006",
            "policy_arn": "arn:aws:iam::000000000000:policy/truly_lambda_XRAY_policy",
            "role": "terraform-20230616104542461600000002"
          },
          "sensitive_attributes": [],
          "private": "bnVsbA==",
          "dependencies": [
            "aws_iam_policy.truly_lambda_XRAY_policy",
            "aws_iam_role.truly_lambda_execution_role"
          ]
        }
      ]
    },
    {
      "mode": "managed",
      "type": "aws_iam_role_policy_attachment",
      "name": "truly_lambda_dynamodb",
      "provider": "provider[\"registry.terraform.io/hashicorp/aws\"]",
      "instances": [
        {
          "schema_version": 0,
          "attributes": {
            "id": "terraform-20230616104542461600000002-20230616104543522000000005",
            "policy_arn": "arn:aws:iam::000000000000:policy/truly_lambda_dynamodb_policy",
            "role": "terraform-20230616104542461600000002"
          },
          "sensitive_attributes": [],
          "private": "bnVsbA==",
          "dependencies": [
            "aws_iam_policy.truly_lambda_dynamodb_policy",
            "aws_iam_role.truly_lambda_execution_role"
          ]
        }
      ]
    },
    {
      "mode": "managed",
      "type": "aws_iam_role_policy_attachment",
      "name": "truly_lambda_execution_policy",
      "provider": "provider[\"registry.terraform.io/hashicorp/aws\"]",
      "instances": [
        {
          "schema_version": 0,
          "attributes": {
            "id": "terraform-20230616104542461600000002-20230616104543493600000004",
            "policy_arn": "arn:aws:iam::aws:policy/service-role/AWSLambdaBasicExecutionRole",
            "role": "terraform-20230616104542461600000002"
          },
          "sensitive_attributes": [],
          "private": "bnVsbA==",
          "dependencies": [
            "aws_iam_role.truly_lambda_execution_role"
          ]
        }
      ]
    },
    {
      "mode": "managed",
      "type": "aws_iam_role_policy_attachment",
      "name": "truly_lambda_logs",
      "provider": "provider[\"registry.terraform.io/hashicorp/aws\"]",
      "instances": [
        {
          "schema_version": 0,
          "attributes": {
            "id": "terraform-20230616104542461600000002-20230616104543473000000003",
            "policy_arn": "arn:aws:iam::000000000000:policy/truly_lambda_logging_policy",
            "role": "terraform-20230616104542461600000002"
          },
          "sensitive_attributes": [],
          "private": "bnVsbA==",
          "dependencies": [
            "aws_iam_policy.truly_lambda_logging_policy",
            "aws_iam_role.truly_lambda_execution_role"
          ]
        }
      ]
    },
    {
      "mode": "managed",
      "type": "aws_lambda_permission",
      "name": "truly_admin_permission",
      "provider": "provider[\"registry.terraform.io/hashicorp/aws\"]",
      "instances": []
    },
    {
      "mode": "managed",
      "type": "aws_lambda_permission",
      "name": "truly_licenses_permission_asset",
      "provider": "provider[\"registry.terraform.io/hashicorp/aws\"]",
      "instances": []
    },
    {
      "mode": "managed",
      "type": "aws_lambda_permission",
      "name": "truly_licenses_permission_asset_by_id",
      "provider": "provider[\"registry.terraform.io/hashicorp/aws\"]",
      "instances": []
    },
    {
      "mode": "managed",
      "type": "aws_lambda_permission",
      "name": "truly_licenses_permission_asset_by_shorter",
      "provider": "provider[\"registry.terraform.io/hashicorp/aws\"]",
      "instances": []
    },
    {
      "mode": "managed",
      "type": "aws_lambda_permission",
      "name": "truly_licenses_permission_asset_by_shorter_id",
      "provider": "provider[\"registry.terraform.io/hashicorp/aws\"]",
      "instances": []
    },
    {
      "mode": "managed",
      "type": "aws_lambda_permission",
      "name": "truly_licenses_permission_license",
      "provider": "provider[\"registry.terraform.io/hashicorp/aws\"]",
      "instances": []
    },
    {
      "mode": "managed",
      "type": "aws_lambda_permission",
      "name": "truly_licenses_permission_license_id",
      "provider": "provider[\"registry.terraform.io/hashicorp/aws\"]",
      "instances": []
    },
    {
      "mode": "managed",
      "type": "aws_lambda_permission",
      "name": "truly_licenses_permission_nft",
      "provider": "provider[\"registry.terraform.io/hashicorp/aws\"]",
      "instances": []
    },
    {
      "mode": "managed",
      "type": "aws_lambda_permission",
      "name": "truly_licenses_permission_tx",
      "provider": "provider[\"registry.terraform.io/hashicorp/aws\"]",
      "instances": []
    },
    {
      "mode": "managed",
      "type": "aws_lambda_permission",
      "name": "truly_licenses_permission_txs",
      "provider": "provider[\"registry.terraform.io/hashicorp/aws\"]",
      "instances": []
    },
    {
      "mode": "managed",
      "type": "aws_lambda_permission",
      "name": "truly_login_permission",
      "provider": "provider[\"registry.terraform.io/hashicorp/aws\"]",
      "instances": []
    },
    {
      "mode": "managed",
      "type": "aws_lambda_permission",
      "name": "truly_user_permission",
      "provider": "provider[\"registry.terraform.io/hashicorp/aws\"]",
      "instances": []
    },
    {
      "mode": "managed",
      "type": "aws_lambda_permission",
      "name": "truly_user_permission_by_id",
      "provider": "provider[\"registry.terraform.io/hashicorp/aws\"]",
      "instances": []
    },
    {
      "mode": "managed",
      "type": "aws_route53_record",
      "name": "truly_zone_record_A",
      "provider": "provider[\"registry.terraform.io/hashicorp/aws\"]",
      "instances": []
    },
    {
      "mode": "managed",
      "type": "aws_route53_record",
      "name": "validation",
      "provider": "provider[\"registry.terraform.io/hashicorp/aws\"]",
      "instances": [
        {
          "index_key": "*.truly.test",
          "schema_version": 2,
          "attributes": {
            "alias": [],
            "allow_overwrite": true,
            "cidr_routing_policy": [],
            "failover_routing_policy": [],
            "fqdn": "_d930b28be6c5927595552b219965053e.truly.test",
            "geolocation_routing_policy": [],
            "health_check_id": "",
            "id": "0RV8369K2OXPKCK__d930b28be6c5927595552b219965053e.truly.test._CNAME",
            "latency_routing_policy": [],
            "multivalue_answer_routing_policy": false,
            "name": "_d930b28be6c5927595552b219965053e.truly.test",
            "records": [
              "_c9edd76ee4a0e2a74388032f3861cc50.ykybfrwcxw.acm-validations.aws."
            ],
            "set_identifier": "",
            "ttl": 60,
            "type": "CNAME",
            "weighted_routing_policy": [],
            "zone_id": "0RV8369K2OXPKCK"
          },
          "sensitive_attributes": [],
          "private": "eyJzY2hlbWFfdmVyc2lvbiI6IjIifQ==",
          "dependencies": [
            "aws_acm_certificate.cert",
            "data.aws_route53_zone.selected"
          ]
        }
      ]
    },
    {
      "mode": "managed",
      "type": "aws_ses_email_identity",
      "name": "email_ses_sender",
      "provider": "provider[\"registry.terraform.io/hashicorp/aws\"]",
      "instances": [
        {
          "schema_version": 0,
          "attributes": {
            "arn": "arn:aws:ses:eu-central-1:000000000000:identity/joanmi@espada.cat",
            "email": "joanmi@espada.cat",
            "id": "joanmi@espada.cat"
          },
          "sensitive_attributes": [],
          "private": "bnVsbA=="
        }
      ]
    },
    {
      "mode": "managed",
      "type": "aws_sns_topic",
      "name": "after_video_dead_letter_topic",
      "provider": "provider[\"registry.terraform.io/hashicorp/aws\"]",
      "instances": [
        {
          "schema_version": 0,
          "attributes": {
            "application_failure_feedback_role_arn": "",
            "application_success_feedback_role_arn": "",
            "application_success_feedback_sample_rate": 0,
            "arn": "arn:aws:sns:eu-central-1:000000000000:after_video_dead_letter_topic",
            "content_based_deduplication": false,
            "delivery_policy": "",
            "display_name": "",
            "fifo_topic": false,
            "firehose_failure_feedback_role_arn": "",
            "firehose_success_feedback_role_arn": "",
            "firehose_success_feedback_sample_rate": 0,
            "http_failure_feedback_role_arn": "",
            "http_success_feedback_role_arn": "",
            "http_success_feedback_sample_rate": 0,
            "id": "arn:aws:sns:eu-central-1:000000000000:after_video_dead_letter_topic",
            "kms_master_key_id": "",
            "lambda_failure_feedback_role_arn": "",
            "lambda_success_feedback_role_arn": "",
            "lambda_success_feedback_sample_rate": 0,
            "name": "after_video_dead_letter_topic",
            "name_prefix": "",
            "owner": "000000000000",
            "policy": "{\"Id\":\"__default_policy_ID\",\"Statement\":[{\"Action\":[\"SNS:GetTopicAttributes\",\"SNS:SetTopicAttributes\",\"SNS:AddPermission\",\"SNS:RemovePermission\",\"SNS:DeleteTopic\",\"SNS:Subscribe\",\"SNS:ListSubscriptionsByTopic\",\"SNS:Publish\",\"SNS:Receive\"],\"Condition\":{\"StringEquals\":{\"AWS:SourceOwner\":\"000000000000\"}},\"Effect\":\"Allow\",\"Principal\":{\"AWS\":\"*\"},\"Resource\":\"arn:aws:sns:eu-central-1:000000000000:after_video_dead_letter_topic\",\"Sid\":\"__default_statement_ID\"}],\"Version\":\"2008-10-17\"}",
            "sqs_failure_feedback_role_arn": "",
            "sqs_success_feedback_role_arn": "",
            "sqs_success_feedback_sample_rate": 0,
            "tags": {
              "environment": "stage",
              "project": "truly",
              "service": "api"
            },
            "tags_all": {
              "environment": "stage",
              "project": "truly",
              "service": "api"
            }
          },
          "sensitive_attributes": [],
          "private": "bnVsbA=="
        }
      ]
    },
    {
      "mode": "managed",
      "type": "aws_sns_topic",
      "name": "minting_dead_letter_topic",
      "provider": "provider[\"registry.terraform.io/hashicorp/aws\"]",
      "instances": [
        {
          "schema_version": 0,
          "attributes": {
            "application_failure_feedback_role_arn": "",
            "application_success_feedback_role_arn": "",
            "application_success_feedback_sample_rate": 0,
            "arn": "arn:aws:sns:eu-central-1:000000000000:minting_dead_letter_topic",
            "content_based_deduplication": false,
            "delivery_policy": "",
            "display_name": "",
            "fifo_topic": false,
            "firehose_failure_feedback_role_arn": "",
            "firehose_success_feedback_role_arn": "",
            "firehose_success_feedback_sample_rate": 0,
            "http_failure_feedback_role_arn": "",
            "http_success_feedback_role_arn": "",
            "http_success_feedback_sample_rate": 0,
            "id": "arn:aws:sns:eu-central-1:000000000000:minting_dead_letter_topic",
            "kms_master_key_id": "",
            "lambda_failure_feedback_role_arn": "",
            "lambda_success_feedback_role_arn": "",
            "lambda_success_feedback_sample_rate": 0,
            "name": "minting_dead_letter_topic",
            "name_prefix": "",
            "owner": "000000000000",
            "policy": "{\"Id\":\"__default_policy_ID\",\"Statement\":[{\"Action\":[\"SNS:GetTopicAttributes\",\"SNS:SetTopicAttributes\",\"SNS:AddPermission\",\"SNS:RemovePermission\",\"SNS:DeleteTopic\",\"SNS:Subscribe\",\"SNS:ListSubscriptionsByTopic\",\"SNS:Publish\",\"SNS:Receive\"],\"Condition\":{\"StringEquals\":{\"AWS:SourceOwner\":\"000000000000\"}},\"Effect\":\"Allow\",\"Principal\":{\"AWS\":\"*\"},\"Resource\":\"arn:aws:sns:eu-central-1:000000000000:minting_dead_letter_topic\",\"Sid\":\"__default_statement_ID\"}],\"Version\":\"2008-10-17\"}",
            "sqs_failure_feedback_role_arn": "",
            "sqs_success_feedback_role_arn": "",
            "sqs_success_feedback_sample_rate": 0,
            "tags": {
              "environment": "stage",
              "project": "truly",
              "service": "api"
            },
            "tags_all": {
              "environment": "stage",
              "project": "truly",
              "service": "api"
            }
          },
          "sensitive_attributes": [],
          "private": "bnVsbA=="
        }
      ]
    },
    {
      "mode": "managed",
      "type": "aws_sns_topic",
      "name": "minting_fails_after_max_retries_topic",
      "provider": "provider[\"registry.terraform.io/hashicorp/aws\"]",
      "instances": [
        {
          "schema_version": 0,
          "attributes": {
            "application_failure_feedback_role_arn": "",
            "application_success_feedback_role_arn": "",
            "application_success_feedback_sample_rate": 0,
            "arn": "arn:aws:sns:eu-central-1:000000000000:minting_fails_after_max_retries_topic",
            "content_based_deduplication": false,
            "delivery_policy": "",
            "display_name": "",
            "fifo_topic": false,
            "firehose_failure_feedback_role_arn": "",
            "firehose_success_feedback_role_arn": "",
            "firehose_success_feedback_sample_rate": 0,
            "http_failure_feedback_role_arn": "",
            "http_success_feedback_role_arn": "",
            "http_success_feedback_sample_rate": 0,
            "id": "arn:aws:sns:eu-central-1:000000000000:minting_fails_after_max_retries_topic",
            "kms_master_key_id": "",
            "lambda_failure_feedback_role_arn": "",
            "lambda_success_feedback_role_arn": "",
            "lambda_success_feedback_sample_rate": 0,
            "name": "minting_fails_after_max_retries_topic",
            "name_prefix": "",
            "owner": "000000000000",
            "policy": "{\"Id\":\"__default_policy_ID\",\"Statement\":[{\"Action\":[\"SNS:GetTopicAttributes\",\"SNS:SetTopicAttributes\",\"SNS:AddPermission\",\"SNS:RemovePermission\",\"SNS:DeleteTopic\",\"SNS:Subscribe\",\"SNS:ListSubscriptionsByTopic\",\"SNS:Publish\",\"SNS:Receive\"],\"Condition\":{\"StringEquals\":{\"AWS:SourceOwner\":\"000000000000\"}},\"Effect\":\"Allow\",\"Principal\":{\"AWS\":\"*\"},\"Resource\":\"arn:aws:sns:eu-central-1:000000000000:minting_fails_after_max_retries_topic\",\"Sid\":\"__default_statement_ID\"}],\"Version\":\"2008-10-17\"}",
            "sqs_failure_feedback_role_arn": "",
            "sqs_success_feedback_role_arn": "",
            "sqs_success_feedback_sample_rate": 0,
            "tags": {
              "environment": "stage",
              "project": "truly",
              "service": "api"
            },
            "tags_all": {
              "environment": "stage",
              "project": "truly",
              "service": "api"
            }
          },
          "sensitive_attributes": [],
          "private": "bnVsbA=="
        }
      ]
    },
    {
      "mode": "managed",
      "type": "aws_sns_topic",
      "name": "minting_topic",
      "provider": "provider[\"registry.terraform.io/hashicorp/aws\"]",
      "instances": [
        {
          "schema_version": 0,
          "attributes": {
            "application_failure_feedback_role_arn": "",
            "application_success_feedback_role_arn": "",
            "application_success_feedback_sample_rate": 0,
            "arn": "arn:aws:sns:eu-central-1:000000000000:minting_async_topic",
            "content_based_deduplication": false,
            "delivery_policy": "",
            "display_name": "",
            "fifo_topic": false,
            "firehose_failure_feedback_role_arn": "",
            "firehose_success_feedback_role_arn": "",
            "firehose_success_feedback_sample_rate": 0,
            "http_failure_feedback_role_arn": "",
            "http_success_feedback_role_arn": "",
            "http_success_feedback_sample_rate": 0,
            "id": "arn:aws:sns:eu-central-1:000000000000:minting_async_topic",
            "kms_master_key_id": "",
            "lambda_failure_feedback_role_arn": "",
            "lambda_success_feedback_role_arn": "",
            "lambda_success_feedback_sample_rate": 0,
            "name": "minting_async_topic",
            "name_prefix": "",
            "owner": "000000000000",
            "policy": "{\"Id\":\"__default_policy_ID\",\"Statement\":[{\"Action\":[\"SNS:GetTopicAttributes\",\"SNS:SetTopicAttributes\",\"SNS:AddPermission\",\"SNS:RemovePermission\",\"SNS:DeleteTopic\",\"SNS:Subscribe\",\"SNS:ListSubscriptionsByTopic\",\"SNS:Publish\",\"SNS:Receive\"],\"Condition\":{\"StringEquals\":{\"AWS:SourceOwner\":\"000000000000\"}},\"Effect\":\"Allow\",\"Principal\":{\"AWS\":\"*\"},\"Resource\":\"arn:aws:sns:eu-central-1:000000000000:minting_async_topic\",\"Sid\":\"__default_statement_ID\"}],\"Version\":\"2008-10-17\"}",
            "sqs_failure_feedback_role_arn": "",
            "sqs_success_feedback_role_arn": "",
            "sqs_success_feedback_sample_rate": 0,
            "tags": {
              "environment": "stage",
              "project": "truly",
              "service": "api"
            },
            "tags_all": {
              "environment": "stage",
              "project": "truly",
              "service": "api"
            }
          },
          "sensitive_attributes": [],
          "private": "bnVsbA=="
        }
      ]
    },
    {
      "mode": "managed",
      "type": "aws_sns_topic",
      "name": "video_in_topic",
      "provider": "provider[\"registry.terraform.io/hashicorp/aws\"]",
      "instances": [
        {
          "schema_version": 0,
          "attributes": {
            "application_failure_feedback_role_arn": "",
            "application_success_feedback_role_arn": "",
            "application_success_feedback_sample_rate": 0,
            "arn": "arn:aws:sns:eu-central-1:000000000000:video_in_topic",
            "content_based_deduplication": false,
            "delivery_policy": "",
            "display_name": "",
            "fifo_topic": false,
            "firehose_failure_feedback_role_arn": "",
            "firehose_success_feedback_role_arn": "",
            "firehose_success_feedback_sample_rate": 0,
            "http_failure_feedback_role_arn": "",
            "http_success_feedback_role_arn": "",
            "http_success_feedback_sample_rate": 0,
            "id": "arn:aws:sns:eu-central-1:000000000000:video_in_topic",
            "kms_master_key_id": "",
            "lambda_failure_feedback_role_arn": "",
            "lambda_success_feedback_role_arn": "",
            "lambda_success_feedback_sample_rate": 0,
            "name": "video_in_topic",
            "name_prefix": "",
            "owner": "000000000000",
            "policy": "{\"Id\":\"__default_policy_ID\",\"Statement\":[{\"Action\":[\"SNS:GetTopicAttributes\",\"SNS:SetTopicAttributes\",\"SNS:AddPermission\",\"SNS:RemovePermission\",\"SNS:DeleteTopic\",\"SNS:Subscribe\",\"SNS:ListSubscriptionsByTopic\",\"SNS:Publish\",\"SNS:Receive\"],\"Condition\":{\"StringEquals\":{\"AWS:SourceOwner\":\"000000000000\"}},\"Effect\":\"Allow\",\"Principal\":{\"AWS\":\"*\"},\"Resource\":\"arn:aws:sns:eu-central-1:000000000000:video_in_topic\",\"Sid\":\"__default_statement_ID\"}],\"Version\":\"2008-10-17\"}",
            "sqs_failure_feedback_role_arn": "",
            "sqs_success_feedback_role_arn": "",
            "sqs_success_feedback_sample_rate": 0,
            "tags": {
              "environment": "stage",
              "project": "truly",
              "service": "video api"
            },
            "tags_all": {
              "environment": "stage",
              "project": "truly",
              "service": "video api"
            }
          },
          "sensitive_attributes": [],
          "private": "bnVsbA=="
        }
      ]
    },
    {
      "mode": "managed",
      "type": "aws_sns_topic",
      "name": "video_out_topic",
      "provider": "provider[\"registry.terraform.io/hashicorp/aws\"]",
      "instances": [
        {
          "schema_version": 0,
          "attributes": {
            "application_failure_feedback_role_arn": "",
            "application_success_feedback_role_arn": "",
            "application_success_feedback_sample_rate": 0,
            "arn": "arn:aws:sns:eu-central-1:000000000000:video_out_topic",
            "content_based_deduplication": false,
            "delivery_policy": "",
            "display_name": "",
            "fifo_topic": false,
            "firehose_failure_feedback_role_arn": "",
            "firehose_success_feedback_role_arn": "",
            "firehose_success_feedback_sample_rate": 0,
            "http_failure_feedback_role_arn": "",
            "http_success_feedback_role_arn": "",
            "http_success_feedback_sample_rate": 0,
            "id": "arn:aws:sns:eu-central-1:000000000000:video_out_topic",
            "kms_master_key_id": "",
            "lambda_failure_feedback_role_arn": "",
            "lambda_success_feedback_role_arn": "",
            "lambda_success_feedback_sample_rate": 0,
            "name": "video_out_topic",
            "name_prefix": "",
            "owner": "000000000000",
            "policy": "{\"Id\":\"__default_policy_ID\",\"Statement\":[{\"Action\":[\"SNS:GetTopicAttributes\",\"SNS:SetTopicAttributes\",\"SNS:AddPermission\",\"SNS:RemovePermission\",\"SNS:DeleteTopic\",\"SNS:Subscribe\",\"SNS:ListSubscriptionsByTopic\",\"SNS:Publish\",\"SNS:Receive\"],\"Condition\":{\"StringEquals\":{\"AWS:SourceOwner\":\"000000000000\"}},\"Effect\":\"Allow\",\"Principal\":{\"AWS\":\"*\"},\"Resource\":\"arn:aws:sns:eu-central-1:000000000000:video_out_topic\",\"Sid\":\"__default_statement_ID\"}],\"Version\":\"2008-10-17\"}",
            "sqs_failure_feedback_role_arn": "",
            "sqs_success_feedback_role_arn": "",
            "sqs_success_feedback_sample_rate": 0,
            "tags": {
              "environment": "stage",
              "project": "truly",
              "service": "video api"
            },
            "tags_all": {
              "environment": "stage",
              "project": "truly",
              "service": "video api"
            }
          },
          "sensitive_attributes": [],
          "private": "bnVsbA=="
        }
      ]
    },
    {
      "mode": "managed",
      "type": "aws_sns_topic_subscription",
      "name": "after_video_topic_subscription",
      "provider": "provider[\"registry.terraform.io/hashicorp/aws\"]",
      "instances": [
        {
          "schema_version": 0,
          "attributes": {
            "arn": "arn:aws:sns:eu-central-1:000000000000:video_out_topic:cc8a07e8-dc6f-4c46-a7d3-8f6828e6709e",
            "confirmation_timeout_in_minutes": 1,
            "confirmation_was_authenticated": true,
            "delivery_policy": "",
            "endpoint": "arn:aws:sqs:eu-central-1:000000000000:after_video_queue",
            "endpoint_auto_confirms": false,
            "filter_policy": "",
            "filter_policy_scope": "",
            "id": "arn:aws:sns:eu-central-1:000000000000:video_out_topic:cc8a07e8-dc6f-4c46-a7d3-8f6828e6709e",
            "owner_id": "000000000000",
            "pending_confirmation": false,
            "protocol": "sqs",
            "raw_message_delivery": false,
            "redrive_policy": "",
            "subscription_role_arn": "",
            "topic_arn": "arn:aws:sns:eu-central-1:000000000000:video_out_topic"
          },
          "sensitive_attributes": [],
          "private": "bnVsbA==",
          "dependencies": [
            "aws_sns_topic.video_out_topic",
            "aws_sqs_queue.after_video_queue",
            "aws_sqs_queue.after_video_queue_deadletter"
          ]
        }
      ]
    },
    {
      "mode": "managed",
      "type": "aws_sns_topic_subscription",
      "name": "after_video_topic_subscription_deadletter_email",
      "provider": "provider[\"registry.terraform.io/hashicorp/aws\"]",
      "instances": [
        {
          "schema_version": 0,
          "attributes": {
            "arn": "arn:aws:sns:eu-central-1:000000000000:after_video_dead_letter_topic:6b4e626a-c91b-45d3-9e93-c49ecdf3a0c9",
            "confirmation_timeout_in_minutes": 1,
            "confirmation_was_authenticated": false,
            "delivery_policy": "",
            "endpoint": "joanmi@espada.cat",
            "endpoint_auto_confirms": false,
            "filter_policy": "",
            "filter_policy_scope": "",
            "id": "arn:aws:sns:eu-central-1:000000000000:after_video_dead_letter_topic:6b4e626a-c91b-45d3-9e93-c49ecdf3a0c9",
            "owner_id": "000000000000",
            "pending_confirmation": true,
            "protocol": "email",
            "raw_message_delivery": false,
            "redrive_policy": "",
            "subscription_role_arn": "",
            "topic_arn": "arn:aws:sns:eu-central-1:000000000000:after_video_dead_letter_topic"
          },
          "sensitive_attributes": [],
          "private": "bnVsbA==",
          "dependencies": [
            "aws_sns_topic.after_video_dead_letter_topic"
          ]
        }
      ]
    },
    {
      "mode": "managed",
      "type": "aws_sns_topic_subscription",
      "name": "mintin_async_topic_subscription",
      "provider": "provider[\"registry.terraform.io/hashicorp/aws\"]",
      "instances": [
        {
          "schema_version": 0,
          "attributes": {
            "arn": "arn:aws:sns:eu-central-1:000000000000:minting_async_topic:73e2e69f-7617-4745-9b73-982c506df2c8",
            "confirmation_timeout_in_minutes": 1,
            "confirmation_was_authenticated": true,
            "delivery_policy": "",
            "endpoint": "arn:aws:sqs:eu-central-1:000000000000:async_minting_queue",
            "endpoint_auto_confirms": false,
            "filter_policy": "",
            "filter_policy_scope": "",
            "id": "arn:aws:sns:eu-central-1:000000000000:minting_async_topic:73e2e69f-7617-4745-9b73-982c506df2c8",
            "owner_id": "000000000000",
            "pending_confirmation": false,
            "protocol": "sqs",
            "raw_message_delivery": false,
            "redrive_policy": "",
            "subscription_role_arn": "",
            "topic_arn": "arn:aws:sns:eu-central-1:000000000000:minting_async_topic"
          },
          "sensitive_attributes": [],
          "private": "bnVsbA==",
          "dependencies": [
            "aws_sns_topic.minting_topic",
            "aws_sqs_queue.minting_queue",
            "aws_sqs_queue.minting_queue_deadletter"
          ]
        }
      ]
    },
    {
      "mode": "managed",
      "type": "aws_sns_topic_subscription",
      "name": "minting_fails_after_max_retries_topic_email",
      "provider": "provider[\"registry.terraform.io/hashicorp/aws\"]",
      "instances": [
        {
          "schema_version": 0,
          "attributes": {
            "arn": "arn:aws:sns:eu-central-1:000000000000:minting_fails_after_max_retries_topic:b5544d9e-0454-4123-bfb1-ad534e606728",
            "confirmation_timeout_in_minutes": 1,
            "confirmation_was_authenticated": false,
            "delivery_policy": "",
            "endpoint": "joanmi@espada.cat",
            "endpoint_auto_confirms": false,
            "filter_policy": "",
            "filter_policy_scope": "",
            "id": "arn:aws:sns:eu-central-1:000000000000:minting_fails_after_max_retries_topic:b5544d9e-0454-4123-bfb1-ad534e606728",
            "owner_id": "000000000000",
            "pending_confirmation": true,
            "protocol": "email",
            "raw_message_delivery": false,
            "redrive_policy": "",
            "subscription_role_arn": "",
            "topic_arn": "arn:aws:sns:eu-central-1:000000000000:minting_fails_after_max_retries_topic"
          },
          "sensitive_attributes": [],
          "private": "bnVsbA==",
          "dependencies": [
            "aws_sns_topic.minting_fails_after_max_retries_topic"
          ]
        }
      ]
    },
    {
      "mode": "managed",
      "type": "aws_sns_topic_subscription",
      "name": "minting_topic_subscription_deadletter_email",
      "provider": "provider[\"registry.terraform.io/hashicorp/aws\"]",
      "instances": [
        {
          "schema_version": 0,
          "attributes": {
            "arn": "arn:aws:sns:eu-central-1:000000000000:minting_dead_letter_topic:c0cb3a31-e24c-46d3-88bf-20813fe7789d",
            "confirmation_timeout_in_minutes": 1,
            "confirmation_was_authenticated": false,
            "delivery_policy": "",
            "endpoint": "joanmi@espada.cat",
            "endpoint_auto_confirms": false,
            "filter_policy": "",
            "filter_policy_scope": "",
            "id": "arn:aws:sns:eu-central-1:000000000000:minting_dead_letter_topic:c0cb3a31-e24c-46d3-88bf-20813fe7789d",
            "owner_id": "000000000000",
            "pending_confirmation": true,
            "protocol": "email",
            "raw_message_delivery": false,
            "redrive_policy": "",
            "subscription_role_arn": "",
            "topic_arn": "arn:aws:sns:eu-central-1:000000000000:minting_dead_letter_topic"
          },
          "sensitive_attributes": [],
          "private": "bnVsbA==",
          "dependencies": [
            "aws_sns_topic.minting_dead_letter_topic"
          ]
        }
      ]
    },
    {
      "mode": "managed",
      "type": "aws_sqs_queue",
      "name": "after_video_queue",
      "provider": "provider[\"registry.terraform.io/hashicorp/aws\"]",
      "instances": [
        {
          "schema_version": 0,
          "attributes": {
            "arn": "arn:aws:sqs:eu-central-1:000000000000:after_video_queue",
            "content_based_deduplication": false,
            "deduplication_scope": "",
            "delay_seconds": 0,
            "fifo_queue": false,
            "fifo_throughput_limit": "",
            "id": "http://localhost:4566/000000000000/after_video_queue",
            "kms_data_key_reuse_period_seconds": 300,
            "kms_master_key_id": "",
            "max_message_size": 4096,
            "message_retention_seconds": 3600,
            "name": "after_video_queue",
            "name_prefix": "",
            "policy": "",
            "receive_wait_time_seconds": 10,
            "redrive_allow_policy": "",
            "redrive_policy": "{\"deadLetterTargetArn\":\"arn:aws:sqs:eu-central-1:000000000000:dead_letter_queue_mint_errors\",\"maxReceiveCount\":4}",
            "sqs_managed_sse_enabled": false,
            "tags": {
              "environment": "stage",
              "project": "truly",
              "service": "api"
            },
            "tags_all": {
              "environment": "stage",
              "project": "truly",
              "service": "api"
            },
            "url": "http://localhost:4566/000000000000/after_video_queue",
            "visibility_timeout_seconds": 300
          },
          "sensitive_attributes": [],
          "private": "bnVsbA==",
          "dependencies": [
            "aws_sqs_queue.after_video_queue_deadletter"
          ]
        }
      ]
    },
    {
      "mode": "managed",
      "type": "aws_sqs_queue",
      "name": "after_video_queue_deadletter",
      "provider": "provider[\"registry.terraform.io/hashicorp/aws\"]",
      "instances": [
        {
          "schema_version": 0,
          "attributes": {
            "arn": "arn:aws:sqs:eu-central-1:000000000000:dead_letter_queue_mint_errors",
            "content_based_deduplication": false,
            "deduplication_scope": "",
            "delay_seconds": 0,
            "fifo_queue": false,
            "fifo_throughput_limit": "",
            "id": "http://localhost:4566/000000000000/dead_letter_queue_mint_errors",
            "kms_data_key_reuse_period_seconds": 300,
            "kms_master_key_id": "",
            "max_message_size": 262144,
            "message_retention_seconds": 345600,
            "name": "dead_letter_queue_mint_errors",
            "name_prefix": "",
            "policy": "",
            "receive_wait_time_seconds": 0,
            "redrive_allow_policy": "",
            "redrive_policy": "",
            "sqs_managed_sse_enabled": false,
            "tags": {
              "environment": "stage",
              "project": "truly",
              "service": "api"
            },
            "tags_all": {
              "environment": "stage",
              "project": "truly",
              "service": "api"
            },
            "url": "http://localhost:4566/000000000000/dead_letter_queue_mint_errors",
            "visibility_timeout_seconds": 30
          },
          "sensitive_attributes": [],
          "private": "bnVsbA=="
        }
      ]
    },
    {
      "mode": "managed",
      "type": "aws_sqs_queue",
      "name": "minting_queue",
      "provider": "provider[\"registry.terraform.io/hashicorp/aws\"]",
      "instances": [
        {
          "schema_version": 0,
          "attributes": {
            "arn": "arn:aws:sqs:eu-central-1:000000000000:async_minting_queue",
            "content_based_deduplication": false,
            "deduplication_scope": "",
            "delay_seconds": 0,
            "fifo_queue": false,
            "fifo_throughput_limit": "",
            "id": "http://localhost:4566/000000000000/async_minting_queue",
            "kms_data_key_reuse_period_seconds": 300,
            "kms_master_key_id": "",
            "max_message_size": 4096,
            "message_retention_seconds": 3600,
            "name": "async_minting_queue",
            "name_prefix": "",
            "policy": "",
            "receive_wait_time_seconds": 10,
            "redrive_allow_policy": "",
            "redrive_policy": "{\"deadLetterTargetArn\":\"arn:aws:sqs:eu-central-1:000000000000:dead_letter_queue_mint_errors\",\"maxReceiveCount\":4}",
            "sqs_managed_sse_enabled": false,
            "tags": {
              "environment": "stage",
              "project": "truly",
              "service": "api"
            },
            "tags_all": {
              "environment": "stage",
              "project": "truly",
              "service": "api"
            },
            "url": "http://localhost:4566/000000000000/async_minting_queue",
            "visibility_timeout_seconds": 300
          },
          "sensitive_attributes": [],
          "private": "bnVsbA==",
          "dependencies": [
            "aws_sqs_queue.minting_queue_deadletter"
          ]
        }
      ]
    },
    {
      "mode": "managed",
      "type": "aws_sqs_queue",
      "name": "minting_queue_deadletter",
      "provider": "provider[\"registry.terraform.io/hashicorp/aws\"]",
      "instances": [
        {
          "schema_version": 0,
          "attributes": {
            "arn": "arn:aws:sqs:eu-central-1:000000000000:dead_letter_queue_mint_errors",
            "content_based_deduplication": false,
            "deduplication_scope": "",
            "delay_seconds": 0,
            "fifo_queue": false,
            "fifo_throughput_limit": "",
            "id": "http://localhost:4566/000000000000/dead_letter_queue_mint_errors",
            "kms_data_key_reuse_period_seconds": 300,
            "kms_master_key_id": "",
            "max_message_size": 262144,
            "message_retention_seconds": 345600,
            "name": "dead_letter_queue_mint_errors",
            "name_prefix": "",
            "policy": "",
            "receive_wait_time_seconds": 0,
            "redrive_allow_policy": "",
            "redrive_policy": "",
            "sqs_managed_sse_enabled": false,
            "tags": {
              "environment": "stage",
              "project": "truly",
              "service": "api"
            },
            "tags_all": {
              "environment": "stage",
              "project": "truly",
              "service": "api"
            },
            "url": "http://localhost:4566/000000000000/dead_letter_queue_mint_errors",
            "visibility_timeout_seconds": 30
          },
          "sensitive_attributes": [],
          "private": "bnVsbA=="
        }
      ]
    },
    {
      "mode": "managed",
      "type": "aws_sqs_queue_policy",
      "name": "after_video_queue_policy",
      "provider": "provider[\"registry.terraform.io/hashicorp/aws\"]",
      "instances": [
        {
          "schema_version": 1,
          "attributes": {
            "id": "http://localhost:4566/000000000000/after_video_queue",
            "policy": "{\"Id\":\"sqspolicy\",\"Statement\":[{\"Action\":\"sqs:SendMessage\",\"Condition\":{\"ArnEquals\":{\"aws:SourceArn\":\"arn:aws:sns:eu-central-1:000000000000:video_out_topic\"}},\"Effect\":\"Allow\",\"Principal\":\"*\",\"Resource\":\"arn:aws:sqs:eu-central-1:000000000000:after_video_queue\",\"Sid\":\"First\"}],\"Version\":\"2012-10-17\"}",
            "queue_url": "http://localhost:4566/000000000000/after_video_queue"
          },
          "sensitive_attributes": [],
          "private": "eyJzY2hlbWFfdmVyc2lvbiI6IjEifQ==",
          "dependencies": [
            "aws_sns_topic.video_out_topic",
            "aws_sqs_queue.after_video_queue",
            "aws_sqs_queue.after_video_queue_deadletter"
          ]
        }
      ]
    },
    {
      "mode": "managed",
      "type": "aws_sqs_queue_policy",
      "name": "minting_queue_policy",
      "provider": "provider[\"registry.terraform.io/hashicorp/aws\"]",
      "instances": [
        {
          "schema_version": 1,
          "attributes": {
            "id": "http://localhost:4566/000000000000/async_minting_queue",
            "policy": "{\"Id\":\"sqspolicy\",\"Statement\":[{\"Action\":\"sqs:SendMessage\",\"Condition\":{\"ArnEquals\":{\"aws:SourceArn\":\"arn:aws:sns:eu-central-1:000000000000:minting_async_topic\"}},\"Effect\":\"Allow\",\"Principal\":\"*\",\"Resource\":\"arn:aws:sqs:eu-central-1:000000000000:async_minting_queue\",\"Sid\":\"First\"}],\"Version\":\"2012-10-17\"}",
            "queue_url": "http://localhost:4566/000000000000/async_minting_queue"
          },
          "sensitive_attributes": [],
          "private": "eyJzY2hlbWFfdmVyc2lvbiI6IjEifQ==",
          "dependencies": [
            "aws_sns_topic.minting_topic",
            "aws_sqs_queue.minting_queue",
            "aws_sqs_queue.minting_queue_deadletter"
          ]
        }
      ]
    },
    {
      "module": "module.lambda_admin",
      "mode": "managed",
      "type": "aws_cloudwatch_log_group",
      "name": "truly_lambda_admin_cloudwatch",
      "provider": "provider[\"registry.terraform.io/hashicorp/aws\"]",
      "instances": [
        {
          "schema_version": 0,
          "attributes": {
            "arn": "arn:aws:logs:eu-central-1:000000000000:log-group:/aws/lambda/truly_admin",
            "id": "/aws/lambda/truly_admin",
            "kms_key_id": "",
            "name": "/aws/lambda/truly_admin",
            "name_prefix": "",
            "retention_in_days": 5,
            "skip_destroy": false,
            "tags": {
              "environment": "stage",
              "project": "truly",
              "service": "admin"
            },
            "tags_all": {
              "environment": "stage",
              "project": "truly",
              "service": "admin"
            }
          },
          "sensitive_attributes": [],
          "private": "bnVsbA=="
        }
      ]
    },
    {
      "module": "module.lambda_admin",
      "mode": "managed",
      "type": "aws_lambda_function",
      "name": "truly_lambda_admin",
      "provider": "provider[\"registry.terraform.io/hashicorp/aws\"]",
      "instances": [
        {
          "schema_version": 0,
          "attributes": {
            "architectures": [
              "arm64"
            ],
            "arn": "arn:aws:lambda:eu-central-1:000000000000:function:truly_admin",
            "code_signing_config_arn": "",
            "dead_letter_config": [],
            "description": "",
            "environment": [
              {
                "variables": {
                  "ENVIRONMENT": "stage",
                  "RUST_BACKTRACE": "full",
                  "RUST_LOG": "cargo_lambda=info"
                }
              }
            ],
            "ephemeral_storage": [
              {
                "size": 512
              }
            ],
            "file_system_config": [],
            "filename": "../target/lambda_arm64//lambda_admin/bootstrap.zip",
            "function_name": "truly_admin",
            "handler": "function_handler",
            "id": "truly_admin",
            "image_config": [],
            "image_uri": "",
            "invoke_arn": "arn:aws:apigateway:eu-central-1:lambda:path/2015-03-31/functions/arn:aws:lambda:eu-central-1:000000000000:function:truly_admin/invocations",
            "kms_key_arn": "",
            "last_modified": "2023-06-16T10:46:01.346091+0000",
            "layers": null,
            "memory_size": 512,
            "package_type": "Zip",
            "publish": false,
            "qualified_arn": "arn:aws:lambda:eu-central-1:000000000000:function:truly_admin:$LATEST",
            "qualified_invoke_arn": "arn:aws:apigateway:eu-central-1:lambda:path/2015-03-31/functions/arn:aws:lambda:eu-central-1:000000000000:function:truly_admin:$LATEST/invocations",
            "replace_security_groups_on_destroy": null,
            "replacement_security_group_ids": null,
            "reserved_concurrent_executions": -1,
            "role": "arn:aws:iam::000000000000:role/terraform-20230616104542461600000002",
            "runtime": "provided.al2",
            "s3_bucket": null,
            "s3_key": null,
            "s3_object_version": null,
            "signing_job_arn": "",
            "signing_profile_version_arn": "",
            "snap_start": [],
            "source_code_hash": "bFSp4dzMa3RV0NQygsv6nIxDsnoPaVLADGzn72PJ3kQ=",
            "source_code_size": 6029162,
            "tags": {
              "environment": "stage",
              "project": "truly",
              "service": "admin"
            },
            "tags_all": {
              "environment": "stage",
              "project": "truly",
              "service": "admin"
            },
            "timeout": 60,
            "timeouts": null,
            "tracing_config": [
              {
                "mode": "Active"
              }
            ],
            "version": "$LATEST",
            "vpc_config": []
          },
          "sensitive_attributes": [],
          "private": "eyJlMmJmYjczMC1lY2FhLTExZTYtOGY4OC0zNDM2M2JjN2M0YzAiOnsiY3JlYXRlIjo2MDAwMDAwMDAwMDAsInVwZGF0ZSI6NjAwMDAwMDAwMDAwfX0=",
          "dependencies": [
            "aws_iam_policy.truly_lambda_SECRETSMAN_policy",
            "aws_iam_policy.truly_lambda_XRAY_policy",
            "aws_iam_policy.truly_lambda_dynamodb_policy",
            "aws_iam_policy.truly_lambda_logging_policy",
            "aws_iam_role.truly_lambda_execution_role",
            "aws_iam_role_policy_attachment.truly_lambda_SECRETSMAN",
            "aws_iam_role_policy_attachment.truly_lambda_XRAY",
            "aws_iam_role_policy_attachment.truly_lambda_dynamodb",
            "aws_iam_role_policy_attachment.truly_lambda_logs",
            "module.lambda_admin.aws_cloudwatch_log_group.truly_lambda_admin_cloudwatch"
          ]
        }
      ]
    },
    {
      "module": "module.lambda_after_video",
      "mode": "managed",
      "type": "aws_cloudwatch_log_group",
      "name": "truly_lambda_after_video_cloudwatch",
      "provider": "provider[\"registry.terraform.io/hashicorp/aws\"]",
      "instances": [
        {
          "schema_version": 0,
          "attributes": {
            "arn": "arn:aws:logs:eu-central-1:000000000000:log-group:/aws/lambda/truly_after_video",
            "id": "/aws/lambda/truly_after_video",
            "kms_key_id": "",
            "name": "/aws/lambda/truly_after_video",
            "name_prefix": "",
            "retention_in_days": 3,
            "skip_destroy": false,
            "tags": {
              "environment": "stage",
              "project": "truly",
              "service": "after_video_update"
            },
            "tags_all": {
              "environment": "stage",
              "project": "truly",
              "service": "after_video_update"
            }
          },
          "sensitive_attributes": [],
          "private": "bnVsbA=="
        }
      ]
    },
    {
      "module": "module.lambda_after_video",
      "mode": "managed",
      "type": "aws_lambda_event_source_mapping",
      "name": "truly_after_video",
      "provider": "provider[\"registry.terraform.io/hashicorp/aws\"]",
      "instances": [
        {
          "schema_version": 0,
          "attributes": {
            "amazon_managed_kafka_event_source_config": [],
            "batch_size": 1,
            "bisect_batch_on_function_error": false,
            "destination_config": [],
            "enabled": true,
            "event_source_arn": "arn:aws:sqs:eu-central-1:000000000000:after_video_queue",
            "filter_criteria": [],
            "function_arn": "arn:aws:lambda:eu-central-1:000000000000:function:truly_after_video",
            "function_name": "arn:aws:lambda:eu-central-1:000000000000:function:truly_after_video",
            "function_response_types": null,
            "id": "c85eba90-57a0-4843-823a-4e82f3b6ed47",
            "last_modified": "2023-06-16T10:46:34Z",
            "last_processing_result": "",
            "maximum_batching_window_in_seconds": 0,
            "maximum_record_age_in_seconds": 0,
            "maximum_retry_attempts": 0,
            "parallelization_factor": 0,
            "queues": null,
            "scaling_config": [],
            "self_managed_event_source": [],
            "self_managed_kafka_event_source_config": [],
            "source_access_configuration": [],
            "starting_position": "",
            "starting_position_timestamp": "",
            "state": "Enabled",
            "state_transition_reason": "USER_INITIATED",
            "topics": null,
            "tumbling_window_in_seconds": 0,
            "uuid": "c85eba90-57a0-4843-823a-4e82f3b6ed47"
          },
          "sensitive_attributes": [],
          "private": "bnVsbA==",
          "dependencies": [
            "aws_iam_policy.truly_lambda_KMS_policy",
            "aws_iam_policy.truly_lambda_SECRETSMAN_policy",
            "aws_iam_policy.truly_lambda_SQS_policy",
            "aws_iam_policy.truly_lambda_XRAY_policy",
            "aws_iam_policy.truly_lambda_dynamodb_policy",
            "aws_iam_policy.truly_lambda_logging_policy",
            "aws_iam_role.truly_lambda_execution_role",
            "aws_iam_role_policy_attachment.truly_lambda_KMS",
            "aws_iam_role_policy_attachment.truly_lambda_SECRETSMAN",
            "aws_iam_role_policy_attachment.truly_lambda_SQS",
            "aws_iam_role_policy_attachment.truly_lambda_XRAY",
            "aws_iam_role_policy_attachment.truly_lambda_dynamodb",
            "aws_iam_role_policy_attachment.truly_lambda_logs",
            "aws_sqs_queue.after_video_queue",
            "aws_sqs_queue.after_video_queue_deadletter",
            "module.lambda_after_video.aws_cloudwatch_log_group.truly_lambda_after_video_cloudwatch",
            "module.lambda_after_video.aws_lambda_function.truly_lambda_after_video"
          ]
        }
      ]
    },
    {
      "module": "module.lambda_after_video",
      "mode": "managed",
      "type": "aws_lambda_function",
      "name": "truly_lambda_after_video",
      "provider": "provider[\"registry.terraform.io/hashicorp/aws\"]",
      "instances": [
        {
          "schema_version": 0,
          "attributes": {
            "architectures": [
              "arm64"
            ],
            "arn": "arn:aws:lambda:eu-central-1:000000000000:function:truly_after_video",
            "code_signing_config_arn": "",
            "dead_letter_config": [],
            "description": "",
            "environment": [
              {
                "variables": {
                  "ENVIRONMENT": "stage",
                  "KMS_KEY_ID": "",
                  "RUST_BACKTRACE": "full",
                  "RUST_LOG": "cargo_lambda=info"
                }
              }
            ],
            "ephemeral_storage": [
              {
                "size": 512
              }
            ],
            "file_system_config": [],
            "filename": "../target/lambda_arm64//lambda_after_video/bootstrap.zip",
            "function_name": "truly_after_video",
            "handler": "function_handler",
            "id": "truly_after_video",
            "image_config": [],
            "image_uri": "",
            "invoke_arn": "arn:aws:apigateway:eu-central-1:lambda:path/2015-03-31/functions/arn:aws:lambda:eu-central-1:000000000000:function:truly_after_video/invocations",
            "kms_key_arn": "",
            "last_modified": "2023-06-16T10:45:44.431338+0000",
            "layers": null,
            "memory_size": 512,
            "package_type": "Zip",
            "publish": false,
            "qualified_arn": "arn:aws:lambda:eu-central-1:000000000000:function:truly_after_video:$LATEST",
            "qualified_invoke_arn": "arn:aws:apigateway:eu-central-1:lambda:path/2015-03-31/functions/arn:aws:lambda:eu-central-1:000000000000:function:truly_after_video:$LATEST/invocations",
            "replace_security_groups_on_destroy": null,
            "replacement_security_group_ids": null,
            "reserved_concurrent_executions": -1,
            "role": "arn:aws:iam::000000000000:role/terraform-20230616104542461600000002",
            "runtime": "provided.al2",
            "s3_bucket": null,
            "s3_key": null,
            "s3_object_version": null,
            "signing_job_arn": "",
            "signing_profile_version_arn": "",
            "snap_start": [],
            "source_code_hash": "/4r4U2r+UO6BwB9jWN9VChWqS6Lau+UN/kgmIsRWxyw=",
            "source_code_size": 4940677,
            "tags": {
              "environment": "stage",
              "project": "truly",
              "service": "after_video_update"
            },
            "tags_all": {
              "environment": "stage",
              "project": "truly",
              "service": "after_video_update"
            },
            "timeout": 60,
            "timeouts": null,
            "tracing_config": [
              {
                "mode": "Active"
              }
            ],
            "version": "$LATEST",
            "vpc_config": []
          },
          "sensitive_attributes": [],
          "private": "eyJlMmJmYjczMC1lY2FhLTExZTYtOGY4OC0zNDM2M2JjN2M0YzAiOnsiY3JlYXRlIjo2MDAwMDAwMDAwMDAsInVwZGF0ZSI6NjAwMDAwMDAwMDAwfX0=",
          "dependencies": [
            "aws_iam_policy.truly_lambda_KMS_policy",
            "aws_iam_policy.truly_lambda_SECRETSMAN_policy",
            "aws_iam_policy.truly_lambda_SQS_policy",
            "aws_iam_policy.truly_lambda_XRAY_policy",
            "aws_iam_policy.truly_lambda_dynamodb_policy",
            "aws_iam_policy.truly_lambda_logging_policy",
            "aws_iam_role.truly_lambda_execution_role",
            "aws_iam_role_policy_attachment.truly_lambda_KMS",
            "aws_iam_role_policy_attachment.truly_lambda_SECRETSMAN",
            "aws_iam_role_policy_attachment.truly_lambda_SQS",
            "aws_iam_role_policy_attachment.truly_lambda_XRAY",
            "aws_iam_role_policy_attachment.truly_lambda_dynamodb",
            "aws_iam_role_policy_attachment.truly_lambda_logs",
            "module.lambda_after_video.aws_cloudwatch_log_group.truly_lambda_after_video_cloudwatch"
          ]
        }
      ]
    },
    {
      "module": "module.lambda_licenses",
      "mode": "managed",
      "type": "aws_cloudwatch_log_group",
      "name": "truly_lambda_licenses_cloudwatch",
      "provider": "provider[\"registry.terraform.io/hashicorp/aws\"]",
      "instances": [
        {
          "schema_version": 0,
          "attributes": {
            "arn": "arn:aws:logs:eu-central-1:000000000000:log-group:/aws/lambda/truly_licenses",
            "id": "/aws/lambda/truly_licenses",
            "kms_key_id": "",
            "name": "/aws/lambda/truly_licenses",
            "name_prefix": "",
            "retention_in_days": 5,
            "skip_destroy": false,
            "tags": {
              "environment": "stage",
              "project": "truly",
              "service": "licenses"
            },
            "tags_all": {
              "environment": "stage",
              "project": "truly",
              "service": "licenses"
            }
          },
          "sensitive_attributes": [],
          "private": "bnVsbA=="
        }
      ]
    },
    {
      "module": "module.lambda_licenses",
      "mode": "managed",
      "type": "aws_lambda_function",
      "name": "truly_lambda_licenses",
      "provider": "provider[\"registry.terraform.io/hashicorp/aws\"]",
      "instances": [
        {
          "schema_version": 0,
          "attributes": {
            "architectures": [
              "arm64"
            ],
            "arn": "arn:aws:lambda:eu-central-1:000000000000:function:truly_licenses",
            "code_signing_config_arn": "",
            "dead_letter_config": [],
            "description": "",
            "environment": [
              {
                "variables": {
                  "DEAD_LETTER_QUEUE_MINT": "http://localhost:4566/000000000000/dead_letter_queue_mint_errors",
                  "ENVIRONMENT": "stage",
                  "KMS_KEY_ID": "",
                  "MINTING_FAILS_TOPIC": "arn:aws:sns:eu-central-1:000000000000:minting_fails_after_max_retries_topic",
                  "RUST_BACKTRACE": "full",
                  "RUST_LOG": "cargo_lambda=info",
                  "SHORTER_VIDEO_IN_TOPIC": "arn:aws:sns:eu-central-1:000000000000:video_in_topic",
                  "SHORTER_VIDEO_OUT_TOPIC": "arn:aws:sns:eu-central-1:000000000000:video_out_topic",
                  "TOPIC_ARN_MINT_ASYNC": "arn:aws:sns:eu-central-1:000000000000:minting_async_topic"
                }
              }
            ],
            "ephemeral_storage": [
              {
                "size": 512
              }
            ],
            "file_system_config": [],
            "filename": "../target/lambda_arm64//lambda_license/bootstrap.zip",
            "function_name": "truly_licenses",
            "handler": "function_handler",
            "id": "truly_licenses",
            "image_config": [],
            "image_uri": "",
            "invoke_arn": "arn:aws:apigateway:eu-central-1:lambda:path/2015-03-31/functions/arn:aws:lambda:eu-central-1:000000000000:function:truly_licenses/invocations",
            "kms_key_arn": "",
            "last_modified": "2023-06-16T10:46:17.708289+0000",
            "layers": null,
            "memory_size": 512,
            "package_type": "Zip",
            "publish": false,
            "qualified_arn": "arn:aws:lambda:eu-central-1:000000000000:function:truly_licenses:$LATEST",
            "qualified_invoke_arn": "arn:aws:apigateway:eu-central-1:lambda:path/2015-03-31/functions/arn:aws:lambda:eu-central-1:000000000000:function:truly_licenses:$LATEST/invocations",
            "replace_security_groups_on_destroy": null,
            "replacement_security_group_ids": null,
            "reserved_concurrent_executions": -1,
            "role": "arn:aws:iam::000000000000:role/terraform-20230616104542461600000002",
            "runtime": "provided.al2",
            "s3_bucket": null,
            "s3_key": null,
            "s3_object_version": null,
            "signing_job_arn": "",
            "signing_profile_version_arn": "",
            "snap_start": [],
            "source_code_hash": "YWcPY46xhcbYvU0cBzAPDh8K2wvz92xN4B4C7G5HVsU=",
            "source_code_size": 11622284,
            "tags": {
              "environment": "stage",
              "project": "truly",
              "service": "licenses"
            },
            "tags_all": {
              "environment": "stage",
              "project": "truly",
              "service": "licenses"
            },
            "timeout": 60,
            "timeouts": null,
            "tracing_config": [
              {
                "mode": "Active"
              }
            ],
            "version": "$LATEST",
            "vpc_config": []
          },
          "sensitive_attributes": [],
          "private": "eyJlMmJmYjczMC1lY2FhLTExZTYtOGY4OC0zNDM2M2JjN2M0YzAiOnsiY3JlYXRlIjo2MDAwMDAwMDAwMDAsInVwZGF0ZSI6NjAwMDAwMDAwMDAwfX0=",
          "dependencies": [
            "aws_iam_policy.truly_lambda_KMS_policy",
            "aws_iam_policy.truly_lambda_SECRETSMAN_policy",
            "aws_iam_policy.truly_lambda_SNS_policy",
            "aws_iam_policy.truly_lambda_SQS_policy",
            "aws_iam_policy.truly_lambda_XRAY_policy",
            "aws_iam_policy.truly_lambda_dynamodb_policy",
            "aws_iam_policy.truly_lambda_logging_policy",
            "aws_iam_role.truly_lambda_execution_role",
            "aws_iam_role_policy_attachment.truly_lambda_KMS",
            "aws_iam_role_policy_attachment.truly_lambda_SECRETSMAN",
            "aws_iam_role_policy_attachment.truly_lambda_SNS",
            "aws_iam_role_policy_attachment.truly_lambda_SQS",
            "aws_iam_role_policy_attachment.truly_lambda_XRAY",
            "aws_iam_role_policy_attachment.truly_lambda_dynamodb",
            "aws_iam_role_policy_attachment.truly_lambda_logs",
            "aws_sns_topic.minting_fails_after_max_retries_topic",
            "aws_sns_topic.minting_topic",
            "aws_sns_topic.video_in_topic",
            "aws_sns_topic.video_out_topic",
            "aws_sqs_queue.minting_queue_deadletter",
            "module.lambda_licenses.aws_cloudwatch_log_group.truly_lambda_licenses_cloudwatch"
          ]
        }
      ]
    },
    {
      "module": "module.lambda_login",
      "mode": "managed",
      "type": "aws_cloudwatch_log_group",
      "name": "truly_lambda_login_cloudwatch",
      "provider": "provider[\"registry.terraform.io/hashicorp/aws\"]",
      "instances": [
        {
          "schema_version": 0,
          "attributes": {
            "arn": "arn:aws:logs:eu-central-1:000000000000:log-group:/aws/lambda/truly_login",
            "id": "/aws/lambda/truly_login",
            "kms_key_id": "",
            "name": "/aws/lambda/truly_login",
            "name_prefix": "",
            "retention_in_days": 5,
            "skip_destroy": false,
            "tags": {
              "environment": "stage",
              "project": "truly",
              "service": "login"
            },
            "tags_all": {
              "environment": "stage",
              "project": "truly",
              "service": "login"
            }
          },
          "sensitive_attributes": [],
          "private": "bnVsbA=="
        }
      ]
    },
    {
      "module": "module.lambda_login",
      "mode": "managed",
      "type": "aws_lambda_function",
      "name": "truly_lambda_login",
      "provider": "provider[\"registry.terraform.io/hashicorp/aws\"]",
      "instances": [
        {
          "schema_version": 0,
          "attributes": {
            "architectures": [
              "arm64"
            ],
            "arn": "arn:aws:lambda:eu-central-1:000000000000:function:truly_login",
            "code_signing_config_arn": "",
            "dead_letter_config": [],
            "description": "",
            "environment": [
              {
                "variables": {
                  "ENVIRONMENT": "stage",
                  "JWT_TOKEN_TIME_EXP_HOURS": "8",
                  "RUST_BACKTRACE": "full",
                  "RUST_LOG": "cargo_lambda=info"
                }
              }
            ],
            "ephemeral_storage": [
              {
                "size": 512
              }
            ],
            "file_system_config": [],
            "filename": "../target/lambda_arm64//lambda_login/bootstrap.zip",
            "function_name": "truly_login",
            "handler": "function_handler",
            "id": "truly_login",
            "image_config": [],
            "image_uri": "",
            "invoke_arn": "arn:aws:apigateway:eu-central-1:lambda:path/2015-03-31/functions/arn:aws:lambda:eu-central-1:000000000000:function:truly_login/invocations",
            "kms_key_arn": "",
            "last_modified": "2023-06-16T10:46:06.645735+0000",
            "layers": null,
            "memory_size": 512,
            "package_type": "Zip",
            "publish": false,
            "qualified_arn": "arn:aws:lambda:eu-central-1:000000000000:function:truly_login:$LATEST",
            "qualified_invoke_arn": "arn:aws:apigateway:eu-central-1:lambda:path/2015-03-31/functions/arn:aws:lambda:eu-central-1:000000000000:function:truly_login:$LATEST/invocations",
            "replace_security_groups_on_destroy": null,
            "replacement_security_group_ids": null,
            "reserved_concurrent_executions": -1,
            "role": "arn:aws:iam::000000000000:role/terraform-20230616104542461600000002",
            "runtime": "provided.al2",
            "s3_bucket": null,
            "s3_key": null,
            "s3_object_version": null,
            "signing_job_arn": "",
            "signing_profile_version_arn": "",
            "snap_start": [],
            "source_code_hash": "lDTd7pbSuvhkVBOhQXDr5P2njHGrfTqesKleTOIiWrM=",
            "source_code_size": 5943107,
            "tags": {
              "environment": "stage",
              "project": "truly",
              "service": "login"
            },
            "tags_all": {
              "environment": "stage",
              "project": "truly",
              "service": "login"
            },
            "timeout": 60,
            "timeouts": null,
            "tracing_config": [
              {
                "mode": "Active"
              }
            ],
            "version": "$LATEST",
            "vpc_config": []
          },
          "sensitive_attributes": [],
          "private": "eyJlMmJmYjczMC1lY2FhLTExZTYtOGY4OC0zNDM2M2JjN2M0YzAiOnsiY3JlYXRlIjo2MDAwMDAwMDAwMDAsInVwZGF0ZSI6NjAwMDAwMDAwMDAwfX0=",
          "dependencies": [
            "aws_iam_policy.truly_lambda_SECRETSMAN_policy",
            "aws_iam_policy.truly_lambda_XRAY_policy",
            "aws_iam_policy.truly_lambda_dynamodb_policy",
            "aws_iam_policy.truly_lambda_logging_policy",
            "aws_iam_role.truly_lambda_execution_role",
            "aws_iam_role_policy_attachment.truly_lambda_SECRETSMAN",
            "aws_iam_role_policy_attachment.truly_lambda_XRAY",
            "aws_iam_role_policy_attachment.truly_lambda_dynamodb",
            "aws_iam_role_policy_attachment.truly_lambda_logs",
            "module.lambda_login.aws_cloudwatch_log_group.truly_lambda_login_cloudwatch"
          ]
        }
      ]
    },
    {
      "module": "module.lambda_mint",
      "mode": "managed",
      "type": "aws_cloudwatch_log_group",
      "name": "truly_lambda_mint_cloudwatch",
      "provider": "provider[\"registry.terraform.io/hashicorp/aws\"]",
      "instances": [
        {
          "schema_version": 0,
          "attributes": {
            "arn": "arn:aws:logs:eu-central-1:000000000000:log-group:/aws/lambda/truly_mint",
            "id": "/aws/lambda/truly_mint",
            "kms_key_id": "",
            "name": "/aws/lambda/truly_mint",
            "name_prefix": "",
            "retention_in_days": 5,
            "skip_destroy": false,
            "tags": {
              "environment": "stage",
              "project": "truly",
              "service": "minting"
            },
            "tags_all": {
              "environment": "stage",
              "project": "truly",
              "service": "minting"
            }
          },
          "sensitive_attributes": [],
          "private": "bnVsbA=="
        }
      ]
    },
    {
      "module": "module.lambda_mint",
      "mode": "managed",
      "type": "aws_lambda_event_source_mapping",
      "name": "truly_minting",
      "provider": "provider[\"registry.terraform.io/hashicorp/aws\"]",
      "instances": [
        {
          "schema_version": 0,
          "attributes": {
            "amazon_managed_kafka_event_source_config": [],
            "batch_size": 1,
            "bisect_batch_on_function_error": false,
            "destination_config": [],
            "enabled": true,
            "event_source_arn": "arn:aws:sqs:eu-central-1:000000000000:async_minting_queue",
            "filter_criteria": [],
            "function_arn": "arn:aws:lambda:eu-central-1:000000000000:function:truly_mint",
            "function_name": "arn:aws:lambda:eu-central-1:000000000000:function:truly_mint",
            "function_response_types": null,
            "id": "ba6cc5ee-d805-46c9-8ab2-b4fc95ae5788",
            "last_modified": "2023-06-16T10:46:34Z",
            "last_processing_result": "",
            "maximum_batching_window_in_seconds": 0,
            "maximum_record_age_in_seconds": 0,
            "maximum_retry_attempts": 0,
            "parallelization_factor": 0,
            "queues": null,
            "scaling_config": [],
            "self_managed_event_source": [],
            "self_managed_kafka_event_source_config": [],
            "source_access_configuration": [],
            "starting_position": "",
            "starting_position_timestamp": "",
            "state": "Enabled",
            "state_transition_reason": "USER_INITIATED",
            "topics": null,
            "tumbling_window_in_seconds": 0,
            "uuid": "ba6cc5ee-d805-46c9-8ab2-b4fc95ae5788"
          },
          "sensitive_attributes": [],
          "private": "bnVsbA==",
          "dependencies": [
            "aws_iam_policy.truly_lambda_KMS_policy",
            "aws_iam_policy.truly_lambda_SECRETSMAN_policy",
            "aws_iam_policy.truly_lambda_SQS_policy",
            "aws_iam_policy.truly_lambda_XRAY_policy",
            "aws_iam_policy.truly_lambda_dynamodb_policy",
            "aws_iam_policy.truly_lambda_logging_policy",
            "aws_iam_role.truly_lambda_execution_role",
            "aws_iam_role_policy_attachment.truly_lambda_KMS",
            "aws_iam_role_policy_attachment.truly_lambda_SECRETSMAN",
            "aws_iam_role_policy_attachment.truly_lambda_SQS",
            "aws_iam_role_policy_attachment.truly_lambda_XRAY",
            "aws_iam_role_policy_attachment.truly_lambda_dynamodb",
            "aws_iam_role_policy_attachment.truly_lambda_logs",
            "aws_sns_topic.minting_fails_after_max_retries_topic",
            "aws_sns_topic.minting_topic",
            "aws_sqs_queue.minting_queue",
            "aws_sqs_queue.minting_queue_deadletter",
            "module.lambda_mint.aws_cloudwatch_log_group.truly_lambda_mint_cloudwatch",
            "module.lambda_mint.aws_lambda_function.truly_lambda_mint"
          ]
        }
      ]
    },
    {
      "module": "module.lambda_mint",
      "mode": "managed",
      "type": "aws_lambda_function",
      "name": "truly_lambda_mint",
      "provider": "provider[\"registry.terraform.io/hashicorp/aws\"]",
      "instances": [
        {
          "schema_version": 0,
          "attributes": {
            "architectures": [
              "arm64"
            ],
            "arn": "arn:aws:lambda:eu-central-1:000000000000:function:truly_mint",
            "code_signing_config_arn": "",
            "dead_letter_config": [],
            "description": "",
            "environment": [
              {
                "variables": {
                  "DEAD_LETTER_QUEUE_MINT": "http://localhost:4566/000000000000/dead_letter_queue_mint_errors",
                  "ENVIRONMENT": "stage",
                  "KMS_KEY_ID": "",
                  "MINTING_FAILS_TOPIC": "arn:aws:sns:eu-central-1:000000000000:minting_fails_after_max_retries_topic",
                  "RUST_BACKTRACE": "full",
                  "RUST_LOG": "cargo_lambda=info",
                  "TOPIC_ARN_MINT_ASYNC": "arn:aws:sns:eu-central-1:000000000000:minting_async_topic"
                }
              }
            ],
            "ephemeral_storage": [
              {
                "size": 512
              }
            ],
            "file_system_config": [],
            "filename": "../target/lambda_arm64//lambda_mint/bootstrap.zip",
            "function_name": "truly_mint",
            "handler": "function_handler",
            "id": "truly_mint",
            "image_config": [],
            "image_uri": "",
            "invoke_arn": "arn:aws:apigateway:eu-central-1:lambda:path/2015-03-31/functions/arn:aws:lambda:eu-central-1:000000000000:function:truly_mint/invocations",
            "kms_key_arn": "",
            "last_modified": "2023-06-16T10:46:12.204861+0000",
            "layers": null,
            "memory_size": 512,
            "package_type": "Zip",
            "publish": false,
            "qualified_arn": "arn:aws:lambda:eu-central-1:000000000000:function:truly_mint:$LATEST",
            "qualified_invoke_arn": "arn:aws:apigateway:eu-central-1:lambda:path/2015-03-31/functions/arn:aws:lambda:eu-central-1:000000000000:function:truly_mint:$LATEST/invocations",
            "replace_security_groups_on_destroy": null,
            "replacement_security_group_ids": null,
            "reserved_concurrent_executions": -1,
            "role": "arn:aws:iam::000000000000:role/terraform-20230616104542461600000002",
            "runtime": "provided.al2",
            "s3_bucket": null,
            "s3_key": null,
            "s3_object_version": null,
            "signing_job_arn": "",
            "signing_profile_version_arn": "",
            "snap_start": [],
            "source_code_hash": "8Aybr8XD+eQwfpO4RqZDoxIFL38/WHgeyqsLLth0k/g=",
            "source_code_size": 10995133,
            "tags": {
              "environment": "stage",
              "project": "truly",
              "service": "minting"
            },
            "tags_all": {
              "environment": "stage",
              "project": "truly",
              "service": "minting"
            },
            "timeout": 900,
            "timeouts": null,
            "tracing_config": [
              {
                "mode": "Active"
              }
            ],
            "version": "$LATEST",
            "vpc_config": []
          },
          "sensitive_attributes": [],
          "private": "eyJlMmJmYjczMC1lY2FhLTExZTYtOGY4OC0zNDM2M2JjN2M0YzAiOnsiY3JlYXRlIjo2MDAwMDAwMDAwMDAsInVwZGF0ZSI6NjAwMDAwMDAwMDAwfX0=",
          "dependencies": [
            "aws_iam_policy.truly_lambda_KMS_policy",
            "aws_iam_policy.truly_lambda_SECRETSMAN_policy",
            "aws_iam_policy.truly_lambda_SQS_policy",
            "aws_iam_policy.truly_lambda_XRAY_policy",
            "aws_iam_policy.truly_lambda_dynamodb_policy",
            "aws_iam_policy.truly_lambda_logging_policy",
            "aws_iam_role.truly_lambda_execution_role",
            "aws_iam_role_policy_attachment.truly_lambda_KMS",
            "aws_iam_role_policy_attachment.truly_lambda_SECRETSMAN",
            "aws_iam_role_policy_attachment.truly_lambda_SQS",
            "aws_iam_role_policy_attachment.truly_lambda_XRAY",
            "aws_iam_role_policy_attachment.truly_lambda_dynamodb",
            "aws_iam_role_policy_attachment.truly_lambda_logs",
            "aws_sns_topic.minting_fails_after_max_retries_topic",
            "aws_sns_topic.minting_topic",
            "aws_sqs_queue.minting_queue_deadletter",
            "module.lambda_mint.aws_cloudwatch_log_group.truly_lambda_mint_cloudwatch"
          ]
        }
      ]
    },
    {
      "module": "module.lambda_user",
      "mode": "managed",
      "type": "aws_cloudwatch_log_group",
      "name": "truly_lambda_user_cloudwatch",
      "provider": "provider[\"registry.terraform.io/hashicorp/aws\"]",
      "instances": [
        {
          "schema_version": 0,
          "attributes": {
            "arn": "arn:aws:logs:eu-central-1:000000000000:log-group:/aws/lambda/truly_user",
            "id": "/aws/lambda/truly_user",
            "kms_key_id": "",
            "name": "/aws/lambda/truly_user",
            "name_prefix": "",
            "retention_in_days": 5,
            "skip_destroy": false,
            "tags": {
              "environment": "stage",
              "project": "truly",
              "service": "user"
            },
            "tags_all": {
              "environment": "stage",
              "project": "truly",
              "service": "user"
            }
          },
          "sensitive_attributes": [],
          "private": "bnVsbA=="
        }
      ]
    },
    {
      "module": "module.lambda_user",
      "mode": "managed",
      "type": "aws_lambda_function",
      "name": "truly_lambda_user",
      "provider": "provider[\"registry.terraform.io/hashicorp/aws\"]",
      "instances": [
        {
          "schema_version": 0,
          "attributes": {
            "architectures": [
              "arm64"
            ],
            "arn": "arn:aws:lambda:eu-central-1:000000000000:function:truly_user",
            "code_signing_config_arn": "",
            "dead_letter_config": [],
            "description": "",
            "environment": [
              {
                "variables": {
                  "ENVIRONMENT": "stage",
                  "RUST_BACKTRACE": "full",
                  "RUST_LOG": "cargo_lambda=info"
                }
              }
            ],
            "ephemeral_storage": [
              {
                "size": 512
              }
            ],
            "file_system_config": [],
            "filename": "../target/lambda_arm64//lambda_user/bootstrap.zip",
            "function_name": "truly_user",
            "handler": "function_handler",
            "id": "truly_user",
            "image_config": [],
            "image_uri": "",
            "invoke_arn": "arn:aws:apigateway:eu-central-1:lambda:path/2015-03-31/functions/arn:aws:lambda:eu-central-1:000000000000:function:truly_user/invocations",
            "kms_key_arn": "",
            "last_modified": "2023-06-16T10:45:56.009572+0000",
            "layers": null,
            "memory_size": 512,
            "package_type": "Zip",
            "publish": false,
            "qualified_arn": "arn:aws:lambda:eu-central-1:000000000000:function:truly_user:$LATEST",
            "qualified_invoke_arn": "arn:aws:apigateway:eu-central-1:lambda:path/2015-03-31/functions/arn:aws:lambda:eu-central-1:000000000000:function:truly_user:$LATEST/invocations",
            "replace_security_groups_on_destroy": null,
            "replacement_security_group_ids": null,
            "reserved_concurrent_executions": -1,
            "role": "arn:aws:iam::000000000000:role/terraform-20230616104542461600000002",
            "runtime": "provided.al2",
            "s3_bucket": null,
            "s3_key": null,
            "s3_object_version": null,
            "signing_job_arn": "",
            "signing_profile_version_arn": "",
            "snap_start": [],
            "source_code_hash": "acCynf4YJ9T2M+u0ibFikKAUatfxCHriz4iUte9fF7Y=",
            "source_code_size": 5997056,
            "tags": {
              "environment": "stage",
              "project": "truly",
              "service": "user"
            },
            "tags_all": {
              "environment": "stage",
              "project": "truly",
              "service": "user"
            },
            "timeout": 60,
            "timeouts": null,
            "tracing_config": [
              {
                "mode": "Active"
              }
            ],
            "version": "$LATEST",
            "vpc_config": []
          },
          "sensitive_attributes": [],
          "private": "eyJlMmJmYjczMC1lY2FhLTExZTYtOGY4OC0zNDM2M2JjN2M0YzAiOnsiY3JlYXRlIjo2MDAwMDAwMDAwMDAsInVwZGF0ZSI6NjAwMDAwMDAwMDAwfX0=",
          "dependencies": [
            "aws_iam_policy.truly_lambda_SECRETSMAN_policy",
            "aws_iam_policy.truly_lambda_XRAY_policy",
            "aws_iam_policy.truly_lambda_dynamodb_policy",
            "aws_iam_policy.truly_lambda_logging_policy",
            "aws_iam_role.truly_lambda_execution_role",
            "aws_iam_role_policy_attachment.truly_lambda_SECRETSMAN",
            "aws_iam_role_policy_attachment.truly_lambda_XRAY",
            "aws_iam_role_policy_attachment.truly_lambda_dynamodb",
            "aws_iam_role_policy_attachment.truly_lambda_logs",
            "module.lambda_user.aws_cloudwatch_log_group.truly_lambda_user_cloudwatch"
          ]
        }
      ]
    }
  ],
  "check_results": null
}
