{
  "version": 4,
  "terraform_version": "1.3.8",
  "serial": 199,
  "lineage": "85a91289-1864-e641-65fb-2f0dcd2c6b75",
  "outputs": {
    "invoke_url": {
      "value": "https://wvnqnuslv0.execute-api.eu-west-1.amazonaws.com/",
      "type": "string"
    }
  },
  "resources": [
    {
      "mode": "managed",
      "type": "aws_apigatewayv2_api",
      "name": "truly_api",
      "provider": "provider[\"registry.terraform.io/hashicorp/aws\"]",
      "instances": [
        {
          "schema_version": 0,
          "attributes": {
            "api_endpoint": "https://wvnqnuslv0.execute-api.eu-west-1.amazonaws.com",
            "api_key_selection_expression": "$request.header.x-api-key",
            "arn": "arn:aws:apigateway:eu-west-1::/apis/wvnqnuslv0",
            "body": null,
            "cors_configuration": [
              {
                "allow_credentials": false,
                "allow_headers": [
                  "content-type"
                ],
                "allow_methods": [
                  "DELETE",
                  "GET",
                  "POST",
                  "PUT"
                ],
                "allow_origins": [
                  "*"
                ],
                "expose_headers": [],
                "max_age": 300
              }
            ],
            "credentials_arn": null,
            "description": "Truly API",
            "disable_execute_api_endpoint": false,
            "execution_arn": "arn:aws:execute-api:eu-west-1:172619864391:wvnqnuslv0",
            "fail_on_warnings": null,
            "id": "wvnqnuslv0",
            "name": "Truly API",
            "protocol_type": "HTTP",
            "route_key": null,
            "route_selection_expression": "$request.method $request.path",
            "tags": {
              "project": "truly"
            },
            "tags_all": {
              "project": "truly"
            },
            "target": null,
            "version": ""
          },
          "sensitive_attributes": [],
          "private": "bnVsbA==",
          "create_before_destroy": true
        }
      ]
    },
    {
      "mode": "managed",
      "type": "aws_apigatewayv2_deployment",
      "name": "truly_api_deployment",
      "provider": "provider[\"registry.terraform.io/hashicorp/aws\"]",
      "instances": [
        {
          "schema_version": 0,
          "attributes": {
            "api_id": "wvnqnuslv0",
            "auto_deployed": false,
            "description": "truly API deployment",
            "id": "d35m6c",
            "triggers": {
              "redeployment": "662ea2d60da4bc6a4bdafb8ded4762a269d5392d"
            }
          },
          "sensitive_attributes": [],
          "private": "bnVsbA==",
          "dependencies": [
            "aws_apigatewayv2_api.truly_api",
            "aws_apigatewayv2_integration.truly_admin_integration",
            "aws_apigatewayv2_integration.truly_licenses_integration",
            "aws_apigatewayv2_integration.truly_login_integration",
            "aws_apigatewayv2_integration.truly_user_integration",
            "aws_apigatewayv2_route.truly_admin_route",
            "aws_apigatewayv2_route.truly_licenses_route_asset",
            "aws_apigatewayv2_route.truly_licenses_route_nft",
            "aws_apigatewayv2_route.truly_licenses_route_owner",
            "aws_apigatewayv2_route.truly_login_route",
            "aws_apigatewayv2_route.truly_user_route",
            "aws_iam_policy.truly_lambda_KMS_policy",
            "aws_iam_policy.truly_lambda_SECRETSMAN_policy",
            "aws_iam_policy.truly_lambda_SNS_policy",
            "aws_iam_policy.truly_lambda_SQS_policy",
            "aws_iam_policy.truly_lambda_XRAY_policy",
            "aws_iam_policy.truly_lambda_dynamodb_policy",
            "aws_iam_policy.truly_lambda_logging_policy",
            "aws_iam_role.truly_lambda_execution_role",
            "aws_iam_role_policy_attachment.truly_lambda_KMS",
            "aws_iam_role_policy_attachment.truly_lambda_SECRETSMAN",
            "aws_iam_role_policy_attachment.truly_lambda_SNS",
            "aws_iam_role_policy_attachment.truly_lambda_SQS",
            "aws_iam_role_policy_attachment.truly_lambda_XRAY",
            "aws_iam_role_policy_attachment.truly_lambda_dynamodb",
            "aws_iam_role_policy_attachment.truly_lambda_logs",
            "aws_sns_topic.minting_topic",
            "aws_sqs_queue.minting_queue_deadletter",
            "module.lambda_admin.aws_cloudwatch_log_group.truly_lambda_admin_cloudwatch",
            "module.lambda_admin.aws_lambda_function.truly_lambda_admin",
            "module.lambda_licenses.aws_cloudwatch_log_group.truly_lambda_licenses_cloudwatch",
            "module.lambda_licenses.aws_lambda_function.truly_lambda_licenses",
            "module.lambda_login.aws_cloudwatch_log_group.truly_lambda_login_cloudwatch",
            "module.lambda_login.aws_lambda_function.truly_lambda_login",
            "module.lambda_user.aws_cloudwatch_log_group.truly_lambda_user_cloudwatch",
            "module.lambda_user.aws_lambda_function.truly_lambda_user"
          ],
          "create_before_destroy": true
        }
      ]
    },
    {
      "mode": "managed",
      "type": "aws_apigatewayv2_integration",
      "name": "truly_admin_integration",
      "provider": "provider[\"registry.terraform.io/hashicorp/aws\"]",
      "instances": [
        {
          "schema_version": 0,
          "attributes": {
            "api_id": "wvnqnuslv0",
            "connection_id": "",
            "connection_type": "INTERNET",
            "content_handling_strategy": "",
            "credentials_arn": "",
            "description": "Login methods",
            "id": "capp0i1",
            "integration_method": "POST",
            "integration_response_selection_expression": "",
            "integration_subtype": "",
            "integration_type": "AWS_PROXY",
            "integration_uri": "arn:aws:apigateway:eu-west-1:lambda:path/2015-03-31/functions/arn:aws:lambda:eu-west-1:172619864391:function:truly_admin/invocations",
            "passthrough_behavior": "",
            "payload_format_version": "2.0",
            "request_parameters": {},
            "request_templates": {},
            "response_parameters": [],
            "template_selection_expression": "",
            "timeout_milliseconds": 30000,
            "tls_config": []
          },
          "sensitive_attributes": [],
          "private": "bnVsbA==",
          "dependencies": [
            "aws_apigatewayv2_api.truly_api",
            "aws_iam_policy.truly_lambda_SECRETSMAN_policy",
            "aws_iam_policy.truly_lambda_XRAY_policy",
            "aws_iam_policy.truly_lambda_dynamodb_policy",
            "aws_iam_policy.truly_lambda_logging_policy",
            "aws_iam_role.truly_lambda_execution_role",
            "aws_iam_role_policy_attachment.truly_lambda_SECRETSMAN",
            "aws_iam_role_policy_attachment.truly_lambda_XRAY",
            "aws_iam_role_policy_attachment.truly_lambda_dynamodb",
            "aws_iam_role_policy_attachment.truly_lambda_logs",
            "module.lambda_admin.aws_cloudwatch_log_group.truly_lambda_admin_cloudwatch",
            "module.lambda_admin.aws_lambda_function.truly_lambda_admin"
          ],
          "create_before_destroy": true
        }
      ]
    },
    {
      "mode": "managed",
      "type": "aws_apigatewayv2_integration",
      "name": "truly_licenses_integration",
      "provider": "provider[\"registry.terraform.io/hashicorp/aws\"]",
      "instances": [
        {
          "schema_version": 0,
          "attributes": {
            "api_id": "wvnqnuslv0",
            "connection_id": "",
            "connection_type": "INTERNET",
            "content_handling_strategy": "",
            "credentials_arn": "",
            "description": "Licenses, assets and ownership methods",
            "id": "upxvo99",
            "integration_method": "POST",
            "integration_response_selection_expression": "",
            "integration_subtype": "",
            "integration_type": "AWS_PROXY",
            "integration_uri": "arn:aws:apigateway:eu-west-1:lambda:path/2015-03-31/functions/arn:aws:lambda:eu-west-1:172619864391:function:truly_licenses/invocations",
            "passthrough_behavior": "",
            "payload_format_version": "2.0",
            "request_parameters": {},
            "request_templates": {},
            "response_parameters": [],
            "template_selection_expression": "",
            "timeout_milliseconds": 30000,
            "tls_config": []
          },
          "sensitive_attributes": [],
          "private": "bnVsbA==",
          "dependencies": [
            "aws_apigatewayv2_api.truly_api",
            "aws_iam_policy.truly_lambda_KMS_policy",
            "aws_iam_policy.truly_lambda_SECRETSMAN_policy",
            "aws_iam_policy.truly_lambda_SNS_policy",
            "aws_iam_policy.truly_lambda_SQS_policy",
            "aws_iam_policy.truly_lambda_XRAY_policy",
            "aws_iam_policy.truly_lambda_dynamodb_policy",
            "aws_iam_policy.truly_lambda_logging_policy",
            "aws_iam_role.truly_lambda_execution_role",
            "aws_iam_role_policy_attachment.truly_lambda_KMS",
            "aws_iam_role_policy_attachment.truly_lambda_SECRETSMAN",
            "aws_iam_role_policy_attachment.truly_lambda_SNS",
            "aws_iam_role_policy_attachment.truly_lambda_SQS",
            "aws_iam_role_policy_attachment.truly_lambda_XRAY",
            "aws_iam_role_policy_attachment.truly_lambda_dynamodb",
            "aws_iam_role_policy_attachment.truly_lambda_logs",
            "aws_sns_topic.minting_topic",
            "aws_sqs_queue.minting_queue_deadletter",
            "module.lambda_licenses.aws_cloudwatch_log_group.truly_lambda_licenses_cloudwatch",
            "module.lambda_licenses.aws_lambda_function.truly_lambda_licenses"
          ],
          "create_before_destroy": true
        }
      ]
    },
    {
      "mode": "managed",
      "type": "aws_apigatewayv2_integration",
      "name": "truly_login_integration",
      "provider": "provider[\"registry.terraform.io/hashicorp/aws\"]",
      "instances": [
        {
          "schema_version": 0,
          "attributes": {
            "api_id": "wvnqnuslv0",
            "connection_id": "",
            "connection_type": "INTERNET",
            "content_handling_strategy": "",
            "credentials_arn": "",
            "description": "Login methods",
            "id": "s8t118t",
            "integration_method": "POST",
            "integration_response_selection_expression": "",
            "integration_subtype": "",
            "integration_type": "AWS_PROXY",
            "integration_uri": "arn:aws:apigateway:eu-west-1:lambda:path/2015-03-31/functions/arn:aws:lambda:eu-west-1:172619864391:function:truly_login/invocations",
            "passthrough_behavior": "",
            "payload_format_version": "2.0",
            "request_parameters": {},
            "request_templates": {},
            "response_parameters": [],
            "template_selection_expression": "",
            "timeout_milliseconds": 30000,
            "tls_config": []
          },
          "sensitive_attributes": [],
          "private": "bnVsbA==",
          "dependencies": [
            "aws_apigatewayv2_api.truly_api",
            "aws_iam_policy.truly_lambda_SECRETSMAN_policy",
            "aws_iam_policy.truly_lambda_XRAY_policy",
            "aws_iam_policy.truly_lambda_dynamodb_policy",
            "aws_iam_policy.truly_lambda_logging_policy",
            "aws_iam_role.truly_lambda_execution_role",
            "aws_iam_role_policy_attachment.truly_lambda_SECRETSMAN",
            "aws_iam_role_policy_attachment.truly_lambda_XRAY",
            "aws_iam_role_policy_attachment.truly_lambda_dynamodb",
            "aws_iam_role_policy_attachment.truly_lambda_logs",
            "module.lambda_login.aws_cloudwatch_log_group.truly_lambda_login_cloudwatch",
            "module.lambda_login.aws_lambda_function.truly_lambda_login"
          ],
          "create_before_destroy": true
        }
      ]
    },
    {
      "mode": "managed",
      "type": "aws_apigatewayv2_integration",
      "name": "truly_user_integration",
      "provider": "provider[\"registry.terraform.io/hashicorp/aws\"]",
      "instances": [
        {
          "schema_version": 0,
          "attributes": {
            "api_id": "wvnqnuslv0",
            "connection_id": "",
            "connection_type": "INTERNET",
            "content_handling_strategy": "",
            "credentials_arn": "",
            "description": "Login methods",
            "id": "dp5wjph",
            "integration_method": "POST",
            "integration_response_selection_expression": "",
            "integration_subtype": "",
            "integration_type": "AWS_PROXY",
            "integration_uri": "arn:aws:apigateway:eu-west-1:lambda:path/2015-03-31/functions/arn:aws:lambda:eu-west-1:172619864391:function:truly_user/invocations",
            "passthrough_behavior": "",
            "payload_format_version": "2.0",
            "request_parameters": {},
            "request_templates": {},
            "response_parameters": [],
            "template_selection_expression": "",
            "timeout_milliseconds": 30000,
            "tls_config": []
          },
          "sensitive_attributes": [],
          "private": "bnVsbA==",
          "dependencies": [
            "aws_apigatewayv2_api.truly_api",
            "aws_iam_policy.truly_lambda_SECRETSMAN_policy",
            "aws_iam_policy.truly_lambda_XRAY_policy",
            "aws_iam_policy.truly_lambda_dynamodb_policy",
            "aws_iam_policy.truly_lambda_logging_policy",
            "aws_iam_role.truly_lambda_execution_role",
            "aws_iam_role_policy_attachment.truly_lambda_SECRETSMAN",
            "aws_iam_role_policy_attachment.truly_lambda_XRAY",
            "aws_iam_role_policy_attachment.truly_lambda_dynamodb",
            "aws_iam_role_policy_attachment.truly_lambda_logs",
            "module.lambda_user.aws_cloudwatch_log_group.truly_lambda_user_cloudwatch",
            "module.lambda_user.aws_lambda_function.truly_lambda_user"
          ],
          "create_before_destroy": true
        }
      ]
    },
    {
      "mode": "managed",
      "type": "aws_apigatewayv2_route",
      "name": "truly_admin_route",
      "provider": "provider[\"registry.terraform.io/hashicorp/aws\"]",
      "instances": [
        {
          "schema_version": 0,
          "attributes": {
            "api_id": "wvnqnuslv0",
            "api_key_required": false,
            "authorization_scopes": [],
            "authorization_type": "NONE",
            "authorizer_id": "",
            "id": "mqj5nke",
            "model_selection_expression": "",
            "operation_name": "",
            "request_models": {},
            "request_parameter": [],
            "route_key": "ANY /admin/{proxy+}",
            "route_response_selection_expression": "",
            "target": "integrations/capp0i1"
          },
          "sensitive_attributes": [],
          "private": "bnVsbA==",
          "dependencies": [
            "aws_apigatewayv2_api.truly_api",
            "aws_apigatewayv2_integration.truly_admin_integration",
            "aws_iam_policy.truly_lambda_SECRETSMAN_policy",
            "aws_iam_policy.truly_lambda_XRAY_policy",
            "aws_iam_policy.truly_lambda_dynamodb_policy",
            "aws_iam_policy.truly_lambda_logging_policy",
            "aws_iam_role.truly_lambda_execution_role",
            "aws_iam_role_policy_attachment.truly_lambda_SECRETSMAN",
            "aws_iam_role_policy_attachment.truly_lambda_XRAY",
            "aws_iam_role_policy_attachment.truly_lambda_dynamodb",
            "aws_iam_role_policy_attachment.truly_lambda_logs",
            "module.lambda_admin.aws_cloudwatch_log_group.truly_lambda_admin_cloudwatch",
            "module.lambda_admin.aws_lambda_function.truly_lambda_admin"
          ],
          "create_before_destroy": true
        }
      ]
    },
    {
      "mode": "managed",
      "type": "aws_apigatewayv2_route",
      "name": "truly_licenses_route_asset",
      "provider": "provider[\"registry.terraform.io/hashicorp/aws\"]",
      "instances": [
        {
          "schema_version": 0,
          "attributes": {
            "api_id": "wvnqnuslv0",
            "api_key_required": false,
            "authorization_scopes": [],
            "authorization_type": "NONE",
            "authorizer_id": "",
            "id": "xett3g2",
            "model_selection_expression": "",
            "operation_name": "",
            "request_models": {},
            "request_parameter": [],
            "route_key": "ANY /api/asset/{proxy+}",
            "route_response_selection_expression": "",
            "target": "integrations/upxvo99"
          },
          "sensitive_attributes": [],
          "private": "bnVsbA==",
          "dependencies": [
            "aws_apigatewayv2_api.truly_api",
            "aws_apigatewayv2_integration.truly_licenses_integration",
            "aws_iam_policy.truly_lambda_KMS_policy",
            "aws_iam_policy.truly_lambda_SECRETSMAN_policy",
            "aws_iam_policy.truly_lambda_SNS_policy",
            "aws_iam_policy.truly_lambda_SQS_policy",
            "aws_iam_policy.truly_lambda_XRAY_policy",
            "aws_iam_policy.truly_lambda_dynamodb_policy",
            "aws_iam_policy.truly_lambda_logging_policy",
            "aws_iam_role.truly_lambda_execution_role",
            "aws_iam_role_policy_attachment.truly_lambda_KMS",
            "aws_iam_role_policy_attachment.truly_lambda_SECRETSMAN",
            "aws_iam_role_policy_attachment.truly_lambda_SNS",
            "aws_iam_role_policy_attachment.truly_lambda_SQS",
            "aws_iam_role_policy_attachment.truly_lambda_XRAY",
            "aws_iam_role_policy_attachment.truly_lambda_dynamodb",
            "aws_iam_role_policy_attachment.truly_lambda_logs",
            "aws_sns_topic.minting_topic",
            "aws_sqs_queue.minting_queue_deadletter",
            "module.lambda_licenses.aws_cloudwatch_log_group.truly_lambda_licenses_cloudwatch",
            "module.lambda_licenses.aws_lambda_function.truly_lambda_licenses"
          ],
          "create_before_destroy": true
        }
      ]
    },
    {
      "mode": "managed",
      "type": "aws_apigatewayv2_route",
      "name": "truly_licenses_route_nft",
      "provider": "provider[\"registry.terraform.io/hashicorp/aws\"]",
      "instances": [
        {
          "schema_version": 0,
          "attributes": {
            "api_id": "wvnqnuslv0",
            "api_key_required": false,
            "authorization_scopes": [],
            "authorization_type": "NONE",
            "authorizer_id": "",
            "id": "sexbbc9",
            "model_selection_expression": "",
            "operation_name": "",
            "request_models": {},
            "request_parameter": [],
            "route_key": "ANY /api/nft/{proxy+}",
            "route_response_selection_expression": "",
            "target": "integrations/upxvo99"
          },
          "sensitive_attributes": [],
          "private": "bnVsbA==",
          "dependencies": [
            "aws_apigatewayv2_api.truly_api",
            "aws_apigatewayv2_integration.truly_licenses_integration",
            "aws_iam_policy.truly_lambda_KMS_policy",
            "aws_iam_policy.truly_lambda_SECRETSMAN_policy",
            "aws_iam_policy.truly_lambda_SNS_policy",
            "aws_iam_policy.truly_lambda_SQS_policy",
            "aws_iam_policy.truly_lambda_XRAY_policy",
            "aws_iam_policy.truly_lambda_dynamodb_policy",
            "aws_iam_policy.truly_lambda_logging_policy",
            "aws_iam_role.truly_lambda_execution_role",
            "aws_iam_role_policy_attachment.truly_lambda_KMS",
            "aws_iam_role_policy_attachment.truly_lambda_SECRETSMAN",
            "aws_iam_role_policy_attachment.truly_lambda_SNS",
            "aws_iam_role_policy_attachment.truly_lambda_SQS",
            "aws_iam_role_policy_attachment.truly_lambda_XRAY",
            "aws_iam_role_policy_attachment.truly_lambda_dynamodb",
            "aws_iam_role_policy_attachment.truly_lambda_logs",
            "aws_sns_topic.minting_topic",
            "aws_sqs_queue.minting_queue_deadletter",
            "module.lambda_licenses.aws_cloudwatch_log_group.truly_lambda_licenses_cloudwatch",
            "module.lambda_licenses.aws_lambda_function.truly_lambda_licenses"
          ],
          "create_before_destroy": true
        }
      ]
    },
    {
      "mode": "managed",
      "type": "aws_apigatewayv2_route",
      "name": "truly_licenses_route_owner",
      "provider": "provider[\"registry.terraform.io/hashicorp/aws\"]",
      "instances": [
        {
          "schema_version": 0,
          "attributes": {
            "api_id": "wvnqnuslv0",
            "api_key_required": false,
            "authorization_scopes": [],
            "authorization_type": "NONE",
            "authorizer_id": "",
            "id": "qsskv9t",
            "model_selection_expression": "",
            "operation_name": "",
            "request_models": {},
            "request_parameter": [],
            "route_key": "ANY /api/owner/{proxy+}",
            "route_response_selection_expression": "",
            "target": "integrations/upxvo99"
          },
          "sensitive_attributes": [],
          "private": "bnVsbA==",
          "dependencies": [
            "aws_apigatewayv2_api.truly_api",
            "aws_apigatewayv2_integration.truly_licenses_integration",
            "aws_iam_policy.truly_lambda_KMS_policy",
            "aws_iam_policy.truly_lambda_SECRETSMAN_policy",
            "aws_iam_policy.truly_lambda_SNS_policy",
            "aws_iam_policy.truly_lambda_SQS_policy",
            "aws_iam_policy.truly_lambda_XRAY_policy",
            "aws_iam_policy.truly_lambda_dynamodb_policy",
            "aws_iam_policy.truly_lambda_logging_policy",
            "aws_iam_role.truly_lambda_execution_role",
            "aws_iam_role_policy_attachment.truly_lambda_KMS",
            "aws_iam_role_policy_attachment.truly_lambda_SECRETSMAN",
            "aws_iam_role_policy_attachment.truly_lambda_SNS",
            "aws_iam_role_policy_attachment.truly_lambda_SQS",
            "aws_iam_role_policy_attachment.truly_lambda_XRAY",
            "aws_iam_role_policy_attachment.truly_lambda_dynamodb",
            "aws_iam_role_policy_attachment.truly_lambda_logs",
            "aws_sns_topic.minting_topic",
            "aws_sqs_queue.minting_queue_deadletter",
            "module.lambda_licenses.aws_cloudwatch_log_group.truly_lambda_licenses_cloudwatch",
            "module.lambda_licenses.aws_lambda_function.truly_lambda_licenses"
          ],
          "create_before_destroy": true
        }
      ]
    },
    {
      "mode": "managed",
      "type": "aws_apigatewayv2_route",
      "name": "truly_login_route",
      "provider": "provider[\"registry.terraform.io/hashicorp/aws\"]",
      "instances": [
        {
          "schema_version": 0,
          "attributes": {
            "api_id": "wvnqnuslv0",
            "api_key_required": false,
            "authorization_scopes": [],
            "authorization_type": "NONE",
            "authorizer_id": "",
            "id": "0hbte0g",
            "model_selection_expression": "",
            "operation_name": "",
            "request_models": {},
            "request_parameter": [],
            "route_key": "POST /auth/{proxy+}",
            "route_response_selection_expression": "",
            "target": "integrations/s8t118t"
          },
          "sensitive_attributes": [],
          "private": "bnVsbA==",
          "dependencies": [
            "aws_apigatewayv2_api.truly_api",
            "aws_apigatewayv2_integration.truly_login_integration",
            "aws_iam_policy.truly_lambda_SECRETSMAN_policy",
            "aws_iam_policy.truly_lambda_XRAY_policy",
            "aws_iam_policy.truly_lambda_dynamodb_policy",
            "aws_iam_policy.truly_lambda_logging_policy",
            "aws_iam_role.truly_lambda_execution_role",
            "aws_iam_role_policy_attachment.truly_lambda_SECRETSMAN",
            "aws_iam_role_policy_attachment.truly_lambda_XRAY",
            "aws_iam_role_policy_attachment.truly_lambda_dynamodb",
            "aws_iam_role_policy_attachment.truly_lambda_logs",
            "module.lambda_login.aws_cloudwatch_log_group.truly_lambda_login_cloudwatch",
            "module.lambda_login.aws_lambda_function.truly_lambda_login"
          ],
          "create_before_destroy": true
        }
      ]
    },
    {
      "mode": "managed",
      "type": "aws_apigatewayv2_route",
      "name": "truly_user_route",
      "provider": "provider[\"registry.terraform.io/hashicorp/aws\"]",
      "instances": [
        {
          "schema_version": 0,
          "attributes": {
            "api_id": "wvnqnuslv0",
            "api_key_required": false,
            "authorization_scopes": [],
            "authorization_type": "NONE",
            "authorizer_id": "",
            "id": "tm8e096",
            "model_selection_expression": "",
            "operation_name": "",
            "request_models": {},
            "request_parameter": [],
            "route_key": "ANY /api/user/{proxy+}",
            "route_response_selection_expression": "",
            "target": "integrations/dp5wjph"
          },
          "sensitive_attributes": [],
          "private": "bnVsbA==",
          "dependencies": [
            "aws_apigatewayv2_api.truly_api",
            "aws_apigatewayv2_integration.truly_user_integration",
            "aws_iam_policy.truly_lambda_SECRETSMAN_policy",
            "aws_iam_policy.truly_lambda_XRAY_policy",
            "aws_iam_policy.truly_lambda_dynamodb_policy",
            "aws_iam_policy.truly_lambda_logging_policy",
            "aws_iam_role.truly_lambda_execution_role",
            "aws_iam_role_policy_attachment.truly_lambda_SECRETSMAN",
            "aws_iam_role_policy_attachment.truly_lambda_XRAY",
            "aws_iam_role_policy_attachment.truly_lambda_dynamodb",
            "aws_iam_role_policy_attachment.truly_lambda_logs",
            "module.lambda_user.aws_cloudwatch_log_group.truly_lambda_user_cloudwatch",
            "module.lambda_user.aws_lambda_function.truly_lambda_user"
          ],
          "create_before_destroy": true
        }
      ]
    },
    {
      "mode": "managed",
      "type": "aws_apigatewayv2_stage",
      "name": "truly_stage",
      "provider": "provider[\"registry.terraform.io/hashicorp/aws\"]",
      "instances": [
        {
          "schema_version": 0,
          "attributes": {
            "access_log_settings": [],
            "api_id": "wvnqnuslv0",
            "arn": "arn:aws:apigateway:eu-west-1::/apis/wvnqnuslv0/stages/$default",
            "auto_deploy": true,
            "client_certificate_id": "",
            "default_route_settings": [
              {
                "data_trace_enabled": false,
                "detailed_metrics_enabled": false,
                "logging_level": "",
                "throttling_burst_limit": 0,
                "throttling_rate_limit": 0
              }
            ],
            "deployment_id": "nl508h",
            "description": "",
            "execution_arn": "arn:aws:execute-api:eu-west-1:172619864391:wvnqnuslv0/$default",
            "id": "$default",
            "invoke_url": "https://wvnqnuslv0.execute-api.eu-west-1.amazonaws.com/",
            "name": "$default",
            "route_settings": [],
            "stage_variables": {},
            "tags": {
              "project": "truly"
            },
            "tags_all": {
              "project": "truly"
            }
          },
          "sensitive_attributes": [],
          "private": "bnVsbA==",
          "dependencies": [
            "aws_apigatewayv2_api.truly_api"
          ]
        }
      ]
    },
    {
      "mode": "managed",
      "type": "aws_iam_policy",
      "name": "truly_lambda_KMS_policy",
      "provider": "provider[\"registry.terraform.io/hashicorp/aws\"]",
      "instances": [
        {
          "schema_version": 0,
          "attributes": {
            "arn": "arn:aws:iam::172619864391:policy/truly_lambda_KMS_policy",
            "description": "IAM policy for KMS from a lambda within truly app",
            "id": "arn:aws:iam::172619864391:policy/truly_lambda_KMS_policy",
            "name": "truly_lambda_KMS_policy",
            "name_prefix": null,
            "path": "/",
            "policy": "{\"Statement\":[{\"Action\":[\"kms:Encrypt\",\"kms:Decrypt\"],\"Effect\":\"Allow\",\"Resource\":\"arn:aws:kms:::*\"}],\"Version\":\"2012-10-17\"}",
            "policy_id": "ANPASQMHSDFDQPD7BGWIQ",
            "tags": {},
            "tags_all": {}
          },
          "sensitive_attributes": [],
          "private": "bnVsbA==",
          "create_before_destroy": true
        }
      ]
    },
    {
      "mode": "managed",
      "type": "aws_iam_policy",
      "name": "truly_lambda_S3_policy",
      "provider": "provider[\"registry.terraform.io/hashicorp/aws\"]",
      "instances": [
        {
          "schema_version": 0,
          "attributes": {
            "arn": "arn:aws:iam::172619864391:policy/truly_lambda_S3_policy",
            "description": "IAM policy for S3 from a lambda within truly app",
            "id": "arn:aws:iam::172619864391:policy/truly_lambda_S3_policy",
            "name": "truly_lambda_S3_policy",
            "name_prefix": null,
            "path": "/",
            "policy": "{\"Statement\":[{\"Action\":[\"s3:*\"],\"Effect\":\"Allow\",\"Resource\":\"arn:aws:s3:::*\"}],\"Version\":\"2012-10-17\"}",
            "policy_id": "ANPASQMHSDFD7DS3RIKLB",
            "tags": {},
            "tags_all": {}
          },
          "sensitive_attributes": [],
          "private": "bnVsbA=="
        }
      ]
    },
    {
      "mode": "managed",
      "type": "aws_iam_policy",
      "name": "truly_lambda_SECRETSMAN_policy",
      "provider": "provider[\"registry.terraform.io/hashicorp/aws\"]",
      "instances": [
        {
          "schema_version": 0,
          "attributes": {
            "arn": "arn:aws:iam::172619864391:policy/truly_lambda_SECRETSMAN_policy",
            "description": "IAM policy for Secrets Manager from a lambda within truly app",
            "id": "arn:aws:iam::172619864391:policy/truly_lambda_SECRETSMAN_policy",
            "name": "truly_lambda_SECRETSMAN_policy",
            "name_prefix": null,
            "path": "/",
            "policy": "{\"Statement\":[{\"Action\":[\"secretsmanager:GetResourcePolicy\",\"secretsmanager:GetSecretValue\",\"secretsmanager:DescribeSecret\",\"secretsmanager:ListSecretVersionIds\"],\"Effect\":\"Allow\",\"Resource\":[\"arn:aws:secretsmanager:*:*:secret:*\"]},{\"Action\":\"secretsmanager:ListSecrets\",\"Effect\":\"Allow\",\"Resource\":\"*\"}],\"Version\":\"2012-10-17\"}",
            "policy_id": "ANPASQMHSDFD2VIW2PTNC",
            "tags": {},
            "tags_all": {}
          },
          "sensitive_attributes": [],
          "private": "bnVsbA=="
        }
      ]
    },
    {
      "mode": "managed",
      "type": "aws_iam_policy",
      "name": "truly_lambda_SNS_policy",
      "provider": "provider[\"registry.terraform.io/hashicorp/aws\"]",
      "instances": [
        {
          "schema_version": 0,
          "attributes": {
            "arn": "arn:aws:iam::172619864391:policy/truly_lambda_SNS_policy",
            "description": "IAM policy for SNS from a lambda within truly app",
            "id": "arn:aws:iam::172619864391:policy/truly_lambda_SNS_policy",
            "name": "truly_lambda_SNS_policy",
            "name_prefix": null,
            "path": "/",
            "policy": "{\"Statement\":[{\"Action\":[\"sns:*\"],\"Effect\":\"Allow\",\"Resource\":\"arn:aws:sns:::*\"}],\"Version\":\"2012-10-17\"}",
            "policy_id": "ANPASQMHSDFDZN7LNXUSB",
            "tags": {},
            "tags_all": {}
          },
          "sensitive_attributes": [],
          "private": "bnVsbA==",
          "create_before_destroy": true
        }
      ]
    },
    {
      "mode": "managed",
      "type": "aws_iam_policy",
      "name": "truly_lambda_SQS_policy",
      "provider": "provider[\"registry.terraform.io/hashicorp/aws\"]",
      "instances": [
        {
          "schema_version": 0,
          "attributes": {
            "arn": "arn:aws:iam::172619864391:policy/truly_lambda_SQS_policy",
            "description": "IAM policy for SQS from a lambda within truly app",
            "id": "arn:aws:iam::172619864391:policy/truly_lambda_SQS_policy",
            "name": "truly_lambda_SQS_policy",
            "name_prefix": null,
            "path": "/",
            "policy": "{\"Statement\":[{\"Action\":[\"sqs:*\"],\"Effect\":\"Allow\",\"Resource\":\"arn:aws:sqs:*:*:*\"}],\"Version\":\"2012-10-17\"}",
            "policy_id": "ANPASQMHSDFDXCLH75ZGU",
            "tags": {},
            "tags_all": {}
          },
          "sensitive_attributes": [],
          "private": "bnVsbA=="
        }
      ]
    },
    {
      "mode": "managed",
      "type": "aws_iam_policy",
      "name": "truly_lambda_XRAY_policy",
      "provider": "provider[\"registry.terraform.io/hashicorp/aws\"]",
      "instances": [
        {
          "schema_version": 0,
          "attributes": {
            "arn": "arn:aws:iam::172619864391:policy/truly_lambda_XRAY_policy",
            "description": "IAM policy for XRAY from a lambda within truly app",
            "id": "arn:aws:iam::172619864391:policy/truly_lambda_XRAY_policy",
            "name": "truly_lambda_XRAY_policy",
            "name_prefix": null,
            "path": "/",
            "policy": "{\"Statement\":[{\"Action\":[\"xray:PutTraceSegments\",\"xray:PutTelemetryRecords\",\"xray:GetSamplingRules\",\"xray:GetSamplingTargets\",\"xray:GetSamplingStatisticSummaries\"],\"Effect\":\"Allow\",\"Resource\":[\"*\"]}],\"Version\":\"2012-10-17\"}",
            "policy_id": "ANPASQMHSDFDYPQKCBWU2",
            "tags": {},
            "tags_all": {}
          },
          "sensitive_attributes": [],
          "private": "bnVsbA==",
          "create_before_destroy": true
        }
      ]
    },
    {
      "mode": "managed",
      "type": "aws_iam_policy",
      "name": "truly_lambda_dynamodb_policy",
      "provider": "provider[\"registry.terraform.io/hashicorp/aws\"]",
      "instances": [
        {
          "schema_version": 0,
          "attributes": {
            "arn": "arn:aws:iam::172619864391:policy/truly_lambda_dynamodb_policy",
            "description": "IAM policy for Dynamodb from a lambda within truly app",
            "id": "arn:aws:iam::172619864391:policy/truly_lambda_dynamodb_policy",
            "name": "truly_lambda_dynamodb_policy",
            "name_prefix": null,
            "path": "/",
            "policy": "{\"Statement\":[{\"Action\":[\"dynamodb:BatchGetItem\",\"dynamodb:GetItem\",\"dynamodb:Query\",\"dynamodb:Scan\",\"dynamodb:BatchWriteItem\",\"dynamodb:PutItem\",\"dynamodb:UpdateItem\"],\"Effect\":\"Allow\",\"Resource\":\"arn:aws:dynamodb:*:*:*\"}],\"Version\":\"2012-10-17\"}",
            "policy_id": "ANPASQMHSDFDZMLO6KRDE",
            "tags": {},
            "tags_all": {}
          },
          "sensitive_attributes": [],
          "private": "bnVsbA==",
          "create_before_destroy": true
        }
      ]
    },
    {
      "mode": "managed",
      "type": "aws_iam_policy",
      "name": "truly_lambda_logging_policy",
      "provider": "provider[\"registry.terraform.io/hashicorp/aws\"]",
      "instances": [
        {
          "schema_version": 0,
          "attributes": {
            "arn": "arn:aws:iam::172619864391:policy/truly_lambda_logging_policy",
            "description": "IAM policy for logging from a lambda running within truly app",
            "id": "arn:aws:iam::172619864391:policy/truly_lambda_logging_policy",
            "name": "truly_lambda_logging_policy",
            "name_prefix": null,
            "path": "/",
            "policy": "{\"Statement\":[{\"Action\":[\"logs:CreateLogGroup\",\"logs:CreateLogStream\",\"logs:PutLogEvents\"],\"Effect\":\"Allow\",\"Resource\":\"arn:aws:logs:*:*:*\"}],\"Version\":\"2012-10-17\"}",
            "policy_id": "ANPASQMHSDFDWUM2R7KOF",
            "tags": {
              "project": "truly"
            },
            "tags_all": {
              "project": "truly"
            }
          },
          "sensitive_attributes": [],
          "private": "bnVsbA==",
          "create_before_destroy": true
        }
      ]
    },
    {
      "mode": "managed",
      "type": "aws_iam_role",
      "name": "truly_lambda_execution_role",
      "provider": "provider[\"registry.terraform.io/hashicorp/aws\"]",
      "instances": [
        {
          "schema_version": 0,
          "attributes": {
            "arn": "arn:aws:iam::172619864391:role/terraform-20230216075145696200000001",
            "assume_role_policy": "{\"Version\":\"2012-10-17\",\"Statement\":[{\"Sid\":\"\",\"Effect\":\"Allow\",\"Principal\":{\"Service\":\"lambda.amazonaws.com\"},\"Action\":\"sts:AssumeRole\"}]}",
            "create_date": "2023-02-16T07:51:46Z",
            "description": "",
            "force_detach_policies": false,
            "id": "terraform-20230216075145696200000001",
            "inline_policy": [
              {
                "name": "",
                "policy": ""
              }
            ],
            "managed_policy_arns": [
              "arn:aws:iam::172619864391:policy/truly_lambda_KMS_policy",
              "arn:aws:iam::172619864391:policy/truly_lambda_S3_policy",
              "arn:aws:iam::172619864391:policy/truly_lambda_SECRETSMAN_policy",
              "arn:aws:iam::172619864391:policy/truly_lambda_SNS_policy",
              "arn:aws:iam::172619864391:policy/truly_lambda_SQS_policy",
              "arn:aws:iam::172619864391:policy/truly_lambda_XRAY_policy",
              "arn:aws:iam::172619864391:policy/truly_lambda_dynamodb_policy",
              "arn:aws:iam::172619864391:policy/truly_lambda_logging_policy",
              "arn:aws:iam::aws:policy/service-role/AWSLambdaBasicExecutionRole"
            ],
            "max_session_duration": 3600,
            "name": "terraform-20230216075145696200000001",
            "name_prefix": "terraform-",
            "path": "/",
            "permissions_boundary": null,
            "tags": {
              "project": "truly"
            },
            "tags_all": {
              "project": "truly"
            },
            "unique_id": "AROASQMHSDFD7UTUEYH6E"
          },
          "sensitive_attributes": [],
          "private": "bnVsbA==",
          "create_before_destroy": true
        }
      ]
    },
    {
      "mode": "managed",
      "type": "aws_iam_role_policy_attachment",
      "name": "truly_lambda_KMS",
      "provider": "provider[\"registry.terraform.io/hashicorp/aws\"]",
      "instances": [
        {
          "schema_version": 0,
          "attributes": {
            "id": "terraform-20230216075145696200000001-20230216075150358800000008",
            "policy_arn": "arn:aws:iam::172619864391:policy/truly_lambda_KMS_policy",
            "role": "terraform-20230216075145696200000001"
          },
          "sensitive_attributes": [],
          "private": "bnVsbA==",
          "dependencies": [
            "aws_iam_policy.truly_lambda_KMS_policy",
            "aws_iam_role.truly_lambda_execution_role"
          ],
          "create_before_destroy": true
        }
      ]
    },
    {
      "mode": "managed",
      "type": "aws_iam_role_policy_attachment",
      "name": "truly_lambda_S3",
      "provider": "provider[\"registry.terraform.io/hashicorp/aws\"]",
      "instances": [
        {
          "schema_version": 0,
          "attributes": {
            "id": "terraform-20230216075145696200000001-20230216075150045400000005",
            "policy_arn": "arn:aws:iam::172619864391:policy/truly_lambda_S3_policy",
            "role": "terraform-20230216075145696200000001"
          },
          "sensitive_attributes": [],
          "private": "bnVsbA==",
          "dependencies": [
            "aws_iam_policy.truly_lambda_S3_policy",
            "aws_iam_role.truly_lambda_execution_role"
          ]
        }
      ]
    },
    {
      "mode": "managed",
      "type": "aws_iam_role_policy_attachment",
      "name": "truly_lambda_SECRETSMAN",
      "provider": "provider[\"registry.terraform.io/hashicorp/aws\"]",
      "instances": [
        {
          "schema_version": 0,
          "attributes": {
            "id": "terraform-20230216075145696200000001-20230216075150390200000009",
            "policy_arn": "arn:aws:iam::172619864391:policy/truly_lambda_SECRETSMAN_policy",
            "role": "terraform-20230216075145696200000001"
          },
          "sensitive_attributes": [],
          "private": "bnVsbA==",
          "dependencies": [
            "aws_iam_policy.truly_lambda_SECRETSMAN_policy",
            "aws_iam_role.truly_lambda_execution_role"
          ],
          "create_before_destroy": true
        }
      ]
    },
    {
      "mode": "managed",
      "type": "aws_iam_role_policy_attachment",
      "name": "truly_lambda_SNS",
      "provider": "provider[\"registry.terraform.io/hashicorp/aws\"]",
      "instances": [
        {
          "schema_version": 0,
          "attributes": {
            "id": "terraform-20230216075145696200000001-20230216075150054000000006",
            "policy_arn": "arn:aws:iam::172619864391:policy/truly_lambda_SNS_policy",
            "role": "terraform-20230216075145696200000001"
          },
          "sensitive_attributes": [],
          "private": "bnVsbA==",
          "dependencies": [
            "aws_iam_policy.truly_lambda_SNS_policy",
            "aws_iam_role.truly_lambda_execution_role"
          ],
          "create_before_destroy": true
        }
      ]
    },
    {
      "mode": "managed",
      "type": "aws_iam_role_policy_attachment",
      "name": "truly_lambda_SQS",
      "provider": "provider[\"registry.terraform.io/hashicorp/aws\"]",
      "instances": [
        {
          "schema_version": 0,
          "attributes": {
            "id": "terraform-20230216075145696200000001-20230216075150153600000007",
            "policy_arn": "arn:aws:iam::172619864391:policy/truly_lambda_SQS_policy",
            "role": "terraform-20230216075145696200000001"
          },
          "sensitive_attributes": [],
          "private": "bnVsbA==",
          "dependencies": [
            "aws_iam_policy.truly_lambda_SQS_policy",
            "aws_iam_role.truly_lambda_execution_role"
          ],
          "create_before_destroy": true
        }
      ]
    },
    {
      "mode": "managed",
      "type": "aws_iam_role_policy_attachment",
      "name": "truly_lambda_XRAY",
      "provider": "provider[\"registry.terraform.io/hashicorp/aws\"]",
      "instances": [
        {
          "schema_version": 0,
          "attributes": {
            "id": "terraform-20230216075145696200000001-20230216075150025500000004",
            "policy_arn": "arn:aws:iam::172619864391:policy/truly_lambda_XRAY_policy",
            "role": "terraform-20230216075145696200000001"
          },
          "sensitive_attributes": [],
          "private": "bnVsbA==",
          "dependencies": [
            "aws_iam_policy.truly_lambda_XRAY_policy",
            "aws_iam_role.truly_lambda_execution_role"
          ],
          "create_before_destroy": true
        }
      ]
    },
    {
      "mode": "managed",
      "type": "aws_iam_role_policy_attachment",
      "name": "truly_lambda_dynamodb",
      "provider": "provider[\"registry.terraform.io/hashicorp/aws\"]",
      "instances": [
        {
          "schema_version": 0,
          "attributes": {
            "id": "terraform-20230216075145696200000001-2023021607515107760000000a",
            "policy_arn": "arn:aws:iam::172619864391:policy/truly_lambda_dynamodb_policy",
            "role": "terraform-20230216075145696200000001"
          },
          "sensitive_attributes": [],
          "private": "bnVsbA==",
          "dependencies": [
            "aws_iam_policy.truly_lambda_dynamodb_policy",
            "aws_iam_role.truly_lambda_execution_role"
          ],
          "create_before_destroy": true
        }
      ]
    },
    {
      "mode": "managed",
      "type": "aws_iam_role_policy_attachment",
      "name": "truly_lambda_execution_policy",
      "provider": "provider[\"registry.terraform.io/hashicorp/aws\"]",
      "instances": [
        {
          "schema_version": 0,
          "attributes": {
            "id": "terraform-20230216075145696200000001-20230216075149024400000002",
            "policy_arn": "arn:aws:iam::aws:policy/service-role/AWSLambdaBasicExecutionRole",
            "role": "terraform-20230216075145696200000001"
          },
          "sensitive_attributes": [],
          "private": "bnVsbA==",
          "dependencies": [
            "aws_iam_role.truly_lambda_execution_role"
          ]
        }
      ]
    },
    {
      "mode": "managed",
      "type": "aws_iam_role_policy_attachment",
      "name": "truly_lambda_logs",
      "provider": "provider[\"registry.terraform.io/hashicorp/aws\"]",
      "instances": [
        {
          "schema_version": 0,
          "attributes": {
            "id": "terraform-20230216075145696200000001-20230216075149497400000003",
            "policy_arn": "arn:aws:iam::172619864391:policy/truly_lambda_logging_policy",
            "role": "terraform-20230216075145696200000001"
          },
          "sensitive_attributes": [],
          "private": "bnVsbA==",
          "dependencies": [
            "aws_iam_policy.truly_lambda_logging_policy",
            "aws_iam_role.truly_lambda_execution_role"
          ],
          "create_before_destroy": true
        }
      ]
    },
    {
      "mode": "managed",
      "type": "aws_lambda_permission",
      "name": "truly_admin_permission",
      "provider": "provider[\"registry.terraform.io/hashicorp/aws\"]",
      "instances": [
        {
          "schema_version": 0,
          "attributes": {
            "action": "lambda:InvokeFunction",
            "event_source_token": null,
            "function_name": "truly_admin",
            "id": "terraform-2023021607521398280000000c",
            "principal": "apigateway.amazonaws.com",
            "qualifier": "",
            "source_account": null,
            "source_arn": "arn:aws:execute-api:eu-west-1:172619864391:wvnqnuslv0/*/ANY/admin/{proxy+}",
            "statement_id": "terraform-2023021607521398280000000c",
            "statement_id_prefix": null
          },
          "sensitive_attributes": [],
          "private": "bnVsbA==",
          "dependencies": [
            "aws_apigatewayv2_api.truly_api",
            "aws_apigatewayv2_integration.truly_admin_integration",
            "aws_apigatewayv2_route.truly_admin_route",
            "aws_iam_policy.truly_lambda_SECRETSMAN_policy",
            "aws_iam_policy.truly_lambda_XRAY_policy",
            "aws_iam_policy.truly_lambda_dynamodb_policy",
            "aws_iam_policy.truly_lambda_logging_policy",
            "aws_iam_role.truly_lambda_execution_role",
            "aws_iam_role_policy_attachment.truly_lambda_SECRETSMAN",
            "aws_iam_role_policy_attachment.truly_lambda_XRAY",
            "aws_iam_role_policy_attachment.truly_lambda_dynamodb",
            "aws_iam_role_policy_attachment.truly_lambda_logs",
            "module.lambda_admin.aws_cloudwatch_log_group.truly_lambda_admin_cloudwatch",
            "module.lambda_admin.aws_lambda_function.truly_lambda_admin"
          ]
        }
      ]
    },
    {
      "mode": "managed",
      "type": "aws_lambda_permission",
      "name": "truly_licenses_permission_asset",
      "provider": "provider[\"registry.terraform.io/hashicorp/aws\"]",
      "instances": [
        {
          "schema_version": 0,
          "attributes": {
            "action": "lambda:InvokeFunction",
            "event_source_token": null,
            "function_name": "truly_licenses",
            "id": "terraform-2023021607523575510000000e",
            "principal": "apigateway.amazonaws.com",
            "qualifier": "",
            "source_account": null,
            "source_arn": "arn:aws:execute-api:eu-west-1:172619864391:wvnqnuslv0/*/ANY/api/asset/{proxy+}",
            "statement_id": "terraform-2023021607523575510000000e",
            "statement_id_prefix": null
          },
          "sensitive_attributes": [],
          "private": "bnVsbA==",
          "dependencies": [
            "aws_apigatewayv2_api.truly_api",
            "aws_apigatewayv2_integration.truly_licenses_integration",
            "aws_apigatewayv2_route.truly_licenses_route_asset",
            "aws_iam_policy.truly_lambda_KMS_policy",
            "aws_iam_policy.truly_lambda_SECRETSMAN_policy",
            "aws_iam_policy.truly_lambda_SNS_policy",
            "aws_iam_policy.truly_lambda_SQS_policy",
            "aws_iam_policy.truly_lambda_XRAY_policy",
            "aws_iam_policy.truly_lambda_dynamodb_policy",
            "aws_iam_policy.truly_lambda_logging_policy",
            "aws_iam_role.truly_lambda_execution_role",
            "aws_iam_role_policy_attachment.truly_lambda_KMS",
            "aws_iam_role_policy_attachment.truly_lambda_SECRETSMAN",
            "aws_iam_role_policy_attachment.truly_lambda_SNS",
            "aws_iam_role_policy_attachment.truly_lambda_SQS",
            "aws_iam_role_policy_attachment.truly_lambda_XRAY",
            "aws_iam_role_policy_attachment.truly_lambda_dynamodb",
            "aws_iam_role_policy_attachment.truly_lambda_logs",
            "aws_sns_topic.minting_topic",
            "aws_sqs_queue.minting_queue_deadletter",
            "module.lambda_licenses.aws_cloudwatch_log_group.truly_lambda_licenses_cloudwatch",
            "module.lambda_licenses.aws_lambda_function.truly_lambda_licenses"
          ]
        }
      ]
    },
    {
      "mode": "managed",
      "type": "aws_lambda_permission",
      "name": "truly_licenses_permission_nft",
      "provider": "provider[\"registry.terraform.io/hashicorp/aws\"]",
      "instances": [
        {
          "schema_version": 0,
          "attributes": {
            "action": "lambda:InvokeFunction",
            "event_source_token": null,
            "function_name": "truly_licenses",
            "id": "terraform-20230216084649338300000001",
            "principal": "apigateway.amazonaws.com",
            "qualifier": "",
            "source_account": null,
            "source_arn": "arn:aws:execute-api:eu-west-1:172619864391:wvnqnuslv0/*/ANY/api/nft/{proxy+}",
            "statement_id": "terraform-20230216084649338300000001",
            "statement_id_prefix": null
          },
          "sensitive_attributes": [],
          "private": "bnVsbA==",
          "dependencies": [
            "aws_apigatewayv2_api.truly_api",
            "aws_apigatewayv2_integration.truly_licenses_integration",
            "aws_apigatewayv2_route.truly_licenses_route_nft",
            "aws_iam_policy.truly_lambda_KMS_policy",
            "aws_iam_policy.truly_lambda_SECRETSMAN_policy",
            "aws_iam_policy.truly_lambda_SNS_policy",
            "aws_iam_policy.truly_lambda_SQS_policy",
            "aws_iam_policy.truly_lambda_XRAY_policy",
            "aws_iam_policy.truly_lambda_dynamodb_policy",
            "aws_iam_policy.truly_lambda_logging_policy",
            "aws_iam_role.truly_lambda_execution_role",
            "aws_iam_role_policy_attachment.truly_lambda_KMS",
            "aws_iam_role_policy_attachment.truly_lambda_SECRETSMAN",
            "aws_iam_role_policy_attachment.truly_lambda_SNS",
            "aws_iam_role_policy_attachment.truly_lambda_SQS",
            "aws_iam_role_policy_attachment.truly_lambda_XRAY",
            "aws_iam_role_policy_attachment.truly_lambda_dynamodb",
            "aws_iam_role_policy_attachment.truly_lambda_logs",
            "aws_sns_topic.minting_topic",
            "aws_sqs_queue.minting_queue_deadletter",
            "module.lambda_licenses.aws_cloudwatch_log_group.truly_lambda_licenses_cloudwatch",
            "module.lambda_licenses.aws_lambda_function.truly_lambda_licenses"
          ]
        }
      ]
    },
    {
      "mode": "managed",
      "type": "aws_lambda_permission",
      "name": "truly_licenses_permission_owner",
      "provider": "provider[\"registry.terraform.io/hashicorp/aws\"]",
      "instances": [
        {
          "schema_version": 0,
          "attributes": {
            "action": "lambda:InvokeFunction",
            "event_source_token": null,
            "function_name": "truly_licenses",
            "id": "terraform-2023021607523578480000000f",
            "principal": "apigateway.amazonaws.com",
            "qualifier": "",
            "source_account": null,
            "source_arn": "arn:aws:execute-api:eu-west-1:172619864391:wvnqnuslv0/*/ANY/api/owner/{proxy+}",
            "statement_id": "terraform-2023021607523578480000000f",
            "statement_id_prefix": null
          },
          "sensitive_attributes": [],
          "private": "bnVsbA==",
          "dependencies": [
            "aws_apigatewayv2_api.truly_api",
            "aws_apigatewayv2_integration.truly_licenses_integration",
            "aws_apigatewayv2_route.truly_licenses_route_owner",
            "aws_iam_policy.truly_lambda_KMS_policy",
            "aws_iam_policy.truly_lambda_SECRETSMAN_policy",
            "aws_iam_policy.truly_lambda_SNS_policy",
            "aws_iam_policy.truly_lambda_SQS_policy",
            "aws_iam_policy.truly_lambda_XRAY_policy",
            "aws_iam_policy.truly_lambda_dynamodb_policy",
            "aws_iam_policy.truly_lambda_logging_policy",
            "aws_iam_role.truly_lambda_execution_role",
            "aws_iam_role_policy_attachment.truly_lambda_KMS",
            "aws_iam_role_policy_attachment.truly_lambda_SECRETSMAN",
            "aws_iam_role_policy_attachment.truly_lambda_SNS",
            "aws_iam_role_policy_attachment.truly_lambda_SQS",
            "aws_iam_role_policy_attachment.truly_lambda_XRAY",
            "aws_iam_role_policy_attachment.truly_lambda_dynamodb",
            "aws_iam_role_policy_attachment.truly_lambda_logs",
            "aws_sns_topic.minting_topic",
            "aws_sqs_queue.minting_queue_deadletter",
            "module.lambda_licenses.aws_cloudwatch_log_group.truly_lambda_licenses_cloudwatch",
            "module.lambda_licenses.aws_lambda_function.truly_lambda_licenses"
          ]
        }
      ]
    },
    {
      "mode": "managed",
      "type": "aws_lambda_permission",
      "name": "truly_login_permission",
      "provider": "provider[\"registry.terraform.io/hashicorp/aws\"]",
      "instances": [
        {
          "schema_version": 0,
          "attributes": {
            "action": "lambda:InvokeFunction",
            "event_source_token": null,
            "function_name": "truly_login",
            "id": "terraform-2023021607520652650000000b",
            "principal": "apigateway.amazonaws.com",
            "qualifier": "",
            "source_account": null,
            "source_arn": "arn:aws:execute-api:eu-west-1:172619864391:wvnqnuslv0/*/POST/auth/{proxy+}",
            "statement_id": "terraform-2023021607520652650000000b",
            "statement_id_prefix": null
          },
          "sensitive_attributes": [],
          "private": "bnVsbA==",
          "dependencies": [
            "aws_apigatewayv2_api.truly_api",
            "aws_apigatewayv2_integration.truly_login_integration",
            "aws_apigatewayv2_route.truly_login_route",
            "aws_iam_policy.truly_lambda_SECRETSMAN_policy",
            "aws_iam_policy.truly_lambda_XRAY_policy",
            "aws_iam_policy.truly_lambda_dynamodb_policy",
            "aws_iam_policy.truly_lambda_logging_policy",
            "aws_iam_role.truly_lambda_execution_role",
            "aws_iam_role_policy_attachment.truly_lambda_SECRETSMAN",
            "aws_iam_role_policy_attachment.truly_lambda_XRAY",
            "aws_iam_role_policy_attachment.truly_lambda_dynamodb",
            "aws_iam_role_policy_attachment.truly_lambda_logs",
            "module.lambda_login.aws_cloudwatch_log_group.truly_lambda_login_cloudwatch",
            "module.lambda_login.aws_lambda_function.truly_lambda_login"
          ]
        }
      ]
    },
    {
      "mode": "managed",
      "type": "aws_lambda_permission",
      "name": "truly_user_permission",
      "provider": "provider[\"registry.terraform.io/hashicorp/aws\"]",
      "instances": [
        {
          "schema_version": 0,
          "attributes": {
            "action": "lambda:InvokeFunction",
            "event_source_token": null,
            "function_name": "truly_user",
            "id": "terraform-2023021607522100790000000d",
            "principal": "apigateway.amazonaws.com",
            "qualifier": "",
            "source_account": null,
            "source_arn": "arn:aws:execute-api:eu-west-1:172619864391:wvnqnuslv0/*/ANY/api/user/{proxy+}",
            "statement_id": "terraform-2023021607522100790000000d",
            "statement_id_prefix": null
          },
          "sensitive_attributes": [],
          "private": "bnVsbA==",
          "dependencies": [
            "aws_apigatewayv2_api.truly_api",
            "aws_apigatewayv2_integration.truly_user_integration",
            "aws_apigatewayv2_route.truly_user_route",
            "aws_iam_policy.truly_lambda_SECRETSMAN_policy",
            "aws_iam_policy.truly_lambda_XRAY_policy",
            "aws_iam_policy.truly_lambda_dynamodb_policy",
            "aws_iam_policy.truly_lambda_logging_policy",
            "aws_iam_role.truly_lambda_execution_role",
            "aws_iam_role_policy_attachment.truly_lambda_SECRETSMAN",
            "aws_iam_role_policy_attachment.truly_lambda_XRAY",
            "aws_iam_role_policy_attachment.truly_lambda_dynamodb",
            "aws_iam_role_policy_attachment.truly_lambda_logs",
            "module.lambda_user.aws_cloudwatch_log_group.truly_lambda_user_cloudwatch",
            "module.lambda_user.aws_lambda_function.truly_lambda_user"
          ]
        }
      ]
    },
    {
      "mode": "managed",
      "type": "aws_s3_bucket",
      "name": "truly-cam-private-exchange-operations",
      "provider": "provider[\"registry.terraform.io/hashicorp/aws\"]",
      "instances": [
        {
          "schema_version": 0,
          "attributes": {
            "acceleration_status": "",
            "acl": "private",
            "arn": "arn:aws:s3:::truly-cam-private-exchange-operations",
            "bucket": "truly-cam-private-exchange-operations",
            "bucket_domain_name": "truly-cam-private-exchange-operations.s3.amazonaws.com",
            "bucket_prefix": null,
            "bucket_regional_domain_name": "truly-cam-private-exchange-operations.s3.eu-west-1.amazonaws.com",
            "cors_rule": [],
            "force_destroy": false,
            "grant": [],
            "hosted_zone_id": "Z1BKCTXD74EZPE",
            "id": "truly-cam-private-exchange-operations",
            "lifecycle_rule": [
              {
                "abort_incomplete_multipart_upload_days": 0,
                "enabled": true,
                "expiration": [
                  {
                    "date": "",
                    "days": 1,
                    "expired_object_delete_marker": false
                  }
                ],
                "id": "remove_old_files",
                "noncurrent_version_expiration": [],
                "noncurrent_version_transition": [],
                "prefix": "",
                "tags": {},
                "transition": []
              }
            ],
            "logging": [],
            "object_lock_configuration": [],
            "policy": null,
            "region": "eu-west-1",
            "replication_configuration": [],
            "request_payer": "BucketOwner",
            "server_side_encryption_configuration": [],
            "tags": {
              "project": "truly"
            },
            "tags_all": {
              "project": "truly"
            },
            "versioning": [
              {
                "enabled": false,
                "mfa_delete": false
              }
            ],
            "website": [],
            "website_domain": null,
            "website_endpoint": null
          },
          "sensitive_attributes": [],
          "private": "bnVsbA=="
        }
      ]
    },
    {
      "mode": "managed",
      "type": "aws_s3_bucket",
      "name": "truly-cam-public-upload",
      "provider": "provider[\"registry.terraform.io/hashicorp/aws\"]",
      "instances": [
        {
          "schema_version": 0,
          "attributes": {
            "acceleration_status": "",
            "acl": "private",
            "arn": "arn:aws:s3:::truly-cam-public-upload",
            "bucket": "truly-cam-public-upload",
            "bucket_domain_name": "truly-cam-public-upload.s3.amazonaws.com",
            "bucket_prefix": null,
            "bucket_regional_domain_name": "truly-cam-public-upload.s3.eu-west-1.amazonaws.com",
            "cors_rule": [],
            "force_destroy": false,
            "grant": [],
            "hosted_zone_id": "Z1BKCTXD74EZPE",
            "id": "truly-cam-public-upload",
            "lifecycle_rule": [
              {
                "abort_incomplete_multipart_upload_days": 0,
                "enabled": true,
                "expiration": [
                  {
                    "date": "",
                    "days": 1,
                    "expired_object_delete_marker": false
                  }
                ],
                "id": "remove_old_files",
                "noncurrent_version_expiration": [],
                "noncurrent_version_transition": [],
                "prefix": "",
                "tags": {},
                "transition": []
              }
            ],
            "logging": [],
            "object_lock_configuration": [],
            "policy": null,
            "region": "eu-west-1",
            "replication_configuration": [],
            "request_payer": "BucketOwner",
            "server_side_encryption_configuration": [],
            "tags": {
              "project": "truly"
            },
            "tags_all": {
              "project": "truly"
            },
            "versioning": [
              {
                "enabled": false,
                "mfa_delete": false
              }
            ],
            "website": [],
            "website_domain": null,
            "website_endpoint": null
          },
          "sensitive_attributes": [],
          "private": "bnVsbA=="
        }
      ]
    },
    {
      "mode": "managed",
      "type": "aws_s3_bucket_public_access_block",
      "name": "truly-cam-public-upload",
      "provider": "provider[\"registry.terraform.io/hashicorp/aws\"]",
      "instances": [
        {
          "schema_version": 0,
          "attributes": {
            "block_public_acls": false,
            "block_public_policy": false,
            "bucket": "truly-cam-public-upload",
            "id": "truly-cam-public-upload",
            "ignore_public_acls": false,
            "restrict_public_buckets": false
          },
          "sensitive_attributes": [],
          "private": "bnVsbA==",
          "dependencies": [
            "aws_s3_bucket.truly-cam-public-upload"
          ]
        }
      ]
    },
    {
      "mode": "managed",
      "type": "aws_s3_bucket_public_access_block",
      "name": "truly-cam-public-upload-block",
      "provider": "provider[\"registry.terraform.io/hashicorp/aws\"]",
      "instances": [
        {
          "schema_version": 0,
          "attributes": {
            "block_public_acls": true,
            "block_public_policy": true,
            "bucket": "truly-cam-private-exchange-operations",
            "id": "truly-cam-private-exchange-operations",
            "ignore_public_acls": true,
            "restrict_public_buckets": true
          },
          "sensitive_attributes": [],
          "private": "bnVsbA==",
          "dependencies": [
            "aws_s3_bucket.truly-cam-private-exchange-operations"
          ]
        }
      ]
    },
    {
      "mode": "managed",
      "type": "aws_ses_email_identity",
      "name": "email_ses_sender",
      "provider": "provider[\"registry.terraform.io/hashicorp/aws\"]",
      "instances": [
        {
          "schema_version": 0,
          "attributes": {
            "arn": "arn:aws:ses:eu-west-1:172619864391:identity/joanmi@espada.cat",
            "email": "joanmi@espada.cat",
            "id": "joanmi@espada.cat"
          },
          "sensitive_attributes": [],
          "private": "bnVsbA=="
        }
      ]
    },
    {
      "mode": "managed",
      "type": "aws_sns_topic",
      "name": "minting_topic",
      "provider": "provider[\"registry.terraform.io/hashicorp/aws\"]",
      "instances": [
        {
          "schema_version": 0,
          "attributes": {
            "application_failure_feedback_role_arn": "",
            "application_success_feedback_role_arn": "",
            "application_success_feedback_sample_rate": null,
            "arn": "arn:aws:sns:eu-west-1:172619864391:minting_async_topic",
            "content_based_deduplication": false,
            "delivery_policy": "",
            "display_name": "",
            "fifo_topic": false,
            "firehose_failure_feedback_role_arn": "",
            "firehose_success_feedback_role_arn": "",
            "firehose_success_feedback_sample_rate": null,
            "http_failure_feedback_role_arn": "",
            "http_success_feedback_role_arn": "",
            "http_success_feedback_sample_rate": null,
            "id": "arn:aws:sns:eu-west-1:172619864391:minting_async_topic",
            "kms_master_key_id": "",
            "lambda_failure_feedback_role_arn": "",
            "lambda_success_feedback_role_arn": "",
            "lambda_success_feedback_sample_rate": null,
            "name": "minting_async_topic",
            "name_prefix": "",
            "owner": "172619864391",
            "policy": "{\"Id\":\"__default_policy_ID\",\"Statement\":[{\"Action\":[\"SNS:GetTopicAttributes\",\"SNS:SetTopicAttributes\",\"SNS:AddPermission\",\"SNS:RemovePermission\",\"SNS:DeleteTopic\",\"SNS:Subscribe\",\"SNS:ListSubscriptionsByTopic\",\"SNS:Publish\"],\"Condition\":{\"StringEquals\":{\"AWS:SourceOwner\":\"172619864391\"}},\"Effect\":\"Allow\",\"Principal\":{\"AWS\":\"*\"},\"Resource\":\"arn:aws:sns:eu-west-1:172619864391:minting_async_topic\",\"Sid\":\"__default_statement_ID\"}],\"Version\":\"2008-10-17\"}",
            "sqs_failure_feedback_role_arn": "",
            "sqs_success_feedback_role_arn": "",
            "sqs_success_feedback_sample_rate": null,
            "tags": {
              "project": "truly"
            },
            "tags_all": {
              "project": "truly"
            }
          },
          "sensitive_attributes": [],
          "private": "bnVsbA==",
          "create_before_destroy": true
        }
      ]
    },
    {
      "mode": "managed",
      "type": "aws_sns_topic_subscription",
      "name": "mintin_async_topic_subscription",
      "provider": "provider[\"registry.terraform.io/hashicorp/aws\"]",
      "instances": [
        {
          "schema_version": 0,
          "attributes": {
            "arn": "arn:aws:sns:eu-west-1:172619864391:minting_async_topic:7e4419f9-70ca-49d8-b0d1-e64a3bdf9760",
            "confirmation_timeout_in_minutes": 1,
            "confirmation_was_authenticated": true,
            "delivery_policy": "",
            "endpoint": "arn:aws:sqs:eu-west-1:172619864391:async_minting_queue",
            "endpoint_auto_confirms": false,
            "filter_policy": "",
            "id": "arn:aws:sns:eu-west-1:172619864391:minting_async_topic:7e4419f9-70ca-49d8-b0d1-e64a3bdf9760",
            "owner_id": "172619864391",
            "pending_confirmation": false,
            "protocol": "sqs",
            "raw_message_delivery": false,
            "redrive_policy": "",
            "subscription_role_arn": "",
            "topic_arn": "arn:aws:sns:eu-west-1:172619864391:minting_async_topic"
          },
          "sensitive_attributes": [],
          "private": "bnVsbA==",
          "dependencies": [
            "aws_sns_topic.minting_topic",
            "aws_sqs_queue.minting_queue",
            "aws_sqs_queue.minting_queue_deadletter"
          ]
        }
      ]
    },
    {
      "mode": "managed",
      "type": "aws_sqs_queue",
      "name": "minting_queue",
      "provider": "provider[\"registry.terraform.io/hashicorp/aws\"]",
      "instances": [
        {
          "schema_version": 0,
          "attributes": {
            "arn": "arn:aws:sqs:eu-west-1:172619864391:async_minting_queue",
            "content_based_deduplication": false,
            "deduplication_scope": "",
            "delay_seconds": 90,
            "fifo_queue": false,
            "fifo_throughput_limit": "",
            "id": "https://sqs.eu-west-1.amazonaws.com/172619864391/async_minting_queue",
            "kms_data_key_reuse_period_seconds": 300,
            "kms_master_key_id": "",
            "max_message_size": 2048,
            "message_retention_seconds": 3600,
            "name": "async_minting_queue",
            "name_prefix": "",
            "policy": "{\"Id\":\"sqspolicy\",\"Statement\":[{\"Action\":\"sqs:SendMessage\",\"Condition\":{\"ArnEquals\":{\"aws:SourceArn\":\"${aws_sns_topic.minting_topic.arn}\"}},\"Effect\":\"Allow\",\"Principal\":\"*\",\"Resource\":\"${aws_sqs_queue.minting_queue.arn}\",\"Sid\":\"First\"}],\"Version\":\"2012-10-17\"}",
            "receive_wait_time_seconds": 10,
            "redrive_policy": "{\"deadLetterTargetArn\":\"arn:aws:sqs:eu-west-1:172619864391:dead_letter_queue_mint_errors\",\"maxReceiveCount\":4}",
            "sqs_managed_sse_enabled": false,
            "tags": {
              "project": "truly"
            },
            "tags_all": {
              "project": "truly"
            },
            "url": "https://sqs.eu-west-1.amazonaws.com/172619864391/async_minting_queue",
            "visibility_timeout_seconds": 30
          },
          "sensitive_attributes": [],
          "private": "bnVsbA==",
          "dependencies": [
            "aws_sqs_queue.minting_queue_deadletter"
          ]
        }
      ]
    },
    {
      "mode": "managed",
      "type": "aws_sqs_queue",
      "name": "minting_queue_deadletter",
      "provider": "provider[\"registry.terraform.io/hashicorp/aws\"]",
      "instances": [
        {
          "schema_version": 0,
          "attributes": {
            "arn": "arn:aws:sqs:eu-west-1:172619864391:dead_letter_queue_mint_errors",
            "content_based_deduplication": false,
            "deduplication_scope": "",
            "delay_seconds": 0,
            "fifo_queue": false,
            "fifo_throughput_limit": "",
            "id": "https://sqs.eu-west-1.amazonaws.com/172619864391/dead_letter_queue_mint_errors",
            "kms_data_key_reuse_period_seconds": 300,
            "kms_master_key_id": "",
            "max_message_size": 262144,
            "message_retention_seconds": 345600,
            "name": "dead_letter_queue_mint_errors",
            "name_prefix": "",
            "policy": "",
            "receive_wait_time_seconds": 0,
            "redrive_policy": "",
            "sqs_managed_sse_enabled": false,
            "tags": {
              "project": "truly"
            },
            "tags_all": {
              "project": "truly"
            },
            "url": "https://sqs.eu-west-1.amazonaws.com/172619864391/dead_letter_queue_mint_errors",
            "visibility_timeout_seconds": 30
          },
          "sensitive_attributes": [],
          "private": "bnVsbA==",
          "create_before_destroy": true
        }
      ]
    },
    {
      "mode": "managed",
      "type": "aws_sqs_queue_policy",
      "name": "minting_queue_policy",
      "provider": "provider[\"registry.terraform.io/hashicorp/aws\"]",
      "instances": [
        {
          "schema_version": 1,
          "attributes": {
            "id": "https://sqs.eu-west-1.amazonaws.com/172619864391/async_minting_queue",
            "policy": "{\"Id\":\"sqspolicy\",\"Statement\":[{\"Action\":\"sqs:SendMessage\",\"Condition\":{\"ArnEquals\":{\"aws:SourceArn\":\"${aws_sns_topic.minting_topic.arn}\"}},\"Effect\":\"Allow\",\"Principal\":\"*\",\"Resource\":\"${aws_sqs_queue.minting_queue.arn}\",\"Sid\":\"First\"}],\"Version\":\"2012-10-17\"}",
            "queue_url": "https://sqs.eu-west-1.amazonaws.com/172619864391/async_minting_queue"
          },
          "sensitive_attributes": [],
          "private": "eyJzY2hlbWFfdmVyc2lvbiI6IjEifQ==",
          "dependencies": [
            "aws_sqs_queue.minting_queue",
            "aws_sqs_queue.minting_queue_deadletter"
          ]
        }
      ]
    },
    {
      "module": "module.lambda_admin",
      "mode": "managed",
      "type": "aws_cloudwatch_log_group",
      "name": "truly_lambda_admin_cloudwatch",
      "provider": "provider[\"registry.terraform.io/hashicorp/aws\"]",
      "instances": [
        {
          "schema_version": 0,
          "attributes": {
            "arn": "arn:aws:logs:eu-west-1:172619864391:log-group:/aws/lambda/truly_admin",
            "id": "/aws/lambda/truly_admin",
            "kms_key_id": "",
            "name": "/aws/lambda/truly_admin",
            "name_prefix": null,
            "retention_in_days": 5,
            "tags": {
              "project": "truly",
              "service": "admin"
            },
            "tags_all": {
              "project": "truly",
              "service": "admin"
            }
          },
          "sensitive_attributes": [],
          "private": "bnVsbA==",
          "create_before_destroy": true
        }
      ]
    },
    {
      "module": "module.lambda_admin",
      "mode": "managed",
      "type": "aws_lambda_function",
      "name": "truly_lambda_admin",
      "provider": "provider[\"registry.terraform.io/hashicorp/aws\"]",
      "instances": [
        {
          "schema_version": 0,
          "attributes": {
            "architectures": [
              "arm64"
            ],
            "arn": "arn:aws:lambda:eu-west-1:172619864391:function:truly_admin",
            "code_signing_config_arn": "",
            "dead_letter_config": [],
            "description": "",
            "environment": [
              {
                "variables": {
                  "ENVIRONMENT": "stage",
                  "RUST_LOG": "cargo_lambda=trace"
                }
              }
            ],
            "file_system_config": [],
            "filename": "../target/lambda_arm64//lambda_admin/bootstrap.zip",
            "function_name": "truly_admin",
            "handler": "function_handler",
            "id": "truly_admin",
            "image_config": [],
            "image_uri": "",
            "invoke_arn": "arn:aws:apigateway:eu-west-1:lambda:path/2015-03-31/functions/arn:aws:lambda:eu-west-1:172619864391:function:truly_admin/invocations",
            "kms_key_arn": "",
            "last_modified": "2023-02-16T07:52:14.230+0000",
            "layers": [],
            "memory_size": 512,
            "package_type": "Zip",
            "publish": false,
            "qualified_arn": "arn:aws:lambda:eu-west-1:172619864391:function:truly_admin:$LATEST",
            "reserved_concurrent_executions": -1,
            "role": "arn:aws:iam::172619864391:role/terraform-20230216075145696200000001",
            "runtime": "provided.al2",
            "s3_bucket": null,
            "s3_key": null,
            "s3_object_version": null,
            "signing_job_arn": "",
            "signing_profile_version_arn": "",
            "source_code_hash": "yx169SSOhbXbff1zB3/lcj6zrrggDfWF8R8Meu6RscM=",
            "source_code_size": 5742125,
            "tags": {
              "project": "truly",
              "service": "admin"
            },
            "tags_all": {
              "project": "truly",
              "service": "admin"
            },
            "timeout": 60,
            "timeouts": null,
            "tracing_config": [
              {
                "mode": "Active"
              }
            ],
            "version": "$LATEST",
            "vpc_config": []
          },
          "sensitive_attributes": [],
          "private": "eyJlMmJmYjczMC1lY2FhLTExZTYtOGY4OC0zNDM2M2JjN2M0YzAiOnsiY3JlYXRlIjo2MDAwMDAwMDAwMDB9fQ==",
          "dependencies": [
            "aws_iam_policy.truly_lambda_SECRETSMAN_policy",
            "aws_iam_policy.truly_lambda_XRAY_policy",
            "aws_iam_policy.truly_lambda_dynamodb_policy",
            "aws_iam_policy.truly_lambda_logging_policy",
            "aws_iam_role.truly_lambda_execution_role",
            "aws_iam_role_policy_attachment.truly_lambda_SECRETSMAN",
            "aws_iam_role_policy_attachment.truly_lambda_XRAY",
            "aws_iam_role_policy_attachment.truly_lambda_dynamodb",
            "aws_iam_role_policy_attachment.truly_lambda_logs",
            "module.lambda_admin.aws_cloudwatch_log_group.truly_lambda_admin_cloudwatch"
          ],
          "create_before_destroy": true
        }
      ]
    },
    {
      "module": "module.lambda_licenses",
      "mode": "managed",
      "type": "aws_cloudwatch_log_group",
      "name": "truly_lambda_licenses_cloudwatch",
      "provider": "provider[\"registry.terraform.io/hashicorp/aws\"]",
      "instances": [
        {
          "schema_version": 0,
          "attributes": {
            "arn": "arn:aws:logs:eu-west-1:172619864391:log-group:/aws/lambda/truly_licenses",
            "id": "/aws/lambda/truly_licenses",
            "kms_key_id": "",
            "name": "/aws/lambda/truly_licenses",
            "name_prefix": null,
            "retention_in_days": 5,
            "tags": {
              "project": "truly",
              "service": "licenses"
            },
            "tags_all": {
              "project": "truly",
              "service": "licenses"
            }
          },
          "sensitive_attributes": [],
          "private": "bnVsbA==",
          "create_before_destroy": true
        }
      ]
    },
    {
      "module": "module.lambda_licenses",
      "mode": "managed",
      "type": "aws_lambda_function",
      "name": "truly_lambda_licenses",
      "provider": "provider[\"registry.terraform.io/hashicorp/aws\"]",
      "instances": [
        {
          "schema_version": 0,
          "attributes": {
            "architectures": [
              "arm64"
            ],
            "arn": "arn:aws:lambda:eu-west-1:172619864391:function:truly_licenses",
            "code_signing_config_arn": "",
            "dead_letter_config": [],
            "description": "",
            "environment": [
              {
                "variables": {
                  "BLOCKCHAIN_CONFIRMATIONS": "3",
                  "BLOCKCHAIN_URL": "https://eth-goerli.g.alchemy.com/v2",
                  "CONTRACT_ADDRESS": "0x7631af3D455e2a2baE6E8755D86f14f616737956",
                  "CONTRACT_OWNER": "0xA52C10371AaA3b0f78412532EAF4f966730F2B13",
                  "DEAD_LETTER_QUEUE_MINT": "https://sqs.eu-west-1.amazonaws.com/172619864391/dead_letter_queue_mint_errors",
                  "ENVIRONMENT": "stage",
                  "KMS_KEY_ID": "24a9f80b-7ce6-4e0e-a21b-9c42e315f773",
                  "RUST_LOG": "cargo_lambda=trace",
                  "TOPIC_ARN_MINT_ASYNC": "arn:aws:sns:eu-west-1:172619864391:minting_async_topic"
                }
              }
            ],
            "file_system_config": [],
            "filename": "../target/lambda_arm64//lambda_license/bootstrap.zip",
            "function_name": "truly_licenses",
            "handler": "function_handler",
            "id": "truly_licenses",
            "image_config": [],
            "image_uri": "",
            "invoke_arn": "arn:aws:apigateway:eu-west-1:lambda:path/2015-03-31/functions/arn:aws:lambda:eu-west-1:172619864391:function:truly_licenses/invocations",
            "kms_key_arn": "",
            "last_modified": "2023-02-16T08:46:49.574+0000",
            "layers": [],
            "memory_size": 512,
            "package_type": "Zip",
            "publish": false,
            "qualified_arn": "arn:aws:lambda:eu-west-1:172619864391:function:truly_licenses:$LATEST",
            "reserved_concurrent_executions": -1,
            "role": "arn:aws:iam::172619864391:role/terraform-20230216075145696200000001",
            "runtime": "provided.al2",
            "s3_bucket": null,
            "s3_key": null,
            "s3_object_version": null,
            "signing_job_arn": "",
            "signing_profile_version_arn": "",
            "source_code_hash": "x4loJfXSBgQA5P84jF8VA6lV3zqgH6LU5vYyj7ABAdE=",
            "source_code_size": 7583629,
            "tags": {
              "project": "truly",
              "service": "licenses"
            },
            "tags_all": {
              "project": "truly",
              "service": "licenses"
            },
            "timeout": 60,
            "timeouts": null,
            "tracing_config": [
              {
                "mode": "Active"
              }
            ],
            "version": "$LATEST",
            "vpc_config": []
          },
          "sensitive_attributes": [],
          "private": "eyJlMmJmYjczMC1lY2FhLTExZTYtOGY4OC0zNDM2M2JjN2M0YzAiOnsiY3JlYXRlIjo2MDAwMDAwMDAwMDB9fQ==",
          "dependencies": [
            "aws_iam_policy.truly_lambda_KMS_policy",
            "aws_iam_policy.truly_lambda_SECRETSMAN_policy",
            "aws_iam_policy.truly_lambda_SNS_policy",
            "aws_iam_policy.truly_lambda_SQS_policy",
            "aws_iam_policy.truly_lambda_XRAY_policy",
            "aws_iam_policy.truly_lambda_dynamodb_policy",
            "aws_iam_policy.truly_lambda_logging_policy",
            "aws_iam_role.truly_lambda_execution_role",
            "aws_iam_role_policy_attachment.truly_lambda_KMS",
            "aws_iam_role_policy_attachment.truly_lambda_SECRETSMAN",
            "aws_iam_role_policy_attachment.truly_lambda_SNS",
            "aws_iam_role_policy_attachment.truly_lambda_SQS",
            "aws_iam_role_policy_attachment.truly_lambda_XRAY",
            "aws_iam_role_policy_attachment.truly_lambda_dynamodb",
            "aws_iam_role_policy_attachment.truly_lambda_logs",
            "aws_sns_topic.minting_topic",
            "aws_sqs_queue.minting_queue_deadletter",
            "module.lambda_licenses.aws_cloudwatch_log_group.truly_lambda_licenses_cloudwatch"
          ],
          "create_before_destroy": true
        }
      ]
    },
    {
      "module": "module.lambda_login",
      "mode": "managed",
      "type": "aws_cloudwatch_log_group",
      "name": "truly_lambda_login_cloudwatch",
      "provider": "provider[\"registry.terraform.io/hashicorp/aws\"]",
      "instances": [
        {
          "schema_version": 0,
          "attributes": {
            "arn": "arn:aws:logs:eu-west-1:172619864391:log-group:/aws/lambda/truly_login",
            "id": "/aws/lambda/truly_login",
            "kms_key_id": "",
            "name": "/aws/lambda/truly_login",
            "name_prefix": null,
            "retention_in_days": 5,
            "tags": {
              "project": "truly",
              "service": "login"
            },
            "tags_all": {
              "project": "truly",
              "service": "login"
            }
          },
          "sensitive_attributes": [],
          "private": "bnVsbA==",
          "create_before_destroy": true
        }
      ]
    },
    {
      "module": "module.lambda_login",
      "mode": "managed",
      "type": "aws_lambda_function",
      "name": "truly_lambda_login",
      "provider": "provider[\"registry.terraform.io/hashicorp/aws\"]",
      "instances": [
        {
          "schema_version": 0,
          "attributes": {
            "architectures": [
              "arm64"
            ],
            "arn": "arn:aws:lambda:eu-west-1:172619864391:function:truly_login",
            "code_signing_config_arn": "",
            "dead_letter_config": [],
            "description": "",
            "environment": [
              {
                "variables": {
                  "ENVIRONMENT": "stage",
                  "JWT_TOKEN_TIME_EXP_HOURS": "1",
                  "RUST_LOG": "cargo_lambda=trace"
                }
              }
            ],
            "file_system_config": [],
            "filename": "../target/lambda_arm64//lambda_login/bootstrap.zip",
            "function_name": "truly_login",
            "handler": "function_handler",
            "id": "truly_login",
            "image_config": [],
            "image_uri": "",
            "invoke_arn": "arn:aws:apigateway:eu-west-1:lambda:path/2015-03-31/functions/arn:aws:lambda:eu-west-1:172619864391:function:truly_login/invocations",
            "kms_key_arn": "",
            "last_modified": "2023-02-16T07:52:06.764+0000",
            "layers": [],
            "memory_size": 512,
            "package_type": "Zip",
            "publish": false,
            "qualified_arn": "arn:aws:lambda:eu-west-1:172619864391:function:truly_login:$LATEST",
            "reserved_concurrent_executions": -1,
            "role": "arn:aws:iam::172619864391:role/terraform-20230216075145696200000001",
            "runtime": "provided.al2",
            "s3_bucket": null,
            "s3_key": null,
            "s3_object_version": null,
            "signing_job_arn": "",
            "signing_profile_version_arn": "",
            "source_code_hash": "6BqWBZ44H5Hn/Q8XnDmDHIvwlC1LFnIIZeMJmkSzwL8=",
            "source_code_size": 5653859,
            "tags": {
              "project": "truly",
              "service": "login"
            },
            "tags_all": {
              "project": "truly",
              "service": "login"
            },
            "timeout": 60,
            "timeouts": null,
            "tracing_config": [
              {
                "mode": "Active"
              }
            ],
            "version": "$LATEST",
            "vpc_config": []
          },
          "sensitive_attributes": [],
          "private": "eyJlMmJmYjczMC1lY2FhLTExZTYtOGY4OC0zNDM2M2JjN2M0YzAiOnsiY3JlYXRlIjo2MDAwMDAwMDAwMDB9fQ==",
          "dependencies": [
            "aws_iam_policy.truly_lambda_SECRETSMAN_policy",
            "aws_iam_policy.truly_lambda_XRAY_policy",
            "aws_iam_policy.truly_lambda_dynamodb_policy",
            "aws_iam_policy.truly_lambda_logging_policy",
            "aws_iam_role.truly_lambda_execution_role",
            "aws_iam_role_policy_attachment.truly_lambda_SECRETSMAN",
            "aws_iam_role_policy_attachment.truly_lambda_XRAY",
            "aws_iam_role_policy_attachment.truly_lambda_dynamodb",
            "aws_iam_role_policy_attachment.truly_lambda_logs",
            "module.lambda_login.aws_cloudwatch_log_group.truly_lambda_login_cloudwatch"
          ],
          "create_before_destroy": true
        }
      ]
    },
    {
      "module": "module.lambda_mint",
      "mode": "managed",
      "type": "aws_cloudwatch_log_group",
      "name": "truly_lambda_mint_cloudwatch",
      "provider": "provider[\"registry.terraform.io/hashicorp/aws\"]",
      "instances": [
        {
          "schema_version": 0,
          "attributes": {
            "arn": "arn:aws:logs:eu-west-1:172619864391:log-group:/aws/lambda/truly_mint",
            "id": "/aws/lambda/truly_mint",
            "kms_key_id": "",
            "name": "/aws/lambda/truly_mint",
            "name_prefix": null,
            "retention_in_days": 5,
            "tags": {
              "project": "truly",
              "service": "minting"
            },
            "tags_all": {
              "project": "truly",
              "service": "minting"
            }
          },
          "sensitive_attributes": [],
          "private": "bnVsbA=="
        }
      ]
    },
    {
      "module": "module.lambda_mint",
      "mode": "managed",
      "type": "aws_lambda_function",
      "name": "truly_lambda_mint",
      "provider": "provider[\"registry.terraform.io/hashicorp/aws\"]",
      "instances": [
        {
          "schema_version": 0,
          "attributes": {
            "architectures": [
              "arm64"
            ],
            "arn": "arn:aws:lambda:eu-west-1:172619864391:function:truly_mint",
            "code_signing_config_arn": "",
            "dead_letter_config": [],
            "description": "",
            "environment": [
              {
                "variables": {
                  "BLOCKCHAIN_CONFIRMATIONS": "3",
                  "BLOCKCHAIN_URL": "https://eth-goerli.g.alchemy.com/v2",
                  "CONTRACT_ADDRESS": "0x7631af3D455e2a2baE6E8755D86f14f616737956",
                  "CONTRACT_OWNER": "0xA52C10371AaA3b0f78412532EAF4f966730F2B13",
                  "DEAD_LETTER_QUEUE_MINT": "https://sqs.eu-west-1.amazonaws.com/172619864391/dead_letter_queue_mint_errors",
                  "ENVIRONMENT": "stage",
                  "KMS_KEY_ID": "24a9f80b-7ce6-4e0e-a21b-9c42e315f773",
                  "RUST_LOG": "cargo_lambda=trace"
                }
              }
            ],
            "file_system_config": [],
            "filename": "../target/lambda_arm64//lambda_mint/bootstrap.zip",
            "function_name": "truly_mint",
            "handler": "function_handler",
            "id": "truly_mint",
            "image_config": [],
            "image_uri": "",
            "invoke_arn": "arn:aws:apigateway:eu-west-1:lambda:path/2015-03-31/functions/arn:aws:lambda:eu-west-1:172619864391:function:truly_mint/invocations",
            "kms_key_arn": "",
            "last_modified": "2023-02-16T07:52:20.748+0000",
            "layers": [],
            "memory_size": 512,
            "package_type": "Zip",
            "publish": false,
            "qualified_arn": "arn:aws:lambda:eu-west-1:172619864391:function:truly_mint:$LATEST",
            "reserved_concurrent_executions": -1,
            "role": "arn:aws:iam::172619864391:role/terraform-20230216075145696200000001",
            "runtime": "provided.al2",
            "s3_bucket": null,
            "s3_key": null,
            "s3_object_version": null,
            "signing_job_arn": "",
            "signing_profile_version_arn": "",
            "source_code_hash": "1P+1updIqoqabIzJyiQtmHWS3jiP3EzZqhiXQzXdE+c=",
            "source_code_size": 6529695,
            "tags": {
              "project": "truly",
              "service": "minting"
            },
            "tags_all": {
              "project": "truly",
              "service": "minting"
            },
            "timeout": 60,
            "timeouts": null,
            "tracing_config": [
              {
                "mode": "Active"
              }
            ],
            "version": "$LATEST",
            "vpc_config": []
          },
          "sensitive_attributes": [],
          "private": "eyJlMmJmYjczMC1lY2FhLTExZTYtOGY4OC0zNDM2M2JjN2M0YzAiOnsiY3JlYXRlIjo2MDAwMDAwMDAwMDB9fQ==",
          "dependencies": [
            "aws_iam_policy.truly_lambda_KMS_policy",
            "aws_iam_policy.truly_lambda_SECRETSMAN_policy",
            "aws_iam_policy.truly_lambda_SQS_policy",
            "aws_iam_policy.truly_lambda_XRAY_policy",
            "aws_iam_policy.truly_lambda_dynamodb_policy",
            "aws_iam_policy.truly_lambda_logging_policy",
            "aws_iam_role.truly_lambda_execution_role",
            "aws_iam_role_policy_attachment.truly_lambda_KMS",
            "aws_iam_role_policy_attachment.truly_lambda_SECRETSMAN",
            "aws_iam_role_policy_attachment.truly_lambda_SQS",
            "aws_iam_role_policy_attachment.truly_lambda_XRAY",
            "aws_iam_role_policy_attachment.truly_lambda_dynamodb",
            "aws_iam_role_policy_attachment.truly_lambda_logs",
            "aws_sqs_queue.minting_queue_deadletter",
            "module.lambda_mint.aws_cloudwatch_log_group.truly_lambda_mint_cloudwatch"
          ]
        }
      ]
    },
    {
      "module": "module.lambda_user",
      "mode": "managed",
      "type": "aws_cloudwatch_log_group",
      "name": "truly_lambda_user_cloudwatch",
      "provider": "provider[\"registry.terraform.io/hashicorp/aws\"]",
      "instances": [
        {
          "schema_version": 0,
          "attributes": {
            "arn": "arn:aws:logs:eu-west-1:172619864391:log-group:/aws/lambda/truly_user",
            "id": "/aws/lambda/truly_user",
            "kms_key_id": "",
            "name": "/aws/lambda/truly_user",
            "name_prefix": null,
            "retention_in_days": 5,
            "tags": {
              "project": "truly",
              "service": "user"
            },
            "tags_all": {
              "project": "truly",
              "service": "user"
            }
          },
          "sensitive_attributes": [],
          "private": "bnVsbA==",
          "create_before_destroy": true
        }
      ]
    },
    {
      "module": "module.lambda_user",
      "mode": "managed",
      "type": "aws_lambda_function",
      "name": "truly_lambda_user",
      "provider": "provider[\"registry.terraform.io/hashicorp/aws\"]",
      "instances": [
        {
          "schema_version": 0,
          "attributes": {
            "architectures": [
              "arm64"
            ],
            "arn": "arn:aws:lambda:eu-west-1:172619864391:function:truly_user",
            "code_signing_config_arn": "",
            "dead_letter_config": [],
            "description": "",
            "environment": [
              {
                "variables": {
                  "ENVIRONMENT": "stage",
                  "RUST_LOG": "cargo_lambda=trace"
                }
              }
            ],
            "file_system_config": [],
            "filename": "../target/lambda_arm64//lambda_user/bootstrap.zip",
            "function_name": "truly_user",
            "handler": "function_handler",
            "id": "truly_user",
            "image_config": [],
            "image_uri": "",
            "invoke_arn": "arn:aws:apigateway:eu-west-1:lambda:path/2015-03-31/functions/arn:aws:lambda:eu-west-1:172619864391:function:truly_user/invocations",
            "kms_key_arn": "",
            "last_modified": "2023-02-16T07:52:21.219+0000",
            "layers": [],
            "memory_size": 512,
            "package_type": "Zip",
            "publish": false,
            "qualified_arn": "arn:aws:lambda:eu-west-1:172619864391:function:truly_user:$LATEST",
            "reserved_concurrent_executions": -1,
            "role": "arn:aws:iam::172619864391:role/terraform-20230216075145696200000001",
            "runtime": "provided.al2",
            "s3_bucket": null,
            "s3_key": null,
            "s3_object_version": null,
            "signing_job_arn": "",
            "signing_profile_version_arn": "",
            "source_code_hash": "rU8EYaqYryv6LPrMPv0343HE6Xd2TAgtDK/Mnsyujno=",
            "source_code_size": 5696229,
            "tags": {
              "project": "truly",
              "service": "user"
            },
            "tags_all": {
              "project": "truly",
              "service": "user"
            },
            "timeout": 60,
            "timeouts": null,
            "tracing_config": [
              {
                "mode": "Active"
              }
            ],
            "version": "$LATEST",
            "vpc_config": []
          },
          "sensitive_attributes": [],
          "private": "eyJlMmJmYjczMC1lY2FhLTExZTYtOGY4OC0zNDM2M2JjN2M0YzAiOnsiY3JlYXRlIjo2MDAwMDAwMDAwMDB9fQ==",
          "dependencies": [
            "aws_iam_policy.truly_lambda_SECRETSMAN_policy",
            "aws_iam_policy.truly_lambda_XRAY_policy",
            "aws_iam_policy.truly_lambda_dynamodb_policy",
            "aws_iam_policy.truly_lambda_logging_policy",
            "aws_iam_role.truly_lambda_execution_role",
            "aws_iam_role_policy_attachment.truly_lambda_SECRETSMAN",
            "aws_iam_role_policy_attachment.truly_lambda_XRAY",
            "aws_iam_role_policy_attachment.truly_lambda_dynamodb",
            "aws_iam_role_policy_attachment.truly_lambda_logs",
            "module.lambda_user.aws_cloudwatch_log_group.truly_lambda_user_cloudwatch"
          ],
          "create_before_destroy": true
        }
      ]
    }
  ],
  "check_results": null
}
