{
  "version": 4,
  "terraform_version": "1.5.3",
  "serial": 1105,
  "lineage": "75d03d99-386a-b61f-52fd-8a207633779f",
  "outputs": {
    "api_domain_name": {
      "value": "eu-staging.truly.video",
      "type": "string"
    },
    "api_gateway_url_localstack_1": {
      "value": "http://localhost:4566/restapis/s7ls44idnk/v1/_user_request_/\u003cpath\u003e",
      "type": "string"
    },
    "api_gateway_url_localstack_2": {
      "value": "http://s7ls44idnk.execute-api.localhost.localstack.cloud:4566/v1/\u003cpath\u003e",
      "type": "string"
    },
    "video_in_topic": {
      "value": "arn:aws:sns:eu-west-1:172619864391:video_in_topic",
      "type": "string"
    },
    "video_out_topic": {
      "value": "arn:aws:sns:eu-west-1:172619864391:video_out_topic",
      "type": "string"
    }
  },
  "resources": [
    {
      "mode": "data",
      "type": "aws_route53_zone",
      "name": "selected",
      "provider": "provider[\"registry.terraform.io/hashicorp/aws\"]",
      "instances": [
        {
          "schema_version": 0,
          "attributes": {
            "arn": "arn:aws:route53:::hostedzone/Z07710191JBEMS0WHKVOJ",
            "caller_reference": "RISWorkflow-RD:9cacafc4-4f64-4d27-8b95-eb4958c5d626",
            "comment": "HostedZone created by Route53 Registrar",
            "id": "Z07710191JBEMS0WHKVOJ",
            "linked_service_description": null,
            "linked_service_principal": null,
            "name": "truly.video",
            "name_servers": [
              "ns-234.awsdns-29.com",
              "ns-1675.awsdns-17.co.uk",
              "ns-792.awsdns-35.net",
              "ns-1204.awsdns-22.org"
            ],
            "primary_name_server": "ns-234.awsdns-29.com",
            "private_zone": false,
            "resource_record_set_count": 5,
            "tags": {},
            "vpc_id": null,
            "zone_id": "Z07710191JBEMS0WHKVOJ"
          },
          "sensitive_attributes": []
        }
      ]
    },
    {
      "mode": "data",
      "type": "aws_route53_zone",
      "name": "truly_zone",
      "provider": "provider[\"registry.terraform.io/hashicorp/aws\"]",
      "instances": [
        {
          "schema_version": 0,
          "attributes": {
            "arn": "arn:aws:route53:::hostedzone/Z07710191JBEMS0WHKVOJ",
            "caller_reference": "RISWorkflow-RD:9cacafc4-4f64-4d27-8b95-eb4958c5d626",
            "comment": "HostedZone created by Route53 Registrar",
            "id": "Z07710191JBEMS0WHKVOJ",
            "linked_service_description": null,
            "linked_service_principal": null,
            "name": "truly.video",
            "name_servers": [
              "ns-234.awsdns-29.com",
              "ns-1675.awsdns-17.co.uk",
              "ns-792.awsdns-35.net",
              "ns-1204.awsdns-22.org"
            ],
            "primary_name_server": "ns-234.awsdns-29.com",
            "private_zone": false,
            "resource_record_set_count": 5,
            "tags": {},
            "vpc_id": null,
            "zone_id": "Z07710191JBEMS0WHKVOJ"
          },
          "sensitive_attributes": []
        }
      ]
    },
    {
      "mode": "managed",
      "type": "aws_acm_certificate",
      "name": "cert",
      "provider": "provider[\"registry.terraform.io/hashicorp/aws\"]",
      "instances": [
        {
          "schema_version": 0,
          "attributes": {
            "arn": "arn:aws:acm:eu-west-1:172619864391:certificate/0d57f3f2-6460-4e0e-bab2-d0b4ad969613",
            "certificate_authority_arn": "",
            "certificate_body": null,
            "certificate_chain": null,
            "domain_name": "*.truly.video",
            "domain_validation_options": [
              {
                "domain_name": "*.truly.video",
                "resource_record_name": "_045d86ecdf317a8b7a84288cfb0f096e.truly.video.",
                "resource_record_type": "CNAME",
                "resource_record_value": "_ec5505e1b1a86a225c6e2efc5f134799.ycvykntjsl.acm-validations.aws."
              }
            ],
            "early_renewal_duration": "",
            "id": "arn:aws:acm:eu-west-1:172619864391:certificate/0d57f3f2-6460-4e0e-bab2-d0b4ad969613",
            "key_algorithm": "RSA_2048",
            "not_after": "",
            "not_before": "",
            "options": [
              {
                "certificate_transparency_logging_preference": "ENABLED"
              }
            ],
            "pending_renewal": false,
            "private_key": null,
            "renewal_eligibility": "INELIGIBLE",
            "renewal_summary": [],
            "status": "PENDING_VALIDATION",
            "subject_alternative_names": [
              "*.truly.video"
            ],
            "tags": null,
            "tags_all": {},
            "type": "AMAZON_ISSUED",
            "validation_emails": [],
            "validation_method": "DNS",
            "validation_option": []
          },
          "sensitive_attributes": [],
          "private": "bnVsbA=="
        }
      ]
    },
    {
      "mode": "managed",
      "type": "aws_acm_certificate_validation",
      "name": "cert",
      "provider": "provider[\"registry.terraform.io/hashicorp/aws\"]",
      "instances": [
        {
          "schema_version": 0,
          "attributes": {
            "certificate_arn": "arn:aws:acm:eu-west-1:172619864391:certificate/0d57f3f2-6460-4e0e-bab2-d0b4ad969613",
            "id": "0001-01-01 00:00:00 +0000 UTC",
            "timeouts": null,
            "validation_record_fqdns": [
              "_045d86ecdf317a8b7a84288cfb0f096e.truly.video."
            ]
          },
          "sensitive_attributes": [],
          "private": "eyJlMmJmYjczMC1lY2FhLTExZTYtOGY4OC0zNDM2M2JjN2M0YzAiOnsiY3JlYXRlIjo0NTAwMDAwMDAwMDAwfX0=",
          "dependencies": [
            "aws_acm_certificate.cert"
          ]
        }
      ]
    },
    {
      "mode": "managed",
      "type": "aws_apigatewayv2_api",
      "name": "truly_api",
      "provider": "provider[\"registry.terraform.io/hashicorp/aws\"]",
      "instances": [
        {
          "schema_version": 0,
          "attributes": {
            "api_endpoint": "https://s7ls44idnk.execute-api.eu-west-1.amazonaws.com",
            "api_key_selection_expression": "$request.header.x-api-key",
            "arn": "arn:aws:apigateway:eu-west-1::/apis/s7ls44idnk",
            "body": null,
            "cors_configuration": [
              {
                "allow_credentials": false,
                "allow_headers": [
                  "content-type"
                ],
                "allow_methods": [
                  "DELETE",
                  "GET",
                  "POST",
                  "PUT"
                ],
                "allow_origins": [
                  "*"
                ],
                "expose_headers": null,
                "max_age": 300
              }
            ],
            "credentials_arn": null,
            "description": "Truly API",
            "disable_execute_api_endpoint": false,
            "execution_arn": "arn:aws:execute-api:eu-west-1:172619864391:s7ls44idnk",
            "fail_on_warnings": null,
            "id": "s7ls44idnk",
            "name": "Truly API",
            "protocol_type": "HTTP",
            "route_key": null,
            "route_selection_expression": "$request.method $request.path",
            "tags": {
              "environment": "stage",
              "project": "truly",
              "service": "api"
            },
            "tags_all": {
              "environment": "stage",
              "project": "truly",
              "service": "api"
            },
            "target": null,
            "version": ""
          },
          "sensitive_attributes": [],
          "private": "bnVsbA=="
        }
      ]
    },
    {
      "mode": "managed",
      "type": "aws_apigatewayv2_api_mapping",
      "name": "map_dns_agigateway",
      "provider": "provider[\"registry.terraform.io/hashicorp/aws\"]",
      "instances": []
    },
    {
      "mode": "managed",
      "type": "aws_apigatewayv2_deployment",
      "name": "truly_api_deployment",
      "provider": "provider[\"registry.terraform.io/hashicorp/aws\"]",
      "instances": []
    },
    {
      "mode": "managed",
      "type": "aws_apigatewayv2_domain_name",
      "name": "truly_api_domain_name",
      "provider": "provider[\"registry.terraform.io/hashicorp/aws\"]",
      "instances": [
        {
          "schema_version": 0,
          "attributes": {
            "api_mapping_selection_expression": "$request.basepath",
            "arn": "arn:aws:apigateway:eu-west-1::/domainnames/eu-staging.truly.video",
            "domain_name": "eu-staging.truly.video",
            "domain_name_configuration": [
              {
                "certificate_arn": "arn:aws:acm:eu-west-1:172619864391:certificate/0d57f3f2-6460-4e0e-bab2-d0b4ad969613",
                "endpoint_type": "REGIONAL",
                "hosted_zone_id": "ZLY8HYME6SFDD",
                "ownership_verification_certificate_arn": "",
                "security_policy": "TLS_1_2",
                "target_domain_name": "d-eohsswhk16.execute-api.eu-west-1.amazonaws.com"
              }
            ],
            "id": "eu-staging.truly.video",
            "mutual_tls_authentication": [],
            "tags": {
              "environment": "stage",
              "project": "truly",
              "service": "api"
            },
            "tags_all": {
              "environment": "stage",
              "project": "truly",
              "service": "api"
            },
            "timeouts": null
          },
          "sensitive_attributes": [],
          "private": "eyJlMmJmYjczMC1lY2FhLTExZTYtOGY4OC0zNDM2M2JjN2M0YzAiOnsiY3JlYXRlIjo2MDAwMDAwMDAwMDAsInVwZGF0ZSI6MzYwMDAwMDAwMDAwMH19",
          "dependencies": [
            "aws_acm_certificate.cert",
            "aws_acm_certificate_validation.cert"
          ]
        }
      ]
    },
    {
      "mode": "managed",
      "type": "aws_apigatewayv2_integration",
      "name": "truly_admin_integration",
      "provider": "provider[\"registry.terraform.io/hashicorp/aws\"]",
      "instances": []
    },
    {
      "mode": "managed",
      "type": "aws_apigatewayv2_integration",
      "name": "truly_licenses_integration",
      "provider": "provider[\"registry.terraform.io/hashicorp/aws\"]",
      "instances": []
    },
    {
      "mode": "managed",
      "type": "aws_apigatewayv2_integration",
      "name": "truly_login_integration",
      "provider": "provider[\"registry.terraform.io/hashicorp/aws\"]",
      "instances": []
    },
    {
      "mode": "managed",
      "type": "aws_apigatewayv2_integration",
      "name": "truly_user_integration",
      "provider": "provider[\"registry.terraform.io/hashicorp/aws\"]",
      "instances": []
    },
    {
      "mode": "managed",
      "type": "aws_apigatewayv2_route",
      "name": "truly_admin_route",
      "provider": "provider[\"registry.terraform.io/hashicorp/aws\"]",
      "instances": []
    },
    {
      "mode": "managed",
      "type": "aws_apigatewayv2_route",
      "name": "truly_licenses_route_asset",
      "provider": "provider[\"registry.terraform.io/hashicorp/aws\"]",
      "instances": []
    },
    {
      "mode": "managed",
      "type": "aws_apigatewayv2_route",
      "name": "truly_licenses_route_asset_by_id",
      "provider": "provider[\"registry.terraform.io/hashicorp/aws\"]",
      "instances": []
    },
    {
      "mode": "managed",
      "type": "aws_apigatewayv2_route",
      "name": "truly_licenses_route_asset_by_shorter",
      "provider": "provider[\"registry.terraform.io/hashicorp/aws\"]",
      "instances": []
    },
    {
      "mode": "managed",
      "type": "aws_apigatewayv2_route",
      "name": "truly_licenses_route_asset_by_shorter_id",
      "provider": "provider[\"registry.terraform.io/hashicorp/aws\"]",
      "instances": []
    },
    {
      "mode": "managed",
      "type": "aws_apigatewayv2_route",
      "name": "truly_licenses_route_license",
      "provider": "provider[\"registry.terraform.io/hashicorp/aws\"]",
      "instances": []
    },
    {
      "mode": "managed",
      "type": "aws_apigatewayv2_route",
      "name": "truly_licenses_route_license_id",
      "provider": "provider[\"registry.terraform.io/hashicorp/aws\"]",
      "instances": []
    },
    {
      "mode": "managed",
      "type": "aws_apigatewayv2_route",
      "name": "truly_login_route",
      "provider": "provider[\"registry.terraform.io/hashicorp/aws\"]",
      "instances": []
    },
    {
      "mode": "managed",
      "type": "aws_apigatewayv2_route",
      "name": "truly_user_route",
      "provider": "provider[\"registry.terraform.io/hashicorp/aws\"]",
      "instances": []
    },
    {
      "mode": "managed",
      "type": "aws_apigatewayv2_route",
      "name": "truly_user_route_by_id",
      "provider": "provider[\"registry.terraform.io/hashicorp/aws\"]",
      "instances": []
    },
    {
      "mode": "managed",
      "type": "aws_apigatewayv2_stage",
      "name": "default_stage",
      "provider": "provider[\"registry.terraform.io/hashicorp/aws\"]",
      "instances": []
    },
    {
      "mode": "managed",
      "type": "aws_apigatewayv2_stage",
      "name": "truly_stage",
      "provider": "provider[\"registry.terraform.io/hashicorp/aws\"]",
      "instances": []
    },
    {
      "mode": "managed",
      "type": "aws_cloudwatch_metric_alarm",
      "name": "after_video_queue_deadletter_alarm",
      "provider": "provider[\"registry.terraform.io/hashicorp/aws\"]",
      "instances": [
        {
          "schema_version": 1,
          "attributes": {
            "actions_enabled": true,
            "alarm_actions": [
              "arn:aws:sns:eu-west-1:172619864391:after_video_dead_letter_topic_eu_v1"
            ],
            "alarm_description": "This metric monitors after_video dead letter queue",
            "alarm_name": "after_video_queue_deadletter_eu_v1",
            "arn": "arn:aws:cloudwatch:eu-west-1:172619864391:alarm:after_video_queue_deadletter_eu_v1",
            "comparison_operator": "GreaterThanThreshold",
            "datapoints_to_alarm": 0,
            "dimensions": null,
            "evaluate_low_sample_count_percentiles": "",
            "evaluation_periods": 1,
            "extended_statistic": "",
            "id": "after_video_queue_deadletter_eu_v1",
            "insufficient_data_actions": null,
            "metric_name": "ApproximateNumberOfMessagesVisible",
            "metric_query": [],
            "namespace": "AWS/SQS",
            "ok_actions": null,
            "period": 60,
            "statistic": "Sum",
            "tags": null,
            "tags_all": {},
            "threshold": 0,
            "threshold_metric_id": "",
            "treat_missing_data": "missing",
            "unit": ""
          },
          "sensitive_attributes": [],
          "private": "eyJzY2hlbWFfdmVyc2lvbiI6IjEifQ==",
          "dependencies": [
            "aws_sns_topic.after_video_dead_letter_topic"
          ]
        }
      ]
    },
    {
      "mode": "managed",
      "type": "aws_cloudwatch_metric_alarm",
      "name": "minting_fails_after_max_retries_alarm",
      "provider": "provider[\"registry.terraform.io/hashicorp/aws\"]",
      "instances": [
        {
          "schema_version": 1,
          "attributes": {
            "actions_enabled": true,
            "alarm_actions": null,
            "alarm_description": "This metric monitors minting retries failed",
            "alarm_name": "minting_fails_after_max_retries_eu_v1",
            "arn": "arn:aws:cloudwatch:eu-west-1:172619864391:alarm:minting_fails_after_max_retries_eu_v1",
            "comparison_operator": "GreaterThanThreshold",
            "datapoints_to_alarm": 0,
            "dimensions": null,
            "evaluate_low_sample_count_percentiles": "",
            "evaluation_periods": 1,
            "extended_statistic": "",
            "id": "minting_fails_after_max_retries_eu_v1",
            "insufficient_data_actions": null,
            "metric_name": "ApproximateNumberOfMessagesVisible",
            "metric_query": [],
            "namespace": "AWS/SNS",
            "ok_actions": null,
            "period": 60,
            "statistic": "Sum",
            "tags": null,
            "tags_all": {},
            "threshold": 0,
            "threshold_metric_id": "",
            "treat_missing_data": "missing",
            "unit": ""
          },
          "sensitive_attributes": [],
          "private": "eyJzY2hlbWFfdmVyc2lvbiI6IjEifQ=="
        }
      ]
    },
    {
      "mode": "managed",
      "type": "aws_cloudwatch_metric_alarm",
      "name": "minting_queue_deadletter_alarm",
      "provider": "provider[\"registry.terraform.io/hashicorp/aws\"]",
      "instances": [
        {
          "schema_version": 1,
          "attributes": {
            "actions_enabled": true,
            "alarm_actions": [
              "arn:aws:sns:eu-west-1:172619864391:minting_dead_letter_topic_eu_v1"
            ],
            "alarm_description": "This metric monitors minting dead letter queue",
            "alarm_name": "minting_queue_deadletter_eu_v1",
            "arn": "arn:aws:cloudwatch:eu-west-1:172619864391:alarm:minting_queue_deadletter_eu_v1",
            "comparison_operator": "GreaterThanThreshold",
            "datapoints_to_alarm": 0,
            "dimensions": null,
            "evaluate_low_sample_count_percentiles": "",
            "evaluation_periods": 1,
            "extended_statistic": "",
            "id": "minting_queue_deadletter_eu_v1",
            "insufficient_data_actions": null,
            "metric_name": "ApproximateNumberOfMessagesVisible",
            "metric_query": [],
            "namespace": "AWS/SQS",
            "ok_actions": null,
            "period": 60,
            "statistic": "Sum",
            "tags": null,
            "tags_all": {},
            "threshold": 0,
            "threshold_metric_id": "",
            "treat_missing_data": "missing",
            "unit": ""
          },
          "sensitive_attributes": [],
          "private": "eyJzY2hlbWFfdmVyc2lvbiI6IjEifQ==",
          "dependencies": [
            "aws_sns_topic.minting_dead_letter_topic"
          ]
        }
      ]
    },
    {
      "mode": "managed",
      "type": "aws_iam_policy",
      "name": "truly_lambda_KMS_policy",
      "provider": "provider[\"registry.terraform.io/hashicorp/aws\"]",
      "instances": [
        {
          "schema_version": 0,
          "attributes": {
            "arn": "arn:aws:iam::172619864391:policy/truly_lambda_KMS_policy-eu",
            "description": "IAM policy for KMS from a lambda within truly api",
            "id": "arn:aws:iam::172619864391:policy/truly_lambda_KMS_policy-eu",
            "name": "truly_lambda_KMS_policy-eu",
            "name_prefix": "",
            "path": "/",
            "policy": "{\"Statement\":[{\"Action\":[\"kms:Encrypt\",\"kms:Decrypt\"],\"Effect\":\"Allow\",\"Resource\":\"arn:aws:kms:*:*:key/*\"}],\"Version\":\"2012-10-17\"}",
            "policy_id": "ANPASQMHSDFDS5B3RBXRW",
            "tags": null,
            "tags_all": {}
          },
          "sensitive_attributes": [],
          "private": "bnVsbA=="
        }
      ]
    },
    {
      "mode": "managed",
      "type": "aws_iam_policy",
      "name": "truly_lambda_QLDB_policy",
      "provider": "provider[\"registry.terraform.io/hashicorp/aws\"]",
      "instances": [
        {
          "schema_version": 0,
          "attributes": {
            "arn": "arn:aws:iam::172619864391:policy/truly_lambda_QLDB_policy-eu",
            "description": "IAM policy for QLDB from a lambda within truly api",
            "id": "arn:aws:iam::172619864391:policy/truly_lambda_QLDB_policy-eu",
            "name": "truly_lambda_QLDB_policy-eu",
            "name_prefix": "",
            "path": "/",
            "policy": "{\"Statement\":[{\"Action\":[\"qldb:PartiQLInsert\",\"qldb:PartiQLUpdate\",\"qldb:PartiQLSelect\",\"qldb:PartiQLHistoryFunction\",\"qldb:SendCommand\"],\"Effect\":\"Allow\",\"Resource\":\"arn:aws:qldb:::*\"}],\"Version\":\"2012-10-17\"}",
            "policy_id": "ANPASQMHSDFDUR3GTIO6X",
            "tags": null,
            "tags_all": {}
          },
          "sensitive_attributes": [],
          "private": "bnVsbA=="
        }
      ]
    },
    {
      "mode": "managed",
      "type": "aws_iam_policy",
      "name": "truly_lambda_S3_policy",
      "provider": "provider[\"registry.terraform.io/hashicorp/aws\"]",
      "instances": [
        {
          "schema_version": 0,
          "attributes": {
            "arn": "arn:aws:iam::172619864391:policy/truly_lambda_S3_policy-eu",
            "description": "IAM policy for S3 from a lambda within truly api",
            "id": "arn:aws:iam::172619864391:policy/truly_lambda_S3_policy-eu",
            "name": "truly_lambda_S3_policy-eu",
            "name_prefix": "",
            "path": "/",
            "policy": "{\"Statement\":[{\"Action\":[\"s3:*\"],\"Effect\":\"Allow\",\"Resource\":\"arn:aws:s3:::*\"}],\"Version\":\"2012-10-17\"}",
            "policy_id": "ANPASQMHSDFD7T26KYMNL",
            "tags": null,
            "tags_all": {}
          },
          "sensitive_attributes": [],
          "private": "bnVsbA=="
        }
      ]
    },
    {
      "mode": "managed",
      "type": "aws_iam_policy",
      "name": "truly_lambda_SECRETSMAN_policy",
      "provider": "provider[\"registry.terraform.io/hashicorp/aws\"]",
      "instances": [
        {
          "schema_version": 0,
          "attributes": {
            "arn": "arn:aws:iam::172619864391:policy/truly_lambda_SECRETSMAN_policy-eu",
            "description": "IAM policy for Secrets Manager from a lambda within truly api",
            "id": "arn:aws:iam::172619864391:policy/truly_lambda_SECRETSMAN_policy-eu",
            "name": "truly_lambda_SECRETSMAN_policy-eu",
            "name_prefix": "",
            "path": "/",
            "policy": "{\"Statement\":[{\"Action\":[\"secretsmanager:GetResourcePolicy\",\"secretsmanager:GetSecretValue\",\"secretsmanager:DescribeSecret\",\"secretsmanager:ListSecretVersionIds\"],\"Effect\":\"Allow\",\"Resource\":[\"arn:aws:secretsmanager:*:*:secret:*\"]},{\"Action\":\"secretsmanager:ListSecrets\",\"Effect\":\"Allow\",\"Resource\":\"*\"}],\"Version\":\"2012-10-17\"}",
            "policy_id": "ANPASQMHSDFDZZMIUN6M4",
            "tags": null,
            "tags_all": {}
          },
          "sensitive_attributes": [],
          "private": "bnVsbA=="
        }
      ]
    },
    {
      "mode": "managed",
      "type": "aws_iam_policy",
      "name": "truly_lambda_SNS_policy",
      "provider": "provider[\"registry.terraform.io/hashicorp/aws\"]",
      "instances": [
        {
          "schema_version": 0,
          "attributes": {
            "arn": "arn:aws:iam::172619864391:policy/truly_lambda_SNS_policy-eu",
            "description": "IAM policy for SNS from a lambda within truly api",
            "id": "arn:aws:iam::172619864391:policy/truly_lambda_SNS_policy-eu",
            "name": "truly_lambda_SNS_policy-eu",
            "name_prefix": "",
            "path": "/",
            "policy": "{\"Statement\":[{\"Action\":[\"SNS:Publish\"],\"Effect\":\"Allow\",\"Resource\":\"arn:aws:sns:*:*:*\"}],\"Version\":\"2012-10-17\"}",
            "policy_id": "ANPASQMHSDFDZ3HRCJJIZ",
            "tags": null,
            "tags_all": {}
          },
          "sensitive_attributes": [],
          "private": "bnVsbA=="
        }
      ]
    },
    {
      "mode": "managed",
      "type": "aws_iam_policy",
      "name": "truly_lambda_SQS_policy",
      "provider": "provider[\"registry.terraform.io/hashicorp/aws\"]",
      "instances": [
        {
          "schema_version": 0,
          "attributes": {
            "arn": "arn:aws:iam::172619864391:policy/truly_lambda_SQS_policy-eu",
            "description": "IAM policy for SQS from a lambda within truly api",
            "id": "arn:aws:iam::172619864391:policy/truly_lambda_SQS_policy-eu",
            "name": "truly_lambda_SQS_policy-eu",
            "name_prefix": "",
            "path": "/",
            "policy": "{\"Statement\":[{\"Action\":[\"sqs:*\"],\"Effect\":\"Allow\",\"Resource\":\"arn:aws:sqs:*:*:*\"}],\"Version\":\"2012-10-17\"}",
            "policy_id": "ANPASQMHSDFDWL5GFSZFU",
            "tags": null,
            "tags_all": {}
          },
          "sensitive_attributes": [],
          "private": "bnVsbA=="
        }
      ]
    },
    {
      "mode": "managed",
      "type": "aws_iam_policy",
      "name": "truly_lambda_XRAY_policy",
      "provider": "provider[\"registry.terraform.io/hashicorp/aws\"]",
      "instances": [
        {
          "schema_version": 0,
          "attributes": {
            "arn": "arn:aws:iam::172619864391:policy/truly_lambda_XRAY_policy-eu",
            "description": "IAM policy for XRAY from a lambda within truly api",
            "id": "arn:aws:iam::172619864391:policy/truly_lambda_XRAY_policy-eu",
            "name": "truly_lambda_XRAY_policy-eu",
            "name_prefix": "",
            "path": "/",
            "policy": "{\"Statement\":[{\"Action\":[\"xray:PutTraceSegments\",\"xray:PutTelemetryRecords\",\"xray:GetSamplingRules\",\"xray:GetSamplingTargets\",\"xray:GetSamplingStatisticSummaries\"],\"Effect\":\"Allow\",\"Resource\":[\"*\"]}],\"Version\":\"2012-10-17\"}",
            "policy_id": "ANPASQMHSDFD56F3QHP4I",
            "tags": null,
            "tags_all": {}
          },
          "sensitive_attributes": [],
          "private": "bnVsbA=="
        }
      ]
    },
    {
      "mode": "managed",
      "type": "aws_iam_policy",
      "name": "truly_lambda_dynamodb_policy",
      "provider": "provider[\"registry.terraform.io/hashicorp/aws\"]",
      "instances": [
        {
          "schema_version": 0,
          "attributes": {
            "arn": "arn:aws:iam::172619864391:policy/truly_lambda_dynamodb_policy-eu",
            "description": "IAM policy for Dynamodb from a lambda within truly api",
            "id": "arn:aws:iam::172619864391:policy/truly_lambda_dynamodb_policy-eu",
            "name": "truly_lambda_dynamodb_policy-eu",
            "name_prefix": "",
            "path": "/",
            "policy": "{\"Statement\":[{\"Action\":[\"dynamodb:BatchGetItem\",\"dynamodb:GetItem\",\"dynamodb:Query\",\"dynamodb:Scan\",\"dynamodb:BatchWriteItem\",\"dynamodb:PutItem\",\"dynamodb:UpdateItem\",\"dynamodb:CreateTable\",\"dynamodb:DescribeTable\",\"dynamodb:CreateGlobalTable\",\"dynamodb:UpdateGlobalTable\"],\"Effect\":\"Allow\",\"Resource\":\"arn:aws:dynamodb:*:*:*\"}],\"Version\":\"2012-10-17\"}",
            "policy_id": "ANPASQMHSDFD7OOFGEX65",
            "tags": null,
            "tags_all": {}
          },
          "sensitive_attributes": [],
          "private": "bnVsbA=="
        }
      ]
    },
    {
      "mode": "managed",
      "type": "aws_iam_policy",
      "name": "truly_lambda_logging_policy",
      "provider": "provider[\"registry.terraform.io/hashicorp/aws\"]",
      "instances": [
        {
          "schema_version": 0,
          "attributes": {
            "arn": "arn:aws:iam::172619864391:policy/truly_lambda_logging_policy-eu",
            "description": "IAM policy for logging from a lambda running within truly api",
            "id": "arn:aws:iam::172619864391:policy/truly_lambda_logging_policy-eu",
            "name": "truly_lambda_logging_policy-eu",
            "name_prefix": "",
            "path": "/",
            "policy": "{\"Statement\":[{\"Action\":[\"logs:CreateLogGroup\",\"logs:CreateLogStream\",\"logs:PutLogEvents\"],\"Effect\":\"Allow\",\"Resource\":\"arn:aws:logs:*:*:*\"}],\"Version\":\"2012-10-17\"}",
            "policy_id": "ANPASQMHSDFDV2W6GPQYF",
            "tags": {
              "environment": "stage",
              "project": "truly",
              "service": "api"
            },
            "tags_all": {
              "environment": "stage",
              "project": "truly",
              "service": "api"
            }
          },
          "sensitive_attributes": [],
          "private": "bnVsbA=="
        }
      ]
    },
    {
      "mode": "managed",
      "type": "aws_iam_role",
      "name": "truly_lambda_execution_role",
      "provider": "provider[\"registry.terraform.io/hashicorp/aws\"]",
      "instances": [
        {
          "schema_version": 0,
          "attributes": {
            "arn": "arn:aws:iam::172619864391:role/truly_lambda_exec_role-eu",
            "assume_role_policy": "{\"Statement\":[{\"Action\":\"sts:AssumeRole\",\"Effect\":\"Allow\",\"Principal\":{\"Service\":\"lambda.amazonaws.com\"},\"Sid\":\"\"}],\"Version\":\"2012-10-17\"}",
            "create_date": "2023-07-19T14:04:14Z",
            "description": "",
            "force_detach_policies": false,
            "id": "truly_lambda_exec_role-eu",
            "inline_policy": [],
            "managed_policy_arns": [],
            "max_session_duration": 3600,
            "name": "truly_lambda_exec_role-eu",
            "name_prefix": "",
            "path": "/",
            "permissions_boundary": null,
            "tags": {
              "environment": "stage",
              "project": "truly",
              "service": "api"
            },
            "tags_all": {
              "environment": "stage",
              "project": "truly",
              "service": "api"
            },
            "unique_id": "AROASQMHSDFD7XD5OW4CH"
          },
          "sensitive_attributes": [],
          "private": "bnVsbA=="
        }
      ]
    },
    {
      "mode": "managed",
      "type": "aws_iam_role_policy_attachment",
      "name": "truly_lambda_KMS",
      "provider": "provider[\"registry.terraform.io/hashicorp/aws\"]",
      "instances": [
        {
          "schema_version": 0,
          "attributes": {
            "id": "truly_lambda_exec_role-eu-20230719140416375500000003",
            "policy_arn": "arn:aws:iam::172619864391:policy/truly_lambda_KMS_policy-eu",
            "role": "truly_lambda_exec_role-eu"
          },
          "sensitive_attributes": [],
          "private": "bnVsbA==",
          "dependencies": [
            "aws_iam_policy.truly_lambda_KMS_policy",
            "aws_iam_role.truly_lambda_execution_role"
          ]
        }
      ]
    },
    {
      "mode": "managed",
      "type": "aws_iam_role_policy_attachment",
      "name": "truly_lambda_QLDB",
      "provider": "provider[\"registry.terraform.io/hashicorp/aws\"]",
      "instances": [
        {
          "schema_version": 0,
          "attributes": {
            "id": "truly_lambda_exec_role-eu-20230719140416425800000005",
            "policy_arn": "arn:aws:iam::172619864391:policy/truly_lambda_QLDB_policy-eu",
            "role": "truly_lambda_exec_role-eu"
          },
          "sensitive_attributes": [],
          "private": "bnVsbA==",
          "dependencies": [
            "aws_iam_policy.truly_lambda_QLDB_policy",
            "aws_iam_role.truly_lambda_execution_role"
          ]
        }
      ]
    },
    {
      "mode": "managed",
      "type": "aws_iam_role_policy_attachment",
      "name": "truly_lambda_S3",
      "provider": "provider[\"registry.terraform.io/hashicorp/aws\"]",
      "instances": [
        {
          "schema_version": 0,
          "attributes": {
            "id": "truly_lambda_exec_role-eu-2023071914041699740000000b",
            "policy_arn": "arn:aws:iam::172619864391:policy/truly_lambda_S3_policy-eu",
            "role": "truly_lambda_exec_role-eu"
          },
          "sensitive_attributes": [],
          "private": "bnVsbA==",
          "dependencies": [
            "aws_iam_policy.truly_lambda_S3_policy",
            "aws_iam_role.truly_lambda_execution_role"
          ]
        }
      ]
    },
    {
      "mode": "managed",
      "type": "aws_iam_role_policy_attachment",
      "name": "truly_lambda_SECRETSMAN",
      "provider": "provider[\"registry.terraform.io/hashicorp/aws\"]",
      "instances": [
        {
          "schema_version": 0,
          "attributes": {
            "id": "truly_lambda_exec_role-eu-20230719140416860000000009",
            "policy_arn": "arn:aws:iam::172619864391:policy/truly_lambda_SECRETSMAN_policy-eu",
            "role": "truly_lambda_exec_role-eu"
          },
          "sensitive_attributes": [],
          "private": "bnVsbA==",
          "dependencies": [
            "aws_iam_policy.truly_lambda_SECRETSMAN_policy",
            "aws_iam_role.truly_lambda_execution_role"
          ]
        }
      ]
    },
    {
      "mode": "managed",
      "type": "aws_iam_role_policy_attachment",
      "name": "truly_lambda_SNS",
      "provider": "provider[\"registry.terraform.io/hashicorp/aws\"]",
      "instances": [
        {
          "schema_version": 0,
          "attributes": {
            "id": "truly_lambda_exec_role-eu-20230719140416375700000004",
            "policy_arn": "arn:aws:iam::172619864391:policy/truly_lambda_SNS_policy-eu",
            "role": "truly_lambda_exec_role-eu"
          },
          "sensitive_attributes": [],
          "private": "bnVsbA==",
          "dependencies": [
            "aws_iam_policy.truly_lambda_SNS_policy",
            "aws_iam_role.truly_lambda_execution_role"
          ]
        }
      ]
    },
    {
      "mode": "managed",
      "type": "aws_iam_role_policy_attachment",
      "name": "truly_lambda_SQS",
      "provider": "provider[\"registry.terraform.io/hashicorp/aws\"]",
      "instances": [
        {
          "schema_version": 0,
          "attributes": {
            "id": "truly_lambda_exec_role-eu-2023071914041689160000000a",
            "policy_arn": "arn:aws:iam::172619864391:policy/truly_lambda_SQS_policy-eu",
            "role": "truly_lambda_exec_role-eu"
          },
          "sensitive_attributes": [],
          "private": "bnVsbA==",
          "dependencies": [
            "aws_iam_policy.truly_lambda_SQS_policy",
            "aws_iam_role.truly_lambda_execution_role"
          ]
        }
      ]
    },
    {
      "mode": "managed",
      "type": "aws_iam_role_policy_attachment",
      "name": "truly_lambda_XRAY",
      "provider": "provider[\"registry.terraform.io/hashicorp/aws\"]",
      "instances": [
        {
          "schema_version": 0,
          "attributes": {
            "id": "truly_lambda_exec_role-eu-20230719140416574000000008",
            "policy_arn": "arn:aws:iam::172619864391:policy/truly_lambda_XRAY_policy-eu",
            "role": "truly_lambda_exec_role-eu"
          },
          "sensitive_attributes": [],
          "private": "bnVsbA==",
          "dependencies": [
            "aws_iam_policy.truly_lambda_XRAY_policy",
            "aws_iam_role.truly_lambda_execution_role"
          ]
        }
      ]
    },
    {
      "mode": "managed",
      "type": "aws_iam_role_policy_attachment",
      "name": "truly_lambda_dynamodb",
      "provider": "provider[\"registry.terraform.io/hashicorp/aws\"]",
      "instances": [
        {
          "schema_version": 0,
          "attributes": {
            "id": "truly_lambda_exec_role-eu-20230719140416542000000007",
            "policy_arn": "arn:aws:iam::172619864391:policy/truly_lambda_dynamodb_policy-eu",
            "role": "truly_lambda_exec_role-eu"
          },
          "sensitive_attributes": [],
          "private": "bnVsbA==",
          "dependencies": [
            "aws_iam_policy.truly_lambda_dynamodb_policy",
            "aws_iam_role.truly_lambda_execution_role"
          ]
        }
      ]
    },
    {
      "mode": "managed",
      "type": "aws_iam_role_policy_attachment",
      "name": "truly_lambda_execution_policy",
      "provider": "provider[\"registry.terraform.io/hashicorp/aws\"]",
      "instances": [
        {
          "schema_version": 0,
          "attributes": {
            "id": "truly_lambda_exec_role-eu-20230719140416509400000006",
            "policy_arn": "arn:aws:iam::aws:policy/service-role/AWSLambdaBasicExecutionRole",
            "role": "truly_lambda_exec_role-eu"
          },
          "sensitive_attributes": [],
          "private": "bnVsbA==",
          "dependencies": [
            "aws_iam_role.truly_lambda_execution_role"
          ]
        }
      ]
    },
    {
      "mode": "managed",
      "type": "aws_iam_role_policy_attachment",
      "name": "truly_lambda_logs",
      "provider": "provider[\"registry.terraform.io/hashicorp/aws\"]",
      "instances": [
        {
          "schema_version": 0,
          "attributes": {
            "id": "truly_lambda_exec_role-eu-20230719140416352500000002",
            "policy_arn": "arn:aws:iam::172619864391:policy/truly_lambda_logging_policy-eu",
            "role": "truly_lambda_exec_role-eu"
          },
          "sensitive_attributes": [],
          "private": "bnVsbA==",
          "dependencies": [
            "aws_iam_policy.truly_lambda_logging_policy",
            "aws_iam_role.truly_lambda_execution_role"
          ]
        }
      ]
    },
    {
      "mode": "managed",
      "type": "aws_lambda_permission",
      "name": "truly_admin_permission",
      "provider": "provider[\"registry.terraform.io/hashicorp/aws\"]",
      "instances": []
    },
    {
      "mode": "managed",
      "type": "aws_lambda_permission",
      "name": "truly_licenses_permission_asset",
      "provider": "provider[\"registry.terraform.io/hashicorp/aws\"]",
      "instances": []
    },
    {
      "mode": "managed",
      "type": "aws_lambda_permission",
      "name": "truly_licenses_permission_asset_by_id",
      "provider": "provider[\"registry.terraform.io/hashicorp/aws\"]",
      "instances": []
    },
    {
      "mode": "managed",
      "type": "aws_lambda_permission",
      "name": "truly_licenses_permission_asset_by_shorter",
      "provider": "provider[\"registry.terraform.io/hashicorp/aws\"]",
      "instances": []
    },
    {
      "mode": "managed",
      "type": "aws_lambda_permission",
      "name": "truly_licenses_permission_asset_by_shorter_id",
      "provider": "provider[\"registry.terraform.io/hashicorp/aws\"]",
      "instances": []
    },
    {
      "mode": "managed",
      "type": "aws_lambda_permission",
      "name": "truly_licenses_permission_license",
      "provider": "provider[\"registry.terraform.io/hashicorp/aws\"]",
      "instances": []
    },
    {
      "mode": "managed",
      "type": "aws_lambda_permission",
      "name": "truly_licenses_permission_license_id",
      "provider": "provider[\"registry.terraform.io/hashicorp/aws\"]",
      "instances": []
    },
    {
      "mode": "managed",
      "type": "aws_lambda_permission",
      "name": "truly_login_permission",
      "provider": "provider[\"registry.terraform.io/hashicorp/aws\"]",
      "instances": []
    },
    {
      "mode": "managed",
      "type": "aws_lambda_permission",
      "name": "truly_user_permission",
      "provider": "provider[\"registry.terraform.io/hashicorp/aws\"]",
      "instances": []
    },
    {
      "mode": "managed",
      "type": "aws_lambda_permission",
      "name": "truly_user_permission_by_id",
      "provider": "provider[\"registry.terraform.io/hashicorp/aws\"]",
      "instances": []
    },
    {
      "mode": "managed",
      "type": "aws_route53_record",
      "name": "truly_zone_record_A",
      "provider": "provider[\"registry.terraform.io/hashicorp/aws\"]",
      "instances": [
        {
          "schema_version": 2,
          "attributes": {
            "alias": [
              {
                "evaluate_target_health": false,
                "name": "d-eohsswhk16.execute-api.eu-west-1.amazonaws.com",
                "zone_id": "ZLY8HYME6SFDD"
              }
            ],
            "allow_overwrite": null,
            "cidr_routing_policy": [],
            "failover_routing_policy": [],
            "fqdn": "eu-staging.truly.video",
            "geolocation_routing_policy": [],
            "health_check_id": "",
            "id": "Z07710191JBEMS0WHKVOJ_eu-staging.truly.video_A",
            "latency_routing_policy": [],
            "multivalue_answer_routing_policy": false,
            "name": "eu-staging.truly.video",
            "records": null,
            "set_identifier": "",
            "ttl": 0,
            "type": "A",
            "weighted_routing_policy": [],
            "zone_id": "Z07710191JBEMS0WHKVOJ"
          },
          "sensitive_attributes": [],
          "private": "eyJzY2hlbWFfdmVyc2lvbiI6IjIifQ==",
          "dependencies": [
            "aws_acm_certificate.cert",
            "aws_acm_certificate_validation.cert",
            "aws_apigatewayv2_domain_name.truly_api_domain_name",
            "data.aws_route53_zone.truly_zone"
          ]
        }
      ]
    },
    {
      "mode": "managed",
      "type": "aws_route53_record",
      "name": "validation",
      "provider": "provider[\"registry.terraform.io/hashicorp/aws\"]",
      "instances": [
        {
          "index_key": "*.truly.video",
          "schema_version": 2,
          "attributes": {
            "alias": [],
            "allow_overwrite": true,
            "cidr_routing_policy": [],
            "failover_routing_policy": [],
            "fqdn": "_045d86ecdf317a8b7a84288cfb0f096e.truly.video",
            "geolocation_routing_policy": [],
            "health_check_id": "",
            "id": "Z07710191JBEMS0WHKVOJ__045d86ecdf317a8b7a84288cfb0f096e.truly.video._CNAME",
            "latency_routing_policy": [],
            "multivalue_answer_routing_policy": false,
            "name": "_045d86ecdf317a8b7a84288cfb0f096e.truly.video",
            "records": [
              "_ec5505e1b1a86a225c6e2efc5f134799.ycvykntjsl.acm-validations.aws."
            ],
            "set_identifier": "",
            "ttl": 60,
            "type": "CNAME",
            "weighted_routing_policy": [],
            "zone_id": "Z07710191JBEMS0WHKVOJ"
          },
          "sensitive_attributes": [],
          "private": "eyJzY2hlbWFfdmVyc2lvbiI6IjIifQ==",
          "dependencies": [
            "aws_acm_certificate.cert",
            "data.aws_route53_zone.selected"
          ]
        }
      ]
    },
    {
      "mode": "managed",
      "type": "aws_ses_email_identity",
      "name": "email_ses_sender",
      "provider": "provider[\"registry.terraform.io/hashicorp/aws\"]",
      "instances": [
        {
          "schema_version": 0,
          "attributes": {
            "arn": "arn:aws:ses:eu-west-1:172619864391:identity/joanmi@espada.cat",
            "email": "joanmi@espada.cat",
            "id": "joanmi@espada.cat"
          },
          "sensitive_attributes": [],
          "private": "bnVsbA=="
        }
      ]
    },
    {
      "mode": "managed",
      "type": "aws_sns_topic",
      "name": "after_video_dead_letter_topic",
      "provider": "provider[\"registry.terraform.io/hashicorp/aws\"]",
      "instances": [
        {
          "schema_version": 0,
          "attributes": {
            "application_failure_feedback_role_arn": "",
            "application_success_feedback_role_arn": "",
            "application_success_feedback_sample_rate": 0,
            "arn": "arn:aws:sns:eu-west-1:172619864391:after_video_dead_letter_topic_eu_v1",
            "content_based_deduplication": false,
            "delivery_policy": "",
            "display_name": "",
            "fifo_topic": false,
            "firehose_failure_feedback_role_arn": "",
            "firehose_success_feedback_role_arn": "",
            "firehose_success_feedback_sample_rate": 0,
            "http_failure_feedback_role_arn": "",
            "http_success_feedback_role_arn": "",
            "http_success_feedback_sample_rate": 0,
            "id": "arn:aws:sns:eu-west-1:172619864391:after_video_dead_letter_topic_eu_v1",
            "kms_master_key_id": "",
            "lambda_failure_feedback_role_arn": "",
            "lambda_success_feedback_role_arn": "",
            "lambda_success_feedback_sample_rate": 0,
            "name": "after_video_dead_letter_topic_eu_v1",
            "name_prefix": "",
            "owner": "172619864391",
            "policy": "{\"Id\":\"__default_policy_ID\",\"Statement\":[{\"Action\":[\"SNS:GetTopicAttributes\",\"SNS:SetTopicAttributes\",\"SNS:AddPermission\",\"SNS:RemovePermission\",\"SNS:DeleteTopic\",\"SNS:Subscribe\",\"SNS:ListSubscriptionsByTopic\",\"SNS:Publish\"],\"Condition\":{\"StringEquals\":{\"AWS:SourceOwner\":\"172619864391\"}},\"Effect\":\"Allow\",\"Principal\":{\"AWS\":\"*\"},\"Resource\":\"arn:aws:sns:eu-west-1:172619864391:after_video_dead_letter_topic_eu_v1\",\"Sid\":\"__default_statement_ID\"}],\"Version\":\"2008-10-17\"}",
            "signature_version": 0,
            "sqs_failure_feedback_role_arn": "",
            "sqs_success_feedback_role_arn": "",
            "sqs_success_feedback_sample_rate": 0,
            "tags": {
              "environment": "stage",
              "project": "truly",
              "service": "api"
            },
            "tags_all": {
              "environment": "stage",
              "project": "truly",
              "service": "api"
            },
            "tracing_config": ""
          },
          "sensitive_attributes": [],
          "private": "bnVsbA=="
        }
      ]
    },
    {
      "mode": "managed",
      "type": "aws_sns_topic",
      "name": "minting_dead_letter_topic",
      "provider": "provider[\"registry.terraform.io/hashicorp/aws\"]",
      "instances": [
        {
          "schema_version": 0,
          "attributes": {
            "application_failure_feedback_role_arn": "",
            "application_success_feedback_role_arn": "",
            "application_success_feedback_sample_rate": 0,
            "arn": "arn:aws:sns:eu-west-1:172619864391:minting_dead_letter_topic_eu_v1",
            "content_based_deduplication": false,
            "delivery_policy": "",
            "display_name": "",
            "fifo_topic": false,
            "firehose_failure_feedback_role_arn": "",
            "firehose_success_feedback_role_arn": "",
            "firehose_success_feedback_sample_rate": 0,
            "http_failure_feedback_role_arn": "",
            "http_success_feedback_role_arn": "",
            "http_success_feedback_sample_rate": 0,
            "id": "arn:aws:sns:eu-west-1:172619864391:minting_dead_letter_topic_eu_v1",
            "kms_master_key_id": "",
            "lambda_failure_feedback_role_arn": "",
            "lambda_success_feedback_role_arn": "",
            "lambda_success_feedback_sample_rate": 0,
            "name": "minting_dead_letter_topic_eu_v1",
            "name_prefix": "",
            "owner": "172619864391",
            "policy": "{\"Id\":\"__default_policy_ID\",\"Statement\":[{\"Action\":[\"SNS:GetTopicAttributes\",\"SNS:SetTopicAttributes\",\"SNS:AddPermission\",\"SNS:RemovePermission\",\"SNS:DeleteTopic\",\"SNS:Subscribe\",\"SNS:ListSubscriptionsByTopic\",\"SNS:Publish\"],\"Condition\":{\"StringEquals\":{\"AWS:SourceOwner\":\"172619864391\"}},\"Effect\":\"Allow\",\"Principal\":{\"AWS\":\"*\"},\"Resource\":\"arn:aws:sns:eu-west-1:172619864391:minting_dead_letter_topic_eu_v1\",\"Sid\":\"__default_statement_ID\"}],\"Version\":\"2008-10-17\"}",
            "signature_version": 0,
            "sqs_failure_feedback_role_arn": "",
            "sqs_success_feedback_role_arn": "",
            "sqs_success_feedback_sample_rate": 0,
            "tags": {
              "environment": "stage",
              "project": "truly",
              "service": "api"
            },
            "tags_all": {
              "environment": "stage",
              "project": "truly",
              "service": "api"
            },
            "tracing_config": ""
          },
          "sensitive_attributes": [],
          "private": "bnVsbA=="
        }
      ]
    },
    {
      "mode": "managed",
      "type": "aws_sns_topic",
      "name": "minting_fails_after_max_retries_topic",
      "provider": "provider[\"registry.terraform.io/hashicorp/aws\"]",
      "instances": [
        {
          "schema_version": 0,
          "attributes": {
            "application_failure_feedback_role_arn": "",
            "application_success_feedback_role_arn": "",
            "application_success_feedback_sample_rate": 0,
            "arn": "arn:aws:sns:eu-west-1:172619864391:minting_fails_after_max_retries_topic_eu_v1",
            "content_based_deduplication": false,
            "delivery_policy": "",
            "display_name": "",
            "fifo_topic": false,
            "firehose_failure_feedback_role_arn": "",
            "firehose_success_feedback_role_arn": "",
            "firehose_success_feedback_sample_rate": 0,
            "http_failure_feedback_role_arn": "",
            "http_success_feedback_role_arn": "",
            "http_success_feedback_sample_rate": 0,
            "id": "arn:aws:sns:eu-west-1:172619864391:minting_fails_after_max_retries_topic_eu_v1",
            "kms_master_key_id": "",
            "lambda_failure_feedback_role_arn": "",
            "lambda_success_feedback_role_arn": "",
            "lambda_success_feedback_sample_rate": 0,
            "name": "minting_fails_after_max_retries_topic_eu_v1",
            "name_prefix": "",
            "owner": "172619864391",
            "policy": "{\"Id\":\"__default_policy_ID\",\"Statement\":[{\"Action\":[\"SNS:GetTopicAttributes\",\"SNS:SetTopicAttributes\",\"SNS:AddPermission\",\"SNS:RemovePermission\",\"SNS:DeleteTopic\",\"SNS:Subscribe\",\"SNS:ListSubscriptionsByTopic\",\"SNS:Publish\"],\"Condition\":{\"StringEquals\":{\"AWS:SourceOwner\":\"172619864391\"}},\"Effect\":\"Allow\",\"Principal\":{\"AWS\":\"*\"},\"Resource\":\"arn:aws:sns:eu-west-1:172619864391:minting_fails_after_max_retries_topic_eu_v1\",\"Sid\":\"__default_statement_ID\"}],\"Version\":\"2008-10-17\"}",
            "signature_version": 0,
            "sqs_failure_feedback_role_arn": "",
            "sqs_success_feedback_role_arn": "",
            "sqs_success_feedback_sample_rate": 0,
            "tags": {
              "environment": "stage",
              "project": "truly",
              "service": "api"
            },
            "tags_all": {
              "environment": "stage",
              "project": "truly",
              "service": "api"
            },
            "tracing_config": ""
          },
          "sensitive_attributes": [],
          "private": "bnVsbA=="
        }
      ]
    },
    {
      "mode": "managed",
      "type": "aws_sns_topic",
      "name": "minting_topic",
      "provider": "provider[\"registry.terraform.io/hashicorp/aws\"]",
      "instances": [
        {
          "schema_version": 0,
          "attributes": {
            "application_failure_feedback_role_arn": "",
            "application_success_feedback_role_arn": "",
            "application_success_feedback_sample_rate": 0,
            "arn": "arn:aws:sns:eu-west-1:172619864391:minting_async_topic_eu_v1",
            "content_based_deduplication": false,
            "delivery_policy": "",
            "display_name": "",
            "fifo_topic": false,
            "firehose_failure_feedback_role_arn": "",
            "firehose_success_feedback_role_arn": "",
            "firehose_success_feedback_sample_rate": 0,
            "http_failure_feedback_role_arn": "",
            "http_success_feedback_role_arn": "",
            "http_success_feedback_sample_rate": 0,
            "id": "arn:aws:sns:eu-west-1:172619864391:minting_async_topic_eu_v1",
            "kms_master_key_id": "",
            "lambda_failure_feedback_role_arn": "",
            "lambda_success_feedback_role_arn": "",
            "lambda_success_feedback_sample_rate": 0,
            "name": "minting_async_topic_eu_v1",
            "name_prefix": "",
            "owner": "172619864391",
            "policy": "{\"Id\":\"__default_policy_ID\",\"Statement\":[{\"Action\":[\"SNS:GetTopicAttributes\",\"SNS:SetTopicAttributes\",\"SNS:AddPermission\",\"SNS:RemovePermission\",\"SNS:DeleteTopic\",\"SNS:Subscribe\",\"SNS:ListSubscriptionsByTopic\",\"SNS:Publish\"],\"Condition\":{\"StringEquals\":{\"AWS:SourceOwner\":\"172619864391\"}},\"Effect\":\"Allow\",\"Principal\":{\"AWS\":\"*\"},\"Resource\":\"arn:aws:sns:eu-west-1:172619864391:minting_async_topic_eu_v1\",\"Sid\":\"__default_statement_ID\"}],\"Version\":\"2008-10-17\"}",
            "signature_version": 0,
            "sqs_failure_feedback_role_arn": "",
            "sqs_success_feedback_role_arn": "",
            "sqs_success_feedback_sample_rate": 0,
            "tags": {
              "environment": "stage",
              "project": "truly",
              "service": "api"
            },
            "tags_all": {
              "environment": "stage",
              "project": "truly",
              "service": "api"
            },
            "tracing_config": ""
          },
          "sensitive_attributes": [],
          "private": "bnVsbA=="
        }
      ]
    },
    {
      "mode": "managed",
      "type": "aws_sns_topic",
      "name": "video_in_topic",
      "provider": "provider[\"registry.terraform.io/hashicorp/aws\"]",
      "instances": [
        {
          "schema_version": 0,
          "attributes": {
            "application_failure_feedback_role_arn": "",
            "application_success_feedback_role_arn": "",
            "application_success_feedback_sample_rate": 0,
            "arn": "arn:aws:sns:eu-west-1:172619864391:video_in_topic",
            "content_based_deduplication": false,
            "delivery_policy": "",
            "display_name": "",
            "fifo_topic": false,
            "firehose_failure_feedback_role_arn": "",
            "firehose_success_feedback_role_arn": "",
            "firehose_success_feedback_sample_rate": 0,
            "http_failure_feedback_role_arn": "",
            "http_success_feedback_role_arn": "",
            "http_success_feedback_sample_rate": 0,
            "id": "arn:aws:sns:eu-west-1:172619864391:video_in_topic",
            "kms_master_key_id": "",
            "lambda_failure_feedback_role_arn": "",
            "lambda_success_feedback_role_arn": "",
            "lambda_success_feedback_sample_rate": 0,
            "name": "video_in_topic",
            "name_prefix": "",
            "owner": "172619864391",
            "policy": "{\"Id\":\"__default_policy_ID\",\"Statement\":[{\"Action\":[\"SNS:GetTopicAttributes\",\"SNS:SetTopicAttributes\",\"SNS:AddPermission\",\"SNS:RemovePermission\",\"SNS:DeleteTopic\",\"SNS:Subscribe\",\"SNS:ListSubscriptionsByTopic\",\"SNS:Publish\"],\"Condition\":{\"StringEquals\":{\"AWS:SourceOwner\":\"172619864391\"}},\"Effect\":\"Allow\",\"Principal\":{\"AWS\":\"*\"},\"Resource\":\"arn:aws:sns:eu-west-1:172619864391:video_in_topic\",\"Sid\":\"__default_statement_ID\"}],\"Version\":\"2008-10-17\"}",
            "signature_version": 0,
            "sqs_failure_feedback_role_arn": "",
            "sqs_success_feedback_role_arn": "",
            "sqs_success_feedback_sample_rate": 0,
            "tags": {
              "environment": "stage",
              "project": "truly",
              "service": "video api"
            },
            "tags_all": {
              "environment": "stage",
              "project": "truly",
              "service": "video api"
            },
            "tracing_config": ""
          },
          "sensitive_attributes": [],
          "private": "bnVsbA=="
        }
      ]
    },
    {
      "mode": "managed",
      "type": "aws_sns_topic",
      "name": "video_out_topic",
      "provider": "provider[\"registry.terraform.io/hashicorp/aws\"]",
      "instances": [
        {
          "schema_version": 0,
          "attributes": {
            "application_failure_feedback_role_arn": "",
            "application_success_feedback_role_arn": "",
            "application_success_feedback_sample_rate": 0,
            "arn": "arn:aws:sns:eu-west-1:172619864391:video_out_topic",
            "content_based_deduplication": false,
            "delivery_policy": "",
            "display_name": "",
            "fifo_topic": false,
            "firehose_failure_feedback_role_arn": "",
            "firehose_success_feedback_role_arn": "",
            "firehose_success_feedback_sample_rate": 0,
            "http_failure_feedback_role_arn": "",
            "http_success_feedback_role_arn": "",
            "http_success_feedback_sample_rate": 0,
            "id": "arn:aws:sns:eu-west-1:172619864391:video_out_topic",
            "kms_master_key_id": "",
            "lambda_failure_feedback_role_arn": "",
            "lambda_success_feedback_role_arn": "",
            "lambda_success_feedback_sample_rate": 0,
            "name": "video_out_topic",
            "name_prefix": "",
            "owner": "172619864391",
            "policy": "{\"Id\":\"__default_policy_ID\",\"Statement\":[{\"Action\":[\"SNS:GetTopicAttributes\",\"SNS:SetTopicAttributes\",\"SNS:AddPermission\",\"SNS:RemovePermission\",\"SNS:DeleteTopic\",\"SNS:Subscribe\",\"SNS:ListSubscriptionsByTopic\",\"SNS:Publish\"],\"Condition\":{\"StringEquals\":{\"AWS:SourceOwner\":\"172619864391\"}},\"Effect\":\"Allow\",\"Principal\":{\"AWS\":\"*\"},\"Resource\":\"arn:aws:sns:eu-west-1:172619864391:video_out_topic\",\"Sid\":\"__default_statement_ID\"}],\"Version\":\"2008-10-17\"}",
            "signature_version": 0,
            "sqs_failure_feedback_role_arn": "",
            "sqs_success_feedback_role_arn": "",
            "sqs_success_feedback_sample_rate": 0,
            "tags": {
              "environment": "stage",
              "project": "truly",
              "service": "video api"
            },
            "tags_all": {
              "environment": "stage",
              "project": "truly",
              "service": "video api"
            },
            "tracing_config": ""
          },
          "sensitive_attributes": [],
          "private": "bnVsbA=="
        }
      ]
    },
    {
      "mode": "managed",
      "type": "aws_sns_topic_subscription",
      "name": "after_video_topic_subscription",
      "provider": "provider[\"registry.terraform.io/hashicorp/aws\"]",
      "instances": [
        {
          "schema_version": 0,
          "attributes": {
            "arn": "arn:aws:sns:eu-west-1:172619864391:video_out_topic:c81bfc9c-42e6-4fa1-bc56-83e7e9df0551",
            "confirmation_timeout_in_minutes": 1,
            "confirmation_was_authenticated": true,
            "delivery_policy": "",
            "endpoint": "arn:aws:sqs:eu-west-1:172619864391:after_video_queue_eu_v1",
            "endpoint_auto_confirms": false,
            "filter_policy": "",
            "filter_policy_scope": "",
            "id": "arn:aws:sns:eu-west-1:172619864391:video_out_topic:c81bfc9c-42e6-4fa1-bc56-83e7e9df0551",
            "owner_id": "172619864391",
            "pending_confirmation": false,
            "protocol": "sqs",
            "raw_message_delivery": false,
            "redrive_policy": "",
            "subscription_role_arn": "",
            "topic_arn": "arn:aws:sns:eu-west-1:172619864391:video_out_topic"
          },
          "sensitive_attributes": [],
          "private": "bnVsbA==",
          "dependencies": [
            "aws_sns_topic.video_out_topic",
            "aws_sqs_queue.after_video_queue",
            "aws_sqs_queue.after_video_queue_deadletter"
          ]
        }
      ]
    },
    {
      "mode": "managed",
      "type": "aws_sns_topic_subscription",
      "name": "after_video_topic_subscription_deadletter_email",
      "provider": "provider[\"registry.terraform.io/hashicorp/aws\"]",
      "instances": [
        {
          "schema_version": 0,
          "attributes": {
            "arn": "arn:aws:sns:eu-west-1:172619864391:after_video_dead_letter_topic_eu_v1:38492ed8-16b6-4e74-953a-b4341c10ee34",
            "confirmation_timeout_in_minutes": 1,
            "confirmation_was_authenticated": false,
            "delivery_policy": "",
            "endpoint": "joanmi@espada.cat",
            "endpoint_auto_confirms": false,
            "filter_policy": "",
            "filter_policy_scope": "",
            "id": "arn:aws:sns:eu-west-1:172619864391:after_video_dead_letter_topic_eu_v1:38492ed8-16b6-4e74-953a-b4341c10ee34",
            "owner_id": "172619864391",
            "pending_confirmation": true,
            "protocol": "email",
            "raw_message_delivery": false,
            "redrive_policy": "",
            "subscription_role_arn": "",
            "topic_arn": "arn:aws:sns:eu-west-1:172619864391:after_video_dead_letter_topic_eu_v1"
          },
          "sensitive_attributes": [],
          "private": "bnVsbA==",
          "dependencies": [
            "aws_sns_topic.after_video_dead_letter_topic"
          ]
        }
      ]
    },
    {
      "mode": "managed",
      "type": "aws_sns_topic_subscription",
      "name": "mintin_async_topic_subscription",
      "provider": "provider[\"registry.terraform.io/hashicorp/aws\"]",
      "instances": [
        {
          "schema_version": 0,
          "attributes": {
            "arn": "arn:aws:sns:eu-west-1:172619864391:minting_async_topic_eu_v1:a08ab93f-ccd3-473f-bd8e-4e234534716c",
            "confirmation_timeout_in_minutes": 1,
            "confirmation_was_authenticated": true,
            "delivery_policy": "",
            "endpoint": "arn:aws:sqs:eu-west-1:172619864391:async_minting_queue_eu_v1",
            "endpoint_auto_confirms": false,
            "filter_policy": "",
            "filter_policy_scope": "",
            "id": "arn:aws:sns:eu-west-1:172619864391:minting_async_topic_eu_v1:a08ab93f-ccd3-473f-bd8e-4e234534716c",
            "owner_id": "172619864391",
            "pending_confirmation": false,
            "protocol": "sqs",
            "raw_message_delivery": false,
            "redrive_policy": "",
            "subscription_role_arn": "",
            "topic_arn": "arn:aws:sns:eu-west-1:172619864391:minting_async_topic_eu_v1"
          },
          "sensitive_attributes": [],
          "private": "bnVsbA==",
          "dependencies": [
            "aws_sns_topic.minting_topic",
            "aws_sqs_queue.minting_queue",
            "aws_sqs_queue.minting_queue_deadletter"
          ]
        }
      ]
    },
    {
      "mode": "managed",
      "type": "aws_sns_topic_subscription",
      "name": "minting_fails_after_max_retries_topic_email",
      "provider": "provider[\"registry.terraform.io/hashicorp/aws\"]",
      "instances": [
        {
          "schema_version": 0,
          "attributes": {
            "arn": "arn:aws:sns:eu-west-1:172619864391:minting_fails_after_max_retries_topic_eu_v1:22272cd7-8f75-4f71-b00e-d43cbf84d065",
            "confirmation_timeout_in_minutes": 1,
            "confirmation_was_authenticated": false,
            "delivery_policy": "",
            "endpoint": "joanmi@espada.cat",
            "endpoint_auto_confirms": false,
            "filter_policy": "",
            "filter_policy_scope": "",
            "id": "arn:aws:sns:eu-west-1:172619864391:minting_fails_after_max_retries_topic_eu_v1:22272cd7-8f75-4f71-b00e-d43cbf84d065",
            "owner_id": "172619864391",
            "pending_confirmation": true,
            "protocol": "email",
            "raw_message_delivery": false,
            "redrive_policy": "",
            "subscription_role_arn": "",
            "topic_arn": "arn:aws:sns:eu-west-1:172619864391:minting_fails_after_max_retries_topic_eu_v1"
          },
          "sensitive_attributes": [],
          "private": "bnVsbA==",
          "dependencies": [
            "aws_sns_topic.minting_fails_after_max_retries_topic"
          ]
        }
      ]
    },
    {
      "mode": "managed",
      "type": "aws_sns_topic_subscription",
      "name": "minting_topic_subscription_deadletter_email",
      "provider": "provider[\"registry.terraform.io/hashicorp/aws\"]",
      "instances": [
        {
          "schema_version": 0,
          "attributes": {
            "arn": "arn:aws:sns:eu-west-1:172619864391:minting_dead_letter_topic_eu_v1:24a13bf2-f29f-45e9-85bb-70eae64e58e1",
            "confirmation_timeout_in_minutes": 1,
            "confirmation_was_authenticated": false,
            "delivery_policy": "",
            "endpoint": "joanmi@espada.cat",
            "endpoint_auto_confirms": false,
            "filter_policy": "",
            "filter_policy_scope": "",
            "id": "arn:aws:sns:eu-west-1:172619864391:minting_dead_letter_topic_eu_v1:24a13bf2-f29f-45e9-85bb-70eae64e58e1",
            "owner_id": "172619864391",
            "pending_confirmation": true,
            "protocol": "email",
            "raw_message_delivery": false,
            "redrive_policy": "",
            "subscription_role_arn": "",
            "topic_arn": "arn:aws:sns:eu-west-1:172619864391:minting_dead_letter_topic_eu_v1"
          },
          "sensitive_attributes": [],
          "private": "bnVsbA==",
          "dependencies": [
            "aws_sns_topic.minting_dead_letter_topic"
          ]
        }
      ]
    },
    {
      "mode": "managed",
      "type": "aws_sqs_queue",
      "name": "after_video_queue",
      "provider": "provider[\"registry.terraform.io/hashicorp/aws\"]",
      "instances": [
        {
          "schema_version": 0,
          "attributes": {
            "arn": "arn:aws:sqs:eu-west-1:172619864391:after_video_queue_eu_v1",
            "content_based_deduplication": false,
            "deduplication_scope": "",
            "delay_seconds": 0,
            "fifo_queue": false,
            "fifo_throughput_limit": "",
            "id": "https://sqs.eu-west-1.amazonaws.com/172619864391/after_video_queue_eu_v1",
            "kms_data_key_reuse_period_seconds": 300,
            "kms_master_key_id": "",
            "max_message_size": 4096,
            "message_retention_seconds": 3600,
            "name": "after_video_queue_eu_v1",
            "name_prefix": "",
            "policy": "",
            "receive_wait_time_seconds": 10,
            "redrive_allow_policy": "",
            "redrive_policy": "{\"deadLetterTargetArn\":\"arn:aws:sqs:eu-west-1:172619864391:dead_letter_queue_mint_errors_eu_v1\",\"maxReceiveCount\":4}",
            "sqs_managed_sse_enabled": true,
            "tags": {
              "environment": "stage",
              "project": "truly",
              "service": "api"
            },
            "tags_all": {
              "environment": "stage",
              "project": "truly",
              "service": "api"
            },
            "url": "https://sqs.eu-west-1.amazonaws.com/172619864391/after_video_queue_eu_v1",
            "visibility_timeout_seconds": 300
          },
          "sensitive_attributes": [],
          "private": "bnVsbA==",
          "dependencies": [
            "aws_sqs_queue.after_video_queue_deadletter"
          ]
        }
      ]
    },
    {
      "mode": "managed",
      "type": "aws_sqs_queue",
      "name": "after_video_queue_deadletter",
      "provider": "provider[\"registry.terraform.io/hashicorp/aws\"]",
      "instances": [
        {
          "schema_version": 0,
          "attributes": {
            "arn": "arn:aws:sqs:eu-west-1:172619864391:dead_letter_queue_mint_errors_eu_v1",
            "content_based_deduplication": false,
            "deduplication_scope": "",
            "delay_seconds": 0,
            "fifo_queue": false,
            "fifo_throughput_limit": "",
            "id": "https://sqs.eu-west-1.amazonaws.com/172619864391/dead_letter_queue_mint_errors_eu_v1",
            "kms_data_key_reuse_period_seconds": 300,
            "kms_master_key_id": "",
            "max_message_size": 262144,
            "message_retention_seconds": 345600,
            "name": "dead_letter_queue_mint_errors_eu_v1",
            "name_prefix": "",
            "policy": "",
            "receive_wait_time_seconds": 0,
            "redrive_allow_policy": "",
            "redrive_policy": "",
            "sqs_managed_sse_enabled": true,
            "tags": {
              "environment": "stage",
              "project": "truly",
              "service": "api"
            },
            "tags_all": {
              "environment": "stage",
              "project": "truly",
              "service": "api"
            },
            "url": "https://sqs.eu-west-1.amazonaws.com/172619864391/dead_letter_queue_mint_errors_eu_v1",
            "visibility_timeout_seconds": 30
          },
          "sensitive_attributes": [],
          "private": "bnVsbA=="
        }
      ]
    },
    {
      "mode": "managed",
      "type": "aws_sqs_queue",
      "name": "minting_queue",
      "provider": "provider[\"registry.terraform.io/hashicorp/aws\"]",
      "instances": [
        {
          "schema_version": 0,
          "attributes": {
            "arn": "arn:aws:sqs:eu-west-1:172619864391:async_minting_queue_eu_v1",
            "content_based_deduplication": false,
            "deduplication_scope": "",
            "delay_seconds": 0,
            "fifo_queue": false,
            "fifo_throughput_limit": "",
            "id": "https://sqs.eu-west-1.amazonaws.com/172619864391/async_minting_queue_eu_v1",
            "kms_data_key_reuse_period_seconds": 300,
            "kms_master_key_id": "",
            "max_message_size": 4096,
            "message_retention_seconds": 3600,
            "name": "async_minting_queue_eu_v1",
            "name_prefix": "",
            "policy": "",
            "receive_wait_time_seconds": 10,
            "redrive_allow_policy": "",
            "redrive_policy": "{\"deadLetterTargetArn\":\"arn:aws:sqs:eu-west-1:172619864391:dead_letter_queue_mint_errors_eu_v1\",\"maxReceiveCount\":4}",
            "sqs_managed_sse_enabled": true,
            "tags": {
              "environment": "stage",
              "project": "truly",
              "service": "api"
            },
            "tags_all": {
              "environment": "stage",
              "project": "truly",
              "service": "api"
            },
            "url": "https://sqs.eu-west-1.amazonaws.com/172619864391/async_minting_queue_eu_v1",
            "visibility_timeout_seconds": 900
          },
          "sensitive_attributes": [],
          "private": "bnVsbA==",
          "dependencies": [
            "aws_sqs_queue.minting_queue_deadletter"
          ]
        }
      ]
    },
    {
      "mode": "managed",
      "type": "aws_sqs_queue",
      "name": "minting_queue_deadletter",
      "provider": "provider[\"registry.terraform.io/hashicorp/aws\"]",
      "instances": [
        {
          "schema_version": 0,
          "attributes": {
            "arn": "arn:aws:sqs:eu-west-1:172619864391:dead_letter_queue_mint_errors_eu_v1",
            "content_based_deduplication": false,
            "deduplication_scope": "",
            "delay_seconds": 0,
            "fifo_queue": false,
            "fifo_throughput_limit": "",
            "id": "https://sqs.eu-west-1.amazonaws.com/172619864391/dead_letter_queue_mint_errors_eu_v1",
            "kms_data_key_reuse_period_seconds": 300,
            "kms_master_key_id": "",
            "max_message_size": 262144,
            "message_retention_seconds": 345600,
            "name": "dead_letter_queue_mint_errors_eu_v1",
            "name_prefix": "",
            "policy": "",
            "receive_wait_time_seconds": 0,
            "redrive_allow_policy": "",
            "redrive_policy": "",
            "sqs_managed_sse_enabled": true,
            "tags": {
              "environment": "stage",
              "project": "truly",
              "service": "api"
            },
            "tags_all": {
              "environment": "stage",
              "project": "truly",
              "service": "api"
            },
            "url": "https://sqs.eu-west-1.amazonaws.com/172619864391/dead_letter_queue_mint_errors_eu_v1",
            "visibility_timeout_seconds": 30
          },
          "sensitive_attributes": [],
          "private": "bnVsbA=="
        }
      ]
    },
    {
      "mode": "managed",
      "type": "aws_sqs_queue_policy",
      "name": "after_video_queue_policy",
      "provider": "provider[\"registry.terraform.io/hashicorp/aws\"]",
      "instances": [
        {
          "schema_version": 1,
          "attributes": {
            "id": "https://sqs.eu-west-1.amazonaws.com/172619864391/after_video_queue_eu_v1",
            "policy": "{\"Id\":\"sqspolicy\",\"Statement\":[{\"Action\":\"sqs:SendMessage\",\"Condition\":{\"ArnEquals\":{\"aws:SourceArn\":\"arn:aws:sns:eu-west-1:172619864391:video_out_topic\"}},\"Effect\":\"Allow\",\"Principal\":\"*\",\"Resource\":\"arn:aws:sqs:eu-west-1:172619864391:after_video_queue_eu_v1\",\"Sid\":\"First\"}],\"Version\":\"2012-10-17\"}",
            "queue_url": "https://sqs.eu-west-1.amazonaws.com/172619864391/after_video_queue_eu_v1"
          },
          "sensitive_attributes": [],
          "private": "eyJzY2hlbWFfdmVyc2lvbiI6IjEifQ==",
          "dependencies": [
            "aws_sns_topic.video_out_topic",
            "aws_sqs_queue.after_video_queue",
            "aws_sqs_queue.after_video_queue_deadletter"
          ]
        }
      ]
    },
    {
      "mode": "managed",
      "type": "aws_sqs_queue_policy",
      "name": "minting_queue_policy",
      "provider": "provider[\"registry.terraform.io/hashicorp/aws\"]",
      "instances": [
        {
          "schema_version": 1,
          "attributes": {
            "id": "https://sqs.eu-west-1.amazonaws.com/172619864391/async_minting_queue_eu_v1",
            "policy": "{\"Id\":\"sqspolicy\",\"Statement\":[{\"Action\":\"sqs:SendMessage\",\"Condition\":{\"ArnEquals\":{\"aws:SourceArn\":\"arn:aws:sns:eu-west-1:172619864391:minting_async_topic_eu_v1\"}},\"Effect\":\"Allow\",\"Principal\":\"*\",\"Resource\":\"arn:aws:sqs:eu-west-1:172619864391:async_minting_queue_eu_v1\",\"Sid\":\"First\"}],\"Version\":\"2012-10-17\"}",
            "queue_url": "https://sqs.eu-west-1.amazonaws.com/172619864391/async_minting_queue_eu_v1"
          },
          "sensitive_attributes": [],
          "private": "eyJzY2hlbWFfdmVyc2lvbiI6IjEifQ==",
          "dependencies": [
            "aws_sns_topic.minting_topic",
            "aws_sqs_queue.minting_queue",
            "aws_sqs_queue.minting_queue_deadletter"
          ]
        }
      ]
    },
    {
      "module": "module.lambda_admin",
      "mode": "managed",
      "type": "aws_cloudwatch_log_group",
      "name": "truly_lambda_admin_cloudwatch",
      "provider": "provider[\"registry.terraform.io/hashicorp/aws\"]",
      "instances": [
        {
          "schema_version": 0,
          "attributes": {
            "arn": "arn:aws:logs:eu-west-1:172619864391:log-group:/aws/lambda/truly_admin-eu-v1",
            "id": "/aws/lambda/truly_admin-eu-v1",
            "kms_key_id": "",
            "name": "/aws/lambda/truly_admin-eu-v1",
            "name_prefix": "",
            "retention_in_days": 1,
            "skip_destroy": false,
            "tags": {
              "environment": "stage",
              "project": "truly",
              "service": "admin"
            },
            "tags_all": {
              "environment": "stage",
              "project": "truly",
              "service": "admin"
            }
          },
          "sensitive_attributes": [],
          "private": "bnVsbA=="
        }
      ]
    },
    {
      "module": "module.lambda_after_video",
      "mode": "managed",
      "type": "aws_cloudwatch_log_group",
      "name": "truly_lambda_after_video_cloudwatch",
      "provider": "provider[\"registry.terraform.io/hashicorp/aws\"]",
      "instances": [
        {
          "schema_version": 0,
          "attributes": {
            "arn": "arn:aws:logs:eu-west-1:172619864391:log-group:/aws/lambda/truly_after_video-eu-v1",
            "id": "/aws/lambda/truly_after_video-eu-v1",
            "kms_key_id": "",
            "name": "/aws/lambda/truly_after_video-eu-v1",
            "name_prefix": "",
            "retention_in_days": 1,
            "skip_destroy": false,
            "tags": {
              "environment": "stage",
              "project": "truly",
              "service": "after_video_update"
            },
            "tags_all": {
              "environment": "stage",
              "project": "truly",
              "service": "after_video_update"
            }
          },
          "sensitive_attributes": [],
          "private": "bnVsbA=="
        }
      ]
    },
    {
      "module": "module.lambda_after_video",
      "mode": "managed",
      "type": "aws_lambda_event_source_mapping",
      "name": "truly_after_video",
      "provider": "provider[\"registry.terraform.io/hashicorp/aws\"]",
      "instances": []
    },
    {
      "module": "module.lambda_licenses",
      "mode": "managed",
      "type": "aws_cloudwatch_log_group",
      "name": "truly_lambda_licenses_cloudwatch",
      "provider": "provider[\"registry.terraform.io/hashicorp/aws\"]",
      "instances": [
        {
          "schema_version": 0,
          "attributes": {
            "arn": "arn:aws:logs:eu-west-1:172619864391:log-group:/aws/lambda/truly_licenses-eu-v1",
            "id": "/aws/lambda/truly_licenses-eu-v1",
            "kms_key_id": "",
            "name": "/aws/lambda/truly_licenses-eu-v1",
            "name_prefix": "",
            "retention_in_days": 1,
            "skip_destroy": false,
            "tags": {
              "environment": "stage",
              "project": "truly",
              "service": "licenses"
            },
            "tags_all": {
              "environment": "stage",
              "project": "truly",
              "service": "licenses"
            }
          },
          "sensitive_attributes": [],
          "private": "bnVsbA=="
        }
      ]
    },
    {
      "module": "module.lambda_login",
      "mode": "managed",
      "type": "aws_cloudwatch_log_group",
      "name": "truly_lambda_login_cloudwatch",
      "provider": "provider[\"registry.terraform.io/hashicorp/aws\"]",
      "instances": [
        {
          "schema_version": 0,
          "attributes": {
            "arn": "arn:aws:logs:eu-west-1:172619864391:log-group:/aws/lambda/truly_login-eu-v1",
            "id": "/aws/lambda/truly_login-eu-v1",
            "kms_key_id": "",
            "name": "/aws/lambda/truly_login-eu-v1",
            "name_prefix": "",
            "retention_in_days": 1,
            "skip_destroy": false,
            "tags": {
              "environment": "stage",
              "project": "truly",
              "service": "login"
            },
            "tags_all": {
              "environment": "stage",
              "project": "truly",
              "service": "login"
            }
          },
          "sensitive_attributes": [],
          "private": "bnVsbA=="
        }
      ]
    },
    {
      "module": "module.lambda_user",
      "mode": "managed",
      "type": "aws_cloudwatch_log_group",
      "name": "truly_lambda_user_cloudwatch",
      "provider": "provider[\"registry.terraform.io/hashicorp/aws\"]",
      "instances": [
        {
          "schema_version": 0,
          "attributes": {
            "arn": "arn:aws:logs:eu-west-1:172619864391:log-group:/aws/lambda/truly_user-eu-v1",
            "id": "/aws/lambda/truly_user-eu-v1",
            "kms_key_id": "",
            "name": "/aws/lambda/truly_user-eu-v1",
            "name_prefix": "",
            "retention_in_days": 1,
            "skip_destroy": false,
            "tags": {
              "environment": "stage",
              "project": "truly",
              "service": "user"
            },
            "tags_all": {
              "environment": "stage",
              "project": "truly",
              "service": "user"
            }
          },
          "sensitive_attributes": [],
          "private": "bnVsbA=="
        }
      ]
    }
  ],
  "check_results": null
}
