{
  "version": 4,
  "terraform_version": "1.5.2",
  "serial": 757,
  "lineage": "75d03d99-386a-b61f-52fd-8a207633779f",
  "outputs": {
    "api_domain_name": {
      "value": "eu-staging.truly.video",
      "type": "string"
    },
    "api_gateway_url_localstack_1": {
      "value": "http://localhost:4566/restapis/uoruktgvp7/v1/_user_request_/\u003cpath\u003e",
      "type": "string"
    },
    "api_gateway_url_localstack_2": {
      "value": "http://uoruktgvp7.execute-api.localhost.localstack.cloud:4566/v1/\u003cpath\u003e",
      "type": "string"
    },
    "invoke_url_aws": {
      "value": "https://uoruktgvp7.execute-api.eu-west-1.amazonaws.com/v1",
      "type": "string"
    },
    "video_in_topic": {
      "value": "arn:aws:sns:eu-west-1:172619864391:video_in_topic",
      "type": "string"
    },
    "video_out_topic": {
      "value": "arn:aws:sns:eu-west-1:172619864391:video_out_topic",
      "type": "string"
    }
  },
  "resources": [
    {
      "mode": "data",
      "type": "aws_route53_zone",
      "name": "selected",
      "provider": "provider[\"registry.terraform.io/hashicorp/aws\"]",
      "instances": [
        {
          "schema_version": 0,
          "attributes": {
            "arn": "arn:aws:route53:::hostedzone/Z07710191JBEMS0WHKVOJ",
            "caller_reference": "RISWorkflow-RD:9cacafc4-4f64-4d27-8b95-eb4958c5d626",
            "comment": "HostedZone created by Route53 Registrar",
            "id": "Z07710191JBEMS0WHKVOJ",
            "linked_service_description": null,
            "linked_service_principal": null,
            "name": "truly.video",
            "name_servers": [
              "ns-234.awsdns-29.com",
              "ns-1675.awsdns-17.co.uk",
              "ns-792.awsdns-35.net",
              "ns-1204.awsdns-22.org"
            ],
            "primary_name_server": "ns-234.awsdns-29.com",
            "private_zone": false,
            "resource_record_set_count": 7,
            "tags": {},
            "vpc_id": null,
            "zone_id": "Z07710191JBEMS0WHKVOJ"
          },
          "sensitive_attributes": []
        }
      ]
    },
    {
      "mode": "data",
      "type": "aws_route53_zone",
      "name": "truly_zone",
      "provider": "provider[\"registry.terraform.io/hashicorp/aws\"]",
      "instances": [
        {
          "schema_version": 0,
          "attributes": {
            "arn": "arn:aws:route53:::hostedzone/Z07710191JBEMS0WHKVOJ",
            "caller_reference": "RISWorkflow-RD:9cacafc4-4f64-4d27-8b95-eb4958c5d626",
            "comment": "HostedZone created by Route53 Registrar",
            "id": "Z07710191JBEMS0WHKVOJ",
            "linked_service_description": null,
            "linked_service_principal": null,
            "name": "truly.video",
            "name_servers": [
              "ns-234.awsdns-29.com",
              "ns-1675.awsdns-17.co.uk",
              "ns-792.awsdns-35.net",
              "ns-1204.awsdns-22.org"
            ],
            "primary_name_server": "ns-234.awsdns-29.com",
            "private_zone": false,
            "resource_record_set_count": 7,
            "tags": {},
            "vpc_id": null,
            "zone_id": "Z07710191JBEMS0WHKVOJ"
          },
          "sensitive_attributes": []
        }
      ]
    },
    {
      "mode": "managed",
      "type": "aws_acm_certificate",
      "name": "cert",
      "provider": "provider[\"registry.terraform.io/hashicorp/aws\"]",
      "instances": [
        {
          "schema_version": 0,
          "attributes": {
            "arn": "arn:aws:acm:eu-west-1:172619864391:certificate/15d74ca8-dd87-4fe6-a5e2-fffd653b000c",
            "certificate_authority_arn": "",
            "certificate_body": null,
            "certificate_chain": null,
            "domain_name": "*.truly.video",
            "domain_validation_options": [
              {
                "domain_name": "*.truly.video",
                "resource_record_name": "_045d86ecdf317a8b7a84288cfb0f096e.truly.video.",
                "resource_record_type": "CNAME",
                "resource_record_value": "_ec5505e1b1a86a225c6e2efc5f134799.ycvykntjsl.acm-validations.aws."
              }
            ],
            "early_renewal_duration": "",
            "id": "arn:aws:acm:eu-west-1:172619864391:certificate/15d74ca8-dd87-4fe6-a5e2-fffd653b000c",
            "key_algorithm": "RSA_2048",
            "not_after": "2024-08-07T23:59:59Z",
            "not_before": "2023-07-10T00:00:00Z",
            "options": [
              {
                "certificate_transparency_logging_preference": "ENABLED"
              }
            ],
            "pending_renewal": false,
            "private_key": null,
            "renewal_eligibility": "ELIGIBLE",
            "renewal_summary": [],
            "status": "ISSUED",
            "subject_alternative_names": [
              "*.truly.video"
            ],
            "tags": {},
            "tags_all": {},
            "type": "AMAZON_ISSUED",
            "validation_emails": [],
            "validation_method": "DNS",
            "validation_option": []
          },
          "sensitive_attributes": [],
          "private": "bnVsbA=="
        }
      ]
    },
    {
      "mode": "managed",
      "type": "aws_acm_certificate_validation",
      "name": "cert",
      "provider": "provider[\"registry.terraform.io/hashicorp/aws\"]",
      "instances": [
        {
          "schema_version": 0,
          "attributes": {
            "certificate_arn": "arn:aws:acm:eu-west-1:172619864391:certificate/15d74ca8-dd87-4fe6-a5e2-fffd653b000c",
            "id": "0001-01-01 00:00:00 +0000 UTC",
            "timeouts": null,
            "validation_record_fqdns": [
              "_045d86ecdf317a8b7a84288cfb0f096e.truly.video."
            ]
          },
          "sensitive_attributes": [],
          "private": "eyJlMmJmYjczMC1lY2FhLTExZTYtOGY4OC0zNDM2M2JjN2M0YzAiOnsiY3JlYXRlIjo0NTAwMDAwMDAwMDAwfX0=",
          "dependencies": [
            "aws_acm_certificate.cert"
          ]
        }
      ]
    },
    {
      "mode": "managed",
      "type": "aws_apigatewayv2_api",
      "name": "truly_api",
      "provider": "provider[\"registry.terraform.io/hashicorp/aws\"]",
      "instances": [
        {
          "schema_version": 0,
          "attributes": {
            "api_endpoint": "https://uoruktgvp7.execute-api.eu-west-1.amazonaws.com",
            "api_key_selection_expression": "$request.header.x-api-key",
            "arn": "arn:aws:apigateway:eu-west-1::/apis/uoruktgvp7",
            "body": null,
            "cors_configuration": [
              {
                "allow_credentials": false,
                "allow_headers": [
                  "content-type"
                ],
                "allow_methods": [
                  "DELETE",
                  "GET",
                  "POST",
                  "PUT"
                ],
                "allow_origins": [
                  "*"
                ],
                "expose_headers": [],
                "max_age": 300
              }
            ],
            "credentials_arn": null,
            "description": "Truly API",
            "disable_execute_api_endpoint": false,
            "execution_arn": "arn:aws:execute-api:eu-west-1:172619864391:uoruktgvp7",
            "fail_on_warnings": null,
            "id": "uoruktgvp7",
            "name": "Truly API",
            "protocol_type": "HTTP",
            "route_key": null,
            "route_selection_expression": "$request.method $request.path",
            "tags": {
              "environment": "stage",
              "project": "truly",
              "service": "api"
            },
            "tags_all": {
              "environment": "stage",
              "project": "truly",
              "service": "api"
            },
            "target": null,
            "version": ""
          },
          "sensitive_attributes": [],
          "private": "bnVsbA=="
        }
      ]
    },
    {
      "mode": "managed",
      "type": "aws_apigatewayv2_api_mapping",
      "name": "map_dns_agigateway",
      "provider": "provider[\"registry.terraform.io/hashicorp/aws\"]",
      "instances": [
        {
          "schema_version": 0,
          "attributes": {
            "api_id": "uoruktgvp7",
            "api_mapping_key": "",
            "domain_name": "eu-staging.truly.video",
            "id": "z2hqa8",
            "stage": "$default"
          },
          "sensitive_attributes": [],
          "private": "bnVsbA==",
          "dependencies": [
            "aws_acm_certificate.cert",
            "aws_acm_certificate_validation.cert",
            "aws_apigatewayv2_api.truly_api",
            "aws_apigatewayv2_deployment.truly_api_deployment",
            "aws_apigatewayv2_domain_name.truly_api_domain_name",
            "aws_apigatewayv2_integration.truly_admin_integration",
            "aws_apigatewayv2_integration.truly_licenses_integration",
            "aws_apigatewayv2_integration.truly_login_integration",
            "aws_apigatewayv2_integration.truly_user_integration",
            "aws_apigatewayv2_route.truly_admin_route",
            "aws_apigatewayv2_route.truly_licenses_route_asset",
            "aws_apigatewayv2_route.truly_licenses_route_asset_by_id",
            "aws_apigatewayv2_route.truly_licenses_route_asset_by_shorter",
            "aws_apigatewayv2_route.truly_licenses_route_asset_by_shorter_id",
            "aws_apigatewayv2_route.truly_licenses_route_license",
            "aws_apigatewayv2_route.truly_licenses_route_license_id",
            "aws_apigatewayv2_route.truly_licenses_route_nft",
            "aws_apigatewayv2_route.truly_licenses_route_tx",
            "aws_apigatewayv2_route.truly_licenses_route_txs",
            "aws_apigatewayv2_route.truly_login_route",
            "aws_apigatewayv2_route.truly_user_route",
            "aws_apigatewayv2_route.truly_user_route_by_id",
            "aws_apigatewayv2_stage.default_stage",
            "aws_iam_policy.truly_lambda_KMS_policy",
            "aws_iam_policy.truly_lambda_SECRETSMAN_policy",
            "aws_iam_policy.truly_lambda_SNS_policy",
            "aws_iam_policy.truly_lambda_SQS_policy",
            "aws_iam_policy.truly_lambda_XRAY_policy",
            "aws_iam_policy.truly_lambda_dynamodb_policy",
            "aws_iam_policy.truly_lambda_logging_policy",
            "aws_iam_role.truly_lambda_execution_role",
            "aws_iam_role_policy_attachment.truly_lambda_KMS",
            "aws_iam_role_policy_attachment.truly_lambda_SECRETSMAN",
            "aws_iam_role_policy_attachment.truly_lambda_SNS",
            "aws_iam_role_policy_attachment.truly_lambda_SQS",
            "aws_iam_role_policy_attachment.truly_lambda_XRAY",
            "aws_iam_role_policy_attachment.truly_lambda_dynamodb",
            "aws_iam_role_policy_attachment.truly_lambda_logs",
            "aws_sns_topic.minting_fails_after_max_retries_topic",
            "aws_sns_topic.minting_topic",
            "aws_sns_topic.video_in_topic",
            "aws_sns_topic.video_out_topic",
            "aws_sqs_queue.minting_queue_deadletter",
            "module.lambda_admin.aws_cloudwatch_log_group.truly_lambda_admin_cloudwatch",
            "module.lambda_admin.aws_lambda_function.truly_lambda_admin",
            "module.lambda_licenses.aws_cloudwatch_log_group.truly_lambda_licenses_cloudwatch",
            "module.lambda_licenses.aws_lambda_function.truly_lambda_licenses",
            "module.lambda_login.aws_cloudwatch_log_group.truly_lambda_login_cloudwatch",
            "module.lambda_login.aws_lambda_function.truly_lambda_login",
            "module.lambda_user.aws_cloudwatch_log_group.truly_lambda_user_cloudwatch",
            "module.lambda_user.aws_lambda_function.truly_lambda_user"
          ]
        }
      ]
    },
    {
      "mode": "managed",
      "type": "aws_apigatewayv2_deployment",
      "name": "truly_api_deployment",
      "provider": "provider[\"registry.terraform.io/hashicorp/aws\"]",
      "instances": [
        {
          "schema_version": 0,
          "attributes": {
            "api_id": "uoruktgvp7",
            "auto_deployed": false,
            "description": "truly API deployment version: v1",
            "id": "upvih1",
            "triggers": null
          },
          "sensitive_attributes": [],
          "private": "bnVsbA==",
          "dependencies": [
            "aws_apigatewayv2_api.truly_api",
            "aws_apigatewayv2_integration.truly_admin_integration",
            "aws_apigatewayv2_integration.truly_licenses_integration",
            "aws_apigatewayv2_integration.truly_login_integration",
            "aws_apigatewayv2_integration.truly_user_integration",
            "aws_apigatewayv2_route.truly_admin_route",
            "aws_apigatewayv2_route.truly_licenses_route_asset",
            "aws_apigatewayv2_route.truly_licenses_route_asset_by_id",
            "aws_apigatewayv2_route.truly_licenses_route_asset_by_shorter",
            "aws_apigatewayv2_route.truly_licenses_route_asset_by_shorter_id",
            "aws_apigatewayv2_route.truly_licenses_route_license",
            "aws_apigatewayv2_route.truly_licenses_route_license_id",
            "aws_apigatewayv2_route.truly_licenses_route_nft",
            "aws_apigatewayv2_route.truly_licenses_route_tx",
            "aws_apigatewayv2_route.truly_licenses_route_txs",
            "aws_apigatewayv2_route.truly_login_route",
            "aws_apigatewayv2_route.truly_user_route",
            "aws_apigatewayv2_route.truly_user_route_by_id",
            "aws_iam_policy.truly_lambda_KMS_policy",
            "aws_iam_policy.truly_lambda_SECRETSMAN_policy",
            "aws_iam_policy.truly_lambda_SNS_policy",
            "aws_iam_policy.truly_lambda_SQS_policy",
            "aws_iam_policy.truly_lambda_XRAY_policy",
            "aws_iam_policy.truly_lambda_dynamodb_policy",
            "aws_iam_policy.truly_lambda_logging_policy",
            "aws_iam_role.truly_lambda_execution_role",
            "aws_iam_role_policy_attachment.truly_lambda_KMS",
            "aws_iam_role_policy_attachment.truly_lambda_SECRETSMAN",
            "aws_iam_role_policy_attachment.truly_lambda_SNS",
            "aws_iam_role_policy_attachment.truly_lambda_SQS",
            "aws_iam_role_policy_attachment.truly_lambda_XRAY",
            "aws_iam_role_policy_attachment.truly_lambda_dynamodb",
            "aws_iam_role_policy_attachment.truly_lambda_logs",
            "aws_sns_topic.minting_fails_after_max_retries_topic",
            "aws_sns_topic.minting_topic",
            "aws_sns_topic.video_in_topic",
            "aws_sns_topic.video_out_topic",
            "aws_sqs_queue.minting_queue_deadletter",
            "module.lambda_admin.aws_cloudwatch_log_group.truly_lambda_admin_cloudwatch",
            "module.lambda_admin.aws_lambda_function.truly_lambda_admin",
            "module.lambda_licenses.aws_cloudwatch_log_group.truly_lambda_licenses_cloudwatch",
            "module.lambda_licenses.aws_lambda_function.truly_lambda_licenses",
            "module.lambda_login.aws_cloudwatch_log_group.truly_lambda_login_cloudwatch",
            "module.lambda_login.aws_lambda_function.truly_lambda_login",
            "module.lambda_user.aws_cloudwatch_log_group.truly_lambda_user_cloudwatch",
            "module.lambda_user.aws_lambda_function.truly_lambda_user"
          ]
        }
      ]
    },
    {
      "mode": "managed",
      "type": "aws_apigatewayv2_domain_name",
      "name": "truly_api_domain_name",
      "provider": "provider[\"registry.terraform.io/hashicorp/aws\"]",
      "instances": [
        {
          "schema_version": 0,
          "attributes": {
            "api_mapping_selection_expression": "$request.basepath",
            "arn": "arn:aws:apigateway:eu-west-1::/domainnames/eu-staging.truly.video",
            "domain_name": "eu-staging.truly.video",
            "domain_name_configuration": [
              {
                "certificate_arn": "arn:aws:acm:eu-west-1:172619864391:certificate/15d74ca8-dd87-4fe6-a5e2-fffd653b000c",
                "endpoint_type": "REGIONAL",
                "hosted_zone_id": "ZLY8HYME6SFDD",
                "ownership_verification_certificate_arn": "",
                "security_policy": "TLS_1_2",
                "target_domain_name": "d-t0h2gh4tsk.execute-api.eu-west-1.amazonaws.com"
              }
            ],
            "id": "eu-staging.truly.video",
            "mutual_tls_authentication": [],
            "tags": {
              "environment": "stage",
              "project": "truly",
              "service": "api"
            },
            "tags_all": {
              "environment": "stage",
              "project": "truly",
              "service": "api"
            },
            "timeouts": null
          },
          "sensitive_attributes": [],
          "private": "eyJlMmJmYjczMC1lY2FhLTExZTYtOGY4OC0zNDM2M2JjN2M0YzAiOnsiY3JlYXRlIjo2MDAwMDAwMDAwMDAsInVwZGF0ZSI6MzYwMDAwMDAwMDAwMH19",
          "dependencies": [
            "aws_acm_certificate.cert",
            "aws_acm_certificate_validation.cert"
          ]
        }
      ]
    },
    {
      "mode": "managed",
      "type": "aws_apigatewayv2_integration",
      "name": "truly_admin_integration",
      "provider": "provider[\"registry.terraform.io/hashicorp/aws\"]",
      "instances": [
        {
          "schema_version": 0,
          "attributes": {
            "api_id": "uoruktgvp7",
            "connection_id": "",
            "connection_type": "INTERNET",
            "content_handling_strategy": "",
            "credentials_arn": "",
            "description": "Administrative methods, they need authentication and authorization.",
            "id": "q1dmja5",
            "integration_method": "POST",
            "integration_response_selection_expression": "",
            "integration_subtype": "",
            "integration_type": "AWS_PROXY",
            "integration_uri": "arn:aws:apigateway:eu-west-1:lambda:path/2015-03-31/functions/arn:aws:lambda:eu-west-1:172619864391:function:truly_admin-eu-v1/invocations",
            "passthrough_behavior": "",
            "payload_format_version": "2.0",
            "request_parameters": {},
            "request_templates": {},
            "response_parameters": [],
            "template_selection_expression": "",
            "timeout_milliseconds": 30000,
            "tls_config": []
          },
          "sensitive_attributes": [],
          "private": "bnVsbA==",
          "dependencies": [
            "aws_apigatewayv2_api.truly_api",
            "aws_iam_policy.truly_lambda_SECRETSMAN_policy",
            "aws_iam_policy.truly_lambda_XRAY_policy",
            "aws_iam_policy.truly_lambda_dynamodb_policy",
            "aws_iam_policy.truly_lambda_logging_policy",
            "aws_iam_role.truly_lambda_execution_role",
            "aws_iam_role_policy_attachment.truly_lambda_SECRETSMAN",
            "aws_iam_role_policy_attachment.truly_lambda_XRAY",
            "aws_iam_role_policy_attachment.truly_lambda_dynamodb",
            "aws_iam_role_policy_attachment.truly_lambda_logs",
            "module.lambda_admin.aws_cloudwatch_log_group.truly_lambda_admin_cloudwatch",
            "module.lambda_admin.aws_lambda_function.truly_lambda_admin"
          ]
        }
      ]
    },
    {
      "mode": "managed",
      "type": "aws_apigatewayv2_integration",
      "name": "truly_licenses_integration",
      "provider": "provider[\"registry.terraform.io/hashicorp/aws\"]",
      "instances": [
        {
          "schema_version": 0,
          "attributes": {
            "api_id": "uoruktgvp7",
            "connection_id": "",
            "connection_type": "INTERNET",
            "content_handling_strategy": "",
            "credentials_arn": "",
            "description": "Licenses, assets and ownership methods",
            "id": "2476c7q",
            "integration_method": "POST",
            "integration_response_selection_expression": "",
            "integration_subtype": "",
            "integration_type": "AWS_PROXY",
            "integration_uri": "arn:aws:apigateway:eu-west-1:lambda:path/2015-03-31/functions/arn:aws:lambda:eu-west-1:172619864391:function:truly_licenses-eu-v1/invocations",
            "passthrough_behavior": "",
            "payload_format_version": "2.0",
            "request_parameters": {},
            "request_templates": {},
            "response_parameters": [],
            "template_selection_expression": "",
            "timeout_milliseconds": 30000,
            "tls_config": []
          },
          "sensitive_attributes": [],
          "private": "bnVsbA==",
          "dependencies": [
            "aws_apigatewayv2_api.truly_api",
            "aws_iam_policy.truly_lambda_KMS_policy",
            "aws_iam_policy.truly_lambda_SECRETSMAN_policy",
            "aws_iam_policy.truly_lambda_SNS_policy",
            "aws_iam_policy.truly_lambda_SQS_policy",
            "aws_iam_policy.truly_lambda_XRAY_policy",
            "aws_iam_policy.truly_lambda_dynamodb_policy",
            "aws_iam_policy.truly_lambda_logging_policy",
            "aws_iam_role.truly_lambda_execution_role",
            "aws_iam_role_policy_attachment.truly_lambda_KMS",
            "aws_iam_role_policy_attachment.truly_lambda_SECRETSMAN",
            "aws_iam_role_policy_attachment.truly_lambda_SNS",
            "aws_iam_role_policy_attachment.truly_lambda_SQS",
            "aws_iam_role_policy_attachment.truly_lambda_XRAY",
            "aws_iam_role_policy_attachment.truly_lambda_dynamodb",
            "aws_iam_role_policy_attachment.truly_lambda_logs",
            "aws_sns_topic.minting_fails_after_max_retries_topic",
            "aws_sns_topic.minting_topic",
            "aws_sns_topic.video_in_topic",
            "aws_sns_topic.video_out_topic",
            "aws_sqs_queue.minting_queue_deadletter",
            "module.lambda_licenses.aws_cloudwatch_log_group.truly_lambda_licenses_cloudwatch",
            "module.lambda_licenses.aws_lambda_function.truly_lambda_licenses"
          ]
        }
      ]
    },
    {
      "mode": "managed",
      "type": "aws_apigatewayv2_integration",
      "name": "truly_login_integration",
      "provider": "provider[\"registry.terraform.io/hashicorp/aws\"]",
      "instances": [
        {
          "schema_version": 0,
          "attributes": {
            "api_id": "uoruktgvp7",
            "connection_id": "",
            "connection_type": "INTERNET",
            "content_handling_strategy": "",
            "credentials_arn": "",
            "description": "Login methods",
            "id": "qsxwvym",
            "integration_method": "POST",
            "integration_response_selection_expression": "",
            "integration_subtype": "",
            "integration_type": "AWS_PROXY",
            "integration_uri": "arn:aws:apigateway:eu-west-1:lambda:path/2015-03-31/functions/arn:aws:lambda:eu-west-1:172619864391:function:truly_login-eu-v1/invocations",
            "passthrough_behavior": "",
            "payload_format_version": "2.0",
            "request_parameters": {},
            "request_templates": {},
            "response_parameters": [],
            "template_selection_expression": "",
            "timeout_milliseconds": 30000,
            "tls_config": []
          },
          "sensitive_attributes": [],
          "private": "bnVsbA==",
          "dependencies": [
            "aws_apigatewayv2_api.truly_api",
            "aws_iam_policy.truly_lambda_SECRETSMAN_policy",
            "aws_iam_policy.truly_lambda_XRAY_policy",
            "aws_iam_policy.truly_lambda_dynamodb_policy",
            "aws_iam_policy.truly_lambda_logging_policy",
            "aws_iam_role.truly_lambda_execution_role",
            "aws_iam_role_policy_attachment.truly_lambda_SECRETSMAN",
            "aws_iam_role_policy_attachment.truly_lambda_XRAY",
            "aws_iam_role_policy_attachment.truly_lambda_dynamodb",
            "aws_iam_role_policy_attachment.truly_lambda_logs",
            "module.lambda_login.aws_cloudwatch_log_group.truly_lambda_login_cloudwatch",
            "module.lambda_login.aws_lambda_function.truly_lambda_login"
          ]
        }
      ]
    },
    {
      "mode": "managed",
      "type": "aws_apigatewayv2_integration",
      "name": "truly_user_integration",
      "provider": "provider[\"registry.terraform.io/hashicorp/aws\"]",
      "instances": [
        {
          "schema_version": 0,
          "attributes": {
            "api_id": "uoruktgvp7",
            "connection_id": "",
            "connection_type": "INTERNET",
            "content_handling_strategy": "",
            "credentials_arn": "",
            "description": "user's methods",
            "id": "c2ejne5",
            "integration_method": "POST",
            "integration_response_selection_expression": "",
            "integration_subtype": "",
            "integration_type": "AWS_PROXY",
            "integration_uri": "arn:aws:apigateway:eu-west-1:lambda:path/2015-03-31/functions/arn:aws:lambda:eu-west-1:172619864391:function:truly_user-eu-v1/invocations",
            "passthrough_behavior": "",
            "payload_format_version": "2.0",
            "request_parameters": {},
            "request_templates": {},
            "response_parameters": [],
            "template_selection_expression": "",
            "timeout_milliseconds": 30000,
            "tls_config": []
          },
          "sensitive_attributes": [],
          "private": "bnVsbA==",
          "dependencies": [
            "aws_apigatewayv2_api.truly_api",
            "aws_iam_policy.truly_lambda_SECRETSMAN_policy",
            "aws_iam_policy.truly_lambda_XRAY_policy",
            "aws_iam_policy.truly_lambda_dynamodb_policy",
            "aws_iam_policy.truly_lambda_logging_policy",
            "aws_iam_role.truly_lambda_execution_role",
            "aws_iam_role_policy_attachment.truly_lambda_SECRETSMAN",
            "aws_iam_role_policy_attachment.truly_lambda_XRAY",
            "aws_iam_role_policy_attachment.truly_lambda_dynamodb",
            "aws_iam_role_policy_attachment.truly_lambda_logs",
            "module.lambda_user.aws_cloudwatch_log_group.truly_lambda_user_cloudwatch",
            "module.lambda_user.aws_lambda_function.truly_lambda_user"
          ]
        }
      ]
    },
    {
      "mode": "managed",
      "type": "aws_apigatewayv2_route",
      "name": "truly_admin_route",
      "provider": "provider[\"registry.terraform.io/hashicorp/aws\"]",
      "instances": [
        {
          "schema_version": 0,
          "attributes": {
            "api_id": "uoruktgvp7",
            "api_key_required": false,
            "authorization_scopes": [],
            "authorization_type": "NONE",
            "authorizer_id": "",
            "id": "ih9vehq",
            "model_selection_expression": "",
            "operation_name": "",
            "request_models": {},
            "request_parameter": [],
            "route_key": "ANY /admin/{proxy+}",
            "route_response_selection_expression": "",
            "target": "integrations/q1dmja5"
          },
          "sensitive_attributes": [],
          "private": "bnVsbA==",
          "dependencies": [
            "aws_apigatewayv2_api.truly_api",
            "aws_apigatewayv2_integration.truly_admin_integration",
            "aws_iam_policy.truly_lambda_SECRETSMAN_policy",
            "aws_iam_policy.truly_lambda_XRAY_policy",
            "aws_iam_policy.truly_lambda_dynamodb_policy",
            "aws_iam_policy.truly_lambda_logging_policy",
            "aws_iam_role.truly_lambda_execution_role",
            "aws_iam_role_policy_attachment.truly_lambda_SECRETSMAN",
            "aws_iam_role_policy_attachment.truly_lambda_XRAY",
            "aws_iam_role_policy_attachment.truly_lambda_dynamodb",
            "aws_iam_role_policy_attachment.truly_lambda_logs",
            "module.lambda_admin.aws_cloudwatch_log_group.truly_lambda_admin_cloudwatch",
            "module.lambda_admin.aws_lambda_function.truly_lambda_admin"
          ]
        }
      ]
    },
    {
      "mode": "managed",
      "type": "aws_apigatewayv2_route",
      "name": "truly_licenses_route_asset",
      "provider": "provider[\"registry.terraform.io/hashicorp/aws\"]",
      "instances": [
        {
          "schema_version": 0,
          "attributes": {
            "api_id": "uoruktgvp7",
            "api_key_required": false,
            "authorization_scopes": [],
            "authorization_type": "NONE",
            "authorizer_id": "",
            "id": "twx8lyq",
            "model_selection_expression": "",
            "operation_name": "",
            "request_models": {},
            "request_parameter": [],
            "route_key": "ANY /api/asset",
            "route_response_selection_expression": "",
            "target": "integrations/2476c7q"
          },
          "sensitive_attributes": [],
          "private": "bnVsbA==",
          "dependencies": [
            "aws_apigatewayv2_api.truly_api",
            "aws_apigatewayv2_integration.truly_licenses_integration",
            "aws_iam_policy.truly_lambda_KMS_policy",
            "aws_iam_policy.truly_lambda_SECRETSMAN_policy",
            "aws_iam_policy.truly_lambda_SNS_policy",
            "aws_iam_policy.truly_lambda_SQS_policy",
            "aws_iam_policy.truly_lambda_XRAY_policy",
            "aws_iam_policy.truly_lambda_dynamodb_policy",
            "aws_iam_policy.truly_lambda_logging_policy",
            "aws_iam_role.truly_lambda_execution_role",
            "aws_iam_role_policy_attachment.truly_lambda_KMS",
            "aws_iam_role_policy_attachment.truly_lambda_SECRETSMAN",
            "aws_iam_role_policy_attachment.truly_lambda_SNS",
            "aws_iam_role_policy_attachment.truly_lambda_SQS",
            "aws_iam_role_policy_attachment.truly_lambda_XRAY",
            "aws_iam_role_policy_attachment.truly_lambda_dynamodb",
            "aws_iam_role_policy_attachment.truly_lambda_logs",
            "aws_sns_topic.minting_fails_after_max_retries_topic",
            "aws_sns_topic.minting_topic",
            "aws_sns_topic.video_in_topic",
            "aws_sns_topic.video_out_topic",
            "aws_sqs_queue.minting_queue_deadletter",
            "module.lambda_licenses.aws_cloudwatch_log_group.truly_lambda_licenses_cloudwatch",
            "module.lambda_licenses.aws_lambda_function.truly_lambda_licenses"
          ]
        }
      ]
    },
    {
      "mode": "managed",
      "type": "aws_apigatewayv2_route",
      "name": "truly_licenses_route_asset_by_id",
      "provider": "provider[\"registry.terraform.io/hashicorp/aws\"]",
      "instances": [
        {
          "schema_version": 0,
          "attributes": {
            "api_id": "uoruktgvp7",
            "api_key_required": false,
            "authorization_scopes": [],
            "authorization_type": "NONE",
            "authorizer_id": "",
            "id": "njp59ni",
            "model_selection_expression": "",
            "operation_name": "",
            "request_models": {},
            "request_parameter": [],
            "route_key": "ANY /api/asset/{id}",
            "route_response_selection_expression": "",
            "target": "integrations/2476c7q"
          },
          "sensitive_attributes": [],
          "private": "bnVsbA==",
          "dependencies": [
            "aws_apigatewayv2_api.truly_api",
            "aws_apigatewayv2_integration.truly_licenses_integration",
            "aws_iam_policy.truly_lambda_KMS_policy",
            "aws_iam_policy.truly_lambda_SECRETSMAN_policy",
            "aws_iam_policy.truly_lambda_SNS_policy",
            "aws_iam_policy.truly_lambda_SQS_policy",
            "aws_iam_policy.truly_lambda_XRAY_policy",
            "aws_iam_policy.truly_lambda_dynamodb_policy",
            "aws_iam_policy.truly_lambda_logging_policy",
            "aws_iam_role.truly_lambda_execution_role",
            "aws_iam_role_policy_attachment.truly_lambda_KMS",
            "aws_iam_role_policy_attachment.truly_lambda_SECRETSMAN",
            "aws_iam_role_policy_attachment.truly_lambda_SNS",
            "aws_iam_role_policy_attachment.truly_lambda_SQS",
            "aws_iam_role_policy_attachment.truly_lambda_XRAY",
            "aws_iam_role_policy_attachment.truly_lambda_dynamodb",
            "aws_iam_role_policy_attachment.truly_lambda_logs",
            "aws_sns_topic.minting_fails_after_max_retries_topic",
            "aws_sns_topic.minting_topic",
            "aws_sns_topic.video_in_topic",
            "aws_sns_topic.video_out_topic",
            "aws_sqs_queue.minting_queue_deadletter",
            "module.lambda_licenses.aws_cloudwatch_log_group.truly_lambda_licenses_cloudwatch",
            "module.lambda_licenses.aws_lambda_function.truly_lambda_licenses"
          ]
        }
      ]
    },
    {
      "mode": "managed",
      "type": "aws_apigatewayv2_route",
      "name": "truly_licenses_route_asset_by_shorter",
      "provider": "provider[\"registry.terraform.io/hashicorp/aws\"]",
      "instances": [
        {
          "schema_version": 0,
          "attributes": {
            "api_id": "uoruktgvp7",
            "api_key_required": false,
            "authorization_scopes": [],
            "authorization_type": "NONE",
            "authorizer_id": "",
            "id": "s34oyas",
            "model_selection_expression": "",
            "operation_name": "",
            "request_models": {},
            "request_parameter": [],
            "route_key": "ANY /api/shorter",
            "route_response_selection_expression": "",
            "target": "integrations/2476c7q"
          },
          "sensitive_attributes": [],
          "private": "bnVsbA==",
          "dependencies": [
            "aws_apigatewayv2_api.truly_api",
            "aws_apigatewayv2_integration.truly_licenses_integration",
            "aws_iam_policy.truly_lambda_KMS_policy",
            "aws_iam_policy.truly_lambda_SECRETSMAN_policy",
            "aws_iam_policy.truly_lambda_SNS_policy",
            "aws_iam_policy.truly_lambda_SQS_policy",
            "aws_iam_policy.truly_lambda_XRAY_policy",
            "aws_iam_policy.truly_lambda_dynamodb_policy",
            "aws_iam_policy.truly_lambda_logging_policy",
            "aws_iam_role.truly_lambda_execution_role",
            "aws_iam_role_policy_attachment.truly_lambda_KMS",
            "aws_iam_role_policy_attachment.truly_lambda_SECRETSMAN",
            "aws_iam_role_policy_attachment.truly_lambda_SNS",
            "aws_iam_role_policy_attachment.truly_lambda_SQS",
            "aws_iam_role_policy_attachment.truly_lambda_XRAY",
            "aws_iam_role_policy_attachment.truly_lambda_dynamodb",
            "aws_iam_role_policy_attachment.truly_lambda_logs",
            "aws_sns_topic.minting_fails_after_max_retries_topic",
            "aws_sns_topic.minting_topic",
            "aws_sns_topic.video_in_topic",
            "aws_sns_topic.video_out_topic",
            "aws_sqs_queue.minting_queue_deadletter",
            "module.lambda_licenses.aws_cloudwatch_log_group.truly_lambda_licenses_cloudwatch",
            "module.lambda_licenses.aws_lambda_function.truly_lambda_licenses"
          ]
        }
      ]
    },
    {
      "mode": "managed",
      "type": "aws_apigatewayv2_route",
      "name": "truly_licenses_route_asset_by_shorter_id",
      "provider": "provider[\"registry.terraform.io/hashicorp/aws\"]",
      "instances": [
        {
          "schema_version": 0,
          "attributes": {
            "api_id": "uoruktgvp7",
            "api_key_required": false,
            "authorization_scopes": [],
            "authorization_type": "NONE",
            "authorizer_id": "",
            "id": "hhjb0pj",
            "model_selection_expression": "",
            "operation_name": "",
            "request_models": {},
            "request_parameter": [],
            "route_key": "ANY /api/shorter/{id}",
            "route_response_selection_expression": "",
            "target": "integrations/2476c7q"
          },
          "sensitive_attributes": [],
          "private": "bnVsbA==",
          "dependencies": [
            "aws_apigatewayv2_api.truly_api",
            "aws_apigatewayv2_integration.truly_licenses_integration",
            "aws_iam_policy.truly_lambda_KMS_policy",
            "aws_iam_policy.truly_lambda_SECRETSMAN_policy",
            "aws_iam_policy.truly_lambda_SNS_policy",
            "aws_iam_policy.truly_lambda_SQS_policy",
            "aws_iam_policy.truly_lambda_XRAY_policy",
            "aws_iam_policy.truly_lambda_dynamodb_policy",
            "aws_iam_policy.truly_lambda_logging_policy",
            "aws_iam_role.truly_lambda_execution_role",
            "aws_iam_role_policy_attachment.truly_lambda_KMS",
            "aws_iam_role_policy_attachment.truly_lambda_SECRETSMAN",
            "aws_iam_role_policy_attachment.truly_lambda_SNS",
            "aws_iam_role_policy_attachment.truly_lambda_SQS",
            "aws_iam_role_policy_attachment.truly_lambda_XRAY",
            "aws_iam_role_policy_attachment.truly_lambda_dynamodb",
            "aws_iam_role_policy_attachment.truly_lambda_logs",
            "aws_sns_topic.minting_fails_after_max_retries_topic",
            "aws_sns_topic.minting_topic",
            "aws_sns_topic.video_in_topic",
            "aws_sns_topic.video_out_topic",
            "aws_sqs_queue.minting_queue_deadletter",
            "module.lambda_licenses.aws_cloudwatch_log_group.truly_lambda_licenses_cloudwatch",
            "module.lambda_licenses.aws_lambda_function.truly_lambda_licenses"
          ]
        }
      ]
    },
    {
      "mode": "managed",
      "type": "aws_apigatewayv2_route",
      "name": "truly_licenses_route_license",
      "provider": "provider[\"registry.terraform.io/hashicorp/aws\"]",
      "instances": [
        {
          "schema_version": 0,
          "attributes": {
            "api_id": "uoruktgvp7",
            "api_key_required": false,
            "authorization_scopes": [],
            "authorization_type": "NONE",
            "authorizer_id": "",
            "id": "k28g1ru",
            "model_selection_expression": "",
            "operation_name": "",
            "request_models": {},
            "request_parameter": [],
            "route_key": "ANY /api/license",
            "route_response_selection_expression": "",
            "target": "integrations/2476c7q"
          },
          "sensitive_attributes": [],
          "private": "bnVsbA==",
          "dependencies": [
            "aws_apigatewayv2_api.truly_api",
            "aws_apigatewayv2_integration.truly_licenses_integration",
            "aws_iam_policy.truly_lambda_KMS_policy",
            "aws_iam_policy.truly_lambda_SECRETSMAN_policy",
            "aws_iam_policy.truly_lambda_SNS_policy",
            "aws_iam_policy.truly_lambda_SQS_policy",
            "aws_iam_policy.truly_lambda_XRAY_policy",
            "aws_iam_policy.truly_lambda_dynamodb_policy",
            "aws_iam_policy.truly_lambda_logging_policy",
            "aws_iam_role.truly_lambda_execution_role",
            "aws_iam_role_policy_attachment.truly_lambda_KMS",
            "aws_iam_role_policy_attachment.truly_lambda_SECRETSMAN",
            "aws_iam_role_policy_attachment.truly_lambda_SNS",
            "aws_iam_role_policy_attachment.truly_lambda_SQS",
            "aws_iam_role_policy_attachment.truly_lambda_XRAY",
            "aws_iam_role_policy_attachment.truly_lambda_dynamodb",
            "aws_iam_role_policy_attachment.truly_lambda_logs",
            "aws_sns_topic.minting_fails_after_max_retries_topic",
            "aws_sns_topic.minting_topic",
            "aws_sns_topic.video_in_topic",
            "aws_sns_topic.video_out_topic",
            "aws_sqs_queue.minting_queue_deadletter",
            "module.lambda_licenses.aws_cloudwatch_log_group.truly_lambda_licenses_cloudwatch",
            "module.lambda_licenses.aws_lambda_function.truly_lambda_licenses"
          ]
        }
      ]
    },
    {
      "mode": "managed",
      "type": "aws_apigatewayv2_route",
      "name": "truly_licenses_route_license_id",
      "provider": "provider[\"registry.terraform.io/hashicorp/aws\"]",
      "instances": [
        {
          "schema_version": 0,
          "attributes": {
            "api_id": "uoruktgvp7",
            "api_key_required": false,
            "authorization_scopes": [],
            "authorization_type": "NONE",
            "authorizer_id": "",
            "id": "lljh2i8",
            "model_selection_expression": "",
            "operation_name": "",
            "request_models": {},
            "request_parameter": [],
            "route_key": "ANY /api/license/{id}",
            "route_response_selection_expression": "",
            "target": "integrations/2476c7q"
          },
          "sensitive_attributes": [],
          "private": "bnVsbA==",
          "dependencies": [
            "aws_apigatewayv2_api.truly_api",
            "aws_apigatewayv2_integration.truly_licenses_integration",
            "aws_iam_policy.truly_lambda_KMS_policy",
            "aws_iam_policy.truly_lambda_SECRETSMAN_policy",
            "aws_iam_policy.truly_lambda_SNS_policy",
            "aws_iam_policy.truly_lambda_SQS_policy",
            "aws_iam_policy.truly_lambda_XRAY_policy",
            "aws_iam_policy.truly_lambda_dynamodb_policy",
            "aws_iam_policy.truly_lambda_logging_policy",
            "aws_iam_role.truly_lambda_execution_role",
            "aws_iam_role_policy_attachment.truly_lambda_KMS",
            "aws_iam_role_policy_attachment.truly_lambda_SECRETSMAN",
            "aws_iam_role_policy_attachment.truly_lambda_SNS",
            "aws_iam_role_policy_attachment.truly_lambda_SQS",
            "aws_iam_role_policy_attachment.truly_lambda_XRAY",
            "aws_iam_role_policy_attachment.truly_lambda_dynamodb",
            "aws_iam_role_policy_attachment.truly_lambda_logs",
            "aws_sns_topic.minting_fails_after_max_retries_topic",
            "aws_sns_topic.minting_topic",
            "aws_sns_topic.video_in_topic",
            "aws_sns_topic.video_out_topic",
            "aws_sqs_queue.minting_queue_deadletter",
            "module.lambda_licenses.aws_cloudwatch_log_group.truly_lambda_licenses_cloudwatch",
            "module.lambda_licenses.aws_lambda_function.truly_lambda_licenses"
          ]
        }
      ]
    },
    {
      "mode": "managed",
      "type": "aws_apigatewayv2_route",
      "name": "truly_licenses_route_nft",
      "provider": "provider[\"registry.terraform.io/hashicorp/aws\"]",
      "instances": [
        {
          "schema_version": 0,
          "attributes": {
            "api_id": "uoruktgvp7",
            "api_key_required": false,
            "authorization_scopes": [],
            "authorization_type": "NONE",
            "authorizer_id": "",
            "id": "ikt2r7h",
            "model_selection_expression": "",
            "operation_name": "",
            "request_models": {},
            "request_parameter": [],
            "route_key": "ANY /api/nft",
            "route_response_selection_expression": "",
            "target": "integrations/2476c7q"
          },
          "sensitive_attributes": [],
          "private": "bnVsbA==",
          "dependencies": [
            "aws_apigatewayv2_api.truly_api",
            "aws_apigatewayv2_integration.truly_licenses_integration",
            "aws_iam_policy.truly_lambda_KMS_policy",
            "aws_iam_policy.truly_lambda_SECRETSMAN_policy",
            "aws_iam_policy.truly_lambda_SNS_policy",
            "aws_iam_policy.truly_lambda_SQS_policy",
            "aws_iam_policy.truly_lambda_XRAY_policy",
            "aws_iam_policy.truly_lambda_dynamodb_policy",
            "aws_iam_policy.truly_lambda_logging_policy",
            "aws_iam_role.truly_lambda_execution_role",
            "aws_iam_role_policy_attachment.truly_lambda_KMS",
            "aws_iam_role_policy_attachment.truly_lambda_SECRETSMAN",
            "aws_iam_role_policy_attachment.truly_lambda_SNS",
            "aws_iam_role_policy_attachment.truly_lambda_SQS",
            "aws_iam_role_policy_attachment.truly_lambda_XRAY",
            "aws_iam_role_policy_attachment.truly_lambda_dynamodb",
            "aws_iam_role_policy_attachment.truly_lambda_logs",
            "aws_sns_topic.minting_fails_after_max_retries_topic",
            "aws_sns_topic.minting_topic",
            "aws_sns_topic.video_in_topic",
            "aws_sns_topic.video_out_topic",
            "aws_sqs_queue.minting_queue_deadletter",
            "module.lambda_licenses.aws_cloudwatch_log_group.truly_lambda_licenses_cloudwatch",
            "module.lambda_licenses.aws_lambda_function.truly_lambda_licenses"
          ]
        }
      ]
    },
    {
      "mode": "managed",
      "type": "aws_apigatewayv2_route",
      "name": "truly_licenses_route_tx",
      "provider": "provider[\"registry.terraform.io/hashicorp/aws\"]",
      "instances": [
        {
          "schema_version": 0,
          "attributes": {
            "api_id": "uoruktgvp7",
            "api_key_required": false,
            "authorization_scopes": [],
            "authorization_type": "NONE",
            "authorizer_id": "",
            "id": "wlmb3b8",
            "model_selection_expression": "",
            "operation_name": "",
            "request_models": {},
            "request_parameter": [],
            "route_key": "GET /api/tx/{id}",
            "route_response_selection_expression": "",
            "target": "integrations/2476c7q"
          },
          "sensitive_attributes": [],
          "private": "bnVsbA==",
          "dependencies": [
            "aws_apigatewayv2_api.truly_api",
            "aws_apigatewayv2_integration.truly_licenses_integration",
            "aws_iam_policy.truly_lambda_KMS_policy",
            "aws_iam_policy.truly_lambda_SECRETSMAN_policy",
            "aws_iam_policy.truly_lambda_SNS_policy",
            "aws_iam_policy.truly_lambda_SQS_policy",
            "aws_iam_policy.truly_lambda_XRAY_policy",
            "aws_iam_policy.truly_lambda_dynamodb_policy",
            "aws_iam_policy.truly_lambda_logging_policy",
            "aws_iam_role.truly_lambda_execution_role",
            "aws_iam_role_policy_attachment.truly_lambda_KMS",
            "aws_iam_role_policy_attachment.truly_lambda_SECRETSMAN",
            "aws_iam_role_policy_attachment.truly_lambda_SNS",
            "aws_iam_role_policy_attachment.truly_lambda_SQS",
            "aws_iam_role_policy_attachment.truly_lambda_XRAY",
            "aws_iam_role_policy_attachment.truly_lambda_dynamodb",
            "aws_iam_role_policy_attachment.truly_lambda_logs",
            "aws_sns_topic.minting_fails_after_max_retries_topic",
            "aws_sns_topic.minting_topic",
            "aws_sns_topic.video_in_topic",
            "aws_sns_topic.video_out_topic",
            "aws_sqs_queue.minting_queue_deadletter",
            "module.lambda_licenses.aws_cloudwatch_log_group.truly_lambda_licenses_cloudwatch",
            "module.lambda_licenses.aws_lambda_function.truly_lambda_licenses"
          ]
        }
      ]
    },
    {
      "mode": "managed",
      "type": "aws_apigatewayv2_route",
      "name": "truly_licenses_route_txs",
      "provider": "provider[\"registry.terraform.io/hashicorp/aws\"]",
      "instances": [
        {
          "schema_version": 0,
          "attributes": {
            "api_id": "uoruktgvp7",
            "api_key_required": false,
            "authorization_scopes": [],
            "authorization_type": "NONE",
            "authorizer_id": "",
            "id": "v6montr",
            "model_selection_expression": "",
            "operation_name": "",
            "request_models": {},
            "request_parameter": [],
            "route_key": "GET /api/txs/{id}",
            "route_response_selection_expression": "",
            "target": "integrations/2476c7q"
          },
          "sensitive_attributes": [],
          "private": "bnVsbA==",
          "dependencies": [
            "aws_apigatewayv2_api.truly_api",
            "aws_apigatewayv2_integration.truly_licenses_integration",
            "aws_iam_policy.truly_lambda_KMS_policy",
            "aws_iam_policy.truly_lambda_SECRETSMAN_policy",
            "aws_iam_policy.truly_lambda_SNS_policy",
            "aws_iam_policy.truly_lambda_SQS_policy",
            "aws_iam_policy.truly_lambda_XRAY_policy",
            "aws_iam_policy.truly_lambda_dynamodb_policy",
            "aws_iam_policy.truly_lambda_logging_policy",
            "aws_iam_role.truly_lambda_execution_role",
            "aws_iam_role_policy_attachment.truly_lambda_KMS",
            "aws_iam_role_policy_attachment.truly_lambda_SECRETSMAN",
            "aws_iam_role_policy_attachment.truly_lambda_SNS",
            "aws_iam_role_policy_attachment.truly_lambda_SQS",
            "aws_iam_role_policy_attachment.truly_lambda_XRAY",
            "aws_iam_role_policy_attachment.truly_lambda_dynamodb",
            "aws_iam_role_policy_attachment.truly_lambda_logs",
            "aws_sns_topic.minting_fails_after_max_retries_topic",
            "aws_sns_topic.minting_topic",
            "aws_sns_topic.video_in_topic",
            "aws_sns_topic.video_out_topic",
            "aws_sqs_queue.minting_queue_deadletter",
            "module.lambda_licenses.aws_cloudwatch_log_group.truly_lambda_licenses_cloudwatch",
            "module.lambda_licenses.aws_lambda_function.truly_lambda_licenses"
          ]
        }
      ]
    },
    {
      "mode": "managed",
      "type": "aws_apigatewayv2_route",
      "name": "truly_login_route",
      "provider": "provider[\"registry.terraform.io/hashicorp/aws\"]",
      "instances": [
        {
          "schema_version": 0,
          "attributes": {
            "api_id": "uoruktgvp7",
            "api_key_required": false,
            "authorization_scopes": [],
            "authorization_type": "NONE",
            "authorizer_id": "",
            "id": "oes7l8c",
            "model_selection_expression": "",
            "operation_name": "",
            "request_models": {},
            "request_parameter": [],
            "route_key": "POST /auth/{proxy+}",
            "route_response_selection_expression": "",
            "target": "integrations/qsxwvym"
          },
          "sensitive_attributes": [],
          "private": "bnVsbA==",
          "dependencies": [
            "aws_apigatewayv2_api.truly_api",
            "aws_apigatewayv2_integration.truly_login_integration",
            "aws_iam_policy.truly_lambda_SECRETSMAN_policy",
            "aws_iam_policy.truly_lambda_XRAY_policy",
            "aws_iam_policy.truly_lambda_dynamodb_policy",
            "aws_iam_policy.truly_lambda_logging_policy",
            "aws_iam_role.truly_lambda_execution_role",
            "aws_iam_role_policy_attachment.truly_lambda_SECRETSMAN",
            "aws_iam_role_policy_attachment.truly_lambda_XRAY",
            "aws_iam_role_policy_attachment.truly_lambda_dynamodb",
            "aws_iam_role_policy_attachment.truly_lambda_logs",
            "module.lambda_login.aws_cloudwatch_log_group.truly_lambda_login_cloudwatch",
            "module.lambda_login.aws_lambda_function.truly_lambda_login"
          ]
        }
      ]
    },
    {
      "mode": "managed",
      "type": "aws_apigatewayv2_route",
      "name": "truly_user_route",
      "provider": "provider[\"registry.terraform.io/hashicorp/aws\"]",
      "instances": [
        {
          "schema_version": 0,
          "attributes": {
            "api_id": "uoruktgvp7",
            "api_key_required": false,
            "authorization_scopes": [],
            "authorization_type": "NONE",
            "authorizer_id": "",
            "id": "v39rutf",
            "model_selection_expression": "",
            "operation_name": "",
            "request_models": {},
            "request_parameter": [],
            "route_key": "ANY /api/user",
            "route_response_selection_expression": "",
            "target": "integrations/c2ejne5"
          },
          "sensitive_attributes": [],
          "private": "bnVsbA==",
          "dependencies": [
            "aws_apigatewayv2_api.truly_api",
            "aws_apigatewayv2_integration.truly_user_integration",
            "aws_iam_policy.truly_lambda_SECRETSMAN_policy",
            "aws_iam_policy.truly_lambda_XRAY_policy",
            "aws_iam_policy.truly_lambda_dynamodb_policy",
            "aws_iam_policy.truly_lambda_logging_policy",
            "aws_iam_role.truly_lambda_execution_role",
            "aws_iam_role_policy_attachment.truly_lambda_SECRETSMAN",
            "aws_iam_role_policy_attachment.truly_lambda_XRAY",
            "aws_iam_role_policy_attachment.truly_lambda_dynamodb",
            "aws_iam_role_policy_attachment.truly_lambda_logs",
            "module.lambda_user.aws_cloudwatch_log_group.truly_lambda_user_cloudwatch",
            "module.lambda_user.aws_lambda_function.truly_lambda_user"
          ]
        }
      ]
    },
    {
      "mode": "managed",
      "type": "aws_apigatewayv2_route",
      "name": "truly_user_route_by_id",
      "provider": "provider[\"registry.terraform.io/hashicorp/aws\"]",
      "instances": [
        {
          "schema_version": 0,
          "attributes": {
            "api_id": "uoruktgvp7",
            "api_key_required": false,
            "authorization_scopes": [],
            "authorization_type": "NONE",
            "authorizer_id": "",
            "id": "vy52vyj",
            "model_selection_expression": "",
            "operation_name": "",
            "request_models": {},
            "request_parameter": [],
            "route_key": "ANY /api/user/{id}",
            "route_response_selection_expression": "",
            "target": "integrations/c2ejne5"
          },
          "sensitive_attributes": [],
          "private": "bnVsbA==",
          "dependencies": [
            "aws_apigatewayv2_api.truly_api",
            "aws_apigatewayv2_integration.truly_user_integration",
            "aws_iam_policy.truly_lambda_SECRETSMAN_policy",
            "aws_iam_policy.truly_lambda_XRAY_policy",
            "aws_iam_policy.truly_lambda_dynamodb_policy",
            "aws_iam_policy.truly_lambda_logging_policy",
            "aws_iam_role.truly_lambda_execution_role",
            "aws_iam_role_policy_attachment.truly_lambda_SECRETSMAN",
            "aws_iam_role_policy_attachment.truly_lambda_XRAY",
            "aws_iam_role_policy_attachment.truly_lambda_dynamodb",
            "aws_iam_role_policy_attachment.truly_lambda_logs",
            "module.lambda_user.aws_cloudwatch_log_group.truly_lambda_user_cloudwatch",
            "module.lambda_user.aws_lambda_function.truly_lambda_user"
          ]
        }
      ]
    },
    {
      "mode": "managed",
      "type": "aws_apigatewayv2_stage",
      "name": "default_stage",
      "provider": "provider[\"registry.terraform.io/hashicorp/aws\"]",
      "instances": [
        {
          "schema_version": 0,
          "attributes": {
            "access_log_settings": [],
            "api_id": "uoruktgvp7",
            "arn": "arn:aws:apigateway:eu-west-1::/apis/uoruktgvp7/stages/$default",
            "auto_deploy": false,
            "client_certificate_id": "",
            "default_route_settings": [
              {
                "data_trace_enabled": false,
                "detailed_metrics_enabled": false,
                "logging_level": "",
                "throttling_burst_limit": 0,
                "throttling_rate_limit": 0
              }
            ],
            "deployment_id": "upvih1",
            "description": "",
            "execution_arn": "arn:aws:execute-api:eu-west-1:172619864391:uoruktgvp7/$default",
            "id": "$default",
            "invoke_url": "https://uoruktgvp7.execute-api.eu-west-1.amazonaws.com/",
            "name": "$default",
            "route_settings": [],
            "stage_variables": {},
            "tags": {
              "environment": "stage",
              "project": "truly",
              "service": "api"
            },
            "tags_all": {
              "environment": "stage",
              "project": "truly",
              "service": "api"
            }
          },
          "sensitive_attributes": [],
          "private": "bnVsbA==",
          "dependencies": [
            "aws_apigatewayv2_api.truly_api",
            "aws_apigatewayv2_deployment.truly_api_deployment",
            "aws_apigatewayv2_integration.truly_admin_integration",
            "aws_apigatewayv2_integration.truly_licenses_integration",
            "aws_apigatewayv2_integration.truly_login_integration",
            "aws_apigatewayv2_integration.truly_user_integration",
            "aws_apigatewayv2_route.truly_admin_route",
            "aws_apigatewayv2_route.truly_licenses_route_asset",
            "aws_apigatewayv2_route.truly_licenses_route_asset_by_id",
            "aws_apigatewayv2_route.truly_licenses_route_asset_by_shorter",
            "aws_apigatewayv2_route.truly_licenses_route_asset_by_shorter_id",
            "aws_apigatewayv2_route.truly_licenses_route_license",
            "aws_apigatewayv2_route.truly_licenses_route_license_id",
            "aws_apigatewayv2_route.truly_licenses_route_nft",
            "aws_apigatewayv2_route.truly_licenses_route_tx",
            "aws_apigatewayv2_route.truly_licenses_route_txs",
            "aws_apigatewayv2_route.truly_login_route",
            "aws_apigatewayv2_route.truly_user_route",
            "aws_apigatewayv2_route.truly_user_route_by_id",
            "aws_iam_policy.truly_lambda_KMS_policy",
            "aws_iam_policy.truly_lambda_SECRETSMAN_policy",
            "aws_iam_policy.truly_lambda_SNS_policy",
            "aws_iam_policy.truly_lambda_SQS_policy",
            "aws_iam_policy.truly_lambda_XRAY_policy",
            "aws_iam_policy.truly_lambda_dynamodb_policy",
            "aws_iam_policy.truly_lambda_logging_policy",
            "aws_iam_role.truly_lambda_execution_role",
            "aws_iam_role_policy_attachment.truly_lambda_KMS",
            "aws_iam_role_policy_attachment.truly_lambda_SECRETSMAN",
            "aws_iam_role_policy_attachment.truly_lambda_SNS",
            "aws_iam_role_policy_attachment.truly_lambda_SQS",
            "aws_iam_role_policy_attachment.truly_lambda_XRAY",
            "aws_iam_role_policy_attachment.truly_lambda_dynamodb",
            "aws_iam_role_policy_attachment.truly_lambda_logs",
            "aws_sns_topic.minting_fails_after_max_retries_topic",
            "aws_sns_topic.minting_topic",
            "aws_sns_topic.video_in_topic",
            "aws_sns_topic.video_out_topic",
            "aws_sqs_queue.minting_queue_deadletter",
            "module.lambda_admin.aws_cloudwatch_log_group.truly_lambda_admin_cloudwatch",
            "module.lambda_admin.aws_lambda_function.truly_lambda_admin",
            "module.lambda_licenses.aws_cloudwatch_log_group.truly_lambda_licenses_cloudwatch",
            "module.lambda_licenses.aws_lambda_function.truly_lambda_licenses",
            "module.lambda_login.aws_cloudwatch_log_group.truly_lambda_login_cloudwatch",
            "module.lambda_login.aws_lambda_function.truly_lambda_login",
            "module.lambda_user.aws_cloudwatch_log_group.truly_lambda_user_cloudwatch",
            "module.lambda_user.aws_lambda_function.truly_lambda_user"
          ]
        }
      ]
    },
    {
      "mode": "managed",
      "type": "aws_apigatewayv2_stage",
      "name": "truly_stage",
      "provider": "provider[\"registry.terraform.io/hashicorp/aws\"]",
      "instances": [
        {
          "schema_version": 0,
          "attributes": {
            "access_log_settings": [],
            "api_id": "uoruktgvp7",
            "arn": "arn:aws:apigateway:eu-west-1::/apis/uoruktgvp7/stages/v1",
            "auto_deploy": false,
            "client_certificate_id": "",
            "default_route_settings": [
              {
                "data_trace_enabled": false,
                "detailed_metrics_enabled": false,
                "logging_level": "",
                "throttling_burst_limit": 0,
                "throttling_rate_limit": 0
              }
            ],
            "deployment_id": "upvih1",
            "description": "",
            "execution_arn": "arn:aws:execute-api:eu-west-1:172619864391:uoruktgvp7/v1",
            "id": "v1",
            "invoke_url": "https://uoruktgvp7.execute-api.eu-west-1.amazonaws.com/v1",
            "name": "v1",
            "route_settings": [],
            "stage_variables": {},
            "tags": {
              "environment": "stage",
              "project": "truly",
              "service": "api"
            },
            "tags_all": {
              "environment": "stage",
              "project": "truly",
              "service": "api"
            }
          },
          "sensitive_attributes": [],
          "private": "bnVsbA==",
          "dependencies": [
            "aws_apigatewayv2_api.truly_api",
            "aws_apigatewayv2_deployment.truly_api_deployment",
            "aws_apigatewayv2_integration.truly_admin_integration",
            "aws_apigatewayv2_integration.truly_licenses_integration",
            "aws_apigatewayv2_integration.truly_login_integration",
            "aws_apigatewayv2_integration.truly_user_integration",
            "aws_apigatewayv2_route.truly_admin_route",
            "aws_apigatewayv2_route.truly_licenses_route_asset",
            "aws_apigatewayv2_route.truly_licenses_route_asset_by_id",
            "aws_apigatewayv2_route.truly_licenses_route_asset_by_shorter",
            "aws_apigatewayv2_route.truly_licenses_route_asset_by_shorter_id",
            "aws_apigatewayv2_route.truly_licenses_route_license",
            "aws_apigatewayv2_route.truly_licenses_route_license_id",
            "aws_apigatewayv2_route.truly_licenses_route_nft",
            "aws_apigatewayv2_route.truly_licenses_route_tx",
            "aws_apigatewayv2_route.truly_licenses_route_txs",
            "aws_apigatewayv2_route.truly_login_route",
            "aws_apigatewayv2_route.truly_user_route",
            "aws_apigatewayv2_route.truly_user_route_by_id",
            "aws_iam_policy.truly_lambda_KMS_policy",
            "aws_iam_policy.truly_lambda_SECRETSMAN_policy",
            "aws_iam_policy.truly_lambda_SNS_policy",
            "aws_iam_policy.truly_lambda_SQS_policy",
            "aws_iam_policy.truly_lambda_XRAY_policy",
            "aws_iam_policy.truly_lambda_dynamodb_policy",
            "aws_iam_policy.truly_lambda_logging_policy",
            "aws_iam_role.truly_lambda_execution_role",
            "aws_iam_role_policy_attachment.truly_lambda_KMS",
            "aws_iam_role_policy_attachment.truly_lambda_SECRETSMAN",
            "aws_iam_role_policy_attachment.truly_lambda_SNS",
            "aws_iam_role_policy_attachment.truly_lambda_SQS",
            "aws_iam_role_policy_attachment.truly_lambda_XRAY",
            "aws_iam_role_policy_attachment.truly_lambda_dynamodb",
            "aws_iam_role_policy_attachment.truly_lambda_logs",
            "aws_sns_topic.minting_fails_after_max_retries_topic",
            "aws_sns_topic.minting_topic",
            "aws_sns_topic.video_in_topic",
            "aws_sns_topic.video_out_topic",
            "aws_sqs_queue.minting_queue_deadletter",
            "module.lambda_admin.aws_cloudwatch_log_group.truly_lambda_admin_cloudwatch",
            "module.lambda_admin.aws_lambda_function.truly_lambda_admin",
            "module.lambda_licenses.aws_cloudwatch_log_group.truly_lambda_licenses_cloudwatch",
            "module.lambda_licenses.aws_lambda_function.truly_lambda_licenses",
            "module.lambda_login.aws_cloudwatch_log_group.truly_lambda_login_cloudwatch",
            "module.lambda_login.aws_lambda_function.truly_lambda_login",
            "module.lambda_user.aws_cloudwatch_log_group.truly_lambda_user_cloudwatch",
            "module.lambda_user.aws_lambda_function.truly_lambda_user"
          ]
        }
      ]
    },
    {
      "mode": "managed",
      "type": "aws_cloudwatch_metric_alarm",
      "name": "after_video_queue_deadletter_alarm",
      "provider": "provider[\"registry.terraform.io/hashicorp/aws\"]",
      "instances": [
        {
          "schema_version": 1,
          "attributes": {
            "actions_enabled": true,
            "alarm_actions": [
              "arn:aws:sns:eu-west-1:172619864391:after_video_dead_letter_topic_eu_v1"
            ],
            "alarm_description": "This metric monitors after_video dead letter queue",
            "alarm_name": "after_video_queue_deadletter_eu_v1",
            "arn": "arn:aws:cloudwatch:eu-west-1:172619864391:alarm:after_video_queue_deadletter_eu_v1",
            "comparison_operator": "GreaterThanThreshold",
            "datapoints_to_alarm": 0,
            "dimensions": {},
            "evaluate_low_sample_count_percentiles": "",
            "evaluation_periods": 1,
            "extended_statistic": "",
            "id": "after_video_queue_deadletter_eu_v1",
            "insufficient_data_actions": [],
            "metric_name": "ApproximateNumberOfMessagesVisible",
            "metric_query": [],
            "namespace": "AWS/SQS",
            "ok_actions": [],
            "period": 60,
            "statistic": "Sum",
            "tags": {},
            "tags_all": {},
            "threshold": 0,
            "threshold_metric_id": "",
            "treat_missing_data": "missing",
            "unit": ""
          },
          "sensitive_attributes": [],
          "private": "eyJzY2hlbWFfdmVyc2lvbiI6IjEifQ==",
          "dependencies": [
            "aws_sns_topic.after_video_dead_letter_topic"
          ]
        }
      ]
    },
    {
      "mode": "managed",
      "type": "aws_cloudwatch_metric_alarm",
      "name": "minting_fails_after_max_retries_alarm",
      "provider": "provider[\"registry.terraform.io/hashicorp/aws\"]",
      "instances": [
        {
          "schema_version": 1,
          "attributes": {
            "actions_enabled": true,
            "alarm_actions": [],
            "alarm_description": "This metric monitors minting retries failed",
            "alarm_name": "minting_fails_after_max_retries_eu_v1",
            "arn": "arn:aws:cloudwatch:eu-west-1:172619864391:alarm:minting_fails_after_max_retries_eu_v1",
            "comparison_operator": "GreaterThanThreshold",
            "datapoints_to_alarm": 0,
            "dimensions": {},
            "evaluate_low_sample_count_percentiles": "",
            "evaluation_periods": 1,
            "extended_statistic": "",
            "id": "minting_fails_after_max_retries_eu_v1",
            "insufficient_data_actions": [],
            "metric_name": "ApproximateNumberOfMessagesVisible",
            "metric_query": [],
            "namespace": "AWS/SNS",
            "ok_actions": [],
            "period": 60,
            "statistic": "Sum",
            "tags": {},
            "tags_all": {},
            "threshold": 0,
            "threshold_metric_id": "",
            "treat_missing_data": "missing",
            "unit": ""
          },
          "sensitive_attributes": [],
          "private": "eyJzY2hlbWFfdmVyc2lvbiI6IjEifQ=="
        }
      ]
    },
    {
      "mode": "managed",
      "type": "aws_cloudwatch_metric_alarm",
      "name": "minting_queue_deadletter_alarm",
      "provider": "provider[\"registry.terraform.io/hashicorp/aws\"]",
      "instances": [
        {
          "schema_version": 1,
          "attributes": {
            "actions_enabled": true,
            "alarm_actions": [
              "arn:aws:sns:eu-west-1:172619864391:minting_dead_letter_topic_eu_v1"
            ],
            "alarm_description": "This metric monitors minting dead letter queue",
            "alarm_name": "minting_queue_deadletter_eu_v1",
            "arn": "arn:aws:cloudwatch:eu-west-1:172619864391:alarm:minting_queue_deadletter_eu_v1",
            "comparison_operator": "GreaterThanThreshold",
            "datapoints_to_alarm": 0,
            "dimensions": {},
            "evaluate_low_sample_count_percentiles": "",
            "evaluation_periods": 1,
            "extended_statistic": "",
            "id": "minting_queue_deadletter_eu_v1",
            "insufficient_data_actions": [],
            "metric_name": "ApproximateNumberOfMessagesVisible",
            "metric_query": [],
            "namespace": "AWS/SQS",
            "ok_actions": [],
            "period": 60,
            "statistic": "Sum",
            "tags": {},
            "tags_all": {},
            "threshold": 0,
            "threshold_metric_id": "",
            "treat_missing_data": "missing",
            "unit": ""
          },
          "sensitive_attributes": [],
          "private": "eyJzY2hlbWFfdmVyc2lvbiI6IjEifQ==",
          "dependencies": [
            "aws_sns_topic.minting_dead_letter_topic"
          ]
        }
      ]
    },
    {
      "mode": "managed",
      "type": "aws_iam_policy",
      "name": "truly_lambda_KMS_policy",
      "provider": "provider[\"registry.terraform.io/hashicorp/aws\"]",
      "instances": [
        {
          "schema_version": 0,
          "attributes": {
            "arn": "arn:aws:iam::172619864391:policy/truly_lambda_KMS_policy-eu",
            "description": "IAM policy for KMS from a lambda within truly api",
            "id": "arn:aws:iam::172619864391:policy/truly_lambda_KMS_policy-eu",
            "name": "truly_lambda_KMS_policy-eu",
            "name_prefix": "",
            "path": "/",
            "policy": "{\"Statement\":[{\"Action\":[\"kms:Encrypt\",\"kms:Decrypt\"],\"Effect\":\"Allow\",\"Resource\":\"arn:aws:kms:*:*:key/*\"}],\"Version\":\"2012-10-17\"}",
            "policy_id": "ANPASQMHSDFDWS3O2PEMJ",
            "tags": {},
            "tags_all": {}
          },
          "sensitive_attributes": [],
          "private": "bnVsbA=="
        }
      ]
    },
    {
      "mode": "managed",
      "type": "aws_iam_policy",
      "name": "truly_lambda_S3_policy",
      "provider": "provider[\"registry.terraform.io/hashicorp/aws\"]",
      "instances": [
        {
          "schema_version": 0,
          "attributes": {
            "arn": "arn:aws:iam::172619864391:policy/truly_lambda_S3_policy-eu",
            "description": "IAM policy for S3 from a lambda within truly api",
            "id": "arn:aws:iam::172619864391:policy/truly_lambda_S3_policy-eu",
            "name": "truly_lambda_S3_policy-eu",
            "name_prefix": "",
            "path": "/",
            "policy": "{\"Statement\":[{\"Action\":[\"s3:*\"],\"Effect\":\"Allow\",\"Resource\":\"arn:aws:s3:::*\"}],\"Version\":\"2012-10-17\"}",
            "policy_id": "ANPASQMHSDFD54LT6ODYL",
            "tags": {},
            "tags_all": {}
          },
          "sensitive_attributes": [],
          "private": "bnVsbA=="
        }
      ]
    },
    {
      "mode": "managed",
      "type": "aws_iam_policy",
      "name": "truly_lambda_SECRETSMAN_policy",
      "provider": "provider[\"registry.terraform.io/hashicorp/aws\"]",
      "instances": [
        {
          "schema_version": 0,
          "attributes": {
            "arn": "arn:aws:iam::172619864391:policy/truly_lambda_SECRETSMAN_policy-eu",
            "description": "IAM policy for Secrets Manager from a lambda within truly api",
            "id": "arn:aws:iam::172619864391:policy/truly_lambda_SECRETSMAN_policy-eu",
            "name": "truly_lambda_SECRETSMAN_policy-eu",
            "name_prefix": "",
            "path": "/",
            "policy": "{\"Statement\":[{\"Action\":[\"secretsmanager:GetResourcePolicy\",\"secretsmanager:GetSecretValue\",\"secretsmanager:DescribeSecret\",\"secretsmanager:ListSecretVersionIds\"],\"Effect\":\"Allow\",\"Resource\":[\"arn:aws:secretsmanager:*:*:secret:*\"]},{\"Action\":\"secretsmanager:ListSecrets\",\"Effect\":\"Allow\",\"Resource\":\"*\"}],\"Version\":\"2012-10-17\"}",
            "policy_id": "ANPASQMHSDFD7LTAVL4FZ",
            "tags": {},
            "tags_all": {}
          },
          "sensitive_attributes": [],
          "private": "bnVsbA=="
        }
      ]
    },
    {
      "mode": "managed",
      "type": "aws_iam_policy",
      "name": "truly_lambda_SNS_policy",
      "provider": "provider[\"registry.terraform.io/hashicorp/aws\"]",
      "instances": [
        {
          "schema_version": 0,
          "attributes": {
            "arn": "arn:aws:iam::172619864391:policy/truly_lambda_SNS_policy-eu",
            "description": "IAM policy for SNS from a lambda within truly api",
            "id": "arn:aws:iam::172619864391:policy/truly_lambda_SNS_policy-eu",
            "name": "truly_lambda_SNS_policy-eu",
            "name_prefix": "",
            "path": "/",
            "policy": "{\"Statement\":[{\"Action\":[\"SNS:Publish\"],\"Effect\":\"Allow\",\"Resource\":\"arn:aws:sns:*:*:*\"}],\"Version\":\"2012-10-17\"}",
            "policy_id": "ANPASQMHSDFD2F44EP3UW",
            "tags": {},
            "tags_all": {}
          },
          "sensitive_attributes": [],
          "private": "bnVsbA=="
        }
      ]
    },
    {
      "mode": "managed",
      "type": "aws_iam_policy",
      "name": "truly_lambda_SQS_policy",
      "provider": "provider[\"registry.terraform.io/hashicorp/aws\"]",
      "instances": [
        {
          "schema_version": 0,
          "attributes": {
            "arn": "arn:aws:iam::172619864391:policy/truly_lambda_SQS_policy-eu",
            "description": "IAM policy for SQS from a lambda within truly api",
            "id": "arn:aws:iam::172619864391:policy/truly_lambda_SQS_policy-eu",
            "name": "truly_lambda_SQS_policy-eu",
            "name_prefix": "",
            "path": "/",
            "policy": "{\"Statement\":[{\"Action\":[\"sqs:*\"],\"Effect\":\"Allow\",\"Resource\":\"arn:aws:sqs:*:*:*\"}],\"Version\":\"2012-10-17\"}",
            "policy_id": "ANPASQMHSDFDQ7Q2E4VE5",
            "tags": {},
            "tags_all": {}
          },
          "sensitive_attributes": [],
          "private": "bnVsbA=="
        }
      ]
    },
    {
      "mode": "managed",
      "type": "aws_iam_policy",
      "name": "truly_lambda_XRAY_policy",
      "provider": "provider[\"registry.terraform.io/hashicorp/aws\"]",
      "instances": [
        {
          "schema_version": 0,
          "attributes": {
            "arn": "arn:aws:iam::172619864391:policy/truly_lambda_XRAY_policy-eu",
            "description": "IAM policy for XRAY from a lambda within truly api",
            "id": "arn:aws:iam::172619864391:policy/truly_lambda_XRAY_policy-eu",
            "name": "truly_lambda_XRAY_policy-eu",
            "name_prefix": "",
            "path": "/",
            "policy": "{\"Statement\":[{\"Action\":[\"xray:PutTraceSegments\",\"xray:PutTelemetryRecords\",\"xray:GetSamplingRules\",\"xray:GetSamplingTargets\",\"xray:GetSamplingStatisticSummaries\"],\"Effect\":\"Allow\",\"Resource\":[\"*\"]}],\"Version\":\"2012-10-17\"}",
            "policy_id": "ANPASQMHSDFD72265BRKZ",
            "tags": {},
            "tags_all": {}
          },
          "sensitive_attributes": [],
          "private": "bnVsbA=="
        }
      ]
    },
    {
      "mode": "managed",
      "type": "aws_iam_policy",
      "name": "truly_lambda_dynamodb_policy",
      "provider": "provider[\"registry.terraform.io/hashicorp/aws\"]",
      "instances": [
        {
          "schema_version": 0,
          "attributes": {
            "arn": "arn:aws:iam::172619864391:policy/truly_lambda_dynamodb_policy-eu",
            "description": "IAM policy for Dynamodb from a lambda within truly api",
            "id": "arn:aws:iam::172619864391:policy/truly_lambda_dynamodb_policy-eu",
            "name": "truly_lambda_dynamodb_policy-eu",
            "name_prefix": "",
            "path": "/",
            "policy": "{\"Statement\":[{\"Action\":[\"dynamodb:BatchGetItem\",\"dynamodb:GetItem\",\"dynamodb:Query\",\"dynamodb:Scan\",\"dynamodb:BatchWriteItem\",\"dynamodb:PutItem\",\"dynamodb:UpdateItem\",\"dynamodb:CreateTable\",\"dynamodb:DescribeTable\",\"dynamodb:CreateGlobalTable\",\"dynamodb:UpdateGlobalTable\"],\"Effect\":\"Allow\",\"Resource\":\"arn:aws:dynamodb:*:*:*\"}],\"Version\":\"2012-10-17\"}",
            "policy_id": "ANPASQMHSDFDXY5FMSEWC",
            "tags": {},
            "tags_all": {}
          },
          "sensitive_attributes": [],
          "private": "bnVsbA=="
        }
      ]
    },
    {
      "mode": "managed",
      "type": "aws_iam_policy",
      "name": "truly_lambda_logging_policy",
      "provider": "provider[\"registry.terraform.io/hashicorp/aws\"]",
      "instances": [
        {
          "schema_version": 0,
          "attributes": {
            "arn": "arn:aws:iam::172619864391:policy/truly_lambda_logging_policy-eu",
            "description": "IAM policy for logging from a lambda running within truly api",
            "id": "arn:aws:iam::172619864391:policy/truly_lambda_logging_policy-eu",
            "name": "truly_lambda_logging_policy-eu",
            "name_prefix": "",
            "path": "/",
            "policy": "{\"Statement\":[{\"Action\":[\"logs:CreateLogGroup\",\"logs:CreateLogStream\",\"logs:PutLogEvents\"],\"Effect\":\"Allow\",\"Resource\":\"arn:aws:logs:*:*:*\"}],\"Version\":\"2012-10-17\"}",
            "policy_id": "ANPASQMHSDFD3HMAEZ3IE",
            "tags": {
              "environment": "stage",
              "project": "truly",
              "service": "api"
            },
            "tags_all": {
              "environment": "stage",
              "project": "truly",
              "service": "api"
            }
          },
          "sensitive_attributes": [],
          "private": "bnVsbA=="
        }
      ]
    },
    {
      "mode": "managed",
      "type": "aws_iam_role",
      "name": "truly_lambda_execution_role",
      "provider": "provider[\"registry.terraform.io/hashicorp/aws\"]",
      "instances": [
        {
          "schema_version": 0,
          "attributes": {
            "arn": "arn:aws:iam::172619864391:role/truly_lambda_exec_role-eu",
            "assume_role_policy": "{\"Statement\":[{\"Action\":\"sts:AssumeRole\",\"Effect\":\"Allow\",\"Principal\":{\"Service\":\"lambda.amazonaws.com\"},\"Sid\":\"\"}],\"Version\":\"2012-10-17\"}",
            "create_date": "2023-07-10T14:58:14Z",
            "description": "",
            "force_detach_policies": false,
            "id": "truly_lambda_exec_role-eu",
            "inline_policy": [],
            "managed_policy_arns": [
              "arn:aws:iam::172619864391:policy/truly_lambda_KMS_policy-eu",
              "arn:aws:iam::172619864391:policy/truly_lambda_S3_policy-eu",
              "arn:aws:iam::172619864391:policy/truly_lambda_SECRETSMAN_policy-eu",
              "arn:aws:iam::172619864391:policy/truly_lambda_SNS_policy-eu",
              "arn:aws:iam::172619864391:policy/truly_lambda_SQS_policy-eu",
              "arn:aws:iam::172619864391:policy/truly_lambda_XRAY_policy-eu",
              "arn:aws:iam::172619864391:policy/truly_lambda_dynamodb_policy-eu",
              "arn:aws:iam::172619864391:policy/truly_lambda_logging_policy-eu",
              "arn:aws:iam::aws:policy/service-role/AWSLambdaBasicExecutionRole"
            ],
            "max_session_duration": 3600,
            "name": "truly_lambda_exec_role-eu",
            "name_prefix": "",
            "path": "/",
            "permissions_boundary": null,
            "tags": {
              "environment": "stage",
              "project": "truly",
              "service": "api"
            },
            "tags_all": {
              "environment": "stage",
              "project": "truly",
              "service": "api"
            },
            "unique_id": "AROASQMHSDFDSGHGC4DIF"
          },
          "sensitive_attributes": [],
          "private": "bnVsbA=="
        }
      ]
    },
    {
      "mode": "managed",
      "type": "aws_iam_role_policy_attachment",
      "name": "truly_lambda_KMS",
      "provider": "provider[\"registry.terraform.io/hashicorp/aws\"]",
      "instances": [
        {
          "schema_version": 0,
          "attributes": {
            "id": "truly_lambda_exec_role-eu-20230710145815265500000002",
            "policy_arn": "arn:aws:iam::172619864391:policy/truly_lambda_KMS_policy-eu",
            "role": "truly_lambda_exec_role-eu"
          },
          "sensitive_attributes": [],
          "private": "bnVsbA==",
          "dependencies": [
            "aws_iam_policy.truly_lambda_KMS_policy",
            "aws_iam_role.truly_lambda_execution_role"
          ]
        }
      ]
    },
    {
      "mode": "managed",
      "type": "aws_iam_role_policy_attachment",
      "name": "truly_lambda_S3",
      "provider": "provider[\"registry.terraform.io/hashicorp/aws\"]",
      "instances": [
        {
          "schema_version": 0,
          "attributes": {
            "id": "truly_lambda_exec_role-eu-20230710145815367200000004",
            "policy_arn": "arn:aws:iam::172619864391:policy/truly_lambda_S3_policy-eu",
            "role": "truly_lambda_exec_role-eu"
          },
          "sensitive_attributes": [],
          "private": "bnVsbA==",
          "dependencies": [
            "aws_iam_policy.truly_lambda_S3_policy",
            "aws_iam_role.truly_lambda_execution_role"
          ]
        }
      ]
    },
    {
      "mode": "managed",
      "type": "aws_iam_role_policy_attachment",
      "name": "truly_lambda_SECRETSMAN",
      "provider": "provider[\"registry.terraform.io/hashicorp/aws\"]",
      "instances": [
        {
          "schema_version": 0,
          "attributes": {
            "id": "truly_lambda_exec_role-eu-20230710145815662000000008",
            "policy_arn": "arn:aws:iam::172619864391:policy/truly_lambda_SECRETSMAN_policy-eu",
            "role": "truly_lambda_exec_role-eu"
          },
          "sensitive_attributes": [],
          "private": "bnVsbA==",
          "dependencies": [
            "aws_iam_policy.truly_lambda_SECRETSMAN_policy",
            "aws_iam_role.truly_lambda_execution_role"
          ]
        }
      ]
    },
    {
      "mode": "managed",
      "type": "aws_iam_role_policy_attachment",
      "name": "truly_lambda_SNS",
      "provider": "provider[\"registry.terraform.io/hashicorp/aws\"]",
      "instances": [
        {
          "schema_version": 0,
          "attributes": {
            "id": "truly_lambda_exec_role-eu-20230710145815279500000003",
            "policy_arn": "arn:aws:iam::172619864391:policy/truly_lambda_SNS_policy-eu",
            "role": "truly_lambda_exec_role-eu"
          },
          "sensitive_attributes": [],
          "private": "bnVsbA==",
          "dependencies": [
            "aws_iam_policy.truly_lambda_SNS_policy",
            "aws_iam_role.truly_lambda_execution_role"
          ]
        }
      ]
    },
    {
      "mode": "managed",
      "type": "aws_iam_role_policy_attachment",
      "name": "truly_lambda_SQS",
      "provider": "provider[\"registry.terraform.io/hashicorp/aws\"]",
      "instances": [
        {
          "schema_version": 0,
          "attributes": {
            "id": "truly_lambda_exec_role-eu-20230710145815547000000007",
            "policy_arn": "arn:aws:iam::172619864391:policy/truly_lambda_SQS_policy-eu",
            "role": "truly_lambda_exec_role-eu"
          },
          "sensitive_attributes": [],
          "private": "bnVsbA==",
          "dependencies": [
            "aws_iam_policy.truly_lambda_SQS_policy",
            "aws_iam_role.truly_lambda_execution_role"
          ]
        }
      ]
    },
    {
      "mode": "managed",
      "type": "aws_iam_role_policy_attachment",
      "name": "truly_lambda_XRAY",
      "provider": "provider[\"registry.terraform.io/hashicorp/aws\"]",
      "instances": [
        {
          "schema_version": 0,
          "attributes": {
            "id": "truly_lambda_exec_role-eu-20230710145815776600000009",
            "policy_arn": "arn:aws:iam::172619864391:policy/truly_lambda_XRAY_policy-eu",
            "role": "truly_lambda_exec_role-eu"
          },
          "sensitive_attributes": [],
          "private": "bnVsbA==",
          "dependencies": [
            "aws_iam_policy.truly_lambda_XRAY_policy",
            "aws_iam_role.truly_lambda_execution_role"
          ]
        }
      ]
    },
    {
      "mode": "managed",
      "type": "aws_iam_role_policy_attachment",
      "name": "truly_lambda_dynamodb",
      "provider": "provider[\"registry.terraform.io/hashicorp/aws\"]",
      "instances": [
        {
          "schema_version": 0,
          "attributes": {
            "id": "truly_lambda_exec_role-eu-20230710145815477100000006",
            "policy_arn": "arn:aws:iam::172619864391:policy/truly_lambda_dynamodb_policy-eu",
            "role": "truly_lambda_exec_role-eu"
          },
          "sensitive_attributes": [],
          "private": "bnVsbA==",
          "dependencies": [
            "aws_iam_policy.truly_lambda_dynamodb_policy",
            "aws_iam_role.truly_lambda_execution_role"
          ]
        }
      ]
    },
    {
      "mode": "managed",
      "type": "aws_iam_role_policy_attachment",
      "name": "truly_lambda_execution_policy",
      "provider": "provider[\"registry.terraform.io/hashicorp/aws\"]",
      "instances": [
        {
          "schema_version": 0,
          "attributes": {
            "id": "truly_lambda_exec_role-eu-20230710145815471700000005",
            "policy_arn": "arn:aws:iam::aws:policy/service-role/AWSLambdaBasicExecutionRole",
            "role": "truly_lambda_exec_role-eu"
          },
          "sensitive_attributes": [],
          "private": "bnVsbA==",
          "dependencies": [
            "aws_iam_role.truly_lambda_execution_role"
          ]
        }
      ]
    },
    {
      "mode": "managed",
      "type": "aws_iam_role_policy_attachment",
      "name": "truly_lambda_logs",
      "provider": "provider[\"registry.terraform.io/hashicorp/aws\"]",
      "instances": [
        {
          "schema_version": 0,
          "attributes": {
            "id": "truly_lambda_exec_role-eu-2023071014581581600000000a",
            "policy_arn": "arn:aws:iam::172619864391:policy/truly_lambda_logging_policy-eu",
            "role": "truly_lambda_exec_role-eu"
          },
          "sensitive_attributes": [],
          "private": "bnVsbA==",
          "dependencies": [
            "aws_iam_policy.truly_lambda_logging_policy",
            "aws_iam_role.truly_lambda_execution_role"
          ]
        }
      ]
    },
    {
      "mode": "managed",
      "type": "aws_lambda_permission",
      "name": "truly_admin_permission",
      "provider": "provider[\"registry.terraform.io/hashicorp/aws\"]",
      "instances": [
        {
          "schema_version": 0,
          "attributes": {
            "action": "lambda:InvokeFunction",
            "event_source_token": null,
            "function_name": "truly_admin-eu-v1",
            "function_url_auth_type": null,
            "id": "terraform-2023071014584766600000000c",
            "principal": "apigateway.amazonaws.com",
            "principal_org_id": null,
            "qualifier": "",
            "source_account": null,
            "source_arn": "arn:aws:execute-api:eu-west-1:172619864391:uoruktgvp7/*/ANY/admin/{proxy+}",
            "statement_id": "terraform-2023071014584766600000000c",
            "statement_id_prefix": "terraform-"
          },
          "sensitive_attributes": [],
          "private": "bnVsbA==",
          "dependencies": [
            "aws_apigatewayv2_api.truly_api",
            "aws_apigatewayv2_integration.truly_admin_integration",
            "aws_apigatewayv2_route.truly_admin_route",
            "aws_iam_policy.truly_lambda_SECRETSMAN_policy",
            "aws_iam_policy.truly_lambda_XRAY_policy",
            "aws_iam_policy.truly_lambda_dynamodb_policy",
            "aws_iam_policy.truly_lambda_logging_policy",
            "aws_iam_role.truly_lambda_execution_role",
            "aws_iam_role_policy_attachment.truly_lambda_SECRETSMAN",
            "aws_iam_role_policy_attachment.truly_lambda_XRAY",
            "aws_iam_role_policy_attachment.truly_lambda_dynamodb",
            "aws_iam_role_policy_attachment.truly_lambda_logs",
            "module.lambda_admin.aws_cloudwatch_log_group.truly_lambda_admin_cloudwatch",
            "module.lambda_admin.aws_lambda_function.truly_lambda_admin"
          ]
        }
      ]
    },
    {
      "mode": "managed",
      "type": "aws_lambda_permission",
      "name": "truly_licenses_permission_asset",
      "provider": "provider[\"registry.terraform.io/hashicorp/aws\"]",
      "instances": [
        {
          "schema_version": 0,
          "attributes": {
            "action": "lambda:InvokeFunction",
            "event_source_token": null,
            "function_name": "truly_licenses-eu-v1",
            "function_url_auth_type": null,
            "id": "terraform-20230710145909212200000010",
            "principal": "apigateway.amazonaws.com",
            "principal_org_id": null,
            "qualifier": "",
            "source_account": null,
            "source_arn": "arn:aws:execute-api:eu-west-1:172619864391:uoruktgvp7/*/ANY/api/asset",
            "statement_id": "terraform-20230710145909212200000010",
            "statement_id_prefix": "terraform-"
          },
          "sensitive_attributes": [],
          "private": "bnVsbA==",
          "dependencies": [
            "aws_apigatewayv2_api.truly_api",
            "aws_apigatewayv2_integration.truly_licenses_integration",
            "aws_apigatewayv2_route.truly_licenses_route_asset",
            "aws_iam_policy.truly_lambda_KMS_policy",
            "aws_iam_policy.truly_lambda_SECRETSMAN_policy",
            "aws_iam_policy.truly_lambda_SNS_policy",
            "aws_iam_policy.truly_lambda_SQS_policy",
            "aws_iam_policy.truly_lambda_XRAY_policy",
            "aws_iam_policy.truly_lambda_dynamodb_policy",
            "aws_iam_policy.truly_lambda_logging_policy",
            "aws_iam_role.truly_lambda_execution_role",
            "aws_iam_role_policy_attachment.truly_lambda_KMS",
            "aws_iam_role_policy_attachment.truly_lambda_SECRETSMAN",
            "aws_iam_role_policy_attachment.truly_lambda_SNS",
            "aws_iam_role_policy_attachment.truly_lambda_SQS",
            "aws_iam_role_policy_attachment.truly_lambda_XRAY",
            "aws_iam_role_policy_attachment.truly_lambda_dynamodb",
            "aws_iam_role_policy_attachment.truly_lambda_logs",
            "aws_sns_topic.minting_fails_after_max_retries_topic",
            "aws_sns_topic.minting_topic",
            "aws_sns_topic.video_in_topic",
            "aws_sns_topic.video_out_topic",
            "aws_sqs_queue.minting_queue_deadletter",
            "module.lambda_licenses.aws_cloudwatch_log_group.truly_lambda_licenses_cloudwatch",
            "module.lambda_licenses.aws_lambda_function.truly_lambda_licenses"
          ]
        }
      ]
    },
    {
      "mode": "managed",
      "type": "aws_lambda_permission",
      "name": "truly_licenses_permission_asset_by_id",
      "provider": "provider[\"registry.terraform.io/hashicorp/aws\"]",
      "instances": [
        {
          "schema_version": 0,
          "attributes": {
            "action": "lambda:InvokeFunction",
            "event_source_token": null,
            "function_name": "truly_licenses-eu-v1",
            "function_url_auth_type": null,
            "id": "terraform-20230710145909212300000011",
            "principal": "apigateway.amazonaws.com",
            "principal_org_id": null,
            "qualifier": "",
            "source_account": null,
            "source_arn": "arn:aws:execute-api:eu-west-1:172619864391:uoruktgvp7/*/ANY/api/asset/{id}",
            "statement_id": "terraform-20230710145909212300000011",
            "statement_id_prefix": "terraform-"
          },
          "sensitive_attributes": [],
          "private": "bnVsbA==",
          "dependencies": [
            "aws_apigatewayv2_api.truly_api",
            "aws_apigatewayv2_integration.truly_licenses_integration",
            "aws_apigatewayv2_route.truly_licenses_route_asset_by_id",
            "aws_iam_policy.truly_lambda_KMS_policy",
            "aws_iam_policy.truly_lambda_SECRETSMAN_policy",
            "aws_iam_policy.truly_lambda_SNS_policy",
            "aws_iam_policy.truly_lambda_SQS_policy",
            "aws_iam_policy.truly_lambda_XRAY_policy",
            "aws_iam_policy.truly_lambda_dynamodb_policy",
            "aws_iam_policy.truly_lambda_logging_policy",
            "aws_iam_role.truly_lambda_execution_role",
            "aws_iam_role_policy_attachment.truly_lambda_KMS",
            "aws_iam_role_policy_attachment.truly_lambda_SECRETSMAN",
            "aws_iam_role_policy_attachment.truly_lambda_SNS",
            "aws_iam_role_policy_attachment.truly_lambda_SQS",
            "aws_iam_role_policy_attachment.truly_lambda_XRAY",
            "aws_iam_role_policy_attachment.truly_lambda_dynamodb",
            "aws_iam_role_policy_attachment.truly_lambda_logs",
            "aws_sns_topic.minting_fails_after_max_retries_topic",
            "aws_sns_topic.minting_topic",
            "aws_sns_topic.video_in_topic",
            "aws_sns_topic.video_out_topic",
            "aws_sqs_queue.minting_queue_deadletter",
            "module.lambda_licenses.aws_cloudwatch_log_group.truly_lambda_licenses_cloudwatch",
            "module.lambda_licenses.aws_lambda_function.truly_lambda_licenses"
          ]
        }
      ]
    },
    {
      "mode": "managed",
      "type": "aws_lambda_permission",
      "name": "truly_licenses_permission_asset_by_shorter",
      "provider": "provider[\"registry.terraform.io/hashicorp/aws\"]",
      "instances": [
        {
          "schema_version": 0,
          "attributes": {
            "action": "lambda:InvokeFunction",
            "event_source_token": null,
            "function_name": "truly_licenses-eu-v1",
            "function_url_auth_type": null,
            "id": "terraform-2023071014590921180000000f",
            "principal": "apigateway.amazonaws.com",
            "principal_org_id": null,
            "qualifier": "",
            "source_account": null,
            "source_arn": "arn:aws:execute-api:eu-west-1:172619864391:uoruktgvp7/*/ANY/api/shorter",
            "statement_id": "terraform-2023071014590921180000000f",
            "statement_id_prefix": "terraform-"
          },
          "sensitive_attributes": [],
          "private": "bnVsbA==",
          "dependencies": [
            "aws_apigatewayv2_api.truly_api",
            "aws_apigatewayv2_integration.truly_licenses_integration",
            "aws_apigatewayv2_route.truly_licenses_route_asset_by_shorter",
            "aws_iam_policy.truly_lambda_KMS_policy",
            "aws_iam_policy.truly_lambda_SECRETSMAN_policy",
            "aws_iam_policy.truly_lambda_SNS_policy",
            "aws_iam_policy.truly_lambda_SQS_policy",
            "aws_iam_policy.truly_lambda_XRAY_policy",
            "aws_iam_policy.truly_lambda_dynamodb_policy",
            "aws_iam_policy.truly_lambda_logging_policy",
            "aws_iam_role.truly_lambda_execution_role",
            "aws_iam_role_policy_attachment.truly_lambda_KMS",
            "aws_iam_role_policy_attachment.truly_lambda_SECRETSMAN",
            "aws_iam_role_policy_attachment.truly_lambda_SNS",
            "aws_iam_role_policy_attachment.truly_lambda_SQS",
            "aws_iam_role_policy_attachment.truly_lambda_XRAY",
            "aws_iam_role_policy_attachment.truly_lambda_dynamodb",
            "aws_iam_role_policy_attachment.truly_lambda_logs",
            "aws_sns_topic.minting_fails_after_max_retries_topic",
            "aws_sns_topic.minting_topic",
            "aws_sns_topic.video_in_topic",
            "aws_sns_topic.video_out_topic",
            "aws_sqs_queue.minting_queue_deadletter",
            "module.lambda_licenses.aws_cloudwatch_log_group.truly_lambda_licenses_cloudwatch",
            "module.lambda_licenses.aws_lambda_function.truly_lambda_licenses"
          ]
        }
      ]
    },
    {
      "mode": "managed",
      "type": "aws_lambda_permission",
      "name": "truly_licenses_permission_asset_by_shorter_id",
      "provider": "provider[\"registry.terraform.io/hashicorp/aws\"]",
      "instances": [
        {
          "schema_version": 0,
          "attributes": {
            "action": "lambda:InvokeFunction",
            "event_source_token": null,
            "function_name": "truly_licenses-eu-v1",
            "function_url_auth_type": null,
            "id": "terraform-20230710145909682000000016",
            "principal": "apigateway.amazonaws.com",
            "principal_org_id": null,
            "qualifier": "",
            "source_account": null,
            "source_arn": "arn:aws:execute-api:eu-west-1:172619864391:uoruktgvp7/*/ANY/api/shorter/{id}",
            "statement_id": "terraform-20230710145909682000000016",
            "statement_id_prefix": "terraform-"
          },
          "sensitive_attributes": [],
          "private": "bnVsbA==",
          "dependencies": [
            "aws_apigatewayv2_api.truly_api",
            "aws_apigatewayv2_integration.truly_licenses_integration",
            "aws_apigatewayv2_route.truly_licenses_route_asset_by_shorter_id",
            "aws_iam_policy.truly_lambda_KMS_policy",
            "aws_iam_policy.truly_lambda_SECRETSMAN_policy",
            "aws_iam_policy.truly_lambda_SNS_policy",
            "aws_iam_policy.truly_lambda_SQS_policy",
            "aws_iam_policy.truly_lambda_XRAY_policy",
            "aws_iam_policy.truly_lambda_dynamodb_policy",
            "aws_iam_policy.truly_lambda_logging_policy",
            "aws_iam_role.truly_lambda_execution_role",
            "aws_iam_role_policy_attachment.truly_lambda_KMS",
            "aws_iam_role_policy_attachment.truly_lambda_SECRETSMAN",
            "aws_iam_role_policy_attachment.truly_lambda_SNS",
            "aws_iam_role_policy_attachment.truly_lambda_SQS",
            "aws_iam_role_policy_attachment.truly_lambda_XRAY",
            "aws_iam_role_policy_attachment.truly_lambda_dynamodb",
            "aws_iam_role_policy_attachment.truly_lambda_logs",
            "aws_sns_topic.minting_fails_after_max_retries_topic",
            "aws_sns_topic.minting_topic",
            "aws_sns_topic.video_in_topic",
            "aws_sns_topic.video_out_topic",
            "aws_sqs_queue.minting_queue_deadletter",
            "module.lambda_licenses.aws_cloudwatch_log_group.truly_lambda_licenses_cloudwatch",
            "module.lambda_licenses.aws_lambda_function.truly_lambda_licenses"
          ]
        }
      ]
    },
    {
      "mode": "managed",
      "type": "aws_lambda_permission",
      "name": "truly_licenses_permission_license",
      "provider": "provider[\"registry.terraform.io/hashicorp/aws\"]",
      "instances": [
        {
          "schema_version": 0,
          "attributes": {
            "action": "lambda:InvokeFunction",
            "event_source_token": null,
            "function_name": "truly_licenses-eu-v1",
            "function_url_auth_type": null,
            "id": "terraform-20230710145909526900000015",
            "principal": "apigateway.amazonaws.com",
            "principal_org_id": null,
            "qualifier": "",
            "source_account": null,
            "source_arn": "arn:aws:execute-api:eu-west-1:172619864391:uoruktgvp7/*/ANY/api/license",
            "statement_id": "terraform-20230710145909526900000015",
            "statement_id_prefix": "terraform-"
          },
          "sensitive_attributes": [],
          "private": "bnVsbA==",
          "dependencies": [
            "aws_apigatewayv2_api.truly_api",
            "aws_apigatewayv2_integration.truly_licenses_integration",
            "aws_apigatewayv2_route.truly_licenses_route_license",
            "aws_iam_policy.truly_lambda_KMS_policy",
            "aws_iam_policy.truly_lambda_SECRETSMAN_policy",
            "aws_iam_policy.truly_lambda_SNS_policy",
            "aws_iam_policy.truly_lambda_SQS_policy",
            "aws_iam_policy.truly_lambda_XRAY_policy",
            "aws_iam_policy.truly_lambda_dynamodb_policy",
            "aws_iam_policy.truly_lambda_logging_policy",
            "aws_iam_role.truly_lambda_execution_role",
            "aws_iam_role_policy_attachment.truly_lambda_KMS",
            "aws_iam_role_policy_attachment.truly_lambda_SECRETSMAN",
            "aws_iam_role_policy_attachment.truly_lambda_SNS",
            "aws_iam_role_policy_attachment.truly_lambda_SQS",
            "aws_iam_role_policy_attachment.truly_lambda_XRAY",
            "aws_iam_role_policy_attachment.truly_lambda_dynamodb",
            "aws_iam_role_policy_attachment.truly_lambda_logs",
            "aws_sns_topic.minting_fails_after_max_retries_topic",
            "aws_sns_topic.minting_topic",
            "aws_sns_topic.video_in_topic",
            "aws_sns_topic.video_out_topic",
            "aws_sqs_queue.minting_queue_deadletter",
            "module.lambda_licenses.aws_cloudwatch_log_group.truly_lambda_licenses_cloudwatch",
            "module.lambda_licenses.aws_lambda_function.truly_lambda_licenses"
          ]
        }
      ]
    },
    {
      "mode": "managed",
      "type": "aws_lambda_permission",
      "name": "truly_licenses_permission_license_id",
      "provider": "provider[\"registry.terraform.io/hashicorp/aws\"]",
      "instances": [
        {
          "schema_version": 0,
          "attributes": {
            "action": "lambda:InvokeFunction",
            "event_source_token": null,
            "function_name": "truly_licenses-eu-v1",
            "function_url_auth_type": null,
            "id": "terraform-20230710145909369500000014",
            "principal": "apigateway.amazonaws.com",
            "principal_org_id": null,
            "qualifier": "",
            "source_account": null,
            "source_arn": "arn:aws:execute-api:eu-west-1:172619864391:uoruktgvp7/*/ANY/api/license/{id}",
            "statement_id": "terraform-20230710145909369500000014",
            "statement_id_prefix": "terraform-"
          },
          "sensitive_attributes": [],
          "private": "bnVsbA==",
          "dependencies": [
            "aws_apigatewayv2_api.truly_api",
            "aws_apigatewayv2_integration.truly_licenses_integration",
            "aws_apigatewayv2_route.truly_licenses_route_license_id",
            "aws_iam_policy.truly_lambda_KMS_policy",
            "aws_iam_policy.truly_lambda_SECRETSMAN_policy",
            "aws_iam_policy.truly_lambda_SNS_policy",
            "aws_iam_policy.truly_lambda_SQS_policy",
            "aws_iam_policy.truly_lambda_XRAY_policy",
            "aws_iam_policy.truly_lambda_dynamodb_policy",
            "aws_iam_policy.truly_lambda_logging_policy",
            "aws_iam_role.truly_lambda_execution_role",
            "aws_iam_role_policy_attachment.truly_lambda_KMS",
            "aws_iam_role_policy_attachment.truly_lambda_SECRETSMAN",
            "aws_iam_role_policy_attachment.truly_lambda_SNS",
            "aws_iam_role_policy_attachment.truly_lambda_SQS",
            "aws_iam_role_policy_attachment.truly_lambda_XRAY",
            "aws_iam_role_policy_attachment.truly_lambda_dynamodb",
            "aws_iam_role_policy_attachment.truly_lambda_logs",
            "aws_sns_topic.minting_fails_after_max_retries_topic",
            "aws_sns_topic.minting_topic",
            "aws_sns_topic.video_in_topic",
            "aws_sns_topic.video_out_topic",
            "aws_sqs_queue.minting_queue_deadletter",
            "module.lambda_licenses.aws_cloudwatch_log_group.truly_lambda_licenses_cloudwatch",
            "module.lambda_licenses.aws_lambda_function.truly_lambda_licenses"
          ]
        }
      ]
    },
    {
      "mode": "managed",
      "type": "aws_lambda_permission",
      "name": "truly_licenses_permission_nft",
      "provider": "provider[\"registry.terraform.io/hashicorp/aws\"]",
      "instances": [
        {
          "schema_version": 0,
          "attributes": {
            "action": "lambda:InvokeFunction",
            "event_source_token": null,
            "function_name": "truly_licenses-eu-v1",
            "function_url_auth_type": null,
            "id": "terraform-20230710145909263100000012",
            "principal": "apigateway.amazonaws.com",
            "principal_org_id": null,
            "qualifier": "",
            "source_account": null,
            "source_arn": "arn:aws:execute-api:eu-west-1:172619864391:uoruktgvp7/*/ANY/api/nft",
            "statement_id": "terraform-20230710145909263100000012",
            "statement_id_prefix": "terraform-"
          },
          "sensitive_attributes": [],
          "private": "bnVsbA==",
          "dependencies": [
            "aws_apigatewayv2_api.truly_api",
            "aws_apigatewayv2_integration.truly_licenses_integration",
            "aws_apigatewayv2_route.truly_licenses_route_nft",
            "aws_iam_policy.truly_lambda_KMS_policy",
            "aws_iam_policy.truly_lambda_SECRETSMAN_policy",
            "aws_iam_policy.truly_lambda_SNS_policy",
            "aws_iam_policy.truly_lambda_SQS_policy",
            "aws_iam_policy.truly_lambda_XRAY_policy",
            "aws_iam_policy.truly_lambda_dynamodb_policy",
            "aws_iam_policy.truly_lambda_logging_policy",
            "aws_iam_role.truly_lambda_execution_role",
            "aws_iam_role_policy_attachment.truly_lambda_KMS",
            "aws_iam_role_policy_attachment.truly_lambda_SECRETSMAN",
            "aws_iam_role_policy_attachment.truly_lambda_SNS",
            "aws_iam_role_policy_attachment.truly_lambda_SQS",
            "aws_iam_role_policy_attachment.truly_lambda_XRAY",
            "aws_iam_role_policy_attachment.truly_lambda_dynamodb",
            "aws_iam_role_policy_attachment.truly_lambda_logs",
            "aws_sns_topic.minting_fails_after_max_retries_topic",
            "aws_sns_topic.minting_topic",
            "aws_sns_topic.video_in_topic",
            "aws_sns_topic.video_out_topic",
            "aws_sqs_queue.minting_queue_deadletter",
            "module.lambda_licenses.aws_cloudwatch_log_group.truly_lambda_licenses_cloudwatch",
            "module.lambda_licenses.aws_lambda_function.truly_lambda_licenses"
          ]
        }
      ]
    },
    {
      "mode": "managed",
      "type": "aws_lambda_permission",
      "name": "truly_licenses_permission_tx",
      "provider": "provider[\"registry.terraform.io/hashicorp/aws\"]",
      "instances": [
        {
          "schema_version": 0,
          "attributes": {
            "action": "lambda:InvokeFunction",
            "event_source_token": null,
            "function_name": "truly_licenses-eu-v1",
            "function_url_auth_type": null,
            "id": "terraform-20230710145909319300000013",
            "principal": "apigateway.amazonaws.com",
            "principal_org_id": null,
            "qualifier": "",
            "source_account": null,
            "source_arn": "arn:aws:execute-api:eu-west-1:172619864391:uoruktgvp7/*/GET/api/tx/{id}",
            "statement_id": "terraform-20230710145909319300000013",
            "statement_id_prefix": "terraform-"
          },
          "sensitive_attributes": [],
          "private": "bnVsbA==",
          "dependencies": [
            "aws_apigatewayv2_api.truly_api",
            "aws_apigatewayv2_integration.truly_licenses_integration",
            "aws_apigatewayv2_route.truly_licenses_route_tx",
            "aws_iam_policy.truly_lambda_KMS_policy",
            "aws_iam_policy.truly_lambda_SECRETSMAN_policy",
            "aws_iam_policy.truly_lambda_SNS_policy",
            "aws_iam_policy.truly_lambda_SQS_policy",
            "aws_iam_policy.truly_lambda_XRAY_policy",
            "aws_iam_policy.truly_lambda_dynamodb_policy",
            "aws_iam_policy.truly_lambda_logging_policy",
            "aws_iam_role.truly_lambda_execution_role",
            "aws_iam_role_policy_attachment.truly_lambda_KMS",
            "aws_iam_role_policy_attachment.truly_lambda_SECRETSMAN",
            "aws_iam_role_policy_attachment.truly_lambda_SNS",
            "aws_iam_role_policy_attachment.truly_lambda_SQS",
            "aws_iam_role_policy_attachment.truly_lambda_XRAY",
            "aws_iam_role_policy_attachment.truly_lambda_dynamodb",
            "aws_iam_role_policy_attachment.truly_lambda_logs",
            "aws_sns_topic.minting_fails_after_max_retries_topic",
            "aws_sns_topic.minting_topic",
            "aws_sns_topic.video_in_topic",
            "aws_sns_topic.video_out_topic",
            "aws_sqs_queue.minting_queue_deadletter",
            "module.lambda_licenses.aws_cloudwatch_log_group.truly_lambda_licenses_cloudwatch",
            "module.lambda_licenses.aws_lambda_function.truly_lambda_licenses"
          ]
        }
      ]
    },
    {
      "mode": "managed",
      "type": "aws_lambda_permission",
      "name": "truly_licenses_permission_txs",
      "provider": "provider[\"registry.terraform.io/hashicorp/aws\"]",
      "instances": [
        {
          "schema_version": 0,
          "attributes": {
            "action": "lambda:InvokeFunction",
            "event_source_token": null,
            "function_name": "truly_licenses-eu-v1",
            "function_url_auth_type": null,
            "id": "terraform-20230710145909822300000017",
            "principal": "apigateway.amazonaws.com",
            "principal_org_id": null,
            "qualifier": "",
            "source_account": null,
            "source_arn": "arn:aws:execute-api:eu-west-1:172619864391:uoruktgvp7/*/GET/api/txs/{id}",
            "statement_id": "terraform-20230710145909822300000017",
            "statement_id_prefix": "terraform-"
          },
          "sensitive_attributes": [],
          "private": "bnVsbA==",
          "dependencies": [
            "aws_apigatewayv2_api.truly_api",
            "aws_apigatewayv2_integration.truly_licenses_integration",
            "aws_apigatewayv2_route.truly_licenses_route_txs",
            "aws_iam_policy.truly_lambda_KMS_policy",
            "aws_iam_policy.truly_lambda_SECRETSMAN_policy",
            "aws_iam_policy.truly_lambda_SNS_policy",
            "aws_iam_policy.truly_lambda_SQS_policy",
            "aws_iam_policy.truly_lambda_XRAY_policy",
            "aws_iam_policy.truly_lambda_dynamodb_policy",
            "aws_iam_policy.truly_lambda_logging_policy",
            "aws_iam_role.truly_lambda_execution_role",
            "aws_iam_role_policy_attachment.truly_lambda_KMS",
            "aws_iam_role_policy_attachment.truly_lambda_SECRETSMAN",
            "aws_iam_role_policy_attachment.truly_lambda_SNS",
            "aws_iam_role_policy_attachment.truly_lambda_SQS",
            "aws_iam_role_policy_attachment.truly_lambda_XRAY",
            "aws_iam_role_policy_attachment.truly_lambda_dynamodb",
            "aws_iam_role_policy_attachment.truly_lambda_logs",
            "aws_sns_topic.minting_fails_after_max_retries_topic",
            "aws_sns_topic.minting_topic",
            "aws_sns_topic.video_in_topic",
            "aws_sns_topic.video_out_topic",
            "aws_sqs_queue.minting_queue_deadletter",
            "module.lambda_licenses.aws_cloudwatch_log_group.truly_lambda_licenses_cloudwatch",
            "module.lambda_licenses.aws_lambda_function.truly_lambda_licenses"
          ]
        }
      ]
    },
    {
      "mode": "managed",
      "type": "aws_lambda_permission",
      "name": "truly_login_permission",
      "provider": "provider[\"registry.terraform.io/hashicorp/aws\"]",
      "instances": [
        {
          "schema_version": 0,
          "attributes": {
            "action": "lambda:InvokeFunction",
            "event_source_token": null,
            "function_name": "truly_login-eu-v1",
            "function_url_auth_type": null,
            "id": "terraform-2023071014584109150000000b",
            "principal": "apigateway.amazonaws.com",
            "principal_org_id": null,
            "qualifier": "",
            "source_account": null,
            "source_arn": "arn:aws:execute-api:eu-west-1:172619864391:uoruktgvp7/*/POST/auth/{proxy+}",
            "statement_id": "terraform-2023071014584109150000000b",
            "statement_id_prefix": "terraform-"
          },
          "sensitive_attributes": [],
          "private": "bnVsbA==",
          "dependencies": [
            "aws_apigatewayv2_api.truly_api",
            "aws_apigatewayv2_integration.truly_login_integration",
            "aws_apigatewayv2_route.truly_login_route",
            "aws_iam_policy.truly_lambda_SECRETSMAN_policy",
            "aws_iam_policy.truly_lambda_XRAY_policy",
            "aws_iam_policy.truly_lambda_dynamodb_policy",
            "aws_iam_policy.truly_lambda_logging_policy",
            "aws_iam_role.truly_lambda_execution_role",
            "aws_iam_role_policy_attachment.truly_lambda_SECRETSMAN",
            "aws_iam_role_policy_attachment.truly_lambda_XRAY",
            "aws_iam_role_policy_attachment.truly_lambda_dynamodb",
            "aws_iam_role_policy_attachment.truly_lambda_logs",
            "module.lambda_login.aws_cloudwatch_log_group.truly_lambda_login_cloudwatch",
            "module.lambda_login.aws_lambda_function.truly_lambda_login"
          ]
        }
      ]
    },
    {
      "mode": "managed",
      "type": "aws_lambda_permission",
      "name": "truly_user_permission",
      "provider": "provider[\"registry.terraform.io/hashicorp/aws\"]",
      "instances": [
        {
          "schema_version": 0,
          "attributes": {
            "action": "lambda:InvokeFunction",
            "event_source_token": null,
            "function_name": "truly_user-eu-v1",
            "function_url_auth_type": null,
            "id": "terraform-2023071014585442510000000e",
            "principal": "apigateway.amazonaws.com",
            "principal_org_id": null,
            "qualifier": "",
            "source_account": null,
            "source_arn": "arn:aws:execute-api:eu-west-1:172619864391:uoruktgvp7/*/ANY/api/user",
            "statement_id": "terraform-2023071014585442510000000e",
            "statement_id_prefix": "terraform-"
          },
          "sensitive_attributes": [],
          "private": "bnVsbA==",
          "dependencies": [
            "aws_apigatewayv2_api.truly_api",
            "aws_apigatewayv2_integration.truly_user_integration",
            "aws_apigatewayv2_route.truly_user_route",
            "aws_iam_policy.truly_lambda_SECRETSMAN_policy",
            "aws_iam_policy.truly_lambda_XRAY_policy",
            "aws_iam_policy.truly_lambda_dynamodb_policy",
            "aws_iam_policy.truly_lambda_logging_policy",
            "aws_iam_role.truly_lambda_execution_role",
            "aws_iam_role_policy_attachment.truly_lambda_SECRETSMAN",
            "aws_iam_role_policy_attachment.truly_lambda_XRAY",
            "aws_iam_role_policy_attachment.truly_lambda_dynamodb",
            "aws_iam_role_policy_attachment.truly_lambda_logs",
            "module.lambda_user.aws_cloudwatch_log_group.truly_lambda_user_cloudwatch",
            "module.lambda_user.aws_lambda_function.truly_lambda_user"
          ]
        }
      ]
    },
    {
      "mode": "managed",
      "type": "aws_lambda_permission",
      "name": "truly_user_permission_by_id",
      "provider": "provider[\"registry.terraform.io/hashicorp/aws\"]",
      "instances": [
        {
          "schema_version": 0,
          "attributes": {
            "action": "lambda:InvokeFunction",
            "event_source_token": null,
            "function_name": "truly_user-eu-v1",
            "function_url_auth_type": null,
            "id": "terraform-2023071014585442500000000d",
            "principal": "apigateway.amazonaws.com",
            "principal_org_id": null,
            "qualifier": "",
            "source_account": null,
            "source_arn": "arn:aws:execute-api:eu-west-1:172619864391:uoruktgvp7/*/ANY/api/user/{id}",
            "statement_id": "terraform-2023071014585442500000000d",
            "statement_id_prefix": "terraform-"
          },
          "sensitive_attributes": [],
          "private": "bnVsbA==",
          "dependencies": [
            "aws_apigatewayv2_api.truly_api",
            "aws_apigatewayv2_integration.truly_user_integration",
            "aws_apigatewayv2_route.truly_user_route_by_id",
            "aws_iam_policy.truly_lambda_SECRETSMAN_policy",
            "aws_iam_policy.truly_lambda_XRAY_policy",
            "aws_iam_policy.truly_lambda_dynamodb_policy",
            "aws_iam_policy.truly_lambda_logging_policy",
            "aws_iam_role.truly_lambda_execution_role",
            "aws_iam_role_policy_attachment.truly_lambda_SECRETSMAN",
            "aws_iam_role_policy_attachment.truly_lambda_XRAY",
            "aws_iam_role_policy_attachment.truly_lambda_dynamodb",
            "aws_iam_role_policy_attachment.truly_lambda_logs",
            "module.lambda_user.aws_cloudwatch_log_group.truly_lambda_user_cloudwatch",
            "module.lambda_user.aws_lambda_function.truly_lambda_user"
          ]
        }
      ]
    },
    {
      "mode": "managed",
      "type": "aws_route53_record",
      "name": "truly_zone_record_A",
      "provider": "provider[\"registry.terraform.io/hashicorp/aws\"]",
      "instances": [
        {
          "schema_version": 2,
          "attributes": {
            "alias": [
              {
                "evaluate_target_health": false,
                "name": "d-t0h2gh4tsk.execute-api.eu-west-1.amazonaws.com",
                "zone_id": "ZLY8HYME6SFDD"
              }
            ],
            "allow_overwrite": null,
            "cidr_routing_policy": [],
            "failover_routing_policy": [],
            "fqdn": "eu-staging.truly.video",
            "geolocation_routing_policy": [],
            "health_check_id": "",
            "id": "Z07710191JBEMS0WHKVOJ_eu-staging.truly.video_A",
            "latency_routing_policy": [],
            "multivalue_answer_routing_policy": false,
            "name": "eu-staging.truly.video",
            "records": [],
            "set_identifier": "",
            "ttl": 0,
            "type": "A",
            "weighted_routing_policy": [],
            "zone_id": "Z07710191JBEMS0WHKVOJ"
          },
          "sensitive_attributes": [],
          "private": "eyJzY2hlbWFfdmVyc2lvbiI6IjIifQ==",
          "dependencies": [
            "aws_acm_certificate.cert",
            "aws_acm_certificate_validation.cert",
            "aws_apigatewayv2_domain_name.truly_api_domain_name",
            "data.aws_route53_zone.truly_zone"
          ]
        }
      ]
    },
    {
      "mode": "managed",
      "type": "aws_route53_record",
      "name": "validation",
      "provider": "provider[\"registry.terraform.io/hashicorp/aws\"]",
      "instances": [
        {
          "index_key": "*.truly.video",
          "schema_version": 2,
          "attributes": {
            "alias": [],
            "allow_overwrite": true,
            "cidr_routing_policy": [],
            "failover_routing_policy": [],
            "fqdn": "_045d86ecdf317a8b7a84288cfb0f096e.truly.video",
            "geolocation_routing_policy": [],
            "health_check_id": "",
            "id": "Z07710191JBEMS0WHKVOJ__045d86ecdf317a8b7a84288cfb0f096e.truly.video._CNAME",
            "latency_routing_policy": [],
            "multivalue_answer_routing_policy": false,
            "name": "_045d86ecdf317a8b7a84288cfb0f096e.truly.video",
            "records": [
              "_ec5505e1b1a86a225c6e2efc5f134799.ycvykntjsl.acm-validations.aws."
            ],
            "set_identifier": "",
            "ttl": 60,
            "type": "CNAME",
            "weighted_routing_policy": [],
            "zone_id": "Z07710191JBEMS0WHKVOJ"
          },
          "sensitive_attributes": [],
          "private": "eyJzY2hlbWFfdmVyc2lvbiI6IjIifQ==",
          "dependencies": [
            "aws_acm_certificate.cert",
            "data.aws_route53_zone.selected"
          ]
        }
      ]
    },
    {
      "mode": "managed",
      "type": "aws_ses_email_identity",
      "name": "email_ses_sender",
      "provider": "provider[\"registry.terraform.io/hashicorp/aws\"]",
      "instances": [
        {
          "schema_version": 0,
          "attributes": {
            "arn": "arn:aws:ses:eu-west-1:172619864391:identity/joanmi@espada.cat",
            "email": "joanmi@espada.cat",
            "id": "joanmi@espada.cat"
          },
          "sensitive_attributes": [],
          "private": "bnVsbA=="
        }
      ]
    },
    {
      "mode": "managed",
      "type": "aws_sns_topic",
      "name": "after_video_dead_letter_topic",
      "provider": "provider[\"registry.terraform.io/hashicorp/aws\"]",
      "instances": [
        {
          "schema_version": 0,
          "attributes": {
            "application_failure_feedback_role_arn": "",
            "application_success_feedback_role_arn": "",
            "application_success_feedback_sample_rate": 0,
            "arn": "arn:aws:sns:eu-west-1:172619864391:after_video_dead_letter_topic_eu_v1",
            "content_based_deduplication": false,
            "delivery_policy": "",
            "display_name": "",
            "fifo_topic": false,
            "firehose_failure_feedback_role_arn": "",
            "firehose_success_feedback_role_arn": "",
            "firehose_success_feedback_sample_rate": 0,
            "http_failure_feedback_role_arn": "",
            "http_success_feedback_role_arn": "",
            "http_success_feedback_sample_rate": 0,
            "id": "arn:aws:sns:eu-west-1:172619864391:after_video_dead_letter_topic_eu_v1",
            "kms_master_key_id": "",
            "lambda_failure_feedback_role_arn": "",
            "lambda_success_feedback_role_arn": "",
            "lambda_success_feedback_sample_rate": 0,
            "name": "after_video_dead_letter_topic_eu_v1",
            "name_prefix": "",
            "owner": "172619864391",
            "policy": "{\"Id\":\"__default_policy_ID\",\"Statement\":[{\"Action\":[\"SNS:GetTopicAttributes\",\"SNS:SetTopicAttributes\",\"SNS:AddPermission\",\"SNS:RemovePermission\",\"SNS:DeleteTopic\",\"SNS:Subscribe\",\"SNS:ListSubscriptionsByTopic\",\"SNS:Publish\"],\"Condition\":{\"StringEquals\":{\"AWS:SourceOwner\":\"172619864391\"}},\"Effect\":\"Allow\",\"Principal\":{\"AWS\":\"*\"},\"Resource\":\"arn:aws:sns:eu-west-1:172619864391:after_video_dead_letter_topic_eu_v1\",\"Sid\":\"__default_statement_ID\"}],\"Version\":\"2008-10-17\"}",
            "signature_version": 0,
            "sqs_failure_feedback_role_arn": "",
            "sqs_success_feedback_role_arn": "",
            "sqs_success_feedback_sample_rate": 0,
            "tags": {
              "environment": "stage",
              "project": "truly",
              "service": "api"
            },
            "tags_all": {
              "environment": "stage",
              "project": "truly",
              "service": "api"
            },
            "tracing_config": ""
          },
          "sensitive_attributes": [],
          "private": "bnVsbA=="
        }
      ]
    },
    {
      "mode": "managed",
      "type": "aws_sns_topic",
      "name": "minting_dead_letter_topic",
      "provider": "provider[\"registry.terraform.io/hashicorp/aws\"]",
      "instances": [
        {
          "schema_version": 0,
          "attributes": {
            "application_failure_feedback_role_arn": "",
            "application_success_feedback_role_arn": "",
            "application_success_feedback_sample_rate": 0,
            "arn": "arn:aws:sns:eu-west-1:172619864391:minting_dead_letter_topic_eu_v1",
            "content_based_deduplication": false,
            "delivery_policy": "",
            "display_name": "",
            "fifo_topic": false,
            "firehose_failure_feedback_role_arn": "",
            "firehose_success_feedback_role_arn": "",
            "firehose_success_feedback_sample_rate": 0,
            "http_failure_feedback_role_arn": "",
            "http_success_feedback_role_arn": "",
            "http_success_feedback_sample_rate": 0,
            "id": "arn:aws:sns:eu-west-1:172619864391:minting_dead_letter_topic_eu_v1",
            "kms_master_key_id": "",
            "lambda_failure_feedback_role_arn": "",
            "lambda_success_feedback_role_arn": "",
            "lambda_success_feedback_sample_rate": 0,
            "name": "minting_dead_letter_topic_eu_v1",
            "name_prefix": "",
            "owner": "172619864391",
            "policy": "{\"Id\":\"__default_policy_ID\",\"Statement\":[{\"Action\":[\"SNS:GetTopicAttributes\",\"SNS:SetTopicAttributes\",\"SNS:AddPermission\",\"SNS:RemovePermission\",\"SNS:DeleteTopic\",\"SNS:Subscribe\",\"SNS:ListSubscriptionsByTopic\",\"SNS:Publish\"],\"Condition\":{\"StringEquals\":{\"AWS:SourceOwner\":\"172619864391\"}},\"Effect\":\"Allow\",\"Principal\":{\"AWS\":\"*\"},\"Resource\":\"arn:aws:sns:eu-west-1:172619864391:minting_dead_letter_topic_eu_v1\",\"Sid\":\"__default_statement_ID\"}],\"Version\":\"2008-10-17\"}",
            "signature_version": 0,
            "sqs_failure_feedback_role_arn": "",
            "sqs_success_feedback_role_arn": "",
            "sqs_success_feedback_sample_rate": 0,
            "tags": {
              "environment": "stage",
              "project": "truly",
              "service": "api"
            },
            "tags_all": {
              "environment": "stage",
              "project": "truly",
              "service": "api"
            },
            "tracing_config": ""
          },
          "sensitive_attributes": [],
          "private": "bnVsbA=="
        }
      ]
    },
    {
      "mode": "managed",
      "type": "aws_sns_topic",
      "name": "minting_fails_after_max_retries_topic",
      "provider": "provider[\"registry.terraform.io/hashicorp/aws\"]",
      "instances": [
        {
          "schema_version": 0,
          "attributes": {
            "application_failure_feedback_role_arn": "",
            "application_success_feedback_role_arn": "",
            "application_success_feedback_sample_rate": 0,
            "arn": "arn:aws:sns:eu-west-1:172619864391:minting_fails_after_max_retries_topic_eu_v1",
            "content_based_deduplication": false,
            "delivery_policy": "",
            "display_name": "",
            "fifo_topic": false,
            "firehose_failure_feedback_role_arn": "",
            "firehose_success_feedback_role_arn": "",
            "firehose_success_feedback_sample_rate": 0,
            "http_failure_feedback_role_arn": "",
            "http_success_feedback_role_arn": "",
            "http_success_feedback_sample_rate": 0,
            "id": "arn:aws:sns:eu-west-1:172619864391:minting_fails_after_max_retries_topic_eu_v1",
            "kms_master_key_id": "",
            "lambda_failure_feedback_role_arn": "",
            "lambda_success_feedback_role_arn": "",
            "lambda_success_feedback_sample_rate": 0,
            "name": "minting_fails_after_max_retries_topic_eu_v1",
            "name_prefix": "",
            "owner": "172619864391",
            "policy": "{\"Id\":\"__default_policy_ID\",\"Statement\":[{\"Action\":[\"SNS:GetTopicAttributes\",\"SNS:SetTopicAttributes\",\"SNS:AddPermission\",\"SNS:RemovePermission\",\"SNS:DeleteTopic\",\"SNS:Subscribe\",\"SNS:ListSubscriptionsByTopic\",\"SNS:Publish\"],\"Condition\":{\"StringEquals\":{\"AWS:SourceOwner\":\"172619864391\"}},\"Effect\":\"Allow\",\"Principal\":{\"AWS\":\"*\"},\"Resource\":\"arn:aws:sns:eu-west-1:172619864391:minting_fails_after_max_retries_topic_eu_v1\",\"Sid\":\"__default_statement_ID\"}],\"Version\":\"2008-10-17\"}",
            "signature_version": 0,
            "sqs_failure_feedback_role_arn": "",
            "sqs_success_feedback_role_arn": "",
            "sqs_success_feedback_sample_rate": 0,
            "tags": {
              "environment": "stage",
              "project": "truly",
              "service": "api"
            },
            "tags_all": {
              "environment": "stage",
              "project": "truly",
              "service": "api"
            },
            "tracing_config": ""
          },
          "sensitive_attributes": [],
          "private": "bnVsbA=="
        }
      ]
    },
    {
      "mode": "managed",
      "type": "aws_sns_topic",
      "name": "minting_topic",
      "provider": "provider[\"registry.terraform.io/hashicorp/aws\"]",
      "instances": [
        {
          "schema_version": 0,
          "attributes": {
            "application_failure_feedback_role_arn": "",
            "application_success_feedback_role_arn": "",
            "application_success_feedback_sample_rate": 0,
            "arn": "arn:aws:sns:eu-west-1:172619864391:minting_async_topic_eu_v1",
            "content_based_deduplication": false,
            "delivery_policy": "",
            "display_name": "",
            "fifo_topic": false,
            "firehose_failure_feedback_role_arn": "",
            "firehose_success_feedback_role_arn": "",
            "firehose_success_feedback_sample_rate": 0,
            "http_failure_feedback_role_arn": "",
            "http_success_feedback_role_arn": "",
            "http_success_feedback_sample_rate": 0,
            "id": "arn:aws:sns:eu-west-1:172619864391:minting_async_topic_eu_v1",
            "kms_master_key_id": "",
            "lambda_failure_feedback_role_arn": "",
            "lambda_success_feedback_role_arn": "",
            "lambda_success_feedback_sample_rate": 0,
            "name": "minting_async_topic_eu_v1",
            "name_prefix": "",
            "owner": "172619864391",
            "policy": "{\"Id\":\"__default_policy_ID\",\"Statement\":[{\"Action\":[\"SNS:GetTopicAttributes\",\"SNS:SetTopicAttributes\",\"SNS:AddPermission\",\"SNS:RemovePermission\",\"SNS:DeleteTopic\",\"SNS:Subscribe\",\"SNS:ListSubscriptionsByTopic\",\"SNS:Publish\"],\"Condition\":{\"StringEquals\":{\"AWS:SourceOwner\":\"172619864391\"}},\"Effect\":\"Allow\",\"Principal\":{\"AWS\":\"*\"},\"Resource\":\"arn:aws:sns:eu-west-1:172619864391:minting_async_topic_eu_v1\",\"Sid\":\"__default_statement_ID\"}],\"Version\":\"2008-10-17\"}",
            "signature_version": 0,
            "sqs_failure_feedback_role_arn": "",
            "sqs_success_feedback_role_arn": "",
            "sqs_success_feedback_sample_rate": 0,
            "tags": {
              "environment": "stage",
              "project": "truly",
              "service": "api"
            },
            "tags_all": {
              "environment": "stage",
              "project": "truly",
              "service": "api"
            },
            "tracing_config": ""
          },
          "sensitive_attributes": [],
          "private": "bnVsbA=="
        }
      ]
    },
    {
      "mode": "managed",
      "type": "aws_sns_topic",
      "name": "video_in_topic",
      "provider": "provider[\"registry.terraform.io/hashicorp/aws\"]",
      "instances": [
        {
          "schema_version": 0,
          "attributes": {
            "application_failure_feedback_role_arn": "",
            "application_success_feedback_role_arn": "",
            "application_success_feedback_sample_rate": 0,
            "arn": "arn:aws:sns:eu-west-1:172619864391:video_in_topic",
            "content_based_deduplication": false,
            "delivery_policy": "",
            "display_name": "",
            "fifo_topic": false,
            "firehose_failure_feedback_role_arn": "",
            "firehose_success_feedback_role_arn": "",
            "firehose_success_feedback_sample_rate": 0,
            "http_failure_feedback_role_arn": "",
            "http_success_feedback_role_arn": "",
            "http_success_feedback_sample_rate": 0,
            "id": "arn:aws:sns:eu-west-1:172619864391:video_in_topic",
            "kms_master_key_id": "",
            "lambda_failure_feedback_role_arn": "",
            "lambda_success_feedback_role_arn": "",
            "lambda_success_feedback_sample_rate": 0,
            "name": "video_in_topic",
            "name_prefix": "",
            "owner": "172619864391",
            "policy": "{\"Id\":\"__default_policy_ID\",\"Statement\":[{\"Action\":[\"SNS:GetTopicAttributes\",\"SNS:SetTopicAttributes\",\"SNS:AddPermission\",\"SNS:RemovePermission\",\"SNS:DeleteTopic\",\"SNS:Subscribe\",\"SNS:ListSubscriptionsByTopic\",\"SNS:Publish\"],\"Condition\":{\"StringEquals\":{\"AWS:SourceOwner\":\"172619864391\"}},\"Effect\":\"Allow\",\"Principal\":{\"AWS\":\"*\"},\"Resource\":\"arn:aws:sns:eu-west-1:172619864391:video_in_topic\",\"Sid\":\"__default_statement_ID\"}],\"Version\":\"2008-10-17\"}",
            "signature_version": 0,
            "sqs_failure_feedback_role_arn": "",
            "sqs_success_feedback_role_arn": "",
            "sqs_success_feedback_sample_rate": 0,
            "tags": {
              "environment": "stage",
              "project": "truly",
              "service": "video api"
            },
            "tags_all": {
              "environment": "stage",
              "project": "truly",
              "service": "video api"
            },
            "tracing_config": ""
          },
          "sensitive_attributes": [],
          "private": "bnVsbA=="
        }
      ]
    },
    {
      "mode": "managed",
      "type": "aws_sns_topic",
      "name": "video_out_topic",
      "provider": "provider[\"registry.terraform.io/hashicorp/aws\"]",
      "instances": [
        {
          "schema_version": 0,
          "attributes": {
            "application_failure_feedback_role_arn": "",
            "application_success_feedback_role_arn": "",
            "application_success_feedback_sample_rate": 0,
            "arn": "arn:aws:sns:eu-west-1:172619864391:video_out_topic",
            "content_based_deduplication": false,
            "delivery_policy": "",
            "display_name": "",
            "fifo_topic": false,
            "firehose_failure_feedback_role_arn": "",
            "firehose_success_feedback_role_arn": "",
            "firehose_success_feedback_sample_rate": 0,
            "http_failure_feedback_role_arn": "",
            "http_success_feedback_role_arn": "",
            "http_success_feedback_sample_rate": 0,
            "id": "arn:aws:sns:eu-west-1:172619864391:video_out_topic",
            "kms_master_key_id": "",
            "lambda_failure_feedback_role_arn": "",
            "lambda_success_feedback_role_arn": "",
            "lambda_success_feedback_sample_rate": 0,
            "name": "video_out_topic",
            "name_prefix": "",
            "owner": "172619864391",
            "policy": "{\"Id\":\"__default_policy_ID\",\"Statement\":[{\"Action\":[\"SNS:GetTopicAttributes\",\"SNS:SetTopicAttributes\",\"SNS:AddPermission\",\"SNS:RemovePermission\",\"SNS:DeleteTopic\",\"SNS:Subscribe\",\"SNS:ListSubscriptionsByTopic\",\"SNS:Publish\"],\"Condition\":{\"StringEquals\":{\"AWS:SourceOwner\":\"172619864391\"}},\"Effect\":\"Allow\",\"Principal\":{\"AWS\":\"*\"},\"Resource\":\"arn:aws:sns:eu-west-1:172619864391:video_out_topic\",\"Sid\":\"__default_statement_ID\"}],\"Version\":\"2008-10-17\"}",
            "signature_version": 0,
            "sqs_failure_feedback_role_arn": "",
            "sqs_success_feedback_role_arn": "",
            "sqs_success_feedback_sample_rate": 0,
            "tags": {
              "environment": "stage",
              "project": "truly",
              "service": "video api"
            },
            "tags_all": {
              "environment": "stage",
              "project": "truly",
              "service": "video api"
            },
            "tracing_config": ""
          },
          "sensitive_attributes": [],
          "private": "bnVsbA=="
        }
      ]
    },
    {
      "mode": "managed",
      "type": "aws_sns_topic_subscription",
      "name": "after_video_topic_subscription",
      "provider": "provider[\"registry.terraform.io/hashicorp/aws\"]",
      "instances": [
        {
          "schema_version": 0,
          "attributes": {
            "arn": "arn:aws:sns:eu-west-1:172619864391:video_out_topic:e9738a72-5e07-4a4d-b590-08fcf4e284c3",
            "confirmation_timeout_in_minutes": 1,
            "confirmation_was_authenticated": true,
            "delivery_policy": "",
            "endpoint": "arn:aws:sqs:eu-west-1:172619864391:after_video_queue_eu_v1",
            "endpoint_auto_confirms": false,
            "filter_policy": "",
            "filter_policy_scope": "",
            "id": "arn:aws:sns:eu-west-1:172619864391:video_out_topic:e9738a72-5e07-4a4d-b590-08fcf4e284c3",
            "owner_id": "172619864391",
            "pending_confirmation": false,
            "protocol": "sqs",
            "raw_message_delivery": false,
            "redrive_policy": "",
            "subscription_role_arn": "",
            "topic_arn": "arn:aws:sns:eu-west-1:172619864391:video_out_topic"
          },
          "sensitive_attributes": [],
          "private": "bnVsbA==",
          "dependencies": [
            "aws_sns_topic.video_out_topic",
            "aws_sqs_queue.after_video_queue",
            "aws_sqs_queue.after_video_queue_deadletter"
          ]
        }
      ]
    },
    {
      "mode": "managed",
      "type": "aws_sns_topic_subscription",
      "name": "after_video_topic_subscription_deadletter_email",
      "provider": "provider[\"registry.terraform.io/hashicorp/aws\"]",
      "instances": [
        {
          "schema_version": 0,
          "attributes": {
            "arn": "arn:aws:sns:eu-west-1:172619864391:after_video_dead_letter_topic_eu_v1:caaa7fa6-d61d-44a9-8b65-80609a0c0216",
            "confirmation_timeout_in_minutes": 1,
            "confirmation_was_authenticated": false,
            "delivery_policy": "",
            "endpoint": "joanmi@espada.cat",
            "endpoint_auto_confirms": false,
            "filter_policy": "",
            "filter_policy_scope": "",
            "id": "arn:aws:sns:eu-west-1:172619864391:after_video_dead_letter_topic_eu_v1:caaa7fa6-d61d-44a9-8b65-80609a0c0216",
            "owner_id": "172619864391",
            "pending_confirmation": true,
            "protocol": "email",
            "raw_message_delivery": false,
            "redrive_policy": "",
            "subscription_role_arn": "",
            "topic_arn": "arn:aws:sns:eu-west-1:172619864391:after_video_dead_letter_topic_eu_v1"
          },
          "sensitive_attributes": [],
          "private": "bnVsbA==",
          "dependencies": [
            "aws_sns_topic.after_video_dead_letter_topic"
          ]
        }
      ]
    },
    {
      "mode": "managed",
      "type": "aws_sns_topic_subscription",
      "name": "mintin_async_topic_subscription",
      "provider": "provider[\"registry.terraform.io/hashicorp/aws\"]",
      "instances": [
        {
          "schema_version": 0,
          "attributes": {
            "arn": "arn:aws:sns:eu-west-1:172619864391:minting_async_topic_eu_v1:b7a44034-5de3-4be6-bc4a-92468d24eef9",
            "confirmation_timeout_in_minutes": 1,
            "confirmation_was_authenticated": true,
            "delivery_policy": "",
            "endpoint": "arn:aws:sqs:eu-west-1:172619864391:async_minting_queue_eu_v1",
            "endpoint_auto_confirms": false,
            "filter_policy": "",
            "filter_policy_scope": "",
            "id": "arn:aws:sns:eu-west-1:172619864391:minting_async_topic_eu_v1:b7a44034-5de3-4be6-bc4a-92468d24eef9",
            "owner_id": "172619864391",
            "pending_confirmation": false,
            "protocol": "sqs",
            "raw_message_delivery": false,
            "redrive_policy": "",
            "subscription_role_arn": "",
            "topic_arn": "arn:aws:sns:eu-west-1:172619864391:minting_async_topic_eu_v1"
          },
          "sensitive_attributes": [],
          "private": "bnVsbA==",
          "dependencies": [
            "aws_sns_topic.minting_topic",
            "aws_sqs_queue.minting_queue",
            "aws_sqs_queue.minting_queue_deadletter"
          ]
        }
      ]
    },
    {
      "mode": "managed",
      "type": "aws_sns_topic_subscription",
      "name": "minting_fails_after_max_retries_topic_email",
      "provider": "provider[\"registry.terraform.io/hashicorp/aws\"]",
      "instances": [
        {
          "schema_version": 0,
          "attributes": {
            "arn": "arn:aws:sns:eu-west-1:172619864391:minting_fails_after_max_retries_topic_eu_v1:7fb69302-7995-4896-b829-50c6e0cf6af7",
            "confirmation_timeout_in_minutes": 1,
            "confirmation_was_authenticated": false,
            "delivery_policy": "",
            "endpoint": "joanmi@espada.cat",
            "endpoint_auto_confirms": false,
            "filter_policy": "",
            "filter_policy_scope": "",
            "id": "arn:aws:sns:eu-west-1:172619864391:minting_fails_after_max_retries_topic_eu_v1:7fb69302-7995-4896-b829-50c6e0cf6af7",
            "owner_id": "172619864391",
            "pending_confirmation": true,
            "protocol": "email",
            "raw_message_delivery": false,
            "redrive_policy": "",
            "subscription_role_arn": "",
            "topic_arn": "arn:aws:sns:eu-west-1:172619864391:minting_fails_after_max_retries_topic_eu_v1"
          },
          "sensitive_attributes": [],
          "private": "bnVsbA==",
          "dependencies": [
            "aws_sns_topic.minting_fails_after_max_retries_topic"
          ]
        }
      ]
    },
    {
      "mode": "managed",
      "type": "aws_sns_topic_subscription",
      "name": "minting_topic_subscription_deadletter_email",
      "provider": "provider[\"registry.terraform.io/hashicorp/aws\"]",
      "instances": [
        {
          "schema_version": 0,
          "attributes": {
            "arn": "arn:aws:sns:eu-west-1:172619864391:minting_dead_letter_topic_eu_v1:d106d5ba-301b-484d-9254-4fc0aca7cfea",
            "confirmation_timeout_in_minutes": 1,
            "confirmation_was_authenticated": false,
            "delivery_policy": "",
            "endpoint": "joanmi@espada.cat",
            "endpoint_auto_confirms": false,
            "filter_policy": "",
            "filter_policy_scope": "",
            "id": "arn:aws:sns:eu-west-1:172619864391:minting_dead_letter_topic_eu_v1:d106d5ba-301b-484d-9254-4fc0aca7cfea",
            "owner_id": "172619864391",
            "pending_confirmation": true,
            "protocol": "email",
            "raw_message_delivery": false,
            "redrive_policy": "",
            "subscription_role_arn": "",
            "topic_arn": "arn:aws:sns:eu-west-1:172619864391:minting_dead_letter_topic_eu_v1"
          },
          "sensitive_attributes": [],
          "private": "bnVsbA==",
          "dependencies": [
            "aws_sns_topic.minting_dead_letter_topic"
          ]
        }
      ]
    },
    {
      "mode": "managed",
      "type": "aws_sqs_queue",
      "name": "after_video_queue",
      "provider": "provider[\"registry.terraform.io/hashicorp/aws\"]",
      "instances": [
        {
          "schema_version": 0,
          "attributes": {
            "arn": "arn:aws:sqs:eu-west-1:172619864391:after_video_queue_eu_v1",
            "content_based_deduplication": false,
            "deduplication_scope": "",
            "delay_seconds": 0,
            "fifo_queue": false,
            "fifo_throughput_limit": "",
            "id": "https://sqs.eu-west-1.amazonaws.com/172619864391/after_video_queue_eu_v1",
            "kms_data_key_reuse_period_seconds": 300,
            "kms_master_key_id": "",
            "max_message_size": 4096,
            "message_retention_seconds": 3600,
            "name": "after_video_queue_eu_v1",
            "name_prefix": "",
            "policy": "{\"Id\":\"sqspolicy\",\"Statement\":[{\"Action\":\"sqs:SendMessage\",\"Condition\":{\"ArnEquals\":{\"aws:SourceArn\":\"arn:aws:sns:eu-west-1:172619864391:video_out_topic\"}},\"Effect\":\"Allow\",\"Principal\":\"*\",\"Resource\":\"arn:aws:sqs:eu-west-1:172619864391:after_video_queue_eu_v1\",\"Sid\":\"First\"}],\"Version\":\"2012-10-17\"}",
            "receive_wait_time_seconds": 10,
            "redrive_allow_policy": "",
            "redrive_policy": "{\"deadLetterTargetArn\":\"arn:aws:sqs:eu-west-1:172619864391:dead_letter_queue_mint_errors_eu_v1\",\"maxReceiveCount\":4}",
            "sqs_managed_sse_enabled": true,
            "tags": {
              "environment": "stage",
              "project": "truly",
              "service": "api"
            },
            "tags_all": {
              "environment": "stage",
              "project": "truly",
              "service": "api"
            },
            "url": "https://sqs.eu-west-1.amazonaws.com/172619864391/after_video_queue_eu_v1",
            "visibility_timeout_seconds": 300
          },
          "sensitive_attributes": [],
          "private": "bnVsbA==",
          "dependencies": [
            "aws_sqs_queue.after_video_queue_deadletter"
          ]
        }
      ]
    },
    {
      "mode": "managed",
      "type": "aws_sqs_queue",
      "name": "after_video_queue_deadletter",
      "provider": "provider[\"registry.terraform.io/hashicorp/aws\"]",
      "instances": [
        {
          "schema_version": 0,
          "attributes": {
            "arn": "arn:aws:sqs:eu-west-1:172619864391:dead_letter_queue_mint_errors_eu_v1",
            "content_based_deduplication": false,
            "deduplication_scope": "",
            "delay_seconds": 0,
            "fifo_queue": false,
            "fifo_throughput_limit": "",
            "id": "https://sqs.eu-west-1.amazonaws.com/172619864391/dead_letter_queue_mint_errors_eu_v1",
            "kms_data_key_reuse_period_seconds": 300,
            "kms_master_key_id": "",
            "max_message_size": 262144,
            "message_retention_seconds": 345600,
            "name": "dead_letter_queue_mint_errors_eu_v1",
            "name_prefix": "",
            "policy": "",
            "receive_wait_time_seconds": 0,
            "redrive_allow_policy": "",
            "redrive_policy": "",
            "sqs_managed_sse_enabled": true,
            "tags": {
              "environment": "stage",
              "project": "truly",
              "service": "api"
            },
            "tags_all": {
              "environment": "stage",
              "project": "truly",
              "service": "api"
            },
            "url": "https://sqs.eu-west-1.amazonaws.com/172619864391/dead_letter_queue_mint_errors_eu_v1",
            "visibility_timeout_seconds": 30
          },
          "sensitive_attributes": [],
          "private": "bnVsbA=="
        }
      ]
    },
    {
      "mode": "managed",
      "type": "aws_sqs_queue",
      "name": "minting_queue",
      "provider": "provider[\"registry.terraform.io/hashicorp/aws\"]",
      "instances": [
        {
          "schema_version": 0,
          "attributes": {
            "arn": "arn:aws:sqs:eu-west-1:172619864391:async_minting_queue_eu_v1",
            "content_based_deduplication": false,
            "deduplication_scope": "",
            "delay_seconds": 0,
            "fifo_queue": false,
            "fifo_throughput_limit": "",
            "id": "https://sqs.eu-west-1.amazonaws.com/172619864391/async_minting_queue_eu_v1",
            "kms_data_key_reuse_period_seconds": 300,
            "kms_master_key_id": "",
            "max_message_size": 4096,
            "message_retention_seconds": 3600,
            "name": "async_minting_queue_eu_v1",
            "name_prefix": "",
            "policy": "{\"Id\":\"sqspolicy\",\"Statement\":[{\"Action\":\"sqs:SendMessage\",\"Condition\":{\"ArnEquals\":{\"aws:SourceArn\":\"arn:aws:sns:eu-west-1:172619864391:minting_async_topic_eu_v1\"}},\"Effect\":\"Allow\",\"Principal\":\"*\",\"Resource\":\"arn:aws:sqs:eu-west-1:172619864391:async_minting_queue_eu_v1\",\"Sid\":\"First\"}],\"Version\":\"2012-10-17\"}",
            "receive_wait_time_seconds": 10,
            "redrive_allow_policy": "",
            "redrive_policy": "{\"deadLetterTargetArn\":\"arn:aws:sqs:eu-west-1:172619864391:dead_letter_queue_mint_errors_eu_v1\",\"maxReceiveCount\":4}",
            "sqs_managed_sse_enabled": true,
            "tags": {
              "environment": "stage",
              "project": "truly",
              "service": "api"
            },
            "tags_all": {
              "environment": "stage",
              "project": "truly",
              "service": "api"
            },
            "url": "https://sqs.eu-west-1.amazonaws.com/172619864391/async_minting_queue_eu_v1",
            "visibility_timeout_seconds": 900
          },
          "sensitive_attributes": [],
          "private": "bnVsbA==",
          "dependencies": [
            "aws_sqs_queue.minting_queue_deadletter"
          ]
        }
      ]
    },
    {
      "mode": "managed",
      "type": "aws_sqs_queue",
      "name": "minting_queue_deadletter",
      "provider": "provider[\"registry.terraform.io/hashicorp/aws\"]",
      "instances": [
        {
          "schema_version": 0,
          "attributes": {
            "arn": "arn:aws:sqs:eu-west-1:172619864391:dead_letter_queue_mint_errors_eu_v1",
            "content_based_deduplication": false,
            "deduplication_scope": "",
            "delay_seconds": 0,
            "fifo_queue": false,
            "fifo_throughput_limit": "",
            "id": "https://sqs.eu-west-1.amazonaws.com/172619864391/dead_letter_queue_mint_errors_eu_v1",
            "kms_data_key_reuse_period_seconds": 300,
            "kms_master_key_id": "",
            "max_message_size": 262144,
            "message_retention_seconds": 345600,
            "name": "dead_letter_queue_mint_errors_eu_v1",
            "name_prefix": "",
            "policy": "",
            "receive_wait_time_seconds": 0,
            "redrive_allow_policy": "",
            "redrive_policy": "",
            "sqs_managed_sse_enabled": true,
            "tags": {
              "environment": "stage",
              "project": "truly",
              "service": "api"
            },
            "tags_all": {
              "environment": "stage",
              "project": "truly",
              "service": "api"
            },
            "url": "https://sqs.eu-west-1.amazonaws.com/172619864391/dead_letter_queue_mint_errors_eu_v1",
            "visibility_timeout_seconds": 30
          },
          "sensitive_attributes": [],
          "private": "bnVsbA=="
        }
      ]
    },
    {
      "mode": "managed",
      "type": "aws_sqs_queue_policy",
      "name": "after_video_queue_policy",
      "provider": "provider[\"registry.terraform.io/hashicorp/aws\"]",
      "instances": [
        {
          "schema_version": 1,
          "attributes": {
            "id": "https://sqs.eu-west-1.amazonaws.com/172619864391/after_video_queue_eu_v1",
            "policy": "{\"Id\":\"sqspolicy\",\"Statement\":[{\"Action\":\"sqs:SendMessage\",\"Condition\":{\"ArnEquals\":{\"aws:SourceArn\":\"arn:aws:sns:eu-west-1:172619864391:video_out_topic\"}},\"Effect\":\"Allow\",\"Principal\":\"*\",\"Resource\":\"arn:aws:sqs:eu-west-1:172619864391:after_video_queue_eu_v1\",\"Sid\":\"First\"}],\"Version\":\"2012-10-17\"}",
            "queue_url": "https://sqs.eu-west-1.amazonaws.com/172619864391/after_video_queue_eu_v1"
          },
          "sensitive_attributes": [],
          "private": "eyJzY2hlbWFfdmVyc2lvbiI6IjEifQ==",
          "dependencies": [
            "aws_sns_topic.video_out_topic",
            "aws_sqs_queue.after_video_queue",
            "aws_sqs_queue.after_video_queue_deadletter"
          ]
        }
      ]
    },
    {
      "mode": "managed",
      "type": "aws_sqs_queue_policy",
      "name": "minting_queue_policy",
      "provider": "provider[\"registry.terraform.io/hashicorp/aws\"]",
      "instances": [
        {
          "schema_version": 1,
          "attributes": {
            "id": "https://sqs.eu-west-1.amazonaws.com/172619864391/async_minting_queue_eu_v1",
            "policy": "{\"Id\":\"sqspolicy\",\"Statement\":[{\"Action\":\"sqs:SendMessage\",\"Condition\":{\"ArnEquals\":{\"aws:SourceArn\":\"arn:aws:sns:eu-west-1:172619864391:minting_async_topic_eu_v1\"}},\"Effect\":\"Allow\",\"Principal\":\"*\",\"Resource\":\"arn:aws:sqs:eu-west-1:172619864391:async_minting_queue_eu_v1\",\"Sid\":\"First\"}],\"Version\":\"2012-10-17\"}",
            "queue_url": "https://sqs.eu-west-1.amazonaws.com/172619864391/async_minting_queue_eu_v1"
          },
          "sensitive_attributes": [],
          "private": "eyJzY2hlbWFfdmVyc2lvbiI6IjEifQ==",
          "dependencies": [
            "aws_sns_topic.minting_topic",
            "aws_sqs_queue.minting_queue",
            "aws_sqs_queue.minting_queue_deadletter"
          ]
        }
      ]
    },
    {
      "module": "module.lambda_admin",
      "mode": "managed",
      "type": "aws_cloudwatch_log_group",
      "name": "truly_lambda_admin_cloudwatch",
      "provider": "provider[\"registry.terraform.io/hashicorp/aws\"]",
      "instances": [
        {
          "schema_version": 0,
          "attributes": {
            "arn": "arn:aws:logs:eu-west-1:172619864391:log-group:/aws/lambda/truly_admin-eu-v1",
            "id": "/aws/lambda/truly_admin-eu-v1",
            "kms_key_id": "",
            "name": "/aws/lambda/truly_admin-eu-v1",
            "name_prefix": "",
            "retention_in_days": 1,
            "skip_destroy": false,
            "tags": {
              "environment": "stage",
              "project": "truly",
              "service": "admin"
            },
            "tags_all": {
              "environment": "stage",
              "project": "truly",
              "service": "admin"
            }
          },
          "sensitive_attributes": [],
          "private": "bnVsbA=="
        }
      ]
    },
    {
      "module": "module.lambda_admin",
      "mode": "managed",
      "type": "aws_lambda_function",
      "name": "truly_lambda_admin",
      "provider": "provider[\"registry.terraform.io/hashicorp/aws\"]",
      "instances": [
        {
          "schema_version": 0,
          "attributes": {
            "architectures": [
              "arm64"
            ],
            "arn": "arn:aws:lambda:eu-west-1:172619864391:function:truly_admin-eu-v1",
            "code_signing_config_arn": "",
            "dead_letter_config": [],
            "description": "",
            "environment": [
              {
                "variables": {
                  "API_STAGE": "v1",
                  "ENVIRONMENT": "stage",
                  "RUST_BACKTRACE": "full",
                  "RUST_LOG": "debug"
                }
              }
            ],
            "ephemeral_storage": [
              {
                "size": 512
              }
            ],
            "file_system_config": [],
            "filename": "../target/lambda_aarch64-linux-gnu/lambda_admin/bootstrap.zip",
            "function_name": "truly_admin-eu-v1",
            "handler": "function_handler",
            "id": "truly_admin-eu-v1",
            "image_config": [],
            "image_uri": "",
            "invoke_arn": "arn:aws:apigateway:eu-west-1:lambda:path/2015-03-31/functions/arn:aws:lambda:eu-west-1:172619864391:function:truly_admin-eu-v1/invocations",
            "kms_key_arn": "",
            "last_modified": "2023-07-11T09:47:02.000+0000",
            "layers": [],
            "memory_size": 512,
            "package_type": "Zip",
            "publish": false,
            "qualified_arn": "arn:aws:lambda:eu-west-1:172619864391:function:truly_admin-eu-v1:$LATEST",
            "qualified_invoke_arn": "arn:aws:apigateway:eu-west-1:lambda:path/2015-03-31/functions/arn:aws:lambda:eu-west-1:172619864391:function:truly_admin-eu-v1:$LATEST/invocations",
            "replace_security_groups_on_destroy": null,
            "replacement_security_group_ids": null,
            "reserved_concurrent_executions": -1,
            "role": "arn:aws:iam::172619864391:role/truly_lambda_exec_role-eu",
            "runtime": "provided.al2",
            "s3_bucket": null,
            "s3_key": null,
            "s3_object_version": null,
            "signing_job_arn": "",
            "signing_profile_version_arn": "",
            "skip_destroy": false,
            "snap_start": [],
            "source_code_hash": "xe9Grjl7cWH5bt4bDZiGoMwHYmBmwFJWiHEOpTjXLMc=",
            "source_code_size": 6223794,
            "tags": {
              "environment": "stage",
              "project": "truly",
              "service": "admin"
            },
            "tags_all": {
              "environment": "stage",
              "project": "truly",
              "service": "admin"
            },
            "timeout": 60,
            "timeouts": null,
            "tracing_config": [
              {
                "mode": "Active"
              }
            ],
            "version": "$LATEST",
            "vpc_config": []
          },
          "sensitive_attributes": [],
          "private": "eyJlMmJmYjczMC1lY2FhLTExZTYtOGY4OC0zNDM2M2JjN2M0YzAiOnsiY3JlYXRlIjo2MDAwMDAwMDAwMDAsImRlbGV0ZSI6NjAwMDAwMDAwMDAwLCJ1cGRhdGUiOjYwMDAwMDAwMDAwMH19",
          "dependencies": [
            "aws_iam_role.truly_lambda_execution_role",
            "aws_iam_role_policy_attachment.truly_lambda_SECRETSMAN",
            "aws_iam_role_policy_attachment.truly_lambda_XRAY",
            "aws_iam_role_policy_attachment.truly_lambda_dynamodb",
            "aws_iam_role_policy_attachment.truly_lambda_logs",
            "module.lambda_admin.aws_cloudwatch_log_group.truly_lambda_admin_cloudwatch"
          ]
        }
      ]
    },
    {
      "module": "module.lambda_after_video",
      "mode": "managed",
      "type": "aws_cloudwatch_log_group",
      "name": "truly_lambda_after_video_cloudwatch",
      "provider": "provider[\"registry.terraform.io/hashicorp/aws\"]",
      "instances": [
        {
          "schema_version": 0,
          "attributes": {
            "arn": "arn:aws:logs:eu-west-1:172619864391:log-group:/aws/lambda/truly_after_video-eu-v1",
            "id": "/aws/lambda/truly_after_video-eu-v1",
            "kms_key_id": "",
            "name": "/aws/lambda/truly_after_video-eu-v1",
            "name_prefix": "",
            "retention_in_days": 1,
            "skip_destroy": false,
            "tags": {
              "environment": "stage",
              "project": "truly",
              "service": "after_video_update"
            },
            "tags_all": {
              "environment": "stage",
              "project": "truly",
              "service": "after_video_update"
            }
          },
          "sensitive_attributes": [],
          "private": "bnVsbA=="
        }
      ]
    },
    {
      "module": "module.lambda_after_video",
      "mode": "managed",
      "type": "aws_lambda_event_source_mapping",
      "name": "truly_after_video",
      "provider": "provider[\"registry.terraform.io/hashicorp/aws\"]",
      "instances": [
        {
          "schema_version": 0,
          "attributes": {
            "amazon_managed_kafka_event_source_config": [],
            "batch_size": 1,
            "bisect_batch_on_function_error": false,
            "destination_config": [],
            "document_db_event_source_config": [],
            "enabled": true,
            "event_source_arn": "arn:aws:sqs:eu-west-1:172619864391:after_video_queue_eu_v1",
            "filter_criteria": [],
            "function_arn": "arn:aws:lambda:eu-west-1:172619864391:function:truly_after_video-eu-v1",
            "function_name": "arn:aws:lambda:eu-west-1:172619864391:function:truly_after_video-eu-v1",
            "function_response_types": [],
            "id": "f806f309-4457-4a38-82a0-45ef339bbb7c",
            "last_modified": "2023-07-10T14:59:05Z",
            "last_processing_result": "",
            "maximum_batching_window_in_seconds": 0,
            "maximum_record_age_in_seconds": 0,
            "maximum_retry_attempts": 0,
            "parallelization_factor": 0,
            "queues": [],
            "scaling_config": [],
            "self_managed_event_source": [],
            "self_managed_kafka_event_source_config": [],
            "source_access_configuration": [],
            "starting_position": "",
            "starting_position_timestamp": "",
            "state": "Enabled",
            "state_transition_reason": "USER_INITIATED",
            "topics": [],
            "tumbling_window_in_seconds": 0,
            "uuid": "f806f309-4457-4a38-82a0-45ef339bbb7c"
          },
          "sensitive_attributes": [],
          "private": "bnVsbA==",
          "dependencies": [
            "aws_iam_policy.truly_lambda_KMS_policy",
            "aws_iam_policy.truly_lambda_SECRETSMAN_policy",
            "aws_iam_policy.truly_lambda_SQS_policy",
            "aws_iam_policy.truly_lambda_XRAY_policy",
            "aws_iam_policy.truly_lambda_dynamodb_policy",
            "aws_iam_policy.truly_lambda_logging_policy",
            "aws_iam_role.truly_lambda_execution_role",
            "aws_iam_role_policy_attachment.truly_lambda_KMS",
            "aws_iam_role_policy_attachment.truly_lambda_SECRETSMAN",
            "aws_iam_role_policy_attachment.truly_lambda_SQS",
            "aws_iam_role_policy_attachment.truly_lambda_XRAY",
            "aws_iam_role_policy_attachment.truly_lambda_dynamodb",
            "aws_iam_role_policy_attachment.truly_lambda_logs",
            "aws_sqs_queue.after_video_queue",
            "aws_sqs_queue.after_video_queue_deadletter",
            "module.lambda_after_video.aws_cloudwatch_log_group.truly_lambda_after_video_cloudwatch",
            "module.lambda_after_video.aws_lambda_function.truly_lambda_after_video"
          ]
        }
      ]
    },
    {
      "module": "module.lambda_after_video",
      "mode": "managed",
      "type": "aws_lambda_function",
      "name": "truly_lambda_after_video",
      "provider": "provider[\"registry.terraform.io/hashicorp/aws\"]",
      "instances": [
        {
          "schema_version": 0,
          "attributes": {
            "architectures": [
              "arm64"
            ],
            "arn": "arn:aws:lambda:eu-west-1:172619864391:function:truly_after_video-eu-v1",
            "code_signing_config_arn": "",
            "dead_letter_config": [],
            "description": "",
            "environment": [
              {
                "variables": {
                  "API_STAGE": "v1",
                  "ENVIRONMENT": "stage",
                  "KMS_KEY_ID": "mapKeys[eu-west-1]",
                  "RUST_BACKTRACE": "full",
                  "RUST_LOG": "debug"
                }
              }
            ],
            "ephemeral_storage": [
              {
                "size": 512
              }
            ],
            "file_system_config": [],
            "filename": "../target/lambda_aarch64-linux-gnu/lambda_after_video/bootstrap.zip",
            "function_name": "truly_after_video-eu-v1",
            "handler": "function_handler",
            "id": "truly_after_video-eu-v1",
            "image_config": [],
            "image_uri": "",
            "invoke_arn": "arn:aws:apigateway:eu-west-1:lambda:path/2015-03-31/functions/arn:aws:lambda:eu-west-1:172619864391:function:truly_after_video-eu-v1/invocations",
            "kms_key_arn": "",
            "last_modified": "2023-07-11T09:46:56.000+0000",
            "layers": [],
            "memory_size": 512,
            "package_type": "Zip",
            "publish": false,
            "qualified_arn": "arn:aws:lambda:eu-west-1:172619864391:function:truly_after_video-eu-v1:$LATEST",
            "qualified_invoke_arn": "arn:aws:apigateway:eu-west-1:lambda:path/2015-03-31/functions/arn:aws:lambda:eu-west-1:172619864391:function:truly_after_video-eu-v1:$LATEST/invocations",
            "replace_security_groups_on_destroy": null,
            "replacement_security_group_ids": null,
            "reserved_concurrent_executions": -1,
            "role": "arn:aws:iam::172619864391:role/truly_lambda_exec_role-eu",
            "runtime": "provided.al2",
            "s3_bucket": null,
            "s3_key": null,
            "s3_object_version": null,
            "signing_job_arn": "",
            "signing_profile_version_arn": "",
            "skip_destroy": false,
            "snap_start": [],
            "source_code_hash": "9vLA/CWFjj3hsYSuWIXfbf7RyCLoZcj45IjJ8Em36I4=",
            "source_code_size": 5192947,
            "tags": {
              "environment": "stage",
              "project": "truly",
              "service": "after_video_update"
            },
            "tags_all": {
              "environment": "stage",
              "project": "truly",
              "service": "after_video_update"
            },
            "timeout": 60,
            "timeouts": null,
            "tracing_config": [
              {
                "mode": "Active"
              }
            ],
            "version": "$LATEST",
            "vpc_config": []
          },
          "sensitive_attributes": [],
          "private": "eyJlMmJmYjczMC1lY2FhLTExZTYtOGY4OC0zNDM2M2JjN2M0YzAiOnsiY3JlYXRlIjo2MDAwMDAwMDAwMDAsImRlbGV0ZSI6NjAwMDAwMDAwMDAwLCJ1cGRhdGUiOjYwMDAwMDAwMDAwMH19",
          "dependencies": [
            "aws_iam_role.truly_lambda_execution_role",
            "aws_iam_role_policy_attachment.truly_lambda_KMS",
            "aws_iam_role_policy_attachment.truly_lambda_SECRETSMAN",
            "aws_iam_role_policy_attachment.truly_lambda_SQS",
            "aws_iam_role_policy_attachment.truly_lambda_XRAY",
            "aws_iam_role_policy_attachment.truly_lambda_dynamodb",
            "aws_iam_role_policy_attachment.truly_lambda_logs",
            "module.lambda_after_video.aws_cloudwatch_log_group.truly_lambda_after_video_cloudwatch"
          ]
        }
      ]
    },
    {
      "module": "module.lambda_licenses",
      "mode": "managed",
      "type": "aws_cloudwatch_log_group",
      "name": "truly_lambda_licenses_cloudwatch",
      "provider": "provider[\"registry.terraform.io/hashicorp/aws\"]",
      "instances": [
        {
          "schema_version": 0,
          "attributes": {
            "arn": "arn:aws:logs:eu-west-1:172619864391:log-group:/aws/lambda/truly_licenses-eu-v1",
            "id": "/aws/lambda/truly_licenses-eu-v1",
            "kms_key_id": "",
            "name": "/aws/lambda/truly_licenses-eu-v1",
            "name_prefix": "",
            "retention_in_days": 1,
            "skip_destroy": false,
            "tags": {
              "environment": "stage",
              "project": "truly",
              "service": "licenses"
            },
            "tags_all": {
              "environment": "stage",
              "project": "truly",
              "service": "licenses"
            }
          },
          "sensitive_attributes": [],
          "private": "bnVsbA=="
        }
      ]
    },
    {
      "module": "module.lambda_licenses",
      "mode": "managed",
      "type": "aws_lambda_function",
      "name": "truly_lambda_licenses",
      "provider": "provider[\"registry.terraform.io/hashicorp/aws\"]",
      "instances": [
        {
          "schema_version": 0,
          "attributes": {
            "architectures": [
              "arm64"
            ],
            "arn": "arn:aws:lambda:eu-west-1:172619864391:function:truly_licenses-eu-v1",
            "code_signing_config_arn": "",
            "dead_letter_config": [],
            "description": "",
            "environment": [
              {
                "variables": {
                  "API_STAGE": "v1",
                  "DEAD_LETTER_QUEUE_MINT": "https://sqs.eu-west-1.amazonaws.com/172619864391/dead_letter_queue_mint_errors_eu_v1",
                  "ENVIRONMENT": "stage",
                  "KMS_KEY_ID": "mapKeys[eu-west-1]",
                  "MINTING_FAILS_TOPIC": "arn:aws:sns:eu-west-1:172619864391:minting_fails_after_max_retries_topic_eu_v1",
                  "RUST_BACKTRACE": "full",
                  "RUST_LOG": "debug",
                  "SHORTER_VIDEO_IN_TOPIC": "arn:aws:sns:eu-west-1:172619864391:video_in_topic",
                  "SHORTER_VIDEO_OUT_TOPIC": "arn:aws:sns:eu-west-1:172619864391:video_out_topic",
                  "TOPIC_ARN_MINT_ASYNC": "arn:aws:sns:eu-west-1:172619864391:minting_async_topic_eu_v1"
                }
              }
            ],
            "ephemeral_storage": [
              {
                "size": 512
              }
            ],
            "file_system_config": [],
            "filename": "../target/lambda_aarch64-linux-gnu/lambda_license/bootstrap.zip",
            "function_name": "truly_licenses-eu-v1",
            "handler": "function_handler",
            "id": "truly_licenses-eu-v1",
            "image_config": [],
            "image_uri": "",
            "invoke_arn": "arn:aws:apigateway:eu-west-1:lambda:path/2015-03-31/functions/arn:aws:lambda:eu-west-1:172619864391:function:truly_licenses-eu-v1/invocations",
            "kms_key_arn": "",
            "last_modified": "2023-07-11T09:47:29.000+0000",
            "layers": [],
            "memory_size": 512,
            "package_type": "Zip",
            "publish": false,
            "qualified_arn": "arn:aws:lambda:eu-west-1:172619864391:function:truly_licenses-eu-v1:$LATEST",
            "qualified_invoke_arn": "arn:aws:apigateway:eu-west-1:lambda:path/2015-03-31/functions/arn:aws:lambda:eu-west-1:172619864391:function:truly_licenses-eu-v1:$LATEST/invocations",
            "replace_security_groups_on_destroy": null,
            "replacement_security_group_ids": null,
            "reserved_concurrent_executions": -1,
            "role": "arn:aws:iam::172619864391:role/truly_lambda_exec_role-eu",
            "runtime": "provided.al2",
            "s3_bucket": null,
            "s3_key": null,
            "s3_object_version": null,
            "signing_job_arn": "",
            "signing_profile_version_arn": "",
            "skip_destroy": false,
            "snap_start": [],
            "source_code_hash": "UHxzfKiRknDS3u7a6g++HwwnFheLw6Jba4x+8DS/nFo=",
            "source_code_size": 11844830,
            "tags": {
              "environment": "stage",
              "project": "truly",
              "service": "licenses"
            },
            "tags_all": {
              "environment": "stage",
              "project": "truly",
              "service": "licenses"
            },
            "timeout": 60,
            "timeouts": null,
            "tracing_config": [
              {
                "mode": "Active"
              }
            ],
            "version": "$LATEST",
            "vpc_config": []
          },
          "sensitive_attributes": [],
          "private": "eyJlMmJmYjczMC1lY2FhLTExZTYtOGY4OC0zNDM2M2JjN2M0YzAiOnsiY3JlYXRlIjo2MDAwMDAwMDAwMDAsImRlbGV0ZSI6NjAwMDAwMDAwMDAwLCJ1cGRhdGUiOjYwMDAwMDAwMDAwMH19",
          "dependencies": [
            "aws_iam_role.truly_lambda_execution_role",
            "aws_iam_role_policy_attachment.truly_lambda_KMS",
            "aws_iam_role_policy_attachment.truly_lambda_SECRETSMAN",
            "aws_iam_role_policy_attachment.truly_lambda_SNS",
            "aws_iam_role_policy_attachment.truly_lambda_SQS",
            "aws_iam_role_policy_attachment.truly_lambda_XRAY",
            "aws_iam_role_policy_attachment.truly_lambda_dynamodb",
            "aws_iam_role_policy_attachment.truly_lambda_logs",
            "aws_sns_topic.minting_fails_after_max_retries_topic",
            "aws_sns_topic.minting_topic",
            "aws_sns_topic.video_in_topic",
            "aws_sns_topic.video_out_topic",
            "aws_sqs_queue.minting_queue_deadletter",
            "module.lambda_licenses.aws_cloudwatch_log_group.truly_lambda_licenses_cloudwatch"
          ]
        }
      ]
    },
    {
      "module": "module.lambda_login",
      "mode": "managed",
      "type": "aws_cloudwatch_log_group",
      "name": "truly_lambda_login_cloudwatch",
      "provider": "provider[\"registry.terraform.io/hashicorp/aws\"]",
      "instances": [
        {
          "schema_version": 0,
          "attributes": {
            "arn": "arn:aws:logs:eu-west-1:172619864391:log-group:/aws/lambda/truly_login-eu-v1",
            "id": "/aws/lambda/truly_login-eu-v1",
            "kms_key_id": "",
            "name": "/aws/lambda/truly_login-eu-v1",
            "name_prefix": "",
            "retention_in_days": 1,
            "skip_destroy": false,
            "tags": {
              "environment": "stage",
              "project": "truly",
              "service": "login"
            },
            "tags_all": {
              "environment": "stage",
              "project": "truly",
              "service": "login"
            }
          },
          "sensitive_attributes": [],
          "private": "bnVsbA=="
        }
      ]
    },
    {
      "module": "module.lambda_login",
      "mode": "managed",
      "type": "aws_lambda_function",
      "name": "truly_lambda_login",
      "provider": "provider[\"registry.terraform.io/hashicorp/aws\"]",
      "instances": [
        {
          "schema_version": 0,
          "attributes": {
            "architectures": [
              "arm64"
            ],
            "arn": "arn:aws:lambda:eu-west-1:172619864391:function:truly_login-eu-v1",
            "code_signing_config_arn": "",
            "dead_letter_config": [],
            "description": "",
            "environment": [
              {
                "variables": {
                  "API_STAGE": "v1",
                  "ENVIRONMENT": "stage",
                  "JWT_TOKEN_TIME_EXP_HOURS": "8",
                  "RUST_BACKTRACE": "full",
                  "RUST_LOG": "debug"
                }
              }
            ],
            "ephemeral_storage": [
              {
                "size": 512
              }
            ],
            "file_system_config": [],
            "filename": "../target/lambda_aarch64-linux-gnu/lambda_login/bootstrap.zip",
            "function_name": "truly_login-eu-v1",
            "handler": "function_handler",
            "id": "truly_login-eu-v1",
            "image_config": [],
            "image_uri": "",
            "invoke_arn": "arn:aws:apigateway:eu-west-1:lambda:path/2015-03-31/functions/arn:aws:lambda:eu-west-1:172619864391:function:truly_login-eu-v1/invocations",
            "kms_key_arn": "",
            "last_modified": "2023-07-11T09:47:09.000+0000",
            "layers": [],
            "memory_size": 512,
            "package_type": "Zip",
            "publish": false,
            "qualified_arn": "arn:aws:lambda:eu-west-1:172619864391:function:truly_login-eu-v1:$LATEST",
            "qualified_invoke_arn": "arn:aws:apigateway:eu-west-1:lambda:path/2015-03-31/functions/arn:aws:lambda:eu-west-1:172619864391:function:truly_login-eu-v1:$LATEST/invocations",
            "replace_security_groups_on_destroy": null,
            "replacement_security_group_ids": null,
            "reserved_concurrent_executions": -1,
            "role": "arn:aws:iam::172619864391:role/truly_lambda_exec_role-eu",
            "runtime": "provided.al2",
            "s3_bucket": null,
            "s3_key": null,
            "s3_object_version": null,
            "signing_job_arn": "",
            "signing_profile_version_arn": "",
            "skip_destroy": false,
            "snap_start": [],
            "source_code_hash": "RYGntDW03SnbB8XBeX/Vk/zI09L0Ugp0WnWrW/tDhUE=",
            "source_code_size": 6149110,
            "tags": {
              "environment": "stage",
              "project": "truly",
              "service": "login"
            },
            "tags_all": {
              "environment": "stage",
              "project": "truly",
              "service": "login"
            },
            "timeout": 60,
            "timeouts": null,
            "tracing_config": [
              {
                "mode": "Active"
              }
            ],
            "version": "$LATEST",
            "vpc_config": []
          },
          "sensitive_attributes": [],
          "private": "eyJlMmJmYjczMC1lY2FhLTExZTYtOGY4OC0zNDM2M2JjN2M0YzAiOnsiY3JlYXRlIjo2MDAwMDAwMDAwMDAsImRlbGV0ZSI6NjAwMDAwMDAwMDAwLCJ1cGRhdGUiOjYwMDAwMDAwMDAwMH19",
          "dependencies": [
            "aws_iam_role.truly_lambda_execution_role",
            "aws_iam_role_policy_attachment.truly_lambda_SECRETSMAN",
            "aws_iam_role_policy_attachment.truly_lambda_XRAY",
            "aws_iam_role_policy_attachment.truly_lambda_dynamodb",
            "aws_iam_role_policy_attachment.truly_lambda_logs",
            "module.lambda_login.aws_cloudwatch_log_group.truly_lambda_login_cloudwatch"
          ]
        }
      ]
    },
    {
      "module": "module.lambda_mint",
      "mode": "managed",
      "type": "aws_cloudwatch_log_group",
      "name": "truly_lambda_mint_cloudwatch",
      "provider": "provider[\"registry.terraform.io/hashicorp/aws\"]",
      "instances": [
        {
          "schema_version": 0,
          "attributes": {
            "arn": "arn:aws:logs:eu-west-1:172619864391:log-group:/aws/lambda/truly_mint-eu-v1",
            "id": "/aws/lambda/truly_mint-eu-v1",
            "kms_key_id": "",
            "name": "/aws/lambda/truly_mint-eu-v1",
            "name_prefix": "",
            "retention_in_days": 1,
            "skip_destroy": false,
            "tags": {
              "environment": "stage",
              "project": "truly",
              "service": "minting"
            },
            "tags_all": {
              "environment": "stage",
              "project": "truly",
              "service": "minting"
            }
          },
          "sensitive_attributes": [],
          "private": "bnVsbA=="
        }
      ]
    },
    {
      "module": "module.lambda_mint",
      "mode": "managed",
      "type": "aws_lambda_event_source_mapping",
      "name": "truly_minting",
      "provider": "provider[\"registry.terraform.io/hashicorp/aws\"]",
      "instances": [
        {
          "schema_version": 0,
          "attributes": {
            "amazon_managed_kafka_event_source_config": [],
            "batch_size": 1,
            "bisect_batch_on_function_error": false,
            "destination_config": [],
            "document_db_event_source_config": [],
            "enabled": true,
            "event_source_arn": "arn:aws:sqs:eu-west-1:172619864391:async_minting_queue_eu_v1",
            "filter_criteria": [],
            "function_arn": "arn:aws:lambda:eu-west-1:172619864391:function:truly_mint-eu-v1",
            "function_name": "arn:aws:lambda:eu-west-1:172619864391:function:truly_mint-eu-v1",
            "function_response_types": [],
            "id": "62657eac-0ea6-4d4f-a1c8-5c5e7a7d3490",
            "last_modified": "2023-07-10T14:59:05Z",
            "last_processing_result": "",
            "maximum_batching_window_in_seconds": 0,
            "maximum_record_age_in_seconds": 0,
            "maximum_retry_attempts": 0,
            "parallelization_factor": 0,
            "queues": [],
            "scaling_config": [],
            "self_managed_event_source": [],
            "self_managed_kafka_event_source_config": [],
            "source_access_configuration": [],
            "starting_position": "",
            "starting_position_timestamp": "",
            "state": "Enabled",
            "state_transition_reason": "USER_INITIATED",
            "topics": [],
            "tumbling_window_in_seconds": 0,
            "uuid": "62657eac-0ea6-4d4f-a1c8-5c5e7a7d3490"
          },
          "sensitive_attributes": [],
          "private": "bnVsbA==",
          "dependencies": [
            "aws_iam_policy.truly_lambda_KMS_policy",
            "aws_iam_policy.truly_lambda_SECRETSMAN_policy",
            "aws_iam_policy.truly_lambda_SQS_policy",
            "aws_iam_policy.truly_lambda_XRAY_policy",
            "aws_iam_policy.truly_lambda_dynamodb_policy",
            "aws_iam_policy.truly_lambda_logging_policy",
            "aws_iam_role.truly_lambda_execution_role",
            "aws_iam_role_policy_attachment.truly_lambda_KMS",
            "aws_iam_role_policy_attachment.truly_lambda_SECRETSMAN",
            "aws_iam_role_policy_attachment.truly_lambda_SQS",
            "aws_iam_role_policy_attachment.truly_lambda_XRAY",
            "aws_iam_role_policy_attachment.truly_lambda_dynamodb",
            "aws_iam_role_policy_attachment.truly_lambda_logs",
            "aws_sns_topic.minting_fails_after_max_retries_topic",
            "aws_sns_topic.minting_topic",
            "aws_sqs_queue.minting_queue",
            "aws_sqs_queue.minting_queue_deadletter",
            "module.lambda_mint.aws_cloudwatch_log_group.truly_lambda_mint_cloudwatch",
            "module.lambda_mint.aws_lambda_function.truly_lambda_mint"
          ]
        }
      ]
    },
    {
      "module": "module.lambda_mint",
      "mode": "managed",
      "type": "aws_lambda_function",
      "name": "truly_lambda_mint",
      "provider": "provider[\"registry.terraform.io/hashicorp/aws\"]",
      "instances": [
        {
          "schema_version": 0,
          "attributes": {
            "architectures": [
              "arm64"
            ],
            "arn": "arn:aws:lambda:eu-west-1:172619864391:function:truly_mint-eu-v1",
            "code_signing_config_arn": "",
            "dead_letter_config": [],
            "description": "",
            "environment": [
              {
                "variables": {
                  "API_STAGE": "v1",
                  "DEAD_LETTER_QUEUE_MINT": "https://sqs.eu-west-1.amazonaws.com/172619864391/dead_letter_queue_mint_errors_eu_v1",
                  "ENVIRONMENT": "stage",
                  "KMS_KEY_ID": "mapKeys[eu-west-1]",
                  "MINTING_FAILS_TOPIC": "arn:aws:sns:eu-west-1:172619864391:minting_fails_after_max_retries_topic_eu_v1",
                  "RUST_BACKTRACE": "full",
                  "RUST_LOG": "debug",
                  "TOPIC_ARN_MINT_ASYNC": "arn:aws:sns:eu-west-1:172619864391:minting_async_topic_eu_v1"
                }
              }
            ],
            "ephemeral_storage": [
              {
                "size": 512
              }
            ],
            "file_system_config": [],
            "filename": "../target/lambda_aarch64-linux-gnu/lambda_mint/bootstrap.zip",
            "function_name": "truly_mint-eu-v1",
            "handler": "function_handler",
            "id": "truly_mint-eu-v1",
            "image_config": [],
            "image_uri": "",
            "invoke_arn": "arn:aws:apigateway:eu-west-1:lambda:path/2015-03-31/functions/arn:aws:lambda:eu-west-1:172619864391:function:truly_mint-eu-v1/invocations",
            "kms_key_arn": "",
            "last_modified": "2023-07-11T09:47:22.000+0000",
            "layers": [],
            "memory_size": 512,
            "package_type": "Zip",
            "publish": false,
            "qualified_arn": "arn:aws:lambda:eu-west-1:172619864391:function:truly_mint-eu-v1:$LATEST",
            "qualified_invoke_arn": "arn:aws:apigateway:eu-west-1:lambda:path/2015-03-31/functions/arn:aws:lambda:eu-west-1:172619864391:function:truly_mint-eu-v1:$LATEST/invocations",
            "replace_security_groups_on_destroy": null,
            "replacement_security_group_ids": null,
            "reserved_concurrent_executions": -1,
            "role": "arn:aws:iam::172619864391:role/truly_lambda_exec_role-eu",
            "runtime": "provided.al2",
            "s3_bucket": null,
            "s3_key": null,
            "s3_object_version": null,
            "signing_job_arn": "",
            "signing_profile_version_arn": "",
            "skip_destroy": false,
            "snap_start": [],
            "source_code_hash": "7t9QW300PJIB5Pnk0sqA5lUAbgMOTC2t7xGkD1G3tj8=",
            "source_code_size": 11233393,
            "tags": {
              "environment": "stage",
              "project": "truly",
              "service": "minting"
            },
            "tags_all": {
              "environment": "stage",
              "project": "truly",
              "service": "minting"
            },
            "timeout": 900,
            "timeouts": null,
            "tracing_config": [
              {
                "mode": "Active"
              }
            ],
            "version": "$LATEST",
            "vpc_config": []
          },
          "sensitive_attributes": [],
          "private": "eyJlMmJmYjczMC1lY2FhLTExZTYtOGY4OC0zNDM2M2JjN2M0YzAiOnsiY3JlYXRlIjo2MDAwMDAwMDAwMDAsImRlbGV0ZSI6NjAwMDAwMDAwMDAwLCJ1cGRhdGUiOjYwMDAwMDAwMDAwMH19",
          "dependencies": [
            "aws_iam_role.truly_lambda_execution_role",
            "aws_iam_role_policy_attachment.truly_lambda_KMS",
            "aws_iam_role_policy_attachment.truly_lambda_SECRETSMAN",
            "aws_iam_role_policy_attachment.truly_lambda_SQS",
            "aws_iam_role_policy_attachment.truly_lambda_XRAY",
            "aws_iam_role_policy_attachment.truly_lambda_dynamodb",
            "aws_iam_role_policy_attachment.truly_lambda_logs",
            "aws_sns_topic.minting_fails_after_max_retries_topic",
            "aws_sns_topic.minting_topic",
            "aws_sqs_queue.minting_queue_deadletter",
            "module.lambda_mint.aws_cloudwatch_log_group.truly_lambda_mint_cloudwatch"
          ]
        }
      ]
    },
    {
      "module": "module.lambda_user",
      "mode": "managed",
      "type": "aws_cloudwatch_log_group",
      "name": "truly_lambda_user_cloudwatch",
      "provider": "provider[\"registry.terraform.io/hashicorp/aws\"]",
      "instances": [
        {
          "schema_version": 0,
          "attributes": {
            "arn": "arn:aws:logs:eu-west-1:172619864391:log-group:/aws/lambda/truly_user-eu-v1",
            "id": "/aws/lambda/truly_user-eu-v1",
            "kms_key_id": "",
            "name": "/aws/lambda/truly_user-eu-v1",
            "name_prefix": "",
            "retention_in_days": 1,
            "skip_destroy": false,
            "tags": {
              "environment": "stage",
              "project": "truly",
              "service": "user"
            },
            "tags_all": {
              "environment": "stage",
              "project": "truly",
              "service": "user"
            }
          },
          "sensitive_attributes": [],
          "private": "bnVsbA=="
        }
      ]
    },
    {
      "module": "module.lambda_user",
      "mode": "managed",
      "type": "aws_lambda_function",
      "name": "truly_lambda_user",
      "provider": "provider[\"registry.terraform.io/hashicorp/aws\"]",
      "instances": [
        {
          "schema_version": 0,
          "attributes": {
            "architectures": [
              "arm64"
            ],
            "arn": "arn:aws:lambda:eu-west-1:172619864391:function:truly_user-eu-v1",
            "code_signing_config_arn": "",
            "dead_letter_config": [],
            "description": "",
            "environment": [
              {
                "variables": {
                  "API_STAGE": "v1",
                  "ENVIRONMENT": "stage",
                  "RUST_BACKTRACE": "full",
                  "RUST_LOG": "debug"
                }
              }
            ],
            "ephemeral_storage": [
              {
                "size": 512
              }
            ],
            "file_system_config": [],
            "filename": "../target/lambda_aarch64-linux-gnu/lambda_user/bootstrap.zip",
            "function_name": "truly_user-eu-v1",
            "handler": "function_handler",
            "id": "truly_user-eu-v1",
            "image_config": [],
            "image_uri": "",
            "invoke_arn": "arn:aws:apigateway:eu-west-1:lambda:path/2015-03-31/functions/arn:aws:lambda:eu-west-1:172619864391:function:truly_user-eu-v1/invocations",
            "kms_key_arn": "",
            "last_modified": "2023-07-11T09:47:15.000+0000",
            "layers": [],
            "memory_size": 512,
            "package_type": "Zip",
            "publish": false,
            "qualified_arn": "arn:aws:lambda:eu-west-1:172619864391:function:truly_user-eu-v1:$LATEST",
            "qualified_invoke_arn": "arn:aws:apigateway:eu-west-1:lambda:path/2015-03-31/functions/arn:aws:lambda:eu-west-1:172619864391:function:truly_user-eu-v1:$LATEST/invocations",
            "replace_security_groups_on_destroy": null,
            "replacement_security_group_ids": null,
            "reserved_concurrent_executions": -1,
            "role": "arn:aws:iam::172619864391:role/truly_lambda_exec_role-eu",
            "runtime": "provided.al2",
            "s3_bucket": null,
            "s3_key": null,
            "s3_object_version": null,
            "signing_job_arn": "",
            "signing_profile_version_arn": "",
            "skip_destroy": false,
            "snap_start": [],
            "source_code_hash": "ITnsiQOd//tC1+/zTvU1YPx/txLErJONMfQ6M7CW1zs=",
            "source_code_size": 6198466,
            "tags": {
              "environment": "stage",
              "project": "truly",
              "service": "user"
            },
            "tags_all": {
              "environment": "stage",
              "project": "truly",
              "service": "user"
            },
            "timeout": 60,
            "timeouts": null,
            "tracing_config": [
              {
                "mode": "Active"
              }
            ],
            "version": "$LATEST",
            "vpc_config": []
          },
          "sensitive_attributes": [],
          "private": "eyJlMmJmYjczMC1lY2FhLTExZTYtOGY4OC0zNDM2M2JjN2M0YzAiOnsiY3JlYXRlIjo2MDAwMDAwMDAwMDAsImRlbGV0ZSI6NjAwMDAwMDAwMDAwLCJ1cGRhdGUiOjYwMDAwMDAwMDAwMH19",
          "dependencies": [
            "aws_iam_role.truly_lambda_execution_role",
            "aws_iam_role_policy_attachment.truly_lambda_SECRETSMAN",
            "aws_iam_role_policy_attachment.truly_lambda_XRAY",
            "aws_iam_role_policy_attachment.truly_lambda_dynamodb",
            "aws_iam_role_policy_attachment.truly_lambda_logs",
            "module.lambda_user.aws_cloudwatch_log_group.truly_lambda_user_cloudwatch"
          ]
        }
      ]
    }
  ],
  "check_results": null
}
